{"format_version":"1.2","terraform_version":"1.11.3","variables":{"airflow_db_password":{"value":"airflow123!"},"aws_region":{"value":"us-east-1"},"bamboo_ami_id":{"value":"ami-066279af4a501d501"},"bamboo_key_name":{"value":""},"bamboo_subnet_id":{"value":"subnet-0c092dfafe0a2b4b2"},"bamboo_vpc_id":{"value":"vpc-0ec06d2e45d4c6de8"},"environment":{"value":"dev"},"github_repository":{"value":"Venkat8538/AWS_RealEstate"},"github_token":{"value":"SHA256:+UNS4qkNpylz8h2PbtRUBkiESDG684dlJG1LCmelXtA"},"project_name":{"value":"house-price"}},"planned_values":{"outputs":{"airflow_server_ip":{"sensitive":false,"type":"string","value":"44.195.50.213"},"airflow_server_url":{"sensitive":false,"type":"string","value":"http://44.195.50.213:8080"},"deployment_codebuild_arn":{"sensitive":false,"type":"string","value":"arn:aws:codebuild:us-east-1:482227257362:project/house-price-deploy-model"},"deployment_pipeline_arn":{"sensitive":false,"type":"string","value":"arn:aws:codepipeline:us-east-1:482227257362:house-price-deployment-pipeline"},"eks_cluster_endpoint":{"sensitive":false},"eks_cluster_name":{"sensitive":false},"eks_oidc_provider_arn":{"sensitive":false},"github_actions_role_arn":{"sensitive":false,"type":"string","value":"arn:aws:iam::482227257362:role/house-price-github-actions-role"},"mlflow_server_ip":{"sensitive":false,"type":"string","value":"23.21.206.232"},"mlflow_server_url":{"sensitive":false,"type":"string","value":"http://23.21.206.232:5000"},"s3_bucket_arn":{"sensitive":false,"type":"string","value":"arn:aws:s3:::house-price-mlops-dev-itzi2hgi"},"s3_bucket_name":{"sensitive":false,"type":"string","value":"house-price-mlops-dev-itzi2hgi"},"sagemaker_domain_id":{"sensitive":false,"type":"string","value":"d-rr0shep9nrmf"},"sagemaker_execution_role_arn":{"sensitive":false,"type":"string","value":"arn:aws:iam::482227257362:role/house-price-sagemaker-execution-role"},"sagemaker_pipeline_arn":{"sensitive":false,"type":"string","value":"arn:aws:sagemaker:us-east-1:482227257362:pipeline/house-price-mlops-pipeline"},"sagemaker_pipeline_name":{"sensitive":false,"type":"string","value":"house-price-mlops-pipeline"},"sagemaker_user_profile_arn":{"sensitive":false,"type":"string","value":"arn:aws:sagemaker:us-east-1:482227257362:user-profile/d-rr0shep9nrmf/data-scientist"}},"root_module":{"child_modules":[{"resources":[{"address":"module.airflow_server.aws_eip.airflow_eip","mode":"managed","type":"aws_eip","name":"airflow_eip","provider_name":"registry.terraform.io/hashicorp/aws","schema_version":0,"values":{"address":null,"allocation_id":"eipalloc-04a9400c2ad65f5f8","arn":"arn:aws:ec2:us-east-1:482227257362:elastic-ip/eipalloc-04a9400c2ad65f5f8","associate_with_private_ip":null,"association_id":"","carrier_ip":"","customer_owned_ip":"","customer_owned_ipv4_pool":"","domain":"vpc","id":"eipalloc-04a9400c2ad65f5f8","instance":"","ipam_pool_id":null,"network_border_group":"us-east-1","network_interface":"","private_dns":"ip-172-31-70-183.ec2.internal","private_ip":"","ptr_record":"","public_dns":"ec2-44-195-50-213.compute-1.amazonaws.com","public_ip":"44.195.50.213","public_ipv4_pool":"amazon","tags":{"Name":"house-price-airflow-eip"},"tags_all":{"Name":"house-price-airflow-eip"},"timeouts":null,"vpc":true},"sensitive_values":{"tags":{},"tags_all":{}}},{"address":"module.airflow_server.aws_eip_association.airflow_eip_assoc","mode":"managed","type":"aws_eip_association","name":"airflow_eip_assoc","provider_name":"registry.terraform.io/hashicorp/aws","schema_version":0,"values":{"allocation_id":"eipalloc-04a9400c2ad65f5f8","allow_reassociation":null},"sensitive_values":{}},{"address":"module.airflow_server.aws_iam_instance_profile.airflow_profile","mode":"managed","type":"aws_iam_instance_profile","name":"airflow_profile","provider_name":"registry.terraform.io/hashicorp/aws","schema_version":0,"values":{"arn":"arn:aws:iam::482227257362:instance-profile/house-price-airflow-profile","create_date":"2025-11-19T00:28:06Z","id":"house-price-airflow-profile","name":"house-price-airflow-profile","name_prefix":"","path":"/","role":"house-price-airflow-role","tags":{},"tags_all":{},"unique_id":"AIPAXARX4AAJDQSZNCNXY"},"sensitive_values":{"tags":{},"tags_all":{}}},{"address":"module.airflow_server.aws_iam_role.airflow_role","mode":"managed","type":"aws_iam_role","name":"airflow_role","provider_name":"registry.terraform.io/hashicorp/aws","schema_version":0,"values":{"arn":"arn:aws:iam::482227257362:role/house-price-airflow-role","assume_role_policy":"{\"Statement\":[{\"Action\":\"sts:AssumeRole\",\"Effect\":\"Allow\",\"Principal\":{\"Service\":\"ec2.amazonaws.com\"}}],\"Version\":\"2012-10-17\"}","create_date":"2025-11-19T00:28:06Z","description":"","force_detach_policies":false,"id":"house-price-airflow-role","inline_policy":[{"name":"house-price-airflow-policy","policy":"{\"Version\":\"2012-10-17\",\"Statement\":[{\"Action\":[\"sagemaker:*\",\"s3:*\",\"ssm:*\",\"ssmmessages:*\",\"ec2messages:*\"],\"Effect\":\"Allow\",\"Resource\":\"*\"}]}"},{"name":"house-price-airflow-s3-access","policy":"{\"Version\":\"2012-10-17\",\"Statement\":[{\"Action\":[\"s3:GetObject\",\"s3:ListBucket\"],\"Effect\":\"Allow\",\"Resource\":[\"arn:aws:s3:::house-price-mlops-dev-itzi2hgi\",\"arn:aws:s3:::house-price-mlops-dev-itzi2hgi/*\"]}]}"}],"managed_policy_arns":[],"max_session_duration":3600,"name":"house-price-airflow-role","name_prefix":"","path":"/","permissions_boundary":"","tags":{},"tags_all":{},"unique_id":"AROAXARX4AAJO5HKYS4KU"},"sensitive_values":{"inline_policy":[{},{}],"managed_policy_arns":[],"tags":{},"tags_all":{}}},{"address":"module.airflow_server.aws_iam_role_policy.airflow_policy","mode":"managed","type":"aws_iam_role_policy","name":"airflow_policy","provider_name":"registry.terraform.io/hashicorp/aws","schema_version":0,"values":{"id":"house-price-airflow-role:house-price-airflow-policy","name":"house-price-airflow-policy","name_prefix":"","policy":"{\"Version\":\"2012-10-17\",\"Statement\":[{\"Action\":[\"sagemaker:*\",\"s3:*\",\"ssm:*\",\"ssmmessages:*\",\"ec2messages:*\"],\"Effect\":\"Allow\",\"Resource\":\"*\"}]}","role":"house-price-airflow-role"},"sensitive_values":{}},{"address":"module.airflow_server.aws_instance.airflow_server","mode":"managed","type":"aws_instance","name":"airflow_server","provider_name":"registry.terraform.io/hashicorp/aws","schema_version":1,"values":{"ami":"ami-0fc5d935ebf8bc3bc","credit_specification":[],"get_password_data":false,"hibernation":null,"iam_instance_profile":"house-price-airflow-profile","instance_type":"t3.small","launch_template":[],"source_dest_check":true,"tags":{"Name":"house-price-airflow-server"},"tags_all":{"Name":"house-price-airflow-server"},"timeouts":null,"user_data":"80787253b482d948613541c1a6ff2fd2b1f0b491","user_data_replace_on_change":false,"volume_tags":null,"vpc_security_group_ids":["sg-06499afc15d4c59c1"]},"sensitive_values":{"capacity_reservation_specification":[],"cpu_options":[],"credit_specification":[],"ebs_block_device":[],"enclave_options":[],"ephemeral_block_device":[],"instance_market_options":[],"ipv6_addresses":[],"launch_template":[],"maintenance_options":[],"metadata_options":[],"network_interface":[],"private_dns_name_options":[],"root_block_device":[],"secondary_private_ips":[],"security_groups":[],"tags":{},"tags_all":{},"user_data":true,"vpc_security_group_ids":[false]}},{"address":"module.airflow_server.aws_security_group.airflow_sg","mode":"managed","type":"aws_security_group","name":"airflow_sg","provider_name":"registry.terraform.io/hashicorp/aws","schema_version":1,"values":{"arn":"arn:aws:ec2:us-east-1:482227257362:security-group/sg-06499afc15d4c59c1","description":"Managed by Terraform","egress":[{"cidr_blocks":["0.0.0.0/0"],"description":"","from_port":0,"ipv6_cidr_blocks":[],"prefix_list_ids":[],"protocol":"-1","security_groups":[],"self":false,"to_port":0}],"id":"sg-06499afc15d4c59c1","ingress":[{"cidr_blocks":["0.0.0.0/0"],"description":"","from_port":22,"ipv6_cidr_blocks":[],"prefix_list_ids":[],"protocol":"tcp","security_groups":[],"self":false,"to_port":22},{"cidr_blocks":["0.0.0.0/0"],"description":"","from_port":8080,"ipv6_cidr_blocks":[],"prefix_list_ids":[],"protocol":"tcp","security_groups":[],"self":false,"to_port":8080}],"name":"house-price-airflow-sg20251119002806319900000001","name_prefix":"house-price-airflow-sg","owner_id":"482227257362","revoke_rules_on_delete":false,"tags":{},"tags_all":{},"timeouts":null,"vpc_id":"vpc-0ec06d2e45d4c6de8"},"sensitive_values":{"egress":[{"cidr_blocks":[false],"ipv6_cidr_blocks":[],"prefix_list_ids":[],"security_groups":[]}],"ingress":[{"cidr_blocks":[false],"ipv6_cidr_blocks":[],"prefix_list_ids":[],"security_groups":[]},{"cidr_blocks":[false],"ipv6_cidr_blocks":[],"prefix_list_ids":[],"security_groups":[]}],"tags":{},"tags_all":{}}}],"address":"module.airflow_server"},{"resources":[{"address":"module.deployment_pipeline.aws_cloudwatch_event_rule.model_approval","mode":"managed","type":"aws_cloudwatch_event_rule","name":"model_approval","provider_name":"registry.terraform.io/hashicorp/aws","schema_version":1,"values":{"arn":"arn:aws:events:us-east-1:482227257362:rule/house-price-model-approval-trigger","description":"Trigger deployment pipeline when model is approved","event_bus_name":"default","event_pattern":"{\"detail\":{\"ModelPackageStatus\":[\"Approved\"]},\"detail-type\":[\"SageMaker Model Package State Change\"],\"source\":[\"aws.sagemaker\"]}","force_destroy":false,"id":"house-price-model-approval-trigger","is_enabled":true,"name":"house-price-model-approval-trigger","name_prefix":"","role_arn":"","schedule_expression":"","state":"ENABLED","tags":{},"tags_all":{}},"sensitive_values":{"tags":{},"tags_all":{}}},{"address":"module.deployment_pipeline.aws_cloudwatch_event_target.codepipeline_target","mode":"managed","type":"aws_cloudwatch_event_target","name":"codepipeline_target","provider_name":"registry.terraform.io/hashicorp/aws","schema_version":1,"values":{"appsync_target":[],"arn":"arn:aws:codepipeline:us-east-1:482227257362:house-price-deployment-pipeline","batch_target":[],"dead_letter_config":[],"ecs_target":[],"event_bus_name":"default","force_destroy":false,"http_target":[],"id":"house-price-model-approval-trigger-CodePipelineTarget","input":"","input_path":"","input_transformer":[],"kinesis_target":[],"redshift_target":[],"retry_policy":[],"role_arn":"arn:aws:iam::482227257362:role/house-price-eventbridge-role","rule":"house-price-model-approval-trigger","run_command_targets":[],"sagemaker_pipeline_target":[],"sqs_target":[],"target_id":"CodePipelineTarget"},"sensitive_values":{"appsync_target":[],"batch_target":[],"dead_letter_config":[],"ecs_target":[],"http_target":[],"input_transformer":[],"kinesis_target":[],"redshift_target":[],"retry_policy":[],"run_command_targets":[],"sagemaker_pipeline_target":[],"sqs_target":[]}},{"address":"module.deployment_pipeline.aws_codebuild_project.deploy_model","mode":"managed","type":"aws_codebuild_project","name":"deploy_model","provider_name":"registry.terraform.io/hashicorp/aws","schema_version":0,"values":{"arn":"arn:aws:codebuild:us-east-1:482227257362:project/house-price-deploy-model","artifacts":[{"artifact_identifier":"","bucket_owner_access":"","encryption_disabled":false,"location":"","name":"house-price-deploy-model","namespace_type":"","override_artifact_name":false,"packaging":"NONE","path":"","type":"CODEPIPELINE"}],"badge_enabled":false,"badge_url":"","build_batch_config":[],"build_timeout":60,"cache":[{"location":"","modes":[],"type":"NO_CACHE"}],"concurrent_build_limit":0,"description":"","encryption_key":"arn:aws:kms:us-east-1:482227257362:alias/aws/s3","environment":[{"certificate":"","compute_type":"BUILD_GENERAL1_SMALL","environment_variable":[{"name":"S3_BUCKET","type":"PLAINTEXT","value":"house-price-mlops-dev-itzi2hgi"}],"fleet":[],"image":"aws/codebuild/amazonlinux2-x86_64-standard:3.0","image_pull_credentials_type":"CODEBUILD","privileged_mode":false,"registry_credential":[],"type":"LINUX_CONTAINER"}],"file_system_locations":[],"id":"arn:aws:codebuild:us-east-1:482227257362:project/house-price-deploy-model","logs_config":[{"cloudwatch_logs":[{"group_name":"","status":"ENABLED","stream_name":""}],"s3_logs":[{"bucket_owner_access":"","encryption_disabled":false,"location":"","status":"DISABLED"}]}],"name":"house-price-deploy-model","project_visibility":"PRIVATE","public_project_alias":"","queued_timeout":480,"resource_access_role":"","secondary_artifacts":[],"secondary_source_version":[],"secondary_sources":[],"service_role":"arn:aws:iam::482227257362:role/house-price-codebuild-role","source":[{"auth":[],"build_status_config":[],"buildspec":"version: 0.2\n\nphases:\n  install:\n    runtime-versions:\n      python: 3.9\n    commands:\n      - pip install boto3 sagemaker\n\n  build:\n    commands:\n      - echo \"Deploying SageMaker endpoint...\"\n      - |\n        python3 \u003c\u003c 'EOF'\n        import boto3\n        import json\n        import os\n        \n        sagemaker = boto3.client('sagemaker')\n        \n        # Get latest approved model\n        response = sagemaker.list_model_packages(\n            ModelPackageGroupName='house-price-model-group',\n            ModelApprovalStatus='Approved',\n            SortBy='CreationTime',\n            SortOrder='Descending',\n            MaxResults=1\n        )\n        \n        if response['ModelPackageSummaryList']:\n            model_package_arn = response['ModelPackageSummaryList'][0]['ModelPackageArn']\n            print(f\"Deploying model: {model_package_arn}\")\n            \n            # Create endpoint config\n            endpoint_config_name = f\"house-price-endpoint-config-{int(__import__('time').time())}\"\n            sagemaker.create_endpoint_config(\n                EndpointConfigName=endpoint_config_name,\n                ProductionVariants=[{\n                    'VariantName': 'primary',\n                    'ModelName': model_package_arn.split('/')[-1],\n                    'InitialInstanceCount': 1,\n                    'InstanceType': 'ml.t2.medium',\n                    'InitialVariantWeight': 1.0\n                }]\n            )\n            \n            # Create/update endpoint\n            endpoint_name = 'house-price-endpoint'\n            try:\n                sagemaker.update_endpoint(\n                    EndpointName=endpoint_name,\n                    EndpointConfigName=endpoint_config_name\n                )\n                print(f\"Updated endpoint: {endpoint_name}\")\n            except:\n                sagemaker.create_endpoint(\n                    EndpointName=endpoint_name,\n                    EndpointConfigName=endpoint_config_name\n                )\n                print(f\"Created endpoint: {endpoint_name}\")\n        else:\n            print(\"No approved models found\")\n        EOF\n\n  post_build:\n    commands:\n      - echo \"Deployment completed\"","git_clone_depth":0,"git_submodules_config":[],"insecure_ssl":false,"location":"","report_build_status":false,"type":"CODEPIPELINE"}],"source_version":"","tags":{},"tags_all":{},"vpc_config":[]},"sensitive_values":{"artifacts":[{}],"build_batch_config":[],"cache":[{"modes":[]}],"environment":[{"environment_variable":[{}],"fleet":[],"registry_credential":[]}],"file_system_locations":[],"logs_config":[{"cloudwatch_logs":[{}],"s3_logs":[{}]}],"secondary_artifacts":[],"secondary_source_version":[],"secondary_sources":[],"source":[{"auth":[],"build_status_config":[],"git_submodules_config":[]}],"tags":{},"tags_all":{},"vpc_config":[]}},{"address":"module.deployment_pipeline.aws_codepipeline.deployment_pipeline","mode":"managed","type":"aws_codepipeline","name":"deployment_pipeline","provider_name":"registry.terraform.io/hashicorp/aws","schema_version":0,"values":{"arn":"arn:aws:codepipeline:us-east-1:482227257362:house-price-deployment-pipeline","artifact_store":[{"encryption_key":[],"location":"house-price-codepipeline-artifacts-jv8fwgaa","region":"","type":"S3"}],"execution_mode":"SUPERSEDED","id":"house-price-deployment-pipeline","name":"house-price-deployment-pipeline","pipeline_type":"V1","role_arn":"arn:aws:iam::482227257362:role/house-price-codepipeline-role","stage":[{"action":[{"category":"Source","configuration":{"S3Bucket":"house-price-mlops-dev-itzi2hgi","S3ObjectKey":"deployment/source.zip"},"input_artifacts":[],"name":"Source","namespace":"","output_artifacts":["source_output"],"owner":"AWS","provider":"S3","region":"","role_arn":"","run_order":1,"timeout_in_minutes":0,"version":"1"}],"before_entry":[],"name":"Source","on_failure":[],"on_success":[]},{"action":[{"category":"Build","configuration":{"ProjectName":"house-price-deploy-model"},"input_artifacts":["source_output"],"name":"Deploy","namespace":"","output_artifacts":[],"owner":"AWS","provider":"CodeBuild","region":"","role_arn":"","run_order":1,"timeout_in_minutes":0,"version":"1"}],"before_entry":[],"name":"Deploy","on_failure":[],"on_success":[]}],"tags":{},"tags_all":{},"trigger":[],"trigger_all":[],"variable":[]},"sensitive_values":{"artifact_store":[{"encryption_key":[]}],"stage":[{"action":[{"configuration":{},"input_artifacts":[],"output_artifacts":[false]}],"before_entry":[],"on_failure":[],"on_success":[]},{"action":[{"configuration":{},"input_artifacts":[false],"output_artifacts":[]}],"before_entry":[],"on_failure":[],"on_success":[]}],"tags":{},"tags_all":{},"trigger":[],"trigger_all":[],"variable":[]}},{"address":"module.deployment_pipeline.aws_iam_role.codebuild_role","mode":"managed","type":"aws_iam_role","name":"codebuild_role","provider_name":"registry.terraform.io/hashicorp/aws","schema_version":0,"values":{"arn":"arn:aws:iam::482227257362:role/house-price-codebuild-role","assume_role_policy":"{\"Statement\":[{\"Action\":\"sts:AssumeRole\",\"Effect\":\"Allow\",\"Principal\":{\"Service\":\"codebuild.amazonaws.com\"}}],\"Version\":\"2012-10-17\"}","create_date":"2025-11-01T17:34:48Z","description":"","force_detach_policies":false,"id":"house-price-codebuild-role","inline_policy":[{"name":"house-price-codebuild-policy","policy":"{\"Version\":\"2012-10-17\",\"Statement\":[{\"Action\":[\"logs:CreateLogGroup\",\"logs:CreateLogStream\",\"logs:PutLogEvents\"],\"Effect\":\"Allow\",\"Resource\":\"arn:aws:logs:*:*:*\"},{\"Action\":[\"s3:GetObject\",\"s3:PutObject\"],\"Effect\":\"Allow\",\"Resource\":[\"arn:aws:s3:::house-price-codepipeline-artifacts-jv8fwgaa/*\",\"arn:aws:s3:::house-price-mlops-dev-itzi2hgi/*\"]},{\"Action\":[\"sagemaker:ListModelPackages\",\"sagemaker:DescribeModelPackage\",\"sagemaker:CreateEndpointConfig\",\"sagemaker:CreateEndpoint\",\"sagemaker:UpdateEndpoint\",\"sagemaker:DescribeEndpoint\",\"sagemaker:DescribeModel\",\"sagemaker:CreateModel\"],\"Effect\":\"Allow\",\"Resource\":\"*\"},{\"Action\":[\"iam:PassRole\"],\"Effect\":\"Allow\",\"Resource\":\"arn:aws:iam::482227257362:role/house-price-sagemaker-execution-role\"}]}"}],"managed_policy_arns":[],"max_session_duration":3600,"name":"house-price-codebuild-role","name_prefix":"","path":"/","permissions_boundary":"","tags":{},"tags_all":{},"unique_id":"AROAXARX4AAJBBURIBGGT"},"sensitive_values":{"inline_policy":[{}],"managed_policy_arns":[],"tags":{},"tags_all":{}}},{"address":"module.deployment_pipeline.aws_iam_role.codepipeline_role","mode":"managed","type":"aws_iam_role","name":"codepipeline_role","provider_name":"registry.terraform.io/hashicorp/aws","schema_version":0,"values":{"arn":"arn:aws:iam::482227257362:role/house-price-codepipeline-role","assume_role_policy":"{\"Statement\":[{\"Action\":\"sts:AssumeRole\",\"Effect\":\"Allow\",\"Principal\":{\"Service\":\"codepipeline.amazonaws.com\"}}],\"Version\":\"2012-10-17\"}","create_date":"2025-11-01T17:34:48Z","description":"","force_detach_policies":false,"id":"house-price-codepipeline-role","inline_policy":[{"name":"house-price-codepipeline-policy","policy":"{\"Version\":\"2012-10-17\",\"Statement\":[{\"Action\":[\"s3:GetBucketVersioning\",\"s3:GetObject\",\"s3:GetObjectVersion\",\"s3:PutObject\"],\"Effect\":\"Allow\",\"Resource\":[\"arn:aws:s3:::house-price-codepipeline-artifacts-jv8fwgaa\",\"arn:aws:s3:::house-price-codepipeline-artifacts-jv8fwgaa/*\",\"arn:aws:s3:::house-price-mlops-dev-itzi2hgi\",\"arn:aws:s3:::house-price-mlops-dev-itzi2hgi/*\"]},{\"Action\":[\"codebuild:BatchGetBuilds\",\"codebuild:StartBuild\"],\"Effect\":\"Allow\",\"Resource\":\"arn:aws:codebuild:us-east-1:482227257362:project/house-price-deploy-model\"}]}"}],"managed_policy_arns":[],"max_session_duration":3600,"name":"house-price-codepipeline-role","name_prefix":"","path":"/","permissions_boundary":"","tags":{},"tags_all":{},"unique_id":"AROAXARX4AAJFN7APWW4O"},"sensitive_values":{"inline_policy":[{}],"managed_policy_arns":[],"tags":{},"tags_all":{}}},{"address":"module.deployment_pipeline.aws_iam_role.eventbridge_role","mode":"managed","type":"aws_iam_role","name":"eventbridge_role","provider_name":"registry.terraform.io/hashicorp/aws","schema_version":0,"values":{"arn":"arn:aws:iam::482227257362:role/house-price-eventbridge-role","assume_role_policy":"{\"Statement\":[{\"Action\":\"sts:AssumeRole\",\"Effect\":\"Allow\",\"Principal\":{\"Service\":\"events.amazonaws.com\"}}],\"Version\":\"2012-10-17\"}","create_date":"2025-11-01T17:34:48Z","description":"","force_detach_policies":false,"id":"house-price-eventbridge-role","inline_policy":[{"name":"house-price-eventbridge-policy","policy":"{\"Version\":\"2012-10-17\",\"Statement\":[{\"Action\":[\"codepipeline:StartPipelineExecution\"],\"Effect\":\"Allow\",\"Resource\":\"arn:aws:codepipeline:us-east-1:482227257362:house-price-deployment-pipeline\"}]}"}],"managed_policy_arns":[],"max_session_duration":3600,"name":"house-price-eventbridge-role","name_prefix":"","path":"/","permissions_boundary":"","tags":{},"tags_all":{},"unique_id":"AROAXARX4AAJNPELGDTVN"},"sensitive_values":{"inline_policy":[{}],"managed_policy_arns":[],"tags":{},"tags_all":{}}},{"address":"module.deployment_pipeline.aws_iam_role_policy.codebuild_policy","mode":"managed","type":"aws_iam_role_policy","name":"codebuild_policy","provider_name":"registry.terraform.io/hashicorp/aws","schema_version":0,"values":{"id":"house-price-codebuild-role:house-price-codebuild-policy","name":"house-price-codebuild-policy","name_prefix":"","policy":"{\"Version\":\"2012-10-17\",\"Statement\":[{\"Action\":[\"logs:CreateLogGroup\",\"logs:CreateLogStream\",\"logs:PutLogEvents\"],\"Effect\":\"Allow\",\"Resource\":\"arn:aws:logs:*:*:*\"},{\"Action\":[\"s3:GetObject\",\"s3:PutObject\"],\"Effect\":\"Allow\",\"Resource\":[\"arn:aws:s3:::house-price-codepipeline-artifacts-jv8fwgaa/*\",\"arn:aws:s3:::house-price-mlops-dev-itzi2hgi/*\"]},{\"Action\":[\"sagemaker:ListModelPackages\",\"sagemaker:DescribeModelPackage\",\"sagemaker:CreateEndpointConfig\",\"sagemaker:CreateEndpoint\",\"sagemaker:UpdateEndpoint\",\"sagemaker:DescribeEndpoint\",\"sagemaker:DescribeModel\",\"sagemaker:CreateModel\"],\"Effect\":\"Allow\",\"Resource\":\"*\"},{\"Action\":[\"iam:PassRole\"],\"Effect\":\"Allow\",\"Resource\":\"arn:aws:iam::482227257362:role/house-price-sagemaker-execution-role\"}]}","role":"house-price-codebuild-role"},"sensitive_values":{}},{"address":"module.deployment_pipeline.aws_iam_role_policy.codepipeline_policy","mode":"managed","type":"aws_iam_role_policy","name":"codepipeline_policy","provider_name":"registry.terraform.io/hashicorp/aws","schema_version":0,"values":{"id":"house-price-codepipeline-role:house-price-codepipeline-policy","name":"house-price-codepipeline-policy","name_prefix":"","policy":"{\"Version\":\"2012-10-17\",\"Statement\":[{\"Action\":[\"s3:GetBucketVersioning\",\"s3:GetObject\",\"s3:GetObjectVersion\",\"s3:PutObject\"],\"Effect\":\"Allow\",\"Resource\":[\"arn:aws:s3:::house-price-codepipeline-artifacts-jv8fwgaa\",\"arn:aws:s3:::house-price-codepipeline-artifacts-jv8fwgaa/*\",\"arn:aws:s3:::house-price-mlops-dev-itzi2hgi\",\"arn:aws:s3:::house-price-mlops-dev-itzi2hgi/*\"]},{\"Action\":[\"codebuild:BatchGetBuilds\",\"codebuild:StartBuild\"],\"Effect\":\"Allow\",\"Resource\":\"arn:aws:codebuild:us-east-1:482227257362:project/house-price-deploy-model\"}]}","role":"house-price-codepipeline-role"},"sensitive_values":{}},{"address":"module.deployment_pipeline.aws_iam_role_policy.eventbridge_policy","mode":"managed","type":"aws_iam_role_policy","name":"eventbridge_policy","provider_name":"registry.terraform.io/hashicorp/aws","schema_version":0,"values":{"id":"house-price-eventbridge-role:house-price-eventbridge-policy","name":"house-price-eventbridge-policy","name_prefix":"","policy":"{\"Version\":\"2012-10-17\",\"Statement\":[{\"Action\":[\"codepipeline:StartPipelineExecution\"],\"Effect\":\"Allow\",\"Resource\":\"arn:aws:codepipeline:us-east-1:482227257362:house-price-deployment-pipeline\"}]}","role":"house-price-eventbridge-role"},"sensitive_values":{}},{"address":"module.deployment_pipeline.aws_s3_bucket.codepipeline_artifacts","mode":"managed","type":"aws_s3_bucket","name":"codepipeline_artifacts","provider_name":"registry.terraform.io/hashicorp/aws","schema_version":0,"values":{"acceleration_status":"","acl":null,"arn":"arn:aws:s3:::house-price-codepipeline-artifacts-jv8fwgaa","bucket":"house-price-codepipeline-artifacts-jv8fwgaa","bucket_domain_name":"house-price-codepipeline-artifacts-jv8fwgaa.s3.amazonaws.com","bucket_prefix":"","bucket_regional_domain_name":"house-price-codepipeline-artifacts-jv8fwgaa.s3.us-east-1.amazonaws.com","cors_rule":[],"force_destroy":false,"grant":[{"id":"ef87ba17deed0f812283592f1d2ece4bb8e3f721c5f04931abd116d5bf1e671b","permissions":["FULL_CONTROL"],"type":"CanonicalUser","uri":""}],"hosted_zone_id":"Z3AQBSTGFYJSTF","id":"house-price-codepipeline-artifacts-jv8fwgaa","lifecycle_rule":[],"logging":[],"object_lock_configuration":[],"object_lock_enabled":false,"policy":"","region":"us-east-1","replication_configuration":[],"request_payer":"BucketOwner","server_side_encryption_configuration":[{"rule":[{"apply_server_side_encryption_by_default":[{"kms_master_key_id":"","sse_algorithm":"AES256"}],"bucket_key_enabled":false}]}],"tags":{},"tags_all":{},"timeouts":null,"versioning":[{"enabled":false,"mfa_delete":false}],"website":[],"website_domain":null,"website_endpoint":null},"sensitive_values":{"cors_rule":[],"grant":[{"permissions":[false]}],"lifecycle_rule":[],"logging":[],"object_lock_configuration":[],"replication_configuration":[],"server_side_encryption_configuration":[{"rule":[{"apply_server_side_encryption_by_default":[{}]}]}],"tags":{},"tags_all":{},"versioning":[{}],"website":[]}},{"address":"module.deployment_pipeline.aws_s3_bucket_server_side_encryption_configuration.codepipeline_encryption","mode":"managed","type":"aws_s3_bucket_server_side_encryption_configuration","name":"codepipeline_encryption","provider_name":"registry.terraform.io/hashicorp/aws","schema_version":0,"values":{"bucket":"house-price-codepipeline-artifacts-jv8fwgaa","expected_bucket_owner":"","id":"house-price-codepipeline-artifacts-jv8fwgaa","rule":[{"apply_server_side_encryption_by_default":[{"kms_master_key_id":"","sse_algorithm":"AES256"}],"bucket_key_enabled":false}]},"sensitive_values":{"rule":[{"apply_server_side_encryption_by_default":[{}]}]}},{"address":"module.deployment_pipeline.random_string.suffix","mode":"managed","type":"random_string","name":"suffix","provider_name":"registry.terraform.io/hashicorp/random","schema_version":2,"values":{"id":"jv8fwgaa","keepers":null,"length":8,"lower":true,"min_lower":0,"min_numeric":0,"min_special":0,"min_upper":0,"number":true,"numeric":true,"override_special":null,"result":"jv8fwgaa","special":false,"upper":false},"sensitive_values":{}}],"address":"module.deployment_pipeline"},{"resources":[{"address":"module.ecr.aws_ecr_lifecycle_policy.data_processing_policy","mode":"managed","type":"aws_ecr_lifecycle_policy","name":"data_processing_policy","provider_name":"registry.terraform.io/hashicorp/aws","schema_version":0,"values":{"id":"data-processing","policy":"{\"rules\":[{\"action\":{\"type\":\"expire\"},\"description\":\"Keep last 5 images\",\"rulePriority\":1,\"selection\":{\"countNumber\":5,\"countType\":\"imageCountMoreThan\",\"tagPrefixList\":[\"latest\"],\"tagStatus\":\"tagged\"}}]}","registry_id":"482227257362","repository":"data-processing"},"sensitive_values":{}},{"address":"module.ecr.aws_ecr_lifecycle_policy.evaluation_policy","mode":"managed","type":"aws_ecr_lifecycle_policy","name":"evaluation_policy","provider_name":"registry.terraform.io/hashicorp/aws","schema_version":0,"values":{"id":"evaluation","policy":"{\"rules\":[{\"action\":{\"type\":\"expire\"},\"description\":\"Keep last 5 images\",\"rulePriority\":1,\"selection\":{\"countNumber\":5,\"countType\":\"imageCountMoreThan\",\"tagPrefixList\":[\"latest\"],\"tagStatus\":\"tagged\"}}]}","registry_id":"482227257362","repository":"evaluation"},"sensitive_values":{}},{"address":"module.ecr.aws_ecr_lifecycle_policy.feature_engineering_policy","mode":"managed","type":"aws_ecr_lifecycle_policy","name":"feature_engineering_policy","provider_name":"registry.terraform.io/hashicorp/aws","schema_version":0,"values":{"id":"feature-engineering","policy":"{\"rules\":[{\"action\":{\"type\":\"expire\"},\"description\":\"Keep last 5 images\",\"rulePriority\":1,\"selection\":{\"countNumber\":5,\"countType\":\"imageCountMoreThan\",\"tagPrefixList\":[\"latest\"],\"tagStatus\":\"tagged\"}}]}","registry_id":"482227257362","repository":"feature-engineering"},"sensitive_values":{}},{"address":"module.ecr.aws_ecr_lifecycle_policy.model_registration_policy","mode":"managed","type":"aws_ecr_lifecycle_policy","name":"model_registration_policy","provider_name":"registry.terraform.io/hashicorp/aws","schema_version":0,"values":{"id":"model-registration","policy":"{\"rules\":[{\"action\":{\"type\":\"expire\"},\"description\":\"Keep last 10 images\",\"rulePriority\":1,\"selection\":{\"countNumber\":10,\"countType\":\"imageCountMoreThan\",\"tagPrefixList\":[\"latest\"],\"tagStatus\":\"tagged\"}}]}","registry_id":"482227257362","repository":"model-registration"},"sensitive_values":{}},{"address":"module.ecr.aws_ecr_lifecycle_policy.training_policy","mode":"managed","type":"aws_ecr_lifecycle_policy","name":"training_policy","provider_name":"registry.terraform.io/hashicorp/aws","schema_version":0,"values":{"id":"training","policy":"{\"rules\":[{\"action\":{\"type\":\"expire\"},\"description\":\"Keep last 5 images\",\"rulePriority\":1,\"selection\":{\"countNumber\":5,\"countType\":\"imageCountMoreThan\",\"tagPrefixList\":[\"latest\"],\"tagStatus\":\"tagged\"}}]}","registry_id":"482227257362","repository":"training"},"sensitive_values":{}},{"address":"module.ecr.aws_ecr_repository.data_processing","mode":"managed","type":"aws_ecr_repository","name":"data_processing","provider_name":"registry.terraform.io/hashicorp/aws","schema_version":0,"values":{"arn":"arn:aws:ecr:us-east-1:482227257362:repository/data-processing","encryption_configuration":[{"encryption_type":"AES256","kms_key":""}],"force_delete":null,"id":"data-processing","image_scanning_configuration":[{"scan_on_push":true}],"image_tag_mutability":"MUTABLE","name":"data-processing","registry_id":"482227257362","repository_url":"482227257362.dkr.ecr.us-east-1.amazonaws.com/data-processing","tags":{"Environment":"dev","Name":"house-price-data-processing","Purpose":"MLOps-Data-Processing"},"tags_all":{"Environment":"dev","Name":"house-price-data-processing","Purpose":"MLOps-Data-Processing"},"timeouts":null},"sensitive_values":{"encryption_configuration":[{}],"image_scanning_configuration":[{}],"tags":{},"tags_all":{}}},{"address":"module.ecr.aws_ecr_repository.evaluation","mode":"managed","type":"aws_ecr_repository","name":"evaluation","provider_name":"registry.terraform.io/hashicorp/aws","schema_version":0,"values":{"arn":"arn:aws:ecr:us-east-1:482227257362:repository/evaluation","encryption_configuration":[{"encryption_type":"AES256","kms_key":""}],"force_delete":null,"id":"evaluation","image_scanning_configuration":[{"scan_on_push":true}],"image_tag_mutability":"MUTABLE","name":"evaluation","registry_id":"482227257362","repository_url":"482227257362.dkr.ecr.us-east-1.amazonaws.com/evaluation","tags":{"Environment":"dev","Name":"house-price-evaluation","Purpose":"MLOps-Evaluation"},"tags_all":{"Environment":"dev","Name":"house-price-evaluation","Purpose":"MLOps-Evaluation"},"timeouts":null},"sensitive_values":{"encryption_configuration":[{}],"image_scanning_configuration":[{}],"tags":{},"tags_all":{}}},{"address":"module.ecr.aws_ecr_repository.feature_engineering","mode":"managed","type":"aws_ecr_repository","name":"feature_engineering","provider_name":"registry.terraform.io/hashicorp/aws","schema_version":0,"values":{"arn":"arn:aws:ecr:us-east-1:482227257362:repository/feature-engineering","encryption_configuration":[{"encryption_type":"AES256","kms_key":""}],"force_delete":null,"id":"feature-engineering","image_scanning_configuration":[{"scan_on_push":true}],"image_tag_mutability":"MUTABLE","name":"feature-engineering","registry_id":"482227257362","repository_url":"482227257362.dkr.ecr.us-east-1.amazonaws.com/feature-engineering","tags":{"Environment":"dev","Name":"house-price-feature-engineering","Purpose":"MLOps-Feature-Engineering"},"tags_all":{"Environment":"dev","Name":"house-price-feature-engineering","Purpose":"MLOps-Feature-Engineering"},"timeouts":null},"sensitive_values":{"encryption_configuration":[{}],"image_scanning_configuration":[{}],"tags":{},"tags_all":{}}},{"address":"module.ecr.aws_ecr_repository.model_registration","mode":"managed","type":"aws_ecr_repository","name":"model_registration","provider_name":"registry.terraform.io/hashicorp/aws","schema_version":0,"values":{"arn":"arn:aws:ecr:us-east-1:482227257362:repository/model-registration","encryption_configuration":[{"encryption_type":"AES256","kms_key":""}],"force_delete":null,"id":"model-registration","image_scanning_configuration":[{"scan_on_push":true}],"image_tag_mutability":"MUTABLE","name":"model-registration","registry_id":"482227257362","repository_url":"482227257362.dkr.ecr.us-east-1.amazonaws.com/model-registration","tags":{"Environment":"dev","Name":"house-price-model-registration","Purpose":"MLOps-Model-Registration"},"tags_all":{"Environment":"dev","Name":"house-price-model-registration","Purpose":"MLOps-Model-Registration"},"timeouts":null},"sensitive_values":{"encryption_configuration":[{}],"image_scanning_configuration":[{}],"tags":{},"tags_all":{}}},{"address":"module.ecr.aws_ecr_repository.training","mode":"managed","type":"aws_ecr_repository","name":"training","provider_name":"registry.terraform.io/hashicorp/aws","schema_version":0,"values":{"arn":"arn:aws:ecr:us-east-1:482227257362:repository/training","encryption_configuration":[{"encryption_type":"AES256","kms_key":""}],"force_delete":null,"id":"training","image_scanning_configuration":[{"scan_on_push":true}],"image_tag_mutability":"MUTABLE","name":"training","registry_id":"482227257362","repository_url":"482227257362.dkr.ecr.us-east-1.amazonaws.com/training","tags":{"Environment":"dev","Name":"house-price-training","Purpose":"MLOps-Training"},"tags_all":{"Environment":"dev","Name":"house-price-training","Purpose":"MLOps-Training"},"timeouts":null},"sensitive_values":{"encryption_configuration":[{}],"image_scanning_configuration":[{}],"tags":{},"tags_all":{}}}],"address":"module.ecr"},{"resources":[{"address":"module.eks.aws_eks_cluster.cluster","mode":"managed","type":"aws_eks_cluster","name":"cluster","provider_name":"registry.terraform.io/hashicorp/aws","schema_version":1,"values":{"bootstrap_self_managed_addons":true,"compute_config":[],"enabled_cluster_log_types":["api","audit","authenticator","controllerManager","scheduler"],"encryption_config":[],"force_update_version":null,"name":"house-price-jupyterhub-cluster","outpost_config":[],"remote_network_config":[],"storage_config":[],"tags":{"Environment":"dev","Project":"house-price","Purpose":"jupyterhub-platform"},"tags_all":{"Environment":"dev","Project":"house-price","Purpose":"jupyterhub-platform"},"timeouts":null,"version":"1.29","vpc_config":[{"endpoint_private_access":true,"endpoint_public_access":true,"public_access_cidrs":["0.0.0.0/0"],"security_group_ids":null,"subnet_ids":["subnet-02f04ba7c1bbbf72f","subnet-0549136184302920c","subnet-08ae0c2b4723f5d9d","subnet-0c092dfafe0a2b4b2"]}],"zonal_shift_config":[]},"sensitive_values":{"access_config":[],"certificate_authority":[],"compute_config":[],"enabled_cluster_log_types":[false,false,false,false,false],"encryption_config":[],"identity":[],"kubernetes_network_config":[],"outpost_config":[],"remote_network_config":[],"storage_config":[],"tags":{},"tags_all":{},"upgrade_policy":[],"vpc_config":[{"public_access_cidrs":[false],"subnet_ids":[false,false,false,false]}],"zonal_shift_config":[]}},{"address":"module.eks.aws_eks_node_group.node_group","mode":"managed","type":"aws_eks_node_group","name":"node_group","provider_name":"registry.terraform.io/hashicorp/aws","schema_version":0,"values":{"ami_type":"AL2_x86_64","capacity_type":"ON_DEMAND","cluster_name":"house-price-jupyterhub-cluster","disk_size":20,"force_update_version":null,"instance_types":["t3.medium"],"labels":null,"launch_template":[],"node_group_name":"house-price-jupyterhub-cluster-nodes","remote_access":[],"scaling_config":[{"desired_size":2,"max_size":4,"min_size":1}],"subnet_ids":["subnet-02f04ba7c1bbbf72f","subnet-0549136184302920c","subnet-08ae0c2b4723f5d9d","subnet-0c092dfafe0a2b4b2"],"tags":{"Environment":"dev","Project":"house-price","Purpose":"jupyterhub-platform"},"tags_all":{"Environment":"dev","Project":"house-price","Purpose":"jupyterhub-platform"},"taint":[],"timeouts":null,"update_config":[{"max_unavailable":1,"max_unavailable_percentage":null}]},"sensitive_values":{"instance_types":[false],"launch_template":[],"node_repair_config":[],"remote_access":[],"resources":[],"scaling_config":[{}],"subnet_ids":[false,false,false,false],"tags":{},"tags_all":{},"taint":[],"update_config":[{}]}},{"address":"module.eks.aws_iam_openid_connect_provider.cluster","mode":"managed","type":"aws_iam_openid_connect_provider","name":"cluster","provider_name":"registry.terraform.io/hashicorp/aws","schema_version":0,"values":{"client_id_list":["sts.amazonaws.com"],"tags":{"Environment":"dev","Project":"house-price","Purpose":"jupyterhub-platform"},"tags_all":{"Environment":"dev","Project":"house-price","Purpose":"jupyterhub-platform"}},"sensitive_values":{"client_id_list":[false],"tags":{},"tags_all":{},"thumbprint_list":[]}},{"address":"module.eks.aws_iam_role.eks_cluster_role","mode":"managed","type":"aws_iam_role","name":"eks_cluster_role","provider_name":"registry.terraform.io/hashicorp/aws","schema_version":0,"values":{"assume_role_policy":"{\"Statement\":[{\"Action\":\"sts:AssumeRole\",\"Effect\":\"Allow\",\"Principal\":{\"Service\":\"eks.amazonaws.com\"}}],\"Version\":\"2012-10-17\"}","description":null,"force_detach_policies":false,"max_session_duration":3600,"name":"house-price-jupyterhub-cluster-cluster-role","path":"/","permissions_boundary":null,"tags":null},"sensitive_values":{"inline_policy":[],"managed_policy_arns":[],"tags_all":{}}},{"address":"module.eks.aws_iam_role.node_group_role","mode":"managed","type":"aws_iam_role","name":"node_group_role","provider_name":"registry.terraform.io/hashicorp/aws","schema_version":0,"values":{"assume_role_policy":"{\"Statement\":[{\"Action\":\"sts:AssumeRole\",\"Effect\":\"Allow\",\"Principal\":{\"Service\":\"ec2.amazonaws.com\"}}],\"Version\":\"2012-10-17\"}","description":null,"force_detach_policies":false,"max_session_duration":3600,"name":"house-price-jupyterhub-cluster-node-group-role","path":"/","permissions_boundary":null,"tags":null},"sensitive_values":{"inline_policy":[],"managed_policy_arns":[],"tags_all":{}}},{"address":"module.eks.aws_iam_role_policy_attachment.eks_cluster_policy","mode":"managed","type":"aws_iam_role_policy_attachment","name":"eks_cluster_policy","provider_name":"registry.terraform.io/hashicorp/aws","schema_version":0,"values":{"policy_arn":"arn:aws:iam::aws:policy/AmazonEKSClusterPolicy","role":"house-price-jupyterhub-cluster-cluster-role"},"sensitive_values":{}},{"address":"module.eks.aws_iam_role_policy_attachment.node_group_cni_policy","mode":"managed","type":"aws_iam_role_policy_attachment","name":"node_group_cni_policy","provider_name":"registry.terraform.io/hashicorp/aws","schema_version":0,"values":{"policy_arn":"arn:aws:iam::aws:policy/AmazonEKS_CNI_Policy","role":"house-price-jupyterhub-cluster-node-group-role"},"sensitive_values":{}},{"address":"module.eks.aws_iam_role_policy_attachment.node_group_policy","mode":"managed","type":"aws_iam_role_policy_attachment","name":"node_group_policy","provider_name":"registry.terraform.io/hashicorp/aws","schema_version":0,"values":{"policy_arn":"arn:aws:iam::aws:policy/AmazonEKSWorkerNodePolicy","role":"house-price-jupyterhub-cluster-node-group-role"},"sensitive_values":{}},{"address":"module.eks.aws_iam_role_policy_attachment.node_group_registry_policy","mode":"managed","type":"aws_iam_role_policy_attachment","name":"node_group_registry_policy","provider_name":"registry.terraform.io/hashicorp/aws","schema_version":0,"values":{"policy_arn":"arn:aws:iam::aws:policy/AmazonEC2ContainerRegistryReadOnly","role":"house-price-jupyterhub-cluster-node-group-role"},"sensitive_values":{}},{"address":"module.eks.data.tls_certificate.cluster","mode":"data","type":"tls_certificate","name":"cluster","provider_name":"registry.terraform.io/hashicorp/tls","schema_version":0,"values":{"content":null,"verify_chain":null},"sensitive_values":{"certificates":[]}}],"address":"module.eks"},{"resources":[{"address":"module.github_oidc.aws_iam_openid_connect_provider.github","mode":"managed","type":"aws_iam_openid_connect_provider","name":"github","provider_name":"registry.terraform.io/hashicorp/aws","schema_version":0,"values":{"arn":"arn:aws:iam::482227257362:oidc-provider/token.actions.githubusercontent.com","client_id_list":["sts.amazonaws.com"],"id":"arn:aws:iam::482227257362:oidc-provider/token.actions.githubusercontent.com","tags":{},"tags_all":{},"thumbprint_list":["6938fd4d98bab03faadb97b34396831e3780aea1"],"url":"token.actions.githubusercontent.com"},"sensitive_values":{"client_id_list":[false],"tags":{},"tags_all":{},"thumbprint_list":[false]}},{"address":"module.github_oidc.aws_iam_role.github_actions","mode":"managed","type":"aws_iam_role","name":"github_actions","provider_name":"registry.terraform.io/hashicorp/aws","schema_version":0,"values":{"arn":"arn:aws:iam::482227257362:role/house-price-github-actions-role","assume_role_policy":"{\"Statement\":[{\"Action\":\"sts:AssumeRoleWithWebIdentity\",\"Condition\":{\"StringEquals\":{\"token.actions.githubusercontent.com:aud\":\"sts.amazonaws.com\"},\"StringLike\":{\"token.actions.githubusercontent.com:sub\":\"repo:Venkat8538/AWS_RealEstate:ref:refs/heads/master\"}},\"Effect\":\"Allow\",\"Principal\":{\"Federated\":\"arn:aws:iam::482227257362:oidc-provider/token.actions.githubusercontent.com\"}}],\"Version\":\"2012-10-17\"}","create_date":"2025-10-27T22:25:58Z","description":"","force_detach_policies":false,"id":"house-price-github-actions-role","inline_policy":[{"name":"house-price-github-sagemaker-policy","policy":"{\"Version\":\"2012-10-17\",\"Statement\":[{\"Action\":[\"sagemaker:CreatePipeline\",\"sagemaker:UpdatePipeline\",\"sagemaker:DescribePipeline\",\"sagemaker:ListPipelines\",\"sagemaker:StartPipelineExecution\",\"sagemaker:DescribePipelineExecution\",\"sagemaker:ListPipelineExecutions\"],\"Effect\":\"Allow\",\"Resource\":\"*\"},{\"Action\":[\"s3:GetObject\",\"s3:PutObject\",\"s3:DeleteObject\",\"s3:ListBucket\",\"s3:GetBucketLocation\"],\"Effect\":\"Allow\",\"Resource\":[\"arn:aws:s3:::house-price-mlops-dev-itzi2hgi\",\"arn:aws:s3:::house-price-mlops-dev-itzi2hgi/*\",\"arn:aws:s3:::sagemaker-*\"]},{\"Action\":[\"iam:PassRole\"],\"Effect\":\"Allow\",\"Resource\":\"arn:aws:iam::482227257362:role/house-price-sagemaker-execution-role\"}]}"}],"managed_policy_arns":[],"max_session_duration":3600,"name":"house-price-github-actions-role","name_prefix":"","path":"/","permissions_boundary":"","tags":{},"tags_all":{},"unique_id":"AROAXARX4AAJJPMYO2S7B"},"sensitive_values":{"inline_policy":[{}],"managed_policy_arns":[],"tags":{},"tags_all":{}}},{"address":"module.github_oidc.aws_iam_role_policy.github_sagemaker_policy","mode":"managed","type":"aws_iam_role_policy","name":"github_sagemaker_policy","provider_name":"registry.terraform.io/hashicorp/aws","schema_version":0,"values":{"id":"house-price-github-actions-role:house-price-github-sagemaker-policy","name":"house-price-github-sagemaker-policy","name_prefix":"","policy":"{\"Version\":\"2012-10-17\",\"Statement\":[{\"Action\":[\"sagemaker:CreatePipeline\",\"sagemaker:UpdatePipeline\",\"sagemaker:DescribePipeline\",\"sagemaker:ListPipelines\",\"sagemaker:StartPipelineExecution\",\"sagemaker:DescribePipelineExecution\",\"sagemaker:ListPipelineExecutions\"],\"Effect\":\"Allow\",\"Resource\":\"*\"},{\"Action\":[\"s3:GetObject\",\"s3:PutObject\",\"s3:DeleteObject\",\"s3:ListBucket\",\"s3:GetBucketLocation\"],\"Effect\":\"Allow\",\"Resource\":[\"arn:aws:s3:::house-price-mlops-dev-itzi2hgi\",\"arn:aws:s3:::house-price-mlops-dev-itzi2hgi/*\",\"arn:aws:s3:::sagemaker-*\"]},{\"Action\":[\"iam:PassRole\"],\"Effect\":\"Allow\",\"Resource\":\"arn:aws:iam::482227257362:role/house-price-sagemaker-execution-role\"}]}","role":"house-price-github-actions-role"},"sensitive_values":{}}],"address":"module.github_oidc"},{"resources":[{"address":"module.mlflow_server.aws_eip.mlflow_eip","mode":"managed","type":"aws_eip","name":"mlflow_eip","provider_name":"registry.terraform.io/hashicorp/aws","schema_version":0,"values":{"address":null,"allocation_id":"eipalloc-0489d136fcad91919","arn":"arn:aws:ec2:us-east-1:482227257362:elastic-ip/eipalloc-0489d136fcad91919","associate_with_private_ip":null,"association_id":"","carrier_ip":"","customer_owned_ip":"","customer_owned_ipv4_pool":"","domain":"vpc","id":"eipalloc-0489d136fcad91919","ipam_pool_id":null,"network_border_group":"us-east-1","network_interface":"","private_dns":"ip-172-31-18-6.ec2.internal","private_ip":"","ptr_record":"","public_dns":"ec2-23-21-206-232.compute-1.amazonaws.com","public_ip":"23.21.206.232","public_ipv4_pool":"amazon","tags":{"Name":"house-price-mlflow-eip"},"tags_all":{"Name":"house-price-mlflow-eip"},"timeouts":null,"vpc":true},"sensitive_values":{"tags":{},"tags_all":{}}},{"address":"module.mlflow_server.aws_iam_instance_profile.mlflow_profile","mode":"managed","type":"aws_iam_instance_profile","name":"mlflow_profile","provider_name":"registry.terraform.io/hashicorp/aws","schema_version":0,"values":{"arn":"arn:aws:iam::482227257362:instance-profile/house-price-mlflow-profile","create_date":"2025-11-18T19:23:20Z","id":"house-price-mlflow-profile","name":"house-price-mlflow-profile","name_prefix":"","path":"/","role":"house-price-mlflow-role","tags":{},"tags_all":{},"unique_id":"AIPAXARX4AAJMVAST523B"},"sensitive_values":{"tags":{},"tags_all":{}}},{"address":"module.mlflow_server.aws_iam_role.mlflow_role","mode":"managed","type":"aws_iam_role","name":"mlflow_role","provider_name":"registry.terraform.io/hashicorp/aws","schema_version":0,"values":{"arn":"arn:aws:iam::482227257362:role/house-price-mlflow-role","assume_role_policy":"{\"Statement\":[{\"Action\":\"sts:AssumeRole\",\"Effect\":\"Allow\",\"Principal\":{\"Service\":\"ec2.amazonaws.com\"}}],\"Version\":\"2012-10-17\"}","create_date":"2025-11-18T19:23:19Z","description":"","force_detach_policies":false,"id":"house-price-mlflow-role","inline_policy":[{"name":"house-price-mlflow-s3-policy","policy":"{\"Version\":\"2012-10-17\",\"Statement\":[{\"Action\":[\"s3:GetObject\",\"s3:PutObject\",\"s3:DeleteObject\",\"s3:ListBucket\"],\"Effect\":\"Allow\",\"Resource\":[\"arn:aws:s3:::house-price-mlops-dev-itzi2hgi\",\"arn:aws:s3:::house-price-mlops-dev-itzi2hgi/*\"]}]}"}],"managed_policy_arns":[],"max_session_duration":3600,"name":"house-price-mlflow-role","name_prefix":"","path":"/","permissions_boundary":"","tags":{},"tags_all":{},"unique_id":"AROAXARX4AAJHQ5MCUQXV"},"sensitive_values":{"inline_policy":[{}],"managed_policy_arns":[],"tags":{},"tags_all":{}}},{"address":"module.mlflow_server.aws_iam_role_policy.mlflow_s3_policy","mode":"managed","type":"aws_iam_role_policy","name":"mlflow_s3_policy","provider_name":"registry.terraform.io/hashicorp/aws","schema_version":0,"values":{"id":"house-price-mlflow-role:house-price-mlflow-s3-policy","name":"house-price-mlflow-s3-policy","name_prefix":"","policy":"{\"Version\":\"2012-10-17\",\"Statement\":[{\"Action\":[\"s3:GetObject\",\"s3:PutObject\",\"s3:DeleteObject\",\"s3:ListBucket\"],\"Effect\":\"Allow\",\"Resource\":[\"arn:aws:s3:::house-price-mlops-dev-itzi2hgi\",\"arn:aws:s3:::house-price-mlops-dev-itzi2hgi/*\"]}]}","role":"house-price-mlflow-role"},"sensitive_values":{}},{"address":"module.mlflow_server.aws_instance.mlflow_server","mode":"managed","type":"aws_instance","name":"mlflow_server","provider_name":"registry.terraform.io/hashicorp/aws","schema_version":1,"values":{"ami":"ami-0fc5d935ebf8bc3bc","credit_specification":[],"get_password_data":false,"hibernation":null,"iam_instance_profile":"house-price-mlflow-profile","instance_type":"t3.micro","launch_template":[],"source_dest_check":true,"tags":{"Name":"house-price-mlflow-server"},"tags_all":{"Name":"house-price-mlflow-server"},"timeouts":null,"user_data":"0f666460d0e8c48a597207fa971c147be4de01ba","user_data_replace_on_change":false,"volume_tags":null,"vpc_security_group_ids":["sg-0e54ff286cddf3f6f"]},"sensitive_values":{"capacity_reservation_specification":[],"cpu_options":[],"credit_specification":[],"ebs_block_device":[],"enclave_options":[],"ephemeral_block_device":[],"instance_market_options":[],"ipv6_addresses":[],"launch_template":[],"maintenance_options":[],"metadata_options":[],"network_interface":[],"private_dns_name_options":[],"root_block_device":[],"secondary_private_ips":[],"security_groups":[],"tags":{},"tags_all":{},"vpc_security_group_ids":[false]}},{"address":"module.mlflow_server.aws_security_group.mlflow_sg","mode":"managed","type":"aws_security_group","name":"mlflow_sg","provider_name":"registry.terraform.io/hashicorp/aws","schema_version":1,"values":{"arn":"arn:aws:ec2:us-east-1:482227257362:security-group/sg-0e54ff286cddf3f6f","description":"Managed by Terraform","egress":[{"cidr_blocks":["0.0.0.0/0"],"description":"","from_port":0,"ipv6_cidr_blocks":[],"prefix_list_ids":[],"protocol":"-1","security_groups":[],"self":false,"to_port":0}],"id":"sg-0e54ff286cddf3f6f","ingress":[{"cidr_blocks":["0.0.0.0/0"],"description":"","from_port":22,"ipv6_cidr_blocks":[],"prefix_list_ids":[],"protocol":"tcp","security_groups":[],"self":false,"to_port":22},{"cidr_blocks":["0.0.0.0/0"],"description":"","from_port":5000,"ipv6_cidr_blocks":[],"prefix_list_ids":[],"protocol":"tcp","security_groups":[],"self":false,"to_port":5000}],"name":"house-price-mlflow-sg","name_prefix":"","owner_id":"482227257362","revoke_rules_on_delete":false,"tags":{},"tags_all":{},"timeouts":null,"vpc_id":"vpc-0ec06d2e45d4c6de8"},"sensitive_values":{"egress":[{"cidr_blocks":[false],"ipv6_cidr_blocks":[],"prefix_list_ids":[],"security_groups":[]}],"ingress":[{"cidr_blocks":[false],"ipv6_cidr_blocks":[],"prefix_list_ids":[],"security_groups":[]},{"cidr_blocks":[false],"ipv6_cidr_blocks":[],"prefix_list_ids":[],"security_groups":[]}],"tags":{},"tags_all":{}}}],"address":"module.mlflow_server"},{"resources":[{"address":"module.rds.aws_db_instance.airflow_db","mode":"managed","type":"aws_db_instance","name":"airflow_db","provider_name":"registry.terraform.io/hashicorp/aws","schema_version":2,"values":{"address":"house-price-airflow-db.c69g640qih7q.us-east-1.rds.amazonaws.com","allocated_storage":20,"allow_major_version_upgrade":null,"apply_immediately":false,"arn":"arn:aws:rds:us-east-1:482227257362:db:house-price-airflow-db","auto_minor_version_upgrade":true,"availability_zone":"us-east-1a","backup_retention_period":0,"backup_target":"region","backup_window":"03:00-04:00","blue_green_update":[],"ca_cert_identifier":"rds-ca-rsa2048-g1","character_set_name":"","copy_tags_to_snapshot":false,"custom_iam_instance_profile":"","customer_owned_ip_enabled":false,"database_insights_mode":"standard","db_name":"airflow","db_subnet_group_name":"house-price-airflow-db-subnet-group","dedicated_log_volume":false,"delete_automated_backups":true,"deletion_protection":false,"domain":"","domain_auth_secret_arn":"","domain_dns_ips":[],"domain_fqdn":"","domain_iam_role_name":"","domain_ou":"","enabled_cloudwatch_logs_exports":[],"endpoint":"house-price-airflow-db.c69g640qih7q.us-east-1.rds.amazonaws.com:5432","engine":"postgres","engine_lifecycle_support":"open-source-rds-extended-support","engine_version":"15.7","engine_version_actual":"15.7","final_snapshot_identifier":null,"hosted_zone_id":"Z2R2ITUGPM61AM","iam_database_authentication_enabled":false,"id":"db-QF6LGEN4MSYBCUPB3BMWH3A6YI","identifier":"house-price-airflow-db","identifier_prefix":"","instance_class":"db.t3.micro","iops":0,"kms_key_id":"arn:aws:kms:us-east-1:482227257362:key/b9d3ec49-8e25-4af5-b155-7285d29dfc6f","latest_restorable_time":"","license_model":"postgresql-license","listener_endpoint":[],"maintenance_window":"sun:04:00-sun:05:00","manage_master_user_password":null,"master_user_secret":[],"master_user_secret_kms_key_id":null,"max_allocated_storage":100,"monitoring_interval":0,"monitoring_role_arn":"","multi_az":false,"nchar_character_set_name":"","network_type":"IPV4","option_group_name":"default:postgres-15","parameter_group_name":"default.postgres15","password":"airflow123!","password_wo":null,"password_wo_version":null,"performance_insights_enabled":false,"performance_insights_kms_key_id":"","performance_insights_retention_period":0,"port":5432,"publicly_accessible":false,"replica_mode":"","replicas":[],"replicate_source_db":"","resource_id":"db-QF6LGEN4MSYBCUPB3BMWH3A6YI","restore_to_point_in_time":[],"s3_import":[],"skip_final_snapshot":true,"snapshot_identifier":null,"status":"available","storage_encrypted":true,"storage_throughput":0,"storage_type":"gp2","tags":{"Name":"house-price-airflow-db"},"tags_all":{"Name":"house-price-airflow-db"},"timeouts":null,"timezone":"","upgrade_storage_config":null,"username":"airflow","vpc_security_group_ids":["sg-08a137c599c426761"]},"sensitive_values":{"blue_green_update":[],"domain_dns_ips":[],"enabled_cloudwatch_logs_exports":[],"listener_endpoint":[],"master_user_secret":[],"password":true,"password_wo":true,"replicas":[],"restore_to_point_in_time":[],"s3_import":[],"tags":{},"tags_all":{},"vpc_security_group_ids":[false]}},{"address":"module.rds.aws_db_subnet_group.airflow_db_subnet_group","mode":"managed","type":"aws_db_subnet_group","name":"airflow_db_subnet_group","provider_name":"registry.terraform.io/hashicorp/aws","schema_version":0,"values":{"arn":"arn:aws:rds:us-east-1:482227257362:subgrp:house-price-airflow-db-subnet-group","description":"Managed by Terraform","id":"house-price-airflow-db-subnet-group","name":"house-price-airflow-db-subnet-group","name_prefix":"","subnet_ids":["subnet-00d543840efec8c87","subnet-02f04ba7c1bbbf72f","subnet-0549136184302920c","subnet-08ae0c2b4723f5d9d","subnet-0c092dfafe0a2b4b2","subnet-0d2477ce3c2ca92b9"],"supported_network_types":["IPV4"],"tags":{"Name":"house-price-airflow-db-subnet-group"},"tags_all":{"Name":"house-price-airflow-db-subnet-group"},"vpc_id":"vpc-0ec06d2e45d4c6de8"},"sensitive_values":{"subnet_ids":[false,false,false,false,false,false],"supported_network_types":[false],"tags":{},"tags_all":{}}},{"address":"module.rds.aws_security_group.airflow_db_sg","mode":"managed","type":"aws_security_group","name":"airflow_db_sg","provider_name":"registry.terraform.io/hashicorp/aws","schema_version":1,"values":{"arn":"arn:aws:ec2:us-east-1:482227257362:security-group/sg-08a137c599c426761","description":"Managed by Terraform","egress":[{"cidr_blocks":["0.0.0.0/0"],"description":"","from_port":0,"ipv6_cidr_blocks":[],"prefix_list_ids":[],"protocol":"-1","security_groups":[],"self":false,"to_port":0}],"id":"sg-08a137c599c426761","ingress":[{"cidr_blocks":["172.31.0.0/16"],"description":"","from_port":5432,"ipv6_cidr_blocks":[],"prefix_list_ids":[],"protocol":"tcp","security_groups":[],"self":false,"to_port":5432}],"name":"house-price-airflow-db-20251121003029693700000001","name_prefix":"house-price-airflow-db-","owner_id":"482227257362","revoke_rules_on_delete":false,"tags":{"Name":"house-price-airflow-db-sg"},"tags_all":{"Name":"house-price-airflow-db-sg"},"timeouts":null,"vpc_id":"vpc-0ec06d2e45d4c6de8"},"sensitive_values":{"egress":[{"cidr_blocks":[false],"ipv6_cidr_blocks":[],"prefix_list_ids":[],"security_groups":[]}],"ingress":[{"cidr_blocks":[false],"ipv6_cidr_blocks":[],"prefix_list_ids":[],"security_groups":[]}],"tags":{},"tags_all":{}}}],"address":"module.rds"},{"resources":[{"address":"module.s3.aws_s3_bucket.mlops_bucket","mode":"managed","type":"aws_s3_bucket","name":"mlops_bucket","provider_name":"registry.terraform.io/hashicorp/aws","schema_version":0,"values":{"acceleration_status":"","acl":null,"arn":"arn:aws:s3:::house-price-mlops-dev-itzi2hgi","bucket":"house-price-mlops-dev-itzi2hgi","bucket_domain_name":"house-price-mlops-dev-itzi2hgi.s3.amazonaws.com","bucket_prefix":"","bucket_regional_domain_name":"house-price-mlops-dev-itzi2hgi.s3.us-east-1.amazonaws.com","cors_rule":[],"force_destroy":false,"grant":[{"id":"ef87ba17deed0f812283592f1d2ece4bb8e3f721c5f04931abd116d5bf1e671b","permissions":["FULL_CONTROL"],"type":"CanonicalUser","uri":""}],"hosted_zone_id":"Z3AQBSTGFYJSTF","id":"house-price-mlops-dev-itzi2hgi","lifecycle_rule":[{"abort_incomplete_multipart_upload_days":0,"enabled":true,"expiration":[{"date":"","days":365,"expired_object_delete_marker":false}],"id":"cost_optimization","noncurrent_version_expiration":[],"noncurrent_version_transition":[],"prefix":"","tags":{},"transition":[{"date":"","days":30,"storage_class":"STANDARD_IA"},{"date":"","days":90,"storage_class":"GLACIER"}]}],"logging":[],"object_lock_configuration":[],"object_lock_enabled":false,"policy":"","region":"us-east-1","replication_configuration":[],"request_payer":"BucketOwner","server_side_encryption_configuration":[{"rule":[{"apply_server_side_encryption_by_default":[{"kms_master_key_id":"","sse_algorithm":"AES256"}],"bucket_key_enabled":false}]}],"tags":{"Environment":"dev","Name":"house-price-mlops-bucket","Project":"house-price","Purpose":"MLOps-SingleAccount"},"tags_all":{"Environment":"dev","Name":"house-price-mlops-bucket","Project":"house-price","Purpose":"MLOps-SingleAccount"},"timeouts":null,"versioning":[{"enabled":true,"mfa_delete":false}],"website":[],"website_domain":null,"website_endpoint":null},"sensitive_values":{"cors_rule":[],"grant":[{"permissions":[false]}],"lifecycle_rule":[{"expiration":[{}],"noncurrent_version_expiration":[],"noncurrent_version_transition":[],"tags":{},"transition":[{},{}]}],"logging":[],"object_lock_configuration":[],"replication_configuration":[],"server_side_encryption_configuration":[{"rule":[{"apply_server_side_encryption_by_default":[{}]}]}],"tags":{},"tags_all":{},"versioning":[{}],"website":[]}},{"address":"module.s3.aws_s3_bucket_lifecycle_configuration.mlops_lifecycle","mode":"managed","type":"aws_s3_bucket_lifecycle_configuration","name":"mlops_lifecycle","provider_name":"registry.terraform.io/hashicorp/aws","schema_version":1,"values":{"bucket":"house-price-mlops-dev-itzi2hgi","expected_bucket_owner":"","id":"house-price-mlops-dev-itzi2hgi","rule":[{"abort_incomplete_multipart_upload":[],"expiration":[{"date":null,"days":365,"expired_object_delete_marker":false}],"filter":[{"and":[],"object_size_greater_than":null,"object_size_less_than":null,"prefix":"","tag":[]}],"id":"cost_optimization","noncurrent_version_expiration":[],"noncurrent_version_transition":[],"prefix":"","status":"Enabled","transition":[{"date":null,"days":30,"storage_class":"STANDARD_IA"},{"date":null,"days":90,"storage_class":"GLACIER"}]}],"timeouts":null,"transition_default_minimum_object_size":"all_storage_classes_128K"},"sensitive_values":{"rule":[{"abort_incomplete_multipart_upload":[],"expiration":[{}],"filter":[{"and":[],"tag":[]}],"noncurrent_version_expiration":[],"noncurrent_version_transition":[],"transition":[{},{}]}]}},{"address":"module.s3.aws_s3_bucket_public_access_block.mlops_pab","mode":"managed","type":"aws_s3_bucket_public_access_block","name":"mlops_pab","provider_name":"registry.terraform.io/hashicorp/aws","schema_version":0,"values":{"block_public_acls":true,"block_public_policy":true,"bucket":"house-price-mlops-dev-itzi2hgi","id":"house-price-mlops-dev-itzi2hgi","ignore_public_acls":true,"restrict_public_buckets":true},"sensitive_values":{}},{"address":"module.s3.aws_s3_bucket_server_side_encryption_configuration.mlops_encryption","mode":"managed","type":"aws_s3_bucket_server_side_encryption_configuration","name":"mlops_encryption","provider_name":"registry.terraform.io/hashicorp/aws","schema_version":0,"values":{"bucket":"house-price-mlops-dev-itzi2hgi","expected_bucket_owner":"","id":"house-price-mlops-dev-itzi2hgi","rule":[{"apply_server_side_encryption_by_default":[{"kms_master_key_id":"","sse_algorithm":"AES256"}],"bucket_key_enabled":false}]},"sensitive_values":{"rule":[{"apply_server_side_encryption_by_default":[{}]}]}},{"address":"module.s3.aws_s3_bucket_versioning.mlops_versioning","mode":"managed","type":"aws_s3_bucket_versioning","name":"mlops_versioning","provider_name":"registry.terraform.io/hashicorp/aws","schema_version":0,"values":{"bucket":"house-price-mlops-dev-itzi2hgi","expected_bucket_owner":"","id":"house-price-mlops-dev-itzi2hgi","mfa":null,"versioning_configuration":[{"mfa_delete":"","status":"Enabled"}]},"sensitive_values":{"versioning_configuration":[{}]}},{"address":"module.s3.aws_s3_object.folders[\"configs/\"]","mode":"managed","type":"aws_s3_object","name":"folders","index":"configs/","provider_name":"registry.terraform.io/hashicorp/aws","schema_version":0,"values":{"acl":null,"arn":"arn:aws:s3:::house-price-mlops-dev-itzi2hgi/configs/","bucket":"house-price-mlops-dev-itzi2hgi","bucket_key_enabled":false,"cache_control":"","checksum_algorithm":null,"checksum_crc32":"","checksum_crc32c":"","checksum_crc64nvme":"","checksum_sha1":"","checksum_sha256":"","content":null,"content_base64":null,"content_disposition":"","content_encoding":"","content_language":"","content_type":"application/x-directory","etag":"d41d8cd98f00b204e9800998ecf8427e","force_destroy":false,"id":"configs/","key":"configs/","kms_key_id":null,"metadata":{},"object_lock_legal_hold_status":"","object_lock_mode":"","object_lock_retain_until_date":"","override_provider":[],"server_side_encryption":"AES256","source":null,"source_hash":null,"storage_class":"STANDARD","tags":{},"tags_all":{},"version_id":"null","website_redirect":""},"sensitive_values":{"metadata":{},"override_provider":[],"tags":{},"tags_all":{}}},{"address":"module.s3.aws_s3_object.folders[\"data/featured/\"]","mode":"managed","type":"aws_s3_object","name":"folders","index":"data/featured/","provider_name":"registry.terraform.io/hashicorp/aws","schema_version":0,"values":{"acl":null,"arn":"arn:aws:s3:::house-price-mlops-dev-itzi2hgi/data/featured/","bucket":"house-price-mlops-dev-itzi2hgi","bucket_key_enabled":false,"cache_control":"","checksum_algorithm":null,"checksum_crc32":"","checksum_crc32c":"","checksum_crc64nvme":"","checksum_sha1":"","checksum_sha256":"","content":null,"content_base64":null,"content_disposition":"","content_encoding":"","content_language":"","content_type":"application/x-directory","etag":"d41d8cd98f00b204e9800998ecf8427e","force_destroy":false,"id":"data/featured/","key":"data/featured/","kms_key_id":null,"metadata":{},"object_lock_legal_hold_status":"","object_lock_mode":"","object_lock_retain_until_date":"","override_provider":[],"server_side_encryption":"AES256","source":null,"source_hash":null,"storage_class":"STANDARD","tags":{},"tags_all":{},"version_id":"null","website_redirect":""},"sensitive_values":{"metadata":{},"override_provider":[],"tags":{},"tags_all":{}}},{"address":"module.s3.aws_s3_object.folders[\"data/processed/\"]","mode":"managed","type":"aws_s3_object","name":"folders","index":"data/processed/","provider_name":"registry.terraform.io/hashicorp/aws","schema_version":0,"values":{"acl":null,"arn":"arn:aws:s3:::house-price-mlops-dev-itzi2hgi/data/processed/","bucket":"house-price-mlops-dev-itzi2hgi","bucket_key_enabled":false,"cache_control":"","checksum_algorithm":null,"checksum_crc32":"","checksum_crc32c":"","checksum_crc64nvme":"","checksum_sha1":"","checksum_sha256":"","content":null,"content_base64":null,"content_disposition":"","content_encoding":"","content_language":"","content_type":"application/x-directory","etag":"d41d8cd98f00b204e9800998ecf8427e","force_destroy":false,"id":"data/processed/","key":"data/processed/","kms_key_id":null,"metadata":{},"object_lock_legal_hold_status":"","object_lock_mode":"","object_lock_retain_until_date":"","override_provider":[],"server_side_encryption":"AES256","source":null,"source_hash":null,"storage_class":"STANDARD","tags":{},"tags_all":{},"version_id":"null","website_redirect":""},"sensitive_values":{"metadata":{},"override_provider":[],"tags":{},"tags_all":{}}},{"address":"module.s3.aws_s3_object.folders[\"data/raw/\"]","mode":"managed","type":"aws_s3_object","name":"folders","index":"data/raw/","provider_name":"registry.terraform.io/hashicorp/aws","schema_version":0,"values":{"acl":null,"arn":"arn:aws:s3:::house-price-mlops-dev-itzi2hgi/data/raw/","bucket":"house-price-mlops-dev-itzi2hgi","bucket_key_enabled":false,"cache_control":"","checksum_algorithm":null,"checksum_crc32":"","checksum_crc32c":"","checksum_crc64nvme":"","checksum_sha1":"","checksum_sha256":"","content":null,"content_base64":null,"content_disposition":"","content_encoding":"","content_language":"","content_type":"application/x-directory","etag":"d41d8cd98f00b204e9800998ecf8427e","force_destroy":false,"id":"data/raw/","key":"data/raw/","kms_key_id":null,"metadata":{},"object_lock_legal_hold_status":"","object_lock_mode":"","object_lock_retain_until_date":"","override_provider":[],"server_side_encryption":"AES256","source":null,"source_hash":null,"storage_class":"STANDARD","tags":{},"tags_all":{},"version_id":"null","website_redirect":""},"sensitive_values":{"metadata":{},"override_provider":[],"tags":{},"tags_all":{}}},{"address":"module.s3.aws_s3_object.folders[\"data/test/\"]","mode":"managed","type":"aws_s3_object","name":"folders","index":"data/test/","provider_name":"registry.terraform.io/hashicorp/aws","schema_version":0,"values":{"acl":null,"arn":"arn:aws:s3:::house-price-mlops-dev-itzi2hgi/data/test/","bucket":"house-price-mlops-dev-itzi2hgi","bucket_key_enabled":false,"cache_control":"","checksum_algorithm":null,"checksum_crc32":"","checksum_crc32c":"","checksum_crc64nvme":"","checksum_sha1":"","checksum_sha256":"","content":null,"content_base64":null,"content_disposition":"","content_encoding":"","content_language":"","content_type":"application/x-directory","etag":"d41d8cd98f00b204e9800998ecf8427e","force_destroy":false,"id":"data/test/","key":"data/test/","kms_key_id":null,"metadata":{},"object_lock_legal_hold_status":"","object_lock_mode":"","object_lock_retain_until_date":"","override_provider":[],"server_side_encryption":"AES256","source":null,"source_hash":null,"storage_class":"STANDARD","tags":{},"tags_all":{},"version_id":"null","website_redirect":""},"sensitive_values":{"metadata":{},"override_provider":[],"tags":{},"tags_all":{}}},{"address":"module.s3.aws_s3_object.folders[\"logs/\"]","mode":"managed","type":"aws_s3_object","name":"folders","index":"logs/","provider_name":"registry.terraform.io/hashicorp/aws","schema_version":0,"values":{"acl":null,"arn":"arn:aws:s3:::house-price-mlops-dev-itzi2hgi/logs/","bucket":"house-price-mlops-dev-itzi2hgi","bucket_key_enabled":false,"cache_control":"","checksum_algorithm":null,"checksum_crc32":"","checksum_crc32c":"","checksum_crc64nvme":"","checksum_sha1":"","checksum_sha256":"","content":null,"content_base64":null,"content_disposition":"","content_encoding":"","content_language":"","content_type":"application/x-directory","etag":"d41d8cd98f00b204e9800998ecf8427e","force_destroy":false,"id":"logs/","key":"logs/","kms_key_id":null,"metadata":{},"object_lock_legal_hold_status":"","object_lock_mode":"","object_lock_retain_until_date":"","override_provider":[],"server_side_encryption":"AES256","source":null,"source_hash":null,"storage_class":"STANDARD","tags":{},"tags_all":{},"version_id":"null","website_redirect":""},"sensitive_values":{"metadata":{},"override_provider":[],"tags":{},"tags_all":{}}},{"address":"module.s3.aws_s3_object.folders[\"models/artifacts/\"]","mode":"managed","type":"aws_s3_object","name":"folders","index":"models/artifacts/","provider_name":"registry.terraform.io/hashicorp/aws","schema_version":0,"values":{"acl":null,"arn":"arn:aws:s3:::house-price-mlops-dev-itzi2hgi/models/artifacts/","bucket":"house-price-mlops-dev-itzi2hgi","bucket_key_enabled":false,"cache_control":"","checksum_algorithm":null,"checksum_crc32":"","checksum_crc32c":"","checksum_crc64nvme":"","checksum_sha1":"","checksum_sha256":"","content":null,"content_base64":null,"content_disposition":"","content_encoding":"","content_language":"","content_type":"application/x-directory","etag":"d41d8cd98f00b204e9800998ecf8427e","force_destroy":false,"id":"models/artifacts/","key":"models/artifacts/","kms_key_id":null,"metadata":{},"object_lock_legal_hold_status":"","object_lock_mode":"","object_lock_retain_until_date":"","override_provider":[],"server_side_encryption":"AES256","source":null,"source_hash":null,"storage_class":"STANDARD","tags":{},"tags_all":{},"version_id":"null","website_redirect":""},"sensitive_values":{"metadata":{},"override_provider":[],"tags":{},"tags_all":{}}},{"address":"module.s3.aws_s3_object.folders[\"models/registry/\"]","mode":"managed","type":"aws_s3_object","name":"folders","index":"models/registry/","provider_name":"registry.terraform.io/hashicorp/aws","schema_version":0,"values":{"acl":null,"arn":"arn:aws:s3:::house-price-mlops-dev-itzi2hgi/models/registry/","bucket":"house-price-mlops-dev-itzi2hgi","bucket_key_enabled":false,"cache_control":"","checksum_algorithm":null,"checksum_crc32":"","checksum_crc32c":"","checksum_crc64nvme":"","checksum_sha1":"","checksum_sha256":"","content":null,"content_base64":null,"content_disposition":"","content_encoding":"","content_language":"","content_type":"application/x-directory","etag":"d41d8cd98f00b204e9800998ecf8427e","force_destroy":false,"id":"models/registry/","key":"models/registry/","kms_key_id":null,"metadata":{},"object_lock_legal_hold_status":"","object_lock_mode":"","object_lock_retain_until_date":"","override_provider":[],"server_side_encryption":"AES256","source":null,"source_hash":null,"storage_class":"STANDARD","tags":{},"tags_all":{},"version_id":"jW.umsr5EDh6ypLdx2dvd9N3rsBD_0we","website_redirect":""},"sensitive_values":{"metadata":{},"override_provider":[],"tags":{},"tags_all":{}}},{"address":"module.s3.aws_s3_object.folders[\"models/trained/\"]","mode":"managed","type":"aws_s3_object","name":"folders","index":"models/trained/","provider_name":"registry.terraform.io/hashicorp/aws","schema_version":0,"values":{"acl":null,"arn":"arn:aws:s3:::house-price-mlops-dev-itzi2hgi/models/trained/","bucket":"house-price-mlops-dev-itzi2hgi","bucket_key_enabled":false,"cache_control":"","checksum_algorithm":null,"checksum_crc32":"","checksum_crc32c":"","checksum_crc64nvme":"","checksum_sha1":"","checksum_sha256":"","content":null,"content_base64":null,"content_disposition":"","content_encoding":"","content_language":"","content_type":"application/x-directory","etag":"d41d8cd98f00b204e9800998ecf8427e","force_destroy":false,"id":"models/trained/","key":"models/trained/","kms_key_id":null,"metadata":{},"object_lock_legal_hold_status":"","object_lock_mode":"","object_lock_retain_until_date":"","override_provider":[],"server_side_encryption":"AES256","source":null,"source_hash":null,"storage_class":"STANDARD","tags":{},"tags_all":{},"version_id":"null","website_redirect":""},"sensitive_values":{"metadata":{},"override_provider":[],"tags":{},"tags_all":{}}},{"address":"module.s3.aws_s3_object.folders[\"pipelines/\"]","mode":"managed","type":"aws_s3_object","name":"folders","index":"pipelines/","provider_name":"registry.terraform.io/hashicorp/aws","schema_version":0,"values":{"acl":null,"arn":"arn:aws:s3:::house-price-mlops-dev-itzi2hgi/pipelines/","bucket":"house-price-mlops-dev-itzi2hgi","bucket_key_enabled":false,"cache_control":"","checksum_algorithm":null,"checksum_crc32":"","checksum_crc32c":"","checksum_crc64nvme":"","checksum_sha1":"","checksum_sha256":"","content":null,"content_base64":null,"content_disposition":"","content_encoding":"","content_language":"","content_type":"application/x-directory","etag":"d41d8cd98f00b204e9800998ecf8427e","force_destroy":false,"id":"pipelines/","key":"pipelines/","kms_key_id":null,"metadata":{},"object_lock_legal_hold_status":"","object_lock_mode":"","object_lock_retain_until_date":"","override_provider":[],"server_side_encryption":"AES256","source":null,"source_hash":null,"storage_class":"STANDARD","tags":{},"tags_all":{},"version_id":"null","website_redirect":""},"sensitive_values":{"metadata":{},"override_provider":[],"tags":{},"tags_all":{}}},{"address":"module.s3.random_string.bucket_suffix","mode":"managed","type":"random_string","name":"bucket_suffix","provider_name":"registry.terraform.io/hashicorp/random","schema_version":2,"values":{"id":"itzi2hgi","keepers":null,"length":8,"lower":true,"min_lower":0,"min_numeric":0,"min_special":0,"min_upper":0,"number":true,"numeric":true,"override_special":null,"result":"itzi2hgi","special":false,"upper":false},"sensitive_values":{}}],"address":"module.s3"},{"resources":[{"address":"module.sagemaker.aws_appautoscaling_policy.sagemaker_policy","mode":"managed","type":"aws_appautoscaling_policy","name":"sagemaker_policy","provider_name":"registry.terraform.io/hashicorp/aws","schema_version":0,"values":{"name":"sagemaker-scaling-policy","policy_type":"TargetTrackingScaling","resource_id":"endpoint/house-price-prod/variant/AllTraffic","scalable_dimension":"sagemaker:variant:DesiredInstanceCount","service_namespace":"sagemaker","step_scaling_policy_configuration":[],"target_tracking_scaling_policy_configuration":[{"customized_metric_specification":[],"disable_scale_in":false,"predefined_metric_specification":[{"predefined_metric_type":"SageMakerVariantInvocationsPerInstance","resource_label":null}],"scale_in_cooldown":null,"scale_out_cooldown":null,"target_value":70}]},"sensitive_values":{"alarm_arns":[],"step_scaling_policy_configuration":[],"target_tracking_scaling_policy_configuration":[{"customized_metric_specification":[],"predefined_metric_specification":[{}]}]}},{"address":"module.sagemaker.aws_appautoscaling_target.sagemaker_target","mode":"managed","type":"aws_appautoscaling_target","name":"sagemaker_target","provider_name":"registry.terraform.io/hashicorp/aws","schema_version":0,"values":{"max_capacity":3,"min_capacity":0,"resource_id":"endpoint/house-price-prod/variant/AllTraffic","scalable_dimension":"sagemaker:variant:DesiredInstanceCount","service_namespace":"sagemaker","tags":null},"sensitive_values":{"suspended_state":[],"tags_all":{}}},{"address":"module.sagemaker.aws_iam_role.sagemaker_execution_role","mode":"managed","type":"aws_iam_role","name":"sagemaker_execution_role","provider_name":"registry.terraform.io/hashicorp/aws","schema_version":0,"values":{"arn":"arn:aws:iam::482227257362:role/house-price-sagemaker-execution-role","assume_role_policy":"{\"Statement\":[{\"Action\":\"sts:AssumeRole\",\"Effect\":\"Allow\",\"Principal\":{\"Service\":\"sagemaker.amazonaws.com\"}}],\"Version\":\"2012-10-17\"}","create_date":"2025-10-27T16:55:04Z","description":"","force_detach_policies":false,"id":"house-price-sagemaker-execution-role","inline_policy":[{"name":"house-price-s3-mlops-access","policy":"{\"Version\":\"2012-10-17\",\"Statement\":[{\"Action\":[\"s3:GetObject\",\"s3:PutObject\",\"s3:DeleteObject\",\"s3:ListBucket\"],\"Effect\":\"Allow\",\"Resource\":[\"arn:aws:s3:::house-price-mlops-dev-itzi2hgi\",\"arn:aws:s3:::house-price-mlops-dev-itzi2hgi/*\"]}]}"},{"name":"house-price-sagemaker-studio-permissions","policy":"{\"Version\":\"2012-10-17\",\"Statement\":[{\"Action\":[\"sagemaker:CreatePresignedDomainUrl\",\"sagemaker:DescribeDomain\",\"sagemaker:ListDomains\",\"sagemaker:CreateApp\",\"sagemaker:DeleteApp\",\"sagemaker:DescribeApp\",\"sagemaker:ListApps\"],\"Effect\":\"Allow\",\"Resource\":\"*\"}]}"}],"managed_policy_arns":["arn:aws:iam::aws:policy/AmazonEC2ContainerRegistryFullAccess","arn:aws:iam::aws:policy/AmazonSageMakerCanvasFullAccess","arn:aws:iam::aws:policy/AmazonSageMakerFullAccess"],"max_session_duration":3600,"name":"house-price-sagemaker-execution-role","name_prefix":"","path":"/","permissions_boundary":"","tags":{},"tags_all":{},"unique_id":"AROAXARX4AAJLBH4KZPQC"},"sensitive_values":{"inline_policy":[{},{}],"managed_policy_arns":[false,false,false],"tags":{},"tags_all":{}}},{"address":"module.sagemaker.aws_iam_role_policy.s3_mlops_access","mode":"managed","type":"aws_iam_role_policy","name":"s3_mlops_access","provider_name":"registry.terraform.io/hashicorp/aws","schema_version":0,"values":{"id":"house-price-sagemaker-execution-role:house-price-s3-mlops-access","name":"house-price-s3-mlops-access","name_prefix":"","policy":"{\"Version\":\"2012-10-17\",\"Statement\":[{\"Action\":[\"s3:GetObject\",\"s3:PutObject\",\"s3:DeleteObject\",\"s3:ListBucket\"],\"Effect\":\"Allow\",\"Resource\":[\"arn:aws:s3:::house-price-mlops-dev-itzi2hgi\",\"arn:aws:s3:::house-price-mlops-dev-itzi2hgi/*\"]}]}","role":"house-price-sagemaker-execution-role"},"sensitive_values":{}},{"address":"module.sagemaker.aws_iam_role_policy.sagemaker_studio_permissions","mode":"managed","type":"aws_iam_role_policy","name":"sagemaker_studio_permissions","provider_name":"registry.terraform.io/hashicorp/aws","schema_version":0,"values":{"id":"house-price-sagemaker-execution-role:house-price-sagemaker-studio-permissions","name":"house-price-sagemaker-studio-permissions","name_prefix":"","policy":"{\"Version\":\"2012-10-17\",\"Statement\":[{\"Action\":[\"sagemaker:CreatePresignedDomainUrl\",\"sagemaker:DescribeDomain\",\"sagemaker:ListDomains\",\"sagemaker:CreateApp\",\"sagemaker:DeleteApp\",\"sagemaker:DescribeApp\",\"sagemaker:ListApps\"],\"Effect\":\"Allow\",\"Resource\":\"*\"}]}","role":"house-price-sagemaker-execution-role"},"sensitive_values":{}},{"address":"module.sagemaker.aws_iam_role_policy_attachment.ecr_policy","mode":"managed","type":"aws_iam_role_policy_attachment","name":"ecr_policy","provider_name":"registry.terraform.io/hashicorp/aws","schema_version":0,"values":{"id":"house-price-sagemaker-execution-role-20251117175456311200000001","policy_arn":"arn:aws:iam::aws:policy/AmazonEC2ContainerRegistryFullAccess","role":"house-price-sagemaker-execution-role"},"sensitive_values":{}},{"address":"module.sagemaker.aws_iam_role_policy_attachment.sagemaker_execution_policy","mode":"managed","type":"aws_iam_role_policy_attachment","name":"sagemaker_execution_policy","provider_name":"registry.terraform.io/hashicorp/aws","schema_version":0,"values":{"id":"house-price-sagemaker-execution-role-20251027165504698700000001","policy_arn":"arn:aws:iam::aws:policy/AmazonSageMakerFullAccess","role":"house-price-sagemaker-execution-role"},"sensitive_values":{}},{"address":"module.sagemaker.aws_iam_role_policy_attachment.sagemaker_studio_policy","mode":"managed","type":"aws_iam_role_policy_attachment","name":"sagemaker_studio_policy","provider_name":"registry.terraform.io/hashicorp/aws","schema_version":0,"values":{"id":"house-price-sagemaker-execution-role-20251027171054367700000001","policy_arn":"arn:aws:iam::aws:policy/AmazonSageMakerCanvasFullAccess","role":"house-price-sagemaker-execution-role"},"sensitive_values":{}},{"address":"module.sagemaker.aws_sagemaker_domain.mlops_domain","mode":"managed","type":"aws_sagemaker_domain","name":"mlops_domain","provider_name":"registry.terraform.io/hashicorp/aws","schema_version":0,"values":{"app_network_access_type":"PublicInternetOnly","app_security_group_management":"","arn":"arn:aws:sagemaker:us-east-1:482227257362:domain/d-rr0shep9nrmf","auth_mode":"IAM","default_space_settings":[],"default_user_settings":[{"auto_mount_home_efs":"Enabled","canvas_app_settings":[],"code_editor_app_settings":[],"custom_file_system_config":[],"custom_posix_user_config":[],"default_landing_uri":"studio::","execution_role":"arn:aws:iam::482227257362:role/house-price-sagemaker-execution-role","jupyter_lab_app_settings":[],"jupyter_server_app_settings":[],"kernel_gateway_app_settings":[],"r_session_app_settings":[],"r_studio_server_pro_app_settings":[],"security_groups":[],"sharing_settings":[],"space_storage_settings":[],"studio_web_portal":"ENABLED","studio_web_portal_settings":[],"tensor_board_app_settings":[]}],"domain_name":"house-price-mlops-domain","domain_settings":[],"home_efs_file_system_id":"fs-0c6a130d608b22676","id":"d-rr0shep9nrmf","kms_key_id":"","retention_policy":[],"security_group_id_for_domain_boundary":"","single_sign_on_application_arn":"","single_sign_on_managed_application_instance_id":"","subnet_ids":["subnet-00d543840efec8c87","subnet-02f04ba7c1bbbf72f","subnet-0549136184302920c","subnet-08ae0c2b4723f5d9d","subnet-0c092dfafe0a2b4b2","subnet-0d2477ce3c2ca92b9"],"tag_propagation":"DISABLED","tags":{"Environment":"dev","Name":"house-price-mlops-domain"},"tags_all":{"Environment":"dev","Name":"house-price-mlops-domain"},"url":"https://d-rr0shep9nrmf.studio.us-east-1.sagemaker.aws","vpc_id":"vpc-0ec06d2e45d4c6de8"},"sensitive_values":{"default_space_settings":[],"default_user_settings":[{"canvas_app_settings":[],"code_editor_app_settings":[],"custom_file_system_config":[],"custom_posix_user_config":[],"jupyter_lab_app_settings":[],"jupyter_server_app_settings":[],"kernel_gateway_app_settings":[],"r_session_app_settings":[],"r_studio_server_pro_app_settings":[],"security_groups":[],"sharing_settings":[],"space_storage_settings":[],"studio_web_portal_settings":[],"tensor_board_app_settings":[]}],"domain_settings":[],"retention_policy":[],"subnet_ids":[false,false,false,false,false,false],"tags":{},"tags_all":{}}},{"address":"module.sagemaker.aws_sagemaker_endpoint.house_price_endpoint","mode":"managed","type":"aws_sagemaker_endpoint","name":"house_price_endpoint","provider_name":"registry.terraform.io/hashicorp/aws","schema_version":0,"values":{"arn":"arn:aws:sagemaker:us-east-1:482227257362:endpoint/house-price-prod","deployment_config":[],"endpoint_config_name":"house-price-serverless-config","id":"house-price-prod","name":"house-price-prod","tags":{"Environment":"dev","Project":"house-price"},"tags_all":{"Environment":"dev","Project":"house-price"}},"sensitive_values":{"deployment_config":[],"tags":{},"tags_all":{}}},{"address":"module.sagemaker.aws_sagemaker_endpoint_configuration.house_price_config","mode":"managed","type":"aws_sagemaker_endpoint_configuration","name":"house_price_config","provider_name":"registry.terraform.io/hashicorp/aws","schema_version":0,"values":{"arn":"arn:aws:sagemaker:us-east-1:482227257362:endpoint-config/house-price-config","async_inference_config":[],"data_capture_config":[],"id":"house-price-config","kms_key_arn":"","name":"house-price-config","name_prefix":"","production_variants":[{"accelerator_type":"","container_startup_health_check_timeout_in_seconds":0,"core_dump_config":[],"enable_ssm_access":false,"inference_ami_version":"","initial_instance_count":1,"initial_variant_weight":1,"instance_type":"ml.t2.medium","managed_instance_scaling":[],"model_data_download_timeout_in_seconds":0,"model_name":"house-price-model","routing_config":[],"serverless_config":[],"variant_name":"AllTraffic","volume_size_in_gb":0}],"shadow_production_variants":[],"tags":{"Environment":"dev","Project":"house-price"},"tags_all":{"Environment":"dev","Project":"house-price"}},"sensitive_values":{"async_inference_config":[],"data_capture_config":[],"production_variants":[{"core_dump_config":[],"managed_instance_scaling":[],"routing_config":[],"serverless_config":[]}],"shadow_production_variants":[],"tags":{},"tags_all":{}}},{"address":"module.sagemaker.aws_sagemaker_endpoint_configuration.house_price_serverless_config","mode":"managed","type":"aws_sagemaker_endpoint_configuration","name":"house_price_serverless_config","provider_name":"registry.terraform.io/hashicorp/aws","schema_version":0,"values":{"arn":"arn:aws:sagemaker:us-east-1:482227257362:endpoint-config/house-price-serverless-config","async_inference_config":[],"data_capture_config":[],"id":"house-price-serverless-config","kms_key_arn":"","name":"house-price-serverless-config","name_prefix":"","production_variants":[{"accelerator_type":"","container_startup_health_check_timeout_in_seconds":0,"core_dump_config":[],"enable_ssm_access":false,"inference_ami_version":"","initial_instance_count":0,"initial_variant_weight":1,"instance_type":"","managed_instance_scaling":[],"model_data_download_timeout_in_seconds":0,"model_name":"house-price-model","routing_config":[],"serverless_config":[{"max_concurrency":5,"memory_size_in_mb":2048,"provisioned_concurrency":0}],"variant_name":"AllTraffic","volume_size_in_gb":5}],"shadow_production_variants":[],"tags":{"Environment":"dev","Project":"house-price"},"tags_all":{"Environment":"dev","Project":"house-price"}},"sensitive_values":{"async_inference_config":[],"data_capture_config":[],"production_variants":[{"core_dump_config":[],"managed_instance_scaling":[],"routing_config":[],"serverless_config":[{}]}],"shadow_production_variants":[],"tags":{},"tags_all":{}}},{"address":"module.sagemaker.aws_sagemaker_model.house_price_model","mode":"managed","type":"aws_sagemaker_model","name":"house_price_model","provider_name":"registry.terraform.io/hashicorp/aws","schema_version":0,"values":{"arn":"arn:aws:sagemaker:us-east-1:482227257362:model/house-price-model","container":[],"enable_network_isolation":false,"execution_role_arn":"arn:aws:iam::482227257362:role/house-price-sagemaker-execution-role","id":"house-price-model","inference_execution_config":[],"name":"house-price-model","primary_container":[{"container_hostname":"","environment":{},"image":"683313688378.dkr.ecr.us-east-1.amazonaws.com/sagemaker-xgboost:1.7-1-cpu-py3","image_config":[],"inference_specification_name":"","mode":"SingleModel","model_data_source":[{"s3_data_source":[{"compression_type":"Gzip","model_access_config":[],"s3_data_type":"S3Object","s3_uri":"s3://house-price-mlops-dev-itzi2hgi/models/trained/model.tar.gz"}]}],"model_data_url":"s3://house-price-mlops-dev-itzi2hgi/models/trained/model.tar.gz","model_package_name":"","multi_model_config":[]}],"tags":{"Environment":"dev","Project":"house-price"},"tags_all":{"Environment":"dev","Project":"house-price"},"vpc_config":[]},"sensitive_values":{"container":[],"inference_execution_config":[],"primary_container":[{"environment":{},"image_config":[],"model_data_source":[{"s3_data_source":[{"model_access_config":[]}]}],"multi_model_config":[]}],"tags":{},"tags_all":{},"vpc_config":[]}},{"address":"module.sagemaker.aws_sagemaker_user_profile.data_scientist","mode":"managed","type":"aws_sagemaker_user_profile","name":"data_scientist","provider_name":"registry.terraform.io/hashicorp/aws","schema_version":0,"values":{"arn":"arn:aws:sagemaker:us-east-1:482227257362:user-profile/d-rr0shep9nrmf/data-scientist","domain_id":"d-rr0shep9nrmf","home_efs_file_system_uid":"200005","id":"arn:aws:sagemaker:us-east-1:482227257362:user-profile/d-rr0shep9nrmf/data-scientist","single_sign_on_user_identifier":"","single_sign_on_user_value":"","tags":{"Environment":"dev","Name":"house-price-data-scientist-profile"},"tags_all":{"Environment":"dev","Name":"house-price-data-scientist-profile"},"user_profile_name":"data-scientist","user_settings":[{"auto_mount_home_efs":"DefaultAsDomain","canvas_app_settings":[],"code_editor_app_settings":[],"custom_file_system_config":[],"custom_posix_user_config":[],"default_landing_uri":"","execution_role":"arn:aws:iam::482227257362:role/house-price-sagemaker-execution-role","jupyter_lab_app_settings":[],"jupyter_server_app_settings":[],"kernel_gateway_app_settings":[],"r_session_app_settings":[],"r_studio_server_pro_app_settings":[],"security_groups":[],"sharing_settings":[],"space_storage_settings":[],"studio_web_portal":"","studio_web_portal_settings":[],"tensor_board_app_settings":[]}]},"sensitive_values":{"tags":{},"tags_all":{},"user_settings":[{"canvas_app_settings":[],"code_editor_app_settings":[],"custom_file_system_config":[],"custom_posix_user_config":[],"jupyter_lab_app_settings":[],"jupyter_server_app_settings":[],"kernel_gateway_app_settings":[],"r_session_app_settings":[],"r_studio_server_pro_app_settings":[],"security_groups":[],"sharing_settings":[],"space_storage_settings":[],"studio_web_portal_settings":[],"tensor_board_app_settings":[]}]}}],"address":"module.sagemaker"},{"resources":[{"address":"module.sagemaker_pipeline.aws_sagemaker_pipeline.mlops_pipeline","mode":"managed","type":"aws_sagemaker_pipeline","name":"mlops_pipeline","provider_name":"registry.terraform.io/hashicorp/aws","schema_version":0,"values":{"arn":"arn:aws:sagemaker:us-east-1:482227257362:pipeline/house-price-mlops-pipeline","id":"house-price-mlops-pipeline","parallelism_configuration":[],"pipeline_definition":"{\"Metadata\":{},\"Parameters\":[{\"DefaultValue\":\"s3://house-price-mlops-dev-itzi2hgi/data/raw/house_data.csv\",\"Name\":\"InputData\",\"Type\":\"String\"},{\"DefaultValue\":\"ml.t3.medium\",\"Name\":\"ProcessingInstanceType\",\"Type\":\"String\"},{\"DefaultValue\":\"ml.m5.large\",\"Name\":\"TrainingInstanceType\",\"Type\":\"String\"},{\"DefaultValue\":-9999,\"Name\":\"ModelApprovalThresholdR2\",\"Type\":\"Float\"},{\"DefaultValue\":999999999,\"Name\":\"ModelApprovalThresholdRMSE\",\"Type\":\"Float\"}],\"Steps\":[{\"Arguments\":{\"AppSpecification\":{\"ContainerEntrypoint\":[\"python3\",\"/opt/ml/processing/input/code/run_processing.py\"],\"ImageUri\":\"482227257362.dkr.ecr.us-east-1.amazonaws.com/data-processing:latest\"},\"Environment\":{\"MLFLOW_TRACKING_URI\":\"http://23.21.206.232:5000\"},\"ProcessingInputs\":[{\"AppManaged\":false,\"InputName\":\"input-data\",\"S3Input\":{\"LocalPath\":\"/opt/ml/processing/input\",\"S3DataDistributionType\":\"FullyReplicated\",\"S3DataType\":\"S3Prefix\",\"S3InputMode\":\"File\",\"S3Uri\":{\"Get\":\"Parameters.InputData\"}}},{\"AppManaged\":false,\"InputName\":\"code\",\"S3Input\":{\"LocalPath\":\"/opt/ml/processing/input/code\",\"S3DataDistributionType\":\"FullyReplicated\",\"S3DataType\":\"S3Prefix\",\"S3InputMode\":\"File\",\"S3Uri\":\"s3://house-price-mlops-dev-itzi2hgi/scripts/run_processing.py\"}}],\"ProcessingOutputConfig\":{\"Outputs\":[{\"AppManaged\":false,\"OutputName\":\"processed-data\",\"S3Output\":{\"LocalPath\":\"/opt/ml/processing/output\",\"S3UploadMode\":\"EndOfJob\",\"S3Uri\":\"s3://house-price-mlops-dev-itzi2hgi/data/processed\"}}]},\"ProcessingResources\":{\"ClusterConfig\":{\"InstanceCount\":1,\"InstanceType\":{\"Get\":\"Parameters.ProcessingInstanceType\"},\"VolumeSizeInGB\":30}},\"RoleArn\":\"arn:aws:iam::482227257362:role/house-price-sagemaker-execution-role\"},\"Name\":\"DataProcessing\",\"Type\":\"Processing\"},{\"Arguments\":{\"AppSpecification\":{\"ContainerEntrypoint\":[\"python3\",\"/opt/ml/processing/input/code/engineer.py\"],\"ImageUri\":\"482227257362.dkr.ecr.us-east-1.amazonaws.com/feature-engineering:latest\"},\"Environment\":{\"MLFLOW_TRACKING_URI\":\"http://23.21.206.232:5000\"},\"ProcessingInputs\":[{\"AppManaged\":false,\"InputName\":\"processed-data\",\"S3Input\":{\"LocalPath\":\"/opt/ml/processing/input\",\"S3DataDistributionType\":\"FullyReplicated\",\"S3DataType\":\"S3Prefix\",\"S3InputMode\":\"File\",\"S3Uri\":{\"Get\":\"Steps.DataProcessing.ProcessingOutputConfig.Outputs['processed-data'].S3Output.S3Uri\"}}},{\"AppManaged\":false,\"InputName\":\"code\",\"S3Input\":{\"LocalPath\":\"/opt/ml/processing/input/code\",\"S3DataDistributionType\":\"FullyReplicated\",\"S3DataType\":\"S3Prefix\",\"S3InputMode\":\"File\",\"S3Uri\":\"s3://house-price-mlops-dev-itzi2hgi/scripts/engineer.py\"}}],\"ProcessingOutputConfig\":{\"Outputs\":[{\"AppManaged\":false,\"OutputName\":\"featured-data\",\"S3Output\":{\"LocalPath\":\"/opt/ml/processing/output\",\"S3UploadMode\":\"EndOfJob\",\"S3Uri\":\"s3://house-price-mlops-dev-itzi2hgi/data/featured\"}}]},\"ProcessingResources\":{\"ClusterConfig\":{\"InstanceCount\":1,\"InstanceType\":{\"Get\":\"Parameters.ProcessingInstanceType\"},\"VolumeSizeInGB\":30}},\"RoleArn\":\"arn:aws:iam::482227257362:role/house-price-sagemaker-execution-role\"},\"DependsOn\":[\"DataProcessing\"],\"Name\":\"FeatureEngineering\",\"Type\":\"Processing\"},{\"Arguments\":{\"AlgorithmSpecification\":{\"TrainingImage\":\"482227257362.dkr.ecr.us-east-1.amazonaws.com/training:latest\",\"TrainingInputMode\":\"File\"},\"Environment\":{\"MLFLOW_TRACKING_URI\":\"http://23.21.206.232:5000\",\"S3_BUCKET\":\"house-price-mlops-dev-itzi2hgi\"},\"HyperParameters\":{\"num_round\":\"100\",\"objective\":\"reg:squarederror\",\"sagemaker_program\":\"train_model.py\",\"sagemaker_submit_directory\":\"s3://house-price-mlops-dev-itzi2hgi/scripts/scripts.tar.gz\"},\"InputDataConfig\":[{\"ChannelName\":\"train\",\"ContentType\":\"text/csv\",\"DataSource\":{\"S3DataSource\":{\"S3DataDistributionType\":\"FullyReplicated\",\"S3DataType\":\"S3Prefix\",\"S3Uri\":{\"Get\":\"Steps.DataProcessing.ProcessingOutputConfig.Outputs['processed-data'].S3Output.S3Uri\"}}},\"InputMode\":\"File\"}],\"OutputDataConfig\":{\"S3OutputPath\":\"s3://house-price-mlops-dev-itzi2hgi/models/trained\"},\"ResourceConfig\":{\"InstanceCount\":1,\"InstanceType\":{\"Get\":\"Parameters.TrainingInstanceType\"},\"VolumeSizeInGB\":30},\"RoleArn\":\"arn:aws:iam::482227257362:role/house-price-sagemaker-execution-role\",\"StoppingCondition\":{\"MaxRuntimeInSeconds\":3600}},\"DependsOn\":[\"FeatureEngineering\"],\"Name\":\"ModelTraining\",\"Type\":\"Training\"},{\"Arguments\":{\"AppSpecification\":{\"ContainerEntrypoint\":[\"python3\",\"/opt/ml/processing/input/code/evaluate.py\"],\"ImageUri\":\"482227257362.dkr.ecr.us-east-1.amazonaws.com/evaluation:latest\"},\"Environment\":{\"MLFLOW_TRACKING_URI\":\"http://23.21.206.232:5000\"},\"ProcessingInputs\":[{\"AppManaged\":false,\"InputName\":\"model\",\"S3Input\":{\"LocalPath\":\"/opt/ml/processing/input/model\",\"S3DataDistributionType\":\"FullyReplicated\",\"S3DataType\":\"S3Prefix\",\"S3InputMode\":\"File\",\"S3Uri\":{\"Get\":\"Steps.ModelTraining.ModelArtifacts.S3ModelArtifacts\"}}},{\"AppManaged\":false,\"InputName\":\"test-data\",\"S3Input\":{\"LocalPath\":\"/opt/ml/processing/input/data\",\"S3DataDistributionType\":\"FullyReplicated\",\"S3DataType\":\"S3Prefix\",\"S3InputMode\":\"File\",\"S3Uri\":\"s3://house-price-mlops-dev-itzi2hgi/data/test/test.csv\"}},{\"AppManaged\":false,\"InputName\":\"code\",\"S3Input\":{\"LocalPath\":\"/opt/ml/processing/input/code\",\"S3DataDistributionType\":\"FullyReplicated\",\"S3DataType\":\"S3Prefix\",\"S3InputMode\":\"File\",\"S3Uri\":\"s3://house-price-mlops-dev-itzi2hgi/scripts/evaluate.py\"}}],\"ProcessingOutputConfig\":{\"Outputs\":[{\"AppManaged\":false,\"OutputName\":\"evaluation-report\",\"S3Output\":{\"LocalPath\":\"/opt/ml/processing/output\",\"S3UploadMode\":\"EndOfJob\",\"S3Uri\":\"s3://house-price-mlops-dev-itzi2hgi/evaluation/reports\"}}]},\"ProcessingResources\":{\"ClusterConfig\":{\"InstanceCount\":1,\"InstanceType\":{\"Get\":\"Parameters.ProcessingInstanceType\"},\"VolumeSizeInGB\":30}},\"RoleArn\":\"arn:aws:iam::482227257362:role/house-price-sagemaker-execution-role\"},\"DependsOn\":[\"ModelTraining\"],\"Name\":\"ModelEvaluation\",\"PropertyFiles\":[{\"FilePath\":\"evaluation_report.json\",\"OutputName\":\"evaluation-report\",\"PropertyFileName\":\"evaluation_report\"}],\"Type\":\"Processing\"},{\"Arguments\":{\"Conditions\":[{\"LeftValue\":{\"Std:JsonGet\":{\"Path\":\"evaluation_metrics.r2_score\",\"PropertyFile\":{\"Get\":\"Steps.ModelEvaluation.PropertyFiles.evaluation_report\"}}},\"RightValue\":{\"Get\":\"Parameters.ModelApprovalThresholdR2\"},\"Type\":\"GreaterThanOrEqualTo\"},{\"LeftValue\":{\"Std:JsonGet\":{\"Path\":\"evaluation_metrics.rmse\",\"PropertyFile\":{\"Get\":\"Steps.ModelEvaluation.PropertyFiles.evaluation_report\"}}},\"RightValue\":{\"Get\":\"Parameters.ModelApprovalThresholdRMSE\"},\"Type\":\"LessThanOrEqualTo\"}],\"ElseSteps\":[],\"IfSteps\":[{\"Arguments\":{\"AppSpecification\":{\"ContainerEntrypoint\":[\"python3\",\"/opt/ml/processing/input/code/register_model.py\"],\"ImageUri\":\"482227257362.dkr.ecr.us-east-1.amazonaws.com/model-registration:latest\"},\"Environment\":{\"AWS_DEFAULT_REGION\":\"us-east-1\",\"MLFLOW_TRACKING_URI\":\"http://23.21.206.232:5000\"},\"ProcessingInputs\":[{\"AppManaged\":false,\"InputName\":\"evaluation-report\",\"S3Input\":{\"LocalPath\":\"/opt/ml/processing/input/evaluation\",\"S3DataDistributionType\":\"FullyReplicated\",\"S3DataType\":\"S3Prefix\",\"S3InputMode\":\"File\",\"S3Uri\":{\"Get\":\"Steps.ModelEvaluation.ProcessingOutputConfig.Outputs['evaluation-report'].S3Output.S3Uri\"}}},{\"AppManaged\":false,\"InputName\":\"code\",\"S3Input\":{\"LocalPath\":\"/opt/ml/processing/input/code\",\"S3DataDistributionType\":\"FullyReplicated\",\"S3DataType\":\"S3Prefix\",\"S3InputMode\":\"File\",\"S3Uri\":\"s3://house-price-mlops-dev-itzi2hgi/scripts/register_model.py\"}}],\"ProcessingOutputConfig\":{\"Outputs\":[{\"AppManaged\":false,\"OutputName\":\"registration-metadata\",\"S3Output\":{\"LocalPath\":\"/opt/ml/processing/output\",\"S3UploadMode\":\"EndOfJob\",\"S3Uri\":\"s3://house-price-mlops-dev-itzi2hgi/models/registry/\"}}]},\"ProcessingResources\":{\"ClusterConfig\":{\"InstanceCount\":1,\"InstanceType\":{\"Get\":\"Parameters.ProcessingInstanceType\"},\"VolumeSizeInGB\":30}},\"RoleArn\":\"arn:aws:iam::482227257362:role/house-price-sagemaker-execution-role\"},\"Name\":\"ModelRegistration\",\"Type\":\"Processing\"},{\"Arguments\":{\"AppSpecification\":{\"ContainerEntrypoint\":[\"python3\",\"/opt/ml/processing/input/code/deploy_model.py\"],\"ImageUri\":\"482227257362.dkr.ecr.us-east-1.amazonaws.com/model-registration:latest\"},\"Environment\":{\"AWS_DEFAULT_REGION\":\"us-east-1\",\"ENDPOINT_NAME\":\"house-price-prod\",\"MODEL_NAME\":\"house-price-model\"},\"ProcessingInputs\":[{\"AppManaged\":false,\"InputName\":\"model-artifacts\",\"S3Input\":{\"LocalPath\":\"/opt/ml/processing/input/model\",\"S3DataDistributionType\":\"FullyReplicated\",\"S3DataType\":\"S3Prefix\",\"S3InputMode\":\"File\",\"S3Uri\":{\"Get\":\"Steps.ModelTraining.ModelArtifacts.S3ModelArtifacts\"}}},{\"AppManaged\":false,\"InputName\":\"code\",\"S3Input\":{\"LocalPath\":\"/opt/ml/processing/input/code\",\"S3DataDistributionType\":\"FullyReplicated\",\"S3DataType\":\"S3Prefix\",\"S3InputMode\":\"File\",\"S3Uri\":\"s3://house-price-mlops-dev-itzi2hgi/scripts/deploy_model.py\"}}],\"ProcessingOutputConfig\":{\"Outputs\":[{\"AppManaged\":false,\"OutputName\":\"deployment-metadata\",\"S3Output\":{\"LocalPath\":\"/opt/ml/processing/output\",\"S3UploadMode\":\"EndOfJob\",\"S3Uri\":\"s3://house-price-mlops-dev-itzi2hgi/deployment/\"}}]},\"ProcessingResources\":{\"ClusterConfig\":{\"InstanceCount\":1,\"InstanceType\":{\"Get\":\"Parameters.ProcessingInstanceType\"},\"VolumeSizeInGB\":30}},\"RoleArn\":\"arn:aws:iam::482227257362:role/house-price-sagemaker-execution-role\"},\"Name\":\"ModelDeployment\",\"Type\":\"Processing\"}]},\"DependsOn\":[\"ModelEvaluation\"],\"Name\":\"ModelApprovalGate\",\"Type\":\"Condition\"}],\"Version\":\"2020-12-01\"}","pipeline_definition_s3_location":[],"pipeline_description":"","pipeline_display_name":"House-Price-MLOps-Pipeline","pipeline_name":"house-price-mlops-pipeline","role_arn":"arn:aws:iam::482227257362:role/house-price-sagemaker-execution-role","tags":{"Environment":"dev","Name":"house-price-mlops-pipeline","Purpose":"MLOps-Pipeline"},"tags_all":{"Environment":"dev","Name":"house-price-mlops-pipeline","Purpose":"MLOps-Pipeline"}},"sensitive_values":{"parallelism_configuration":[],"pipeline_definition_s3_location":[],"tags":{},"tags_all":{}}}],"address":"module.sagemaker_pipeline"}]}},"resource_drift":[{"address":"module.airflow_server.aws_eip_association.airflow_eip_assoc","module_address":"module.airflow_server","mode":"managed","type":"aws_eip_association","name":"airflow_eip_assoc","provider_name":"registry.terraform.io/hashicorp/aws","change":{"actions":["delete"],"before":{"allocation_id":"eipalloc-04a9400c2ad65f5f8","allow_reassociation":null,"id":"eipassoc-0bbc7e5cd4076a866","instance_id":"i-0ad84a73a16daa8dd","network_interface_id":"eni-0e53e16e944e4e9bf","private_ip_address":"172.31.78.139","public_ip":"44.195.50.213"},"after":null,"after_unknown":{},"before_sensitive":{},"after_sensitive":false}},{"address":"module.airflow_server.aws_instance.airflow_server","module_address":"module.airflow_server","mode":"managed","type":"aws_instance","name":"airflow_server","provider_name":"registry.terraform.io/hashicorp/aws","change":{"actions":["delete"],"before":{"ami":"ami-0fc5d935ebf8bc3bc","arn":"arn:aws:ec2:us-east-1:482227257362:instance/i-0ad84a73a16daa8dd","associate_public_ip_address":true,"availability_zone":"us-east-1f","capacity_reservation_specification":[{"capacity_reservation_preference":"open","capacity_reservation_target":[]}],"cpu_core_count":1,"cpu_options":[{"amd_sev_snp":"","core_count":1,"threads_per_core":2}],"cpu_threads_per_core":2,"credit_specification":[{"cpu_credits":"unlimited"}],"disable_api_stop":false,"disable_api_termination":false,"ebs_block_device":[],"ebs_optimized":false,"enable_primary_ipv6":null,"enclave_options":[{"enabled":false}],"ephemeral_block_device":[],"get_password_data":false,"hibernation":false,"host_id":"","host_resource_group_arn":null,"iam_instance_profile":"house-price-airflow-profile","id":"i-0ad84a73a16daa8dd","instance_initiated_shutdown_behavior":"stop","instance_lifecycle":"","instance_market_options":[],"instance_state":"running","instance_type":"t3.small","ipv6_address_count":0,"ipv6_addresses":[],"key_name":"","launch_template":[],"maintenance_options":[{"auto_recovery":"default"}],"metadata_options":[{"http_endpoint":"enabled","http_protocol_ipv6":"disabled","http_put_response_hop_limit":1,"http_tokens":"optional","instance_metadata_tags":"disabled"}],"monitoring":false,"network_interface":[],"outpost_arn":"","password_data":"","placement_group":"","placement_partition_number":0,"primary_network_interface_id":"eni-0e53e16e944e4e9bf","private_dns":"ip-172-31-78-139.ec2.internal","private_dns_name_options":[{"enable_resource_name_dns_a_record":false,"enable_resource_name_dns_aaaa_record":false,"hostname_type":"ip-name"}],"private_ip":"172.31.78.139","public_dns":"ec2-44-220-175-73.compute-1.amazonaws.com","public_ip":"44.220.175.73","root_block_device":[{"delete_on_termination":true,"device_name":"/dev/sda1","encrypted":false,"iops":100,"kms_key_id":"","tags":{},"tags_all":{},"throughput":0,"volume_id":"vol-080c05fb1ca2610db","volume_size":8,"volume_type":"gp2"}],"secondary_private_ips":[],"security_groups":["house-price-airflow-sg20251119002806319900000001"],"source_dest_check":true,"spot_instance_request_id":"","subnet_id":"subnet-00d543840efec8c87","tags":{"Name":"house-price-airflow-server"},"tags_all":{"Name":"house-price-airflow-server"},"tenancy":"default","timeouts":null,"user_data":"80787253b482d948613541c1a6ff2fd2b1f0b491","user_data_base64":null,"user_data_replace_on_change":false,"volume_tags":null,"vpc_security_group_ids":["sg-06499afc15d4c59c1"]},"after":null,"after_unknown":{},"before_sensitive":{"capacity_reservation_specification":[{"capacity_reservation_target":[]}],"cpu_options":[{}],"credit_specification":[{}],"ebs_block_device":[],"enclave_options":[{}],"ephemeral_block_device":[],"instance_market_options":[],"ipv6_addresses":[],"launch_template":[],"maintenance_options":[{}],"metadata_options":[{}],"network_interface":[],"private_dns_name_options":[{}],"root_block_device":[{"tags":{},"tags_all":{}}],"secondary_private_ips":[],"security_groups":[false],"tags":{},"tags_all":{},"user_data":true,"vpc_security_group_ids":[false]},"after_sensitive":false}},{"address":"module.bamboo_server.aws_instance.bamboo_server","module_address":"module.bamboo_server","mode":"managed","type":"aws_instance","name":"bamboo_server","provider_name":"registry.terraform.io/hashicorp/aws","change":{"actions":["delete"],"before":{"ami":"ami-066279af4a501d501","arn":"arn:aws:ec2:us-east-1:482227257362:instance/i-0ae2adf5091f4a05a","associate_public_ip_address":true,"availability_zone":"us-east-1c","capacity_reservation_specification":[{"capacity_reservation_preference":"open","capacity_reservation_target":[]}],"cpu_core_count":1,"cpu_options":[{"amd_sev_snp":"","core_count":1,"threads_per_core":2}],"cpu_threads_per_core":2,"credit_specification":[{"cpu_credits":"unlimited"}],"disable_api_stop":false,"disable_api_termination":false,"ebs_block_device":[],"ebs_optimized":false,"enable_primary_ipv6":null,"enclave_options":[{"enabled":false}],"ephemeral_block_device":[],"get_password_data":false,"hibernation":false,"host_id":"","host_resource_group_arn":null,"iam_instance_profile":"house-price-bamboo-profile","id":"i-0ae2adf5091f4a05a","instance_initiated_shutdown_behavior":"stop","instance_lifecycle":"","instance_market_options":[],"instance_state":"running","instance_type":"t3.small","ipv6_address_count":0,"ipv6_addresses":[],"key_name":"","launch_template":[],"maintenance_options":[{"auto_recovery":"default"}],"metadata_options":[{"http_endpoint":"enabled","http_protocol_ipv6":"disabled","http_put_response_hop_limit":2,"http_tokens":"required","instance_metadata_tags":"disabled"}],"monitoring":false,"network_interface":[],"outpost_arn":"","password_data":"","placement_group":"","placement_partition_number":0,"primary_network_interface_id":"eni-05adfd2e9de9d28ff","private_dns":"ip-172-31-30-11.ec2.internal","private_dns_name_options":[{"enable_resource_name_dns_a_record":false,"enable_resource_name_dns_aaaa_record":false,"hostname_type":"ip-name"}],"private_ip":"172.31.30.11","public_dns":"ec2-98-94-15-161.compute-1.amazonaws.com","public_ip":"98.94.15.161","root_block_device":[{"delete_on_termination":true,"device_name":"/dev/sda1","encrypted":false,"iops":3000,"kms_key_id":"","tags":null,"tags_all":{},"throughput":125,"volume_id":"vol-0822aab3d3e6f7163","volume_size":50,"volume_type":"gp3"}],"secondary_private_ips":[],"security_groups":["house-price-bamboo-sg"],"source_dest_check":true,"spot_instance_request_id":"","subnet_id":"subnet-0c092dfafe0a2b4b2","tags":{"Name":"house-price-bamboo-server"},"tags_all":{"Name":"house-price-bamboo-server"},"tenancy":"default","timeouts":null,"user_data":"be1dfc2700856067024ad12477cd8eec2ea8466d","user_data_base64":null,"user_data_replace_on_change":false,"volume_tags":null,"vpc_security_group_ids":["sg-0d5386fffca3e4f03"]},"after":null,"after_unknown":{},"before_sensitive":{"capacity_reservation_specification":[{"capacity_reservation_target":[]}],"cpu_options":[{}],"credit_specification":[{}],"ebs_block_device":[],"enclave_options":[{}],"ephemeral_block_device":[],"instance_market_options":[],"ipv6_addresses":[],"launch_template":[],"maintenance_options":[{}],"metadata_options":[{}],"network_interface":[],"private_dns_name_options":[{}],"root_block_device":[{"tags_all":{}}],"secondary_private_ips":[],"security_groups":[false],"tags":{},"tags_all":{},"vpc_security_group_ids":[false]},"after_sensitive":false}},{"address":"module.mlflow_server.aws_eip.mlflow_eip","module_address":"module.mlflow_server","mode":"managed","type":"aws_eip","name":"mlflow_eip","provider_name":"registry.terraform.io/hashicorp/aws","change":{"actions":["update"],"before":{"address":null,"allocation_id":"eipalloc-0489d136fcad91919","arn":"arn:aws:ec2:us-east-1:482227257362:elastic-ip/eipalloc-0489d136fcad91919","associate_with_private_ip":null,"association_id":"eipassoc-0bf4f0e016def7ce4","carrier_ip":"","customer_owned_ip":"","customer_owned_ipv4_pool":"","domain":"vpc","id":"eipalloc-0489d136fcad91919","instance":"i-092c187b6e6f8e0cd","ipam_pool_id":null,"network_border_group":"us-east-1","network_interface":"eni-040953a2ba7ea1013","private_dns":"ip-172-31-18-6.ec2.internal","private_ip":"172.31.18.6","ptr_record":"","public_dns":"ec2-23-21-206-232.compute-1.amazonaws.com","public_ip":"23.21.206.232","public_ipv4_pool":"amazon","tags":{"Name":"house-price-mlflow-eip"},"tags_all":{"Name":"house-price-mlflow-eip"},"timeouts":null,"vpc":true},"after":{"address":null,"allocation_id":"eipalloc-0489d136fcad91919","arn":"arn:aws:ec2:us-east-1:482227257362:elastic-ip/eipalloc-0489d136fcad91919","associate_with_private_ip":null,"association_id":"","carrier_ip":"","customer_owned_ip":"","customer_owned_ipv4_pool":"","domain":"vpc","id":"eipalloc-0489d136fcad91919","instance":"","ipam_pool_id":null,"network_border_group":"us-east-1","network_interface":"","private_dns":"ip-172-31-18-6.ec2.internal","private_ip":"","ptr_record":"","public_dns":"ec2-23-21-206-232.compute-1.amazonaws.com","public_ip":"23.21.206.232","public_ipv4_pool":"amazon","tags":{"Name":"house-price-mlflow-eip"},"tags_all":{"Name":"house-price-mlflow-eip"},"timeouts":null,"vpc":true},"after_unknown":{},"before_sensitive":{"tags":{},"tags_all":{}},"after_sensitive":{"tags":{},"tags_all":{}}}},{"address":"module.mlflow_server.aws_instance.mlflow_server","module_address":"module.mlflow_server","mode":"managed","type":"aws_instance","name":"mlflow_server","provider_name":"registry.terraform.io/hashicorp/aws","change":{"actions":["delete"],"before":{"ami":"ami-0fc5d935ebf8bc3bc","arn":"arn:aws:ec2:us-east-1:482227257362:instance/i-092c187b6e6f8e0cd","associate_public_ip_address":true,"availability_zone":"us-east-1c","capacity_reservation_specification":[{"capacity_reservation_preference":"open","capacity_reservation_target":[]}],"cpu_core_count":1,"cpu_options":[{"amd_sev_snp":"","core_count":1,"threads_per_core":2}],"cpu_threads_per_core":2,"credit_specification":[{"cpu_credits":"unlimited"}],"disable_api_stop":false,"disable_api_termination":false,"ebs_block_device":[],"ebs_optimized":false,"enable_primary_ipv6":null,"enclave_options":[{"enabled":false}],"ephemeral_block_device":[],"get_password_data":false,"hibernation":false,"host_id":"","host_resource_group_arn":null,"iam_instance_profile":"house-price-mlflow-profile","id":"i-092c187b6e6f8e0cd","instance_initiated_shutdown_behavior":"stop","instance_lifecycle":"","instance_market_options":[],"instance_state":"running","instance_type":"t3.micro","ipv6_address_count":0,"ipv6_addresses":[],"key_name":"","launch_template":[],"maintenance_options":[{"auto_recovery":"default"}],"metadata_options":[{"http_endpoint":"enabled","http_protocol_ipv6":"disabled","http_put_response_hop_limit":1,"http_tokens":"optional","instance_metadata_tags":"disabled"}],"monitoring":false,"network_interface":[],"outpost_arn":"","password_data":"","placement_group":"","placement_partition_number":0,"primary_network_interface_id":"eni-040953a2ba7ea1013","private_dns":"ip-172-31-18-6.ec2.internal","private_dns_name_options":[{"enable_resource_name_dns_a_record":false,"enable_resource_name_dns_aaaa_record":false,"hostname_type":"ip-name"}],"private_ip":"172.31.18.6","public_dns":"ec2-54-242-190-180.compute-1.amazonaws.com","public_ip":"54.242.190.180","root_block_device":[{"delete_on_termination":true,"device_name":"/dev/sda1","encrypted":false,"iops":100,"kms_key_id":"","tags":{},"tags_all":{},"throughput":0,"volume_id":"vol-0e81989b6c7f7b430","volume_size":8,"volume_type":"gp2"}],"secondary_private_ips":[],"security_groups":["house-price-mlflow-sg"],"source_dest_check":true,"spot_instance_request_id":"","subnet_id":"subnet-0c092dfafe0a2b4b2","tags":{"Name":"house-price-mlflow-server"},"tags_all":{"Name":"house-price-mlflow-server"},"tenancy":"default","timeouts":null,"user_data":"0f666460d0e8c48a597207fa971c147be4de01ba","user_data_base64":null,"user_data_replace_on_change":false,"volume_tags":null,"vpc_security_group_ids":["sg-0e54ff286cddf3f6f"]},"after":null,"after_unknown":{},"before_sensitive":{"capacity_reservation_specification":[{"capacity_reservation_target":[]}],"cpu_options":[{}],"credit_specification":[{}],"ebs_block_device":[],"enclave_options":[{}],"ephemeral_block_device":[],"instance_market_options":[],"ipv6_addresses":[],"launch_template":[],"maintenance_options":[{}],"metadata_options":[{}],"network_interface":[],"private_dns_name_options":[{}],"root_block_device":[{"tags":{},"tags_all":{}}],"secondary_private_ips":[],"security_groups":[false],"tags":{},"tags_all":{},"vpc_security_group_ids":[false]},"after_sensitive":false}}],"resource_changes":[{"address":"module.airflow_server.aws_eip.airflow_eip","module_address":"module.airflow_server","mode":"managed","type":"aws_eip","name":"airflow_eip","provider_name":"registry.terraform.io/hashicorp/aws","change":{"actions":["no-op"],"before":{"address":null,"allocation_id":"eipalloc-04a9400c2ad65f5f8","arn":"arn:aws:ec2:us-east-1:482227257362:elastic-ip/eipalloc-04a9400c2ad65f5f8","associate_with_private_ip":null,"association_id":"","carrier_ip":"","customer_owned_ip":"","customer_owned_ipv4_pool":"","domain":"vpc","id":"eipalloc-04a9400c2ad65f5f8","instance":"","ipam_pool_id":null,"network_border_group":"us-east-1","network_interface":"","private_dns":"ip-172-31-70-183.ec2.internal","private_ip":"","ptr_record":"","public_dns":"ec2-44-195-50-213.compute-1.amazonaws.com","public_ip":"44.195.50.213","public_ipv4_pool":"amazon","tags":{"Name":"house-price-airflow-eip"},"tags_all":{"Name":"house-price-airflow-eip"},"timeouts":null,"vpc":true},"after":{"address":null,"allocation_id":"eipalloc-04a9400c2ad65f5f8","arn":"arn:aws:ec2:us-east-1:482227257362:elastic-ip/eipalloc-04a9400c2ad65f5f8","associate_with_private_ip":null,"association_id":"","carrier_ip":"","customer_owned_ip":"","customer_owned_ipv4_pool":"","domain":"vpc","id":"eipalloc-04a9400c2ad65f5f8","instance":"","ipam_pool_id":null,"network_border_group":"us-east-1","network_interface":"","private_dns":"ip-172-31-70-183.ec2.internal","private_ip":"","ptr_record":"","public_dns":"ec2-44-195-50-213.compute-1.amazonaws.com","public_ip":"44.195.50.213","public_ipv4_pool":"amazon","tags":{"Name":"house-price-airflow-eip"},"tags_all":{"Name":"house-price-airflow-eip"},"timeouts":null,"vpc":true},"after_unknown":{},"before_sensitive":{"tags":{},"tags_all":{}},"after_sensitive":{"tags":{},"tags_all":{}}}},{"address":"module.airflow_server.aws_eip_association.airflow_eip_assoc","module_address":"module.airflow_server","mode":"managed","type":"aws_eip_association","name":"airflow_eip_assoc","provider_name":"registry.terraform.io/hashicorp/aws","change":{"actions":["create"],"before":null,"after":{"allocation_id":"eipalloc-04a9400c2ad65f5f8","allow_reassociation":null},"after_unknown":{"id":true,"instance_id":true,"network_interface_id":true,"private_ip_address":true,"public_ip":true},"before_sensitive":false,"after_sensitive":{}}},{"address":"module.airflow_server.aws_iam_instance_profile.airflow_profile","module_address":"module.airflow_server","mode":"managed","type":"aws_iam_instance_profile","name":"airflow_profile","provider_name":"registry.terraform.io/hashicorp/aws","change":{"actions":["no-op"],"before":{"arn":"arn:aws:iam::482227257362:instance-profile/house-price-airflow-profile","create_date":"2025-11-19T00:28:06Z","id":"house-price-airflow-profile","name":"house-price-airflow-profile","name_prefix":"","path":"/","role":"house-price-airflow-role","tags":{},"tags_all":{},"unique_id":"AIPAXARX4AAJDQSZNCNXY"},"after":{"arn":"arn:aws:iam::482227257362:instance-profile/house-price-airflow-profile","create_date":"2025-11-19T00:28:06Z","id":"house-price-airflow-profile","name":"house-price-airflow-profile","name_prefix":"","path":"/","role":"house-price-airflow-role","tags":{},"tags_all":{},"unique_id":"AIPAXARX4AAJDQSZNCNXY"},"after_unknown":{},"before_sensitive":{"tags":{},"tags_all":{}},"after_sensitive":{"tags":{},"tags_all":{}}}},{"address":"module.airflow_server.aws_iam_role.airflow_role","module_address":"module.airflow_server","mode":"managed","type":"aws_iam_role","name":"airflow_role","provider_name":"registry.terraform.io/hashicorp/aws","change":{"actions":["no-op"],"before":{"arn":"arn:aws:iam::482227257362:role/house-price-airflow-role","assume_role_policy":"{\"Statement\":[{\"Action\":\"sts:AssumeRole\",\"Effect\":\"Allow\",\"Principal\":{\"Service\":\"ec2.amazonaws.com\"}}],\"Version\":\"2012-10-17\"}","create_date":"2025-11-19T00:28:06Z","description":"","force_detach_policies":false,"id":"house-price-airflow-role","inline_policy":[{"name":"house-price-airflow-policy","policy":"{\"Version\":\"2012-10-17\",\"Statement\":[{\"Action\":[\"sagemaker:*\",\"s3:*\",\"ssm:*\",\"ssmmessages:*\",\"ec2messages:*\"],\"Effect\":\"Allow\",\"Resource\":\"*\"}]}"},{"name":"house-price-airflow-s3-access","policy":"{\"Version\":\"2012-10-17\",\"Statement\":[{\"Action\":[\"s3:GetObject\",\"s3:ListBucket\"],\"Effect\":\"Allow\",\"Resource\":[\"arn:aws:s3:::house-price-mlops-dev-itzi2hgi\",\"arn:aws:s3:::house-price-mlops-dev-itzi2hgi/*\"]}]}"}],"managed_policy_arns":[],"max_session_duration":3600,"name":"house-price-airflow-role","name_prefix":"","path":"/","permissions_boundary":"","tags":{},"tags_all":{},"unique_id":"AROAXARX4AAJO5HKYS4KU"},"after":{"arn":"arn:aws:iam::482227257362:role/house-price-airflow-role","assume_role_policy":"{\"Statement\":[{\"Action\":\"sts:AssumeRole\",\"Effect\":\"Allow\",\"Principal\":{\"Service\":\"ec2.amazonaws.com\"}}],\"Version\":\"2012-10-17\"}","create_date":"2025-11-19T00:28:06Z","description":"","force_detach_policies":false,"id":"house-price-airflow-role","inline_policy":[{"name":"house-price-airflow-policy","policy":"{\"Version\":\"2012-10-17\",\"Statement\":[{\"Action\":[\"sagemaker:*\",\"s3:*\",\"ssm:*\",\"ssmmessages:*\",\"ec2messages:*\"],\"Effect\":\"Allow\",\"Resource\":\"*\"}]}"},{"name":"house-price-airflow-s3-access","policy":"{\"Version\":\"2012-10-17\",\"Statement\":[{\"Action\":[\"s3:GetObject\",\"s3:ListBucket\"],\"Effect\":\"Allow\",\"Resource\":[\"arn:aws:s3:::house-price-mlops-dev-itzi2hgi\",\"arn:aws:s3:::house-price-mlops-dev-itzi2hgi/*\"]}]}"}],"managed_policy_arns":[],"max_session_duration":3600,"name":"house-price-airflow-role","name_prefix":"","path":"/","permissions_boundary":"","tags":{},"tags_all":{},"unique_id":"AROAXARX4AAJO5HKYS4KU"},"after_unknown":{},"before_sensitive":{"inline_policy":[{},{}],"managed_policy_arns":[],"tags":{},"tags_all":{}},"after_sensitive":{"inline_policy":[{},{}],"managed_policy_arns":[],"tags":{},"tags_all":{}}}},{"address":"module.airflow_server.aws_iam_role_policy.airflow_policy","module_address":"module.airflow_server","mode":"managed","type":"aws_iam_role_policy","name":"airflow_policy","provider_name":"registry.terraform.io/hashicorp/aws","change":{"actions":["no-op"],"before":{"id":"house-price-airflow-role:house-price-airflow-policy","name":"house-price-airflow-policy","name_prefix":"","policy":"{\"Version\":\"2012-10-17\",\"Statement\":[{\"Action\":[\"sagemaker:*\",\"s3:*\",\"ssm:*\",\"ssmmessages:*\",\"ec2messages:*\"],\"Effect\":\"Allow\",\"Resource\":\"*\"}]}","role":"house-price-airflow-role"},"after":{"id":"house-price-airflow-role:house-price-airflow-policy","name":"house-price-airflow-policy","name_prefix":"","policy":"{\"Version\":\"2012-10-17\",\"Statement\":[{\"Action\":[\"sagemaker:*\",\"s3:*\",\"ssm:*\",\"ssmmessages:*\",\"ec2messages:*\"],\"Effect\":\"Allow\",\"Resource\":\"*\"}]}","role":"house-price-airflow-role"},"after_unknown":{},"before_sensitive":{},"after_sensitive":{}}},{"address":"module.airflow_server.aws_instance.airflow_server","module_address":"module.airflow_server","mode":"managed","type":"aws_instance","name":"airflow_server","provider_name":"registry.terraform.io/hashicorp/aws","change":{"actions":["create"],"before":null,"after":{"ami":"ami-0fc5d935ebf8bc3bc","credit_specification":[],"get_password_data":false,"hibernation":null,"iam_instance_profile":"house-price-airflow-profile","instance_type":"t3.small","launch_template":[],"source_dest_check":true,"tags":{"Name":"house-price-airflow-server"},"tags_all":{"Name":"house-price-airflow-server"},"timeouts":null,"user_data":"80787253b482d948613541c1a6ff2fd2b1f0b491","user_data_replace_on_change":false,"volume_tags":null,"vpc_security_group_ids":["sg-06499afc15d4c59c1"]},"after_unknown":{"arn":true,"associate_public_ip_address":true,"availability_zone":true,"capacity_reservation_specification":true,"cpu_core_count":true,"cpu_options":true,"cpu_threads_per_core":true,"credit_specification":[],"disable_api_stop":true,"disable_api_termination":true,"ebs_block_device":true,"ebs_optimized":true,"enable_primary_ipv6":true,"enclave_options":true,"ephemeral_block_device":true,"host_id":true,"host_resource_group_arn":true,"id":true,"instance_initiated_shutdown_behavior":true,"instance_lifecycle":true,"instance_market_options":true,"instance_state":true,"ipv6_address_count":true,"ipv6_addresses":true,"key_name":true,"launch_template":[],"maintenance_options":true,"metadata_options":true,"monitoring":true,"network_interface":true,"outpost_arn":true,"password_data":true,"placement_group":true,"placement_partition_number":true,"primary_network_interface_id":true,"private_dns":true,"private_dns_name_options":true,"private_ip":true,"public_dns":true,"public_ip":true,"root_block_device":true,"secondary_private_ips":true,"security_groups":true,"spot_instance_request_id":true,"subnet_id":true,"tags":{},"tags_all":{},"tenancy":true,"user_data_base64":true,"vpc_security_group_ids":[false]},"before_sensitive":false,"after_sensitive":{"capacity_reservation_specification":[],"cpu_options":[],"credit_specification":[],"ebs_block_device":[],"enclave_options":[],"ephemeral_block_device":[],"instance_market_options":[],"ipv6_addresses":[],"launch_template":[],"maintenance_options":[],"metadata_options":[],"network_interface":[],"private_dns_name_options":[],"root_block_device":[],"secondary_private_ips":[],"security_groups":[],"tags":{},"tags_all":{},"user_data":true,"vpc_security_group_ids":[false]}}},{"address":"module.airflow_server.aws_security_group.airflow_sg","module_address":"module.airflow_server","mode":"managed","type":"aws_security_group","name":"airflow_sg","provider_name":"registry.terraform.io/hashicorp/aws","change":{"actions":["no-op"],"before":{"arn":"arn:aws:ec2:us-east-1:482227257362:security-group/sg-06499afc15d4c59c1","description":"Managed by Terraform","egress":[{"cidr_blocks":["0.0.0.0/0"],"description":"","from_port":0,"ipv6_cidr_blocks":[],"prefix_list_ids":[],"protocol":"-1","security_groups":[],"self":false,"to_port":0}],"id":"sg-06499afc15d4c59c1","ingress":[{"cidr_blocks":["0.0.0.0/0"],"description":"","from_port":22,"ipv6_cidr_blocks":[],"prefix_list_ids":[],"protocol":"tcp","security_groups":[],"self":false,"to_port":22},{"cidr_blocks":["0.0.0.0/0"],"description":"","from_port":8080,"ipv6_cidr_blocks":[],"prefix_list_ids":[],"protocol":"tcp","security_groups":[],"self":false,"to_port":8080}],"name":"house-price-airflow-sg20251119002806319900000001","name_prefix":"house-price-airflow-sg","owner_id":"482227257362","revoke_rules_on_delete":false,"tags":{},"tags_all":{},"timeouts":null,"vpc_id":"vpc-0ec06d2e45d4c6de8"},"after":{"arn":"arn:aws:ec2:us-east-1:482227257362:security-group/sg-06499afc15d4c59c1","description":"Managed by Terraform","egress":[{"cidr_blocks":["0.0.0.0/0"],"description":"","from_port":0,"ipv6_cidr_blocks":[],"prefix_list_ids":[],"protocol":"-1","security_groups":[],"self":false,"to_port":0}],"id":"sg-06499afc15d4c59c1","ingress":[{"cidr_blocks":["0.0.0.0/0"],"description":"","from_port":22,"ipv6_cidr_blocks":[],"prefix_list_ids":[],"protocol":"tcp","security_groups":[],"self":false,"to_port":22},{"cidr_blocks":["0.0.0.0/0"],"description":"","from_port":8080,"ipv6_cidr_blocks":[],"prefix_list_ids":[],"protocol":"tcp","security_groups":[],"self":false,"to_port":8080}],"name":"house-price-airflow-sg20251119002806319900000001","name_prefix":"house-price-airflow-sg","owner_id":"482227257362","revoke_rules_on_delete":false,"tags":{},"tags_all":{},"timeouts":null,"vpc_id":"vpc-0ec06d2e45d4c6de8"},"after_unknown":{},"before_sensitive":{"egress":[{"cidr_blocks":[false],"ipv6_cidr_blocks":[],"prefix_list_ids":[],"security_groups":[]}],"ingress":[{"cidr_blocks":[false],"ipv6_cidr_blocks":[],"prefix_list_ids":[],"security_groups":[]},{"cidr_blocks":[false],"ipv6_cidr_blocks":[],"prefix_list_ids":[],"security_groups":[]}],"tags":{},"tags_all":{}},"after_sensitive":{"egress":[{"cidr_blocks":[false],"ipv6_cidr_blocks":[],"prefix_list_ids":[],"security_groups":[]}],"ingress":[{"cidr_blocks":[false],"ipv6_cidr_blocks":[],"prefix_list_ids":[],"security_groups":[]},{"cidr_blocks":[false],"ipv6_cidr_blocks":[],"prefix_list_ids":[],"security_groups":[]}],"tags":{},"tags_all":{}}}},{"address":"module.bamboo_server.aws_iam_instance_profile.bamboo_profile","module_address":"module.bamboo_server","mode":"managed","type":"aws_iam_instance_profile","name":"bamboo_profile","provider_name":"registry.terraform.io/hashicorp/aws","change":{"actions":["delete"],"before":{"arn":"arn:aws:iam::482227257362:instance-profile/house-price-bamboo-profile","create_date":"2025-12-09T21:33:50Z","id":"house-price-bamboo-profile","name":"house-price-bamboo-profile","name_prefix":"","path":"/","role":"house-price-bamboo-role","tags":{},"tags_all":{},"unique_id":"AIPAXARX4AAJDU7BSRAVZ"},"after":null,"after_unknown":{},"before_sensitive":{"tags":{},"tags_all":{}},"after_sensitive":false},"action_reason":"delete_because_no_resource_config"},{"address":"module.bamboo_server.aws_iam_role.bamboo_role","module_address":"module.bamboo_server","mode":"managed","type":"aws_iam_role","name":"bamboo_role","provider_name":"registry.terraform.io/hashicorp/aws","change":{"actions":["delete"],"before":{"arn":"arn:aws:iam::482227257362:role/house-price-bamboo-role","assume_role_policy":"{\"Statement\":[{\"Action\":\"sts:AssumeRole\",\"Effect\":\"Allow\",\"Principal\":{\"Service\":\"ec2.amazonaws.com\"}}],\"Version\":\"2012-10-17\"}","create_date":"2025-12-09T21:33:50Z","description":"","force_detach_policies":false,"id":"house-price-bamboo-role","inline_policy":[],"managed_policy_arns":["arn:aws:iam::aws:policy/AmazonSSMManagedInstanceCore"],"max_session_duration":3600,"name":"house-price-bamboo-role","name_prefix":"","path":"/","permissions_boundary":"","tags":{},"tags_all":{},"unique_id":"AROAXARX4AAJJKLDB3AVC"},"after":null,"after_unknown":{},"before_sensitive":{"inline_policy":[],"managed_policy_arns":[false],"tags":{},"tags_all":{}},"after_sensitive":false},"action_reason":"delete_because_no_resource_config"},{"address":"module.bamboo_server.aws_iam_role_policy_attachment.ssm_policy","module_address":"module.bamboo_server","mode":"managed","type":"aws_iam_role_policy_attachment","name":"ssm_policy","provider_name":"registry.terraform.io/hashicorp/aws","change":{"actions":["delete"],"before":{"id":"house-price-bamboo-role-20251209213350333900000001","policy_arn":"arn:aws:iam::aws:policy/AmazonSSMManagedInstanceCore","role":"house-price-bamboo-role"},"after":null,"after_unknown":{},"before_sensitive":{},"after_sensitive":false},"action_reason":"delete_because_no_resource_config"},{"address":"module.bamboo_server.aws_security_group.bamboo_sg","module_address":"module.bamboo_server","mode":"managed","type":"aws_security_group","name":"bamboo_sg","provider_name":"registry.terraform.io/hashicorp/aws","change":{"actions":["delete"],"before":{"arn":"arn:aws:ec2:us-east-1:482227257362:security-group/sg-0d5386fffca3e4f03","description":"Security group for Bamboo server","egress":[{"cidr_blocks":["0.0.0.0/0"],"description":"","from_port":0,"ipv6_cidr_blocks":[],"prefix_list_ids":[],"protocol":"-1","security_groups":[],"self":false,"to_port":0}],"id":"sg-0d5386fffca3e4f03","ingress":[{"cidr_blocks":["0.0.0.0/0"],"description":"","from_port":22,"ipv6_cidr_blocks":[],"prefix_list_ids":[],"protocol":"tcp","security_groups":[],"self":false,"to_port":22},{"cidr_blocks":["0.0.0.0/0"],"description":"","from_port":8085,"ipv6_cidr_blocks":[],"prefix_list_ids":[],"protocol":"tcp","security_groups":[],"self":false,"to_port":8085}],"name":"house-price-bamboo-sg","name_prefix":"","owner_id":"482227257362","revoke_rules_on_delete":false,"tags":{"Name":"house-price-bamboo-sg"},"tags_all":{"Name":"house-price-bamboo-sg"},"timeouts":null,"vpc_id":"vpc-0ec06d2e45d4c6de8"},"after":null,"after_unknown":{},"before_sensitive":{"egress":[{"cidr_blocks":[false],"ipv6_cidr_blocks":[],"prefix_list_ids":[],"security_groups":[]}],"ingress":[{"cidr_blocks":[false],"ipv6_cidr_blocks":[],"prefix_list_ids":[],"security_groups":[]},{"cidr_blocks":[false],"ipv6_cidr_blocks":[],"prefix_list_ids":[],"security_groups":[]}],"tags":{},"tags_all":{}},"after_sensitive":false},"action_reason":"delete_because_no_resource_config"},{"address":"module.deployment_pipeline.aws_cloudwatch_event_rule.model_approval","module_address":"module.deployment_pipeline","mode":"managed","type":"aws_cloudwatch_event_rule","name":"model_approval","provider_name":"registry.terraform.io/hashicorp/aws","change":{"actions":["no-op"],"before":{"arn":"arn:aws:events:us-east-1:482227257362:rule/house-price-model-approval-trigger","description":"Trigger deployment pipeline when model is approved","event_bus_name":"default","event_pattern":"{\"detail\":{\"ModelPackageStatus\":[\"Approved\"]},\"detail-type\":[\"SageMaker Model Package State Change\"],\"source\":[\"aws.sagemaker\"]}","force_destroy":false,"id":"house-price-model-approval-trigger","is_enabled":true,"name":"house-price-model-approval-trigger","name_prefix":"","role_arn":"","schedule_expression":"","state":"ENABLED","tags":{},"tags_all":{}},"after":{"arn":"arn:aws:events:us-east-1:482227257362:rule/house-price-model-approval-trigger","description":"Trigger deployment pipeline when model is approved","event_bus_name":"default","event_pattern":"{\"detail\":{\"ModelPackageStatus\":[\"Approved\"]},\"detail-type\":[\"SageMaker Model Package State Change\"],\"source\":[\"aws.sagemaker\"]}","force_destroy":false,"id":"house-price-model-approval-trigger","is_enabled":true,"name":"house-price-model-approval-trigger","name_prefix":"","role_arn":"","schedule_expression":"","state":"ENABLED","tags":{},"tags_all":{}},"after_unknown":{},"before_sensitive":{"tags":{},"tags_all":{}},"after_sensitive":{"tags":{},"tags_all":{}}}},{"address":"module.deployment_pipeline.aws_cloudwatch_event_target.codepipeline_target","module_address":"module.deployment_pipeline","mode":"managed","type":"aws_cloudwatch_event_target","name":"codepipeline_target","provider_name":"registry.terraform.io/hashicorp/aws","change":{"actions":["no-op"],"before":{"appsync_target":[],"arn":"arn:aws:codepipeline:us-east-1:482227257362:house-price-deployment-pipeline","batch_target":[],"dead_letter_config":[],"ecs_target":[],"event_bus_name":"default","force_destroy":false,"http_target":[],"id":"house-price-model-approval-trigger-CodePipelineTarget","input":"","input_path":"","input_transformer":[],"kinesis_target":[],"redshift_target":[],"retry_policy":[],"role_arn":"arn:aws:iam::482227257362:role/house-price-eventbridge-role","rule":"house-price-model-approval-trigger","run_command_targets":[],"sagemaker_pipeline_target":[],"sqs_target":[],"target_id":"CodePipelineTarget"},"after":{"appsync_target":[],"arn":"arn:aws:codepipeline:us-east-1:482227257362:house-price-deployment-pipeline","batch_target":[],"dead_letter_config":[],"ecs_target":[],"event_bus_name":"default","force_destroy":false,"http_target":[],"id":"house-price-model-approval-trigger-CodePipelineTarget","input":"","input_path":"","input_transformer":[],"kinesis_target":[],"redshift_target":[],"retry_policy":[],"role_arn":"arn:aws:iam::482227257362:role/house-price-eventbridge-role","rule":"house-price-model-approval-trigger","run_command_targets":[],"sagemaker_pipeline_target":[],"sqs_target":[],"target_id":"CodePipelineTarget"},"after_unknown":{},"before_sensitive":{"appsync_target":[],"batch_target":[],"dead_letter_config":[],"ecs_target":[],"http_target":[],"input_transformer":[],"kinesis_target":[],"redshift_target":[],"retry_policy":[],"run_command_targets":[],"sagemaker_pipeline_target":[],"sqs_target":[]},"after_sensitive":{"appsync_target":[],"batch_target":[],"dead_letter_config":[],"ecs_target":[],"http_target":[],"input_transformer":[],"kinesis_target":[],"redshift_target":[],"retry_policy":[],"run_command_targets":[],"sagemaker_pipeline_target":[],"sqs_target":[]}}},{"address":"module.deployment_pipeline.aws_codebuild_project.deploy_model","module_address":"module.deployment_pipeline","mode":"managed","type":"aws_codebuild_project","name":"deploy_model","provider_name":"registry.terraform.io/hashicorp/aws","change":{"actions":["no-op"],"before":{"arn":"arn:aws:codebuild:us-east-1:482227257362:project/house-price-deploy-model","artifacts":[{"artifact_identifier":"","bucket_owner_access":"","encryption_disabled":false,"location":"","name":"house-price-deploy-model","namespace_type":"","override_artifact_name":false,"packaging":"NONE","path":"","type":"CODEPIPELINE"}],"badge_enabled":false,"badge_url":"","build_batch_config":[],"build_timeout":60,"cache":[{"location":"","modes":[],"type":"NO_CACHE"}],"concurrent_build_limit":0,"description":"","encryption_key":"arn:aws:kms:us-east-1:482227257362:alias/aws/s3","environment":[{"certificate":"","compute_type":"BUILD_GENERAL1_SMALL","environment_variable":[{"name":"S3_BUCKET","type":"PLAINTEXT","value":"house-price-mlops-dev-itzi2hgi"}],"fleet":[],"image":"aws/codebuild/amazonlinux2-x86_64-standard:3.0","image_pull_credentials_type":"CODEBUILD","privileged_mode":false,"registry_credential":[],"type":"LINUX_CONTAINER"}],"file_system_locations":[],"id":"arn:aws:codebuild:us-east-1:482227257362:project/house-price-deploy-model","logs_config":[{"cloudwatch_logs":[{"group_name":"","status":"ENABLED","stream_name":""}],"s3_logs":[{"bucket_owner_access":"","encryption_disabled":false,"location":"","status":"DISABLED"}]}],"name":"house-price-deploy-model","project_visibility":"PRIVATE","public_project_alias":"","queued_timeout":480,"resource_access_role":"","secondary_artifacts":[],"secondary_source_version":[],"secondary_sources":[],"service_role":"arn:aws:iam::482227257362:role/house-price-codebuild-role","source":[{"auth":[],"build_status_config":[],"buildspec":"version: 0.2\n\nphases:\n  install:\n    runtime-versions:\n      python: 3.9\n    commands:\n      - pip install boto3 sagemaker\n\n  build:\n    commands:\n      - echo \"Deploying SageMaker endpoint...\"\n      - |\n        python3 \u003c\u003c 'EOF'\n        import boto3\n        import json\n        import os\n        \n        sagemaker = boto3.client('sagemaker')\n        \n        # Get latest approved model\n        response = sagemaker.list_model_packages(\n            ModelPackageGroupName='house-price-model-group',\n            ModelApprovalStatus='Approved',\n            SortBy='CreationTime',\n            SortOrder='Descending',\n            MaxResults=1\n        )\n        \n        if response['ModelPackageSummaryList']:\n            model_package_arn = response['ModelPackageSummaryList'][0]['ModelPackageArn']\n            print(f\"Deploying model: {model_package_arn}\")\n            \n            # Create endpoint config\n            endpoint_config_name = f\"house-price-endpoint-config-{int(__import__('time').time())}\"\n            sagemaker.create_endpoint_config(\n                EndpointConfigName=endpoint_config_name,\n                ProductionVariants=[{\n                    'VariantName': 'primary',\n                    'ModelName': model_package_arn.split('/')[-1],\n                    'InitialInstanceCount': 1,\n                    'InstanceType': 'ml.t2.medium',\n                    'InitialVariantWeight': 1.0\n                }]\n            )\n            \n            # Create/update endpoint\n            endpoint_name = 'house-price-endpoint'\n            try:\n                sagemaker.update_endpoint(\n                    EndpointName=endpoint_name,\n                    EndpointConfigName=endpoint_config_name\n                )\n                print(f\"Updated endpoint: {endpoint_name}\")\n            except:\n                sagemaker.create_endpoint(\n                    EndpointName=endpoint_name,\n                    EndpointConfigName=endpoint_config_name\n                )\n                print(f\"Created endpoint: {endpoint_name}\")\n        else:\n            print(\"No approved models found\")\n        EOF\n\n  post_build:\n    commands:\n      - echo \"Deployment completed\"","git_clone_depth":0,"git_submodules_config":[],"insecure_ssl":false,"location":"","report_build_status":false,"type":"CODEPIPELINE"}],"source_version":"","tags":{},"tags_all":{},"vpc_config":[]},"after":{"arn":"arn:aws:codebuild:us-east-1:482227257362:project/house-price-deploy-model","artifacts":[{"artifact_identifier":"","bucket_owner_access":"","encryption_disabled":false,"location":"","name":"house-price-deploy-model","namespace_type":"","override_artifact_name":false,"packaging":"NONE","path":"","type":"CODEPIPELINE"}],"badge_enabled":false,"badge_url":"","build_batch_config":[],"build_timeout":60,"cache":[{"location":"","modes":[],"type":"NO_CACHE"}],"concurrent_build_limit":0,"description":"","encryption_key":"arn:aws:kms:us-east-1:482227257362:alias/aws/s3","environment":[{"certificate":"","compute_type":"BUILD_GENERAL1_SMALL","environment_variable":[{"name":"S3_BUCKET","type":"PLAINTEXT","value":"house-price-mlops-dev-itzi2hgi"}],"fleet":[],"image":"aws/codebuild/amazonlinux2-x86_64-standard:3.0","image_pull_credentials_type":"CODEBUILD","privileged_mode":false,"registry_credential":[],"type":"LINUX_CONTAINER"}],"file_system_locations":[],"id":"arn:aws:codebuild:us-east-1:482227257362:project/house-price-deploy-model","logs_config":[{"cloudwatch_logs":[{"group_name":"","status":"ENABLED","stream_name":""}],"s3_logs":[{"bucket_owner_access":"","encryption_disabled":false,"location":"","status":"DISABLED"}]}],"name":"house-price-deploy-model","project_visibility":"PRIVATE","public_project_alias":"","queued_timeout":480,"resource_access_role":"","secondary_artifacts":[],"secondary_source_version":[],"secondary_sources":[],"service_role":"arn:aws:iam::482227257362:role/house-price-codebuild-role","source":[{"auth":[],"build_status_config":[],"buildspec":"version: 0.2\n\nphases:\n  install:\n    runtime-versions:\n      python: 3.9\n    commands:\n      - pip install boto3 sagemaker\n\n  build:\n    commands:\n      - echo \"Deploying SageMaker endpoint...\"\n      - |\n        python3 \u003c\u003c 'EOF'\n        import boto3\n        import json\n        import os\n        \n        sagemaker = boto3.client('sagemaker')\n        \n        # Get latest approved model\n        response = sagemaker.list_model_packages(\n            ModelPackageGroupName='house-price-model-group',\n            ModelApprovalStatus='Approved',\n            SortBy='CreationTime',\n            SortOrder='Descending',\n            MaxResults=1\n        )\n        \n        if response['ModelPackageSummaryList']:\n            model_package_arn = response['ModelPackageSummaryList'][0]['ModelPackageArn']\n            print(f\"Deploying model: {model_package_arn}\")\n            \n            # Create endpoint config\n            endpoint_config_name = f\"house-price-endpoint-config-{int(__import__('time').time())}\"\n            sagemaker.create_endpoint_config(\n                EndpointConfigName=endpoint_config_name,\n                ProductionVariants=[{\n                    'VariantName': 'primary',\n                    'ModelName': model_package_arn.split('/')[-1],\n                    'InitialInstanceCount': 1,\n                    'InstanceType': 'ml.t2.medium',\n                    'InitialVariantWeight': 1.0\n                }]\n            )\n            \n            # Create/update endpoint\n            endpoint_name = 'house-price-endpoint'\n            try:\n                sagemaker.update_endpoint(\n                    EndpointName=endpoint_name,\n                    EndpointConfigName=endpoint_config_name\n                )\n                print(f\"Updated endpoint: {endpoint_name}\")\n            except:\n                sagemaker.create_endpoint(\n                    EndpointName=endpoint_name,\n                    EndpointConfigName=endpoint_config_name\n                )\n                print(f\"Created endpoint: {endpoint_name}\")\n        else:\n            print(\"No approved models found\")\n        EOF\n\n  post_build:\n    commands:\n      - echo \"Deployment completed\"","git_clone_depth":0,"git_submodules_config":[],"insecure_ssl":false,"location":"","report_build_status":false,"type":"CODEPIPELINE"}],"source_version":"","tags":{},"tags_all":{},"vpc_config":[]},"after_unknown":{},"before_sensitive":{"artifacts":[{}],"build_batch_config":[],"cache":[{"modes":[]}],"environment":[{"environment_variable":[{}],"fleet":[],"registry_credential":[]}],"file_system_locations":[],"logs_config":[{"cloudwatch_logs":[{}],"s3_logs":[{}]}],"secondary_artifacts":[],"secondary_source_version":[],"secondary_sources":[],"source":[{"auth":[],"build_status_config":[],"git_submodules_config":[]}],"tags":{},"tags_all":{},"vpc_config":[]},"after_sensitive":{"artifacts":[{}],"build_batch_config":[],"cache":[{"modes":[]}],"environment":[{"environment_variable":[{}],"fleet":[],"registry_credential":[]}],"file_system_locations":[],"logs_config":[{"cloudwatch_logs":[{}],"s3_logs":[{}]}],"secondary_artifacts":[],"secondary_source_version":[],"secondary_sources":[],"source":[{"auth":[],"build_status_config":[],"git_submodules_config":[]}],"tags":{},"tags_all":{},"vpc_config":[]}}},{"address":"module.deployment_pipeline.aws_codepipeline.deployment_pipeline","module_address":"module.deployment_pipeline","mode":"managed","type":"aws_codepipeline","name":"deployment_pipeline","provider_name":"registry.terraform.io/hashicorp/aws","change":{"actions":["no-op"],"before":{"arn":"arn:aws:codepipeline:us-east-1:482227257362:house-price-deployment-pipeline","artifact_store":[{"encryption_key":[],"location":"house-price-codepipeline-artifacts-jv8fwgaa","region":"","type":"S3"}],"execution_mode":"SUPERSEDED","id":"house-price-deployment-pipeline","name":"house-price-deployment-pipeline","pipeline_type":"V1","role_arn":"arn:aws:iam::482227257362:role/house-price-codepipeline-role","stage":[{"action":[{"category":"Source","configuration":{"S3Bucket":"house-price-mlops-dev-itzi2hgi","S3ObjectKey":"deployment/source.zip"},"input_artifacts":[],"name":"Source","namespace":"","output_artifacts":["source_output"],"owner":"AWS","provider":"S3","region":"","role_arn":"","run_order":1,"timeout_in_minutes":0,"version":"1"}],"before_entry":[],"name":"Source","on_failure":[],"on_success":[]},{"action":[{"category":"Build","configuration":{"ProjectName":"house-price-deploy-model"},"input_artifacts":["source_output"],"name":"Deploy","namespace":"","output_artifacts":[],"owner":"AWS","provider":"CodeBuild","region":"","role_arn":"","run_order":1,"timeout_in_minutes":0,"version":"1"}],"before_entry":[],"name":"Deploy","on_failure":[],"on_success":[]}],"tags":{},"tags_all":{},"trigger":[],"trigger_all":[],"variable":[]},"after":{"arn":"arn:aws:codepipeline:us-east-1:482227257362:house-price-deployment-pipeline","artifact_store":[{"encryption_key":[],"location":"house-price-codepipeline-artifacts-jv8fwgaa","region":"","type":"S3"}],"execution_mode":"SUPERSEDED","id":"house-price-deployment-pipeline","name":"house-price-deployment-pipeline","pipeline_type":"V1","role_arn":"arn:aws:iam::482227257362:role/house-price-codepipeline-role","stage":[{"action":[{"category":"Source","configuration":{"S3Bucket":"house-price-mlops-dev-itzi2hgi","S3ObjectKey":"deployment/source.zip"},"input_artifacts":[],"name":"Source","namespace":"","output_artifacts":["source_output"],"owner":"AWS","provider":"S3","region":"","role_arn":"","run_order":1,"timeout_in_minutes":0,"version":"1"}],"before_entry":[],"name":"Source","on_failure":[],"on_success":[]},{"action":[{"category":"Build","configuration":{"ProjectName":"house-price-deploy-model"},"input_artifacts":["source_output"],"name":"Deploy","namespace":"","output_artifacts":[],"owner":"AWS","provider":"CodeBuild","region":"","role_arn":"","run_order":1,"timeout_in_minutes":0,"version":"1"}],"before_entry":[],"name":"Deploy","on_failure":[],"on_success":[]}],"tags":{},"tags_all":{},"trigger":[],"trigger_all":[],"variable":[]},"after_unknown":{},"before_sensitive":{"artifact_store":[{"encryption_key":[]}],"stage":[{"action":[{"configuration":{},"input_artifacts":[],"output_artifacts":[false]}],"before_entry":[],"on_failure":[],"on_success":[]},{"action":[{"configuration":{},"input_artifacts":[false],"output_artifacts":[]}],"before_entry":[],"on_failure":[],"on_success":[]}],"tags":{},"tags_all":{},"trigger":[],"trigger_all":[],"variable":[]},"after_sensitive":{"artifact_store":[{"encryption_key":[]}],"stage":[{"action":[{"configuration":{},"input_artifacts":[],"output_artifacts":[false]}],"before_entry":[],"on_failure":[],"on_success":[]},{"action":[{"configuration":{},"input_artifacts":[false],"output_artifacts":[]}],"before_entry":[],"on_failure":[],"on_success":[]}],"tags":{},"tags_all":{},"trigger":[],"trigger_all":[],"variable":[]}}},{"address":"module.deployment_pipeline.aws_iam_role.codebuild_role","module_address":"module.deployment_pipeline","mode":"managed","type":"aws_iam_role","name":"codebuild_role","provider_name":"registry.terraform.io/hashicorp/aws","change":{"actions":["no-op"],"before":{"arn":"arn:aws:iam::482227257362:role/house-price-codebuild-role","assume_role_policy":"{\"Statement\":[{\"Action\":\"sts:AssumeRole\",\"Effect\":\"Allow\",\"Principal\":{\"Service\":\"codebuild.amazonaws.com\"}}],\"Version\":\"2012-10-17\"}","create_date":"2025-11-01T17:34:48Z","description":"","force_detach_policies":false,"id":"house-price-codebuild-role","inline_policy":[{"name":"house-price-codebuild-policy","policy":"{\"Version\":\"2012-10-17\",\"Statement\":[{\"Action\":[\"logs:CreateLogGroup\",\"logs:CreateLogStream\",\"logs:PutLogEvents\"],\"Effect\":\"Allow\",\"Resource\":\"arn:aws:logs:*:*:*\"},{\"Action\":[\"s3:GetObject\",\"s3:PutObject\"],\"Effect\":\"Allow\",\"Resource\":[\"arn:aws:s3:::house-price-codepipeline-artifacts-jv8fwgaa/*\",\"arn:aws:s3:::house-price-mlops-dev-itzi2hgi/*\"]},{\"Action\":[\"sagemaker:ListModelPackages\",\"sagemaker:DescribeModelPackage\",\"sagemaker:CreateEndpointConfig\",\"sagemaker:CreateEndpoint\",\"sagemaker:UpdateEndpoint\",\"sagemaker:DescribeEndpoint\",\"sagemaker:DescribeModel\",\"sagemaker:CreateModel\"],\"Effect\":\"Allow\",\"Resource\":\"*\"},{\"Action\":[\"iam:PassRole\"],\"Effect\":\"Allow\",\"Resource\":\"arn:aws:iam::482227257362:role/house-price-sagemaker-execution-role\"}]}"}],"managed_policy_arns":[],"max_session_duration":3600,"name":"house-price-codebuild-role","name_prefix":"","path":"/","permissions_boundary":"","tags":{},"tags_all":{},"unique_id":"AROAXARX4AAJBBURIBGGT"},"after":{"arn":"arn:aws:iam::482227257362:role/house-price-codebuild-role","assume_role_policy":"{\"Statement\":[{\"Action\":\"sts:AssumeRole\",\"Effect\":\"Allow\",\"Principal\":{\"Service\":\"codebuild.amazonaws.com\"}}],\"Version\":\"2012-10-17\"}","create_date":"2025-11-01T17:34:48Z","description":"","force_detach_policies":false,"id":"house-price-codebuild-role","inline_policy":[{"name":"house-price-codebuild-policy","policy":"{\"Version\":\"2012-10-17\",\"Statement\":[{\"Action\":[\"logs:CreateLogGroup\",\"logs:CreateLogStream\",\"logs:PutLogEvents\"],\"Effect\":\"Allow\",\"Resource\":\"arn:aws:logs:*:*:*\"},{\"Action\":[\"s3:GetObject\",\"s3:PutObject\"],\"Effect\":\"Allow\",\"Resource\":[\"arn:aws:s3:::house-price-codepipeline-artifacts-jv8fwgaa/*\",\"arn:aws:s3:::house-price-mlops-dev-itzi2hgi/*\"]},{\"Action\":[\"sagemaker:ListModelPackages\",\"sagemaker:DescribeModelPackage\",\"sagemaker:CreateEndpointConfig\",\"sagemaker:CreateEndpoint\",\"sagemaker:UpdateEndpoint\",\"sagemaker:DescribeEndpoint\",\"sagemaker:DescribeModel\",\"sagemaker:CreateModel\"],\"Effect\":\"Allow\",\"Resource\":\"*\"},{\"Action\":[\"iam:PassRole\"],\"Effect\":\"Allow\",\"Resource\":\"arn:aws:iam::482227257362:role/house-price-sagemaker-execution-role\"}]}"}],"managed_policy_arns":[],"max_session_duration":3600,"name":"house-price-codebuild-role","name_prefix":"","path":"/","permissions_boundary":"","tags":{},"tags_all":{},"unique_id":"AROAXARX4AAJBBURIBGGT"},"after_unknown":{},"before_sensitive":{"inline_policy":[{}],"managed_policy_arns":[],"tags":{},"tags_all":{}},"after_sensitive":{"inline_policy":[{}],"managed_policy_arns":[],"tags":{},"tags_all":{}}}},{"address":"module.deployment_pipeline.aws_iam_role.codepipeline_role","module_address":"module.deployment_pipeline","mode":"managed","type":"aws_iam_role","name":"codepipeline_role","provider_name":"registry.terraform.io/hashicorp/aws","change":{"actions":["no-op"],"before":{"arn":"arn:aws:iam::482227257362:role/house-price-codepipeline-role","assume_role_policy":"{\"Statement\":[{\"Action\":\"sts:AssumeRole\",\"Effect\":\"Allow\",\"Principal\":{\"Service\":\"codepipeline.amazonaws.com\"}}],\"Version\":\"2012-10-17\"}","create_date":"2025-11-01T17:34:48Z","description":"","force_detach_policies":false,"id":"house-price-codepipeline-role","inline_policy":[{"name":"house-price-codepipeline-policy","policy":"{\"Version\":\"2012-10-17\",\"Statement\":[{\"Action\":[\"s3:GetBucketVersioning\",\"s3:GetObject\",\"s3:GetObjectVersion\",\"s3:PutObject\"],\"Effect\":\"Allow\",\"Resource\":[\"arn:aws:s3:::house-price-codepipeline-artifacts-jv8fwgaa\",\"arn:aws:s3:::house-price-codepipeline-artifacts-jv8fwgaa/*\",\"arn:aws:s3:::house-price-mlops-dev-itzi2hgi\",\"arn:aws:s3:::house-price-mlops-dev-itzi2hgi/*\"]},{\"Action\":[\"codebuild:BatchGetBuilds\",\"codebuild:StartBuild\"],\"Effect\":\"Allow\",\"Resource\":\"arn:aws:codebuild:us-east-1:482227257362:project/house-price-deploy-model\"}]}"}],"managed_policy_arns":[],"max_session_duration":3600,"name":"house-price-codepipeline-role","name_prefix":"","path":"/","permissions_boundary":"","tags":{},"tags_all":{},"unique_id":"AROAXARX4AAJFN7APWW4O"},"after":{"arn":"arn:aws:iam::482227257362:role/house-price-codepipeline-role","assume_role_policy":"{\"Statement\":[{\"Action\":\"sts:AssumeRole\",\"Effect\":\"Allow\",\"Principal\":{\"Service\":\"codepipeline.amazonaws.com\"}}],\"Version\":\"2012-10-17\"}","create_date":"2025-11-01T17:34:48Z","description":"","force_detach_policies":false,"id":"house-price-codepipeline-role","inline_policy":[{"name":"house-price-codepipeline-policy","policy":"{\"Version\":\"2012-10-17\",\"Statement\":[{\"Action\":[\"s3:GetBucketVersioning\",\"s3:GetObject\",\"s3:GetObjectVersion\",\"s3:PutObject\"],\"Effect\":\"Allow\",\"Resource\":[\"arn:aws:s3:::house-price-codepipeline-artifacts-jv8fwgaa\",\"arn:aws:s3:::house-price-codepipeline-artifacts-jv8fwgaa/*\",\"arn:aws:s3:::house-price-mlops-dev-itzi2hgi\",\"arn:aws:s3:::house-price-mlops-dev-itzi2hgi/*\"]},{\"Action\":[\"codebuild:BatchGetBuilds\",\"codebuild:StartBuild\"],\"Effect\":\"Allow\",\"Resource\":\"arn:aws:codebuild:us-east-1:482227257362:project/house-price-deploy-model\"}]}"}],"managed_policy_arns":[],"max_session_duration":3600,"name":"house-price-codepipeline-role","name_prefix":"","path":"/","permissions_boundary":"","tags":{},"tags_all":{},"unique_id":"AROAXARX4AAJFN7APWW4O"},"after_unknown":{},"before_sensitive":{"inline_policy":[{}],"managed_policy_arns":[],"tags":{},"tags_all":{}},"after_sensitive":{"inline_policy":[{}],"managed_policy_arns":[],"tags":{},"tags_all":{}}}},{"address":"module.deployment_pipeline.aws_iam_role.eventbridge_role","module_address":"module.deployment_pipeline","mode":"managed","type":"aws_iam_role","name":"eventbridge_role","provider_name":"registry.terraform.io/hashicorp/aws","change":{"actions":["no-op"],"before":{"arn":"arn:aws:iam::482227257362:role/house-price-eventbridge-role","assume_role_policy":"{\"Statement\":[{\"Action\":\"sts:AssumeRole\",\"Effect\":\"Allow\",\"Principal\":{\"Service\":\"events.amazonaws.com\"}}],\"Version\":\"2012-10-17\"}","create_date":"2025-11-01T17:34:48Z","description":"","force_detach_policies":false,"id":"house-price-eventbridge-role","inline_policy":[{"name":"house-price-eventbridge-policy","policy":"{\"Version\":\"2012-10-17\",\"Statement\":[{\"Action\":[\"codepipeline:StartPipelineExecution\"],\"Effect\":\"Allow\",\"Resource\":\"arn:aws:codepipeline:us-east-1:482227257362:house-price-deployment-pipeline\"}]}"}],"managed_policy_arns":[],"max_session_duration":3600,"name":"house-price-eventbridge-role","name_prefix":"","path":"/","permissions_boundary":"","tags":{},"tags_all":{},"unique_id":"AROAXARX4AAJNPELGDTVN"},"after":{"arn":"arn:aws:iam::482227257362:role/house-price-eventbridge-role","assume_role_policy":"{\"Statement\":[{\"Action\":\"sts:AssumeRole\",\"Effect\":\"Allow\",\"Principal\":{\"Service\":\"events.amazonaws.com\"}}],\"Version\":\"2012-10-17\"}","create_date":"2025-11-01T17:34:48Z","description":"","force_detach_policies":false,"id":"house-price-eventbridge-role","inline_policy":[{"name":"house-price-eventbridge-policy","policy":"{\"Version\":\"2012-10-17\",\"Statement\":[{\"Action\":[\"codepipeline:StartPipelineExecution\"],\"Effect\":\"Allow\",\"Resource\":\"arn:aws:codepipeline:us-east-1:482227257362:house-price-deployment-pipeline\"}]}"}],"managed_policy_arns":[],"max_session_duration":3600,"name":"house-price-eventbridge-role","name_prefix":"","path":"/","permissions_boundary":"","tags":{},"tags_all":{},"unique_id":"AROAXARX4AAJNPELGDTVN"},"after_unknown":{},"before_sensitive":{"inline_policy":[{}],"managed_policy_arns":[],"tags":{},"tags_all":{}},"after_sensitive":{"inline_policy":[{}],"managed_policy_arns":[],"tags":{},"tags_all":{}}}},{"address":"module.deployment_pipeline.aws_iam_role_policy.codebuild_policy","module_address":"module.deployment_pipeline","mode":"managed","type":"aws_iam_role_policy","name":"codebuild_policy","provider_name":"registry.terraform.io/hashicorp/aws","change":{"actions":["no-op"],"before":{"id":"house-price-codebuild-role:house-price-codebuild-policy","name":"house-price-codebuild-policy","name_prefix":"","policy":"{\"Version\":\"2012-10-17\",\"Statement\":[{\"Action\":[\"logs:CreateLogGroup\",\"logs:CreateLogStream\",\"logs:PutLogEvents\"],\"Effect\":\"Allow\",\"Resource\":\"arn:aws:logs:*:*:*\"},{\"Action\":[\"s3:GetObject\",\"s3:PutObject\"],\"Effect\":\"Allow\",\"Resource\":[\"arn:aws:s3:::house-price-codepipeline-artifacts-jv8fwgaa/*\",\"arn:aws:s3:::house-price-mlops-dev-itzi2hgi/*\"]},{\"Action\":[\"sagemaker:ListModelPackages\",\"sagemaker:DescribeModelPackage\",\"sagemaker:CreateEndpointConfig\",\"sagemaker:CreateEndpoint\",\"sagemaker:UpdateEndpoint\",\"sagemaker:DescribeEndpoint\",\"sagemaker:DescribeModel\",\"sagemaker:CreateModel\"],\"Effect\":\"Allow\",\"Resource\":\"*\"},{\"Action\":[\"iam:PassRole\"],\"Effect\":\"Allow\",\"Resource\":\"arn:aws:iam::482227257362:role/house-price-sagemaker-execution-role\"}]}","role":"house-price-codebuild-role"},"after":{"id":"house-price-codebuild-role:house-price-codebuild-policy","name":"house-price-codebuild-policy","name_prefix":"","policy":"{\"Version\":\"2012-10-17\",\"Statement\":[{\"Action\":[\"logs:CreateLogGroup\",\"logs:CreateLogStream\",\"logs:PutLogEvents\"],\"Effect\":\"Allow\",\"Resource\":\"arn:aws:logs:*:*:*\"},{\"Action\":[\"s3:GetObject\",\"s3:PutObject\"],\"Effect\":\"Allow\",\"Resource\":[\"arn:aws:s3:::house-price-codepipeline-artifacts-jv8fwgaa/*\",\"arn:aws:s3:::house-price-mlops-dev-itzi2hgi/*\"]},{\"Action\":[\"sagemaker:ListModelPackages\",\"sagemaker:DescribeModelPackage\",\"sagemaker:CreateEndpointConfig\",\"sagemaker:CreateEndpoint\",\"sagemaker:UpdateEndpoint\",\"sagemaker:DescribeEndpoint\",\"sagemaker:DescribeModel\",\"sagemaker:CreateModel\"],\"Effect\":\"Allow\",\"Resource\":\"*\"},{\"Action\":[\"iam:PassRole\"],\"Effect\":\"Allow\",\"Resource\":\"arn:aws:iam::482227257362:role/house-price-sagemaker-execution-role\"}]}","role":"house-price-codebuild-role"},"after_unknown":{},"before_sensitive":{},"after_sensitive":{}}},{"address":"module.deployment_pipeline.aws_iam_role_policy.codepipeline_policy","module_address":"module.deployment_pipeline","mode":"managed","type":"aws_iam_role_policy","name":"codepipeline_policy","provider_name":"registry.terraform.io/hashicorp/aws","change":{"actions":["no-op"],"before":{"id":"house-price-codepipeline-role:house-price-codepipeline-policy","name":"house-price-codepipeline-policy","name_prefix":"","policy":"{\"Version\":\"2012-10-17\",\"Statement\":[{\"Action\":[\"s3:GetBucketVersioning\",\"s3:GetObject\",\"s3:GetObjectVersion\",\"s3:PutObject\"],\"Effect\":\"Allow\",\"Resource\":[\"arn:aws:s3:::house-price-codepipeline-artifacts-jv8fwgaa\",\"arn:aws:s3:::house-price-codepipeline-artifacts-jv8fwgaa/*\",\"arn:aws:s3:::house-price-mlops-dev-itzi2hgi\",\"arn:aws:s3:::house-price-mlops-dev-itzi2hgi/*\"]},{\"Action\":[\"codebuild:BatchGetBuilds\",\"codebuild:StartBuild\"],\"Effect\":\"Allow\",\"Resource\":\"arn:aws:codebuild:us-east-1:482227257362:project/house-price-deploy-model\"}]}","role":"house-price-codepipeline-role"},"after":{"id":"house-price-codepipeline-role:house-price-codepipeline-policy","name":"house-price-codepipeline-policy","name_prefix":"","policy":"{\"Version\":\"2012-10-17\",\"Statement\":[{\"Action\":[\"s3:GetBucketVersioning\",\"s3:GetObject\",\"s3:GetObjectVersion\",\"s3:PutObject\"],\"Effect\":\"Allow\",\"Resource\":[\"arn:aws:s3:::house-price-codepipeline-artifacts-jv8fwgaa\",\"arn:aws:s3:::house-price-codepipeline-artifacts-jv8fwgaa/*\",\"arn:aws:s3:::house-price-mlops-dev-itzi2hgi\",\"arn:aws:s3:::house-price-mlops-dev-itzi2hgi/*\"]},{\"Action\":[\"codebuild:BatchGetBuilds\",\"codebuild:StartBuild\"],\"Effect\":\"Allow\",\"Resource\":\"arn:aws:codebuild:us-east-1:482227257362:project/house-price-deploy-model\"}]}","role":"house-price-codepipeline-role"},"after_unknown":{},"before_sensitive":{},"after_sensitive":{}}},{"address":"module.deployment_pipeline.aws_iam_role_policy.eventbridge_policy","module_address":"module.deployment_pipeline","mode":"managed","type":"aws_iam_role_policy","name":"eventbridge_policy","provider_name":"registry.terraform.io/hashicorp/aws","change":{"actions":["no-op"],"before":{"id":"house-price-eventbridge-role:house-price-eventbridge-policy","name":"house-price-eventbridge-policy","name_prefix":"","policy":"{\"Version\":\"2012-10-17\",\"Statement\":[{\"Action\":[\"codepipeline:StartPipelineExecution\"],\"Effect\":\"Allow\",\"Resource\":\"arn:aws:codepipeline:us-east-1:482227257362:house-price-deployment-pipeline\"}]}","role":"house-price-eventbridge-role"},"after":{"id":"house-price-eventbridge-role:house-price-eventbridge-policy","name":"house-price-eventbridge-policy","name_prefix":"","policy":"{\"Version\":\"2012-10-17\",\"Statement\":[{\"Action\":[\"codepipeline:StartPipelineExecution\"],\"Effect\":\"Allow\",\"Resource\":\"arn:aws:codepipeline:us-east-1:482227257362:house-price-deployment-pipeline\"}]}","role":"house-price-eventbridge-role"},"after_unknown":{},"before_sensitive":{},"after_sensitive":{}}},{"address":"module.deployment_pipeline.aws_s3_bucket.codepipeline_artifacts","module_address":"module.deployment_pipeline","mode":"managed","type":"aws_s3_bucket","name":"codepipeline_artifacts","provider_name":"registry.terraform.io/hashicorp/aws","change":{"actions":["no-op"],"before":{"acceleration_status":"","acl":null,"arn":"arn:aws:s3:::house-price-codepipeline-artifacts-jv8fwgaa","bucket":"house-price-codepipeline-artifacts-jv8fwgaa","bucket_domain_name":"house-price-codepipeline-artifacts-jv8fwgaa.s3.amazonaws.com","bucket_prefix":"","bucket_regional_domain_name":"house-price-codepipeline-artifacts-jv8fwgaa.s3.us-east-1.amazonaws.com","cors_rule":[],"force_destroy":false,"grant":[{"id":"ef87ba17deed0f812283592f1d2ece4bb8e3f721c5f04931abd116d5bf1e671b","permissions":["FULL_CONTROL"],"type":"CanonicalUser","uri":""}],"hosted_zone_id":"Z3AQBSTGFYJSTF","id":"house-price-codepipeline-artifacts-jv8fwgaa","lifecycle_rule":[],"logging":[],"object_lock_configuration":[],"object_lock_enabled":false,"policy":"","region":"us-east-1","replication_configuration":[],"request_payer":"BucketOwner","server_side_encryption_configuration":[{"rule":[{"apply_server_side_encryption_by_default":[{"kms_master_key_id":"","sse_algorithm":"AES256"}],"bucket_key_enabled":false}]}],"tags":{},"tags_all":{},"timeouts":null,"versioning":[{"enabled":false,"mfa_delete":false}],"website":[],"website_domain":null,"website_endpoint":null},"after":{"acceleration_status":"","acl":null,"arn":"arn:aws:s3:::house-price-codepipeline-artifacts-jv8fwgaa","bucket":"house-price-codepipeline-artifacts-jv8fwgaa","bucket_domain_name":"house-price-codepipeline-artifacts-jv8fwgaa.s3.amazonaws.com","bucket_prefix":"","bucket_regional_domain_name":"house-price-codepipeline-artifacts-jv8fwgaa.s3.us-east-1.amazonaws.com","cors_rule":[],"force_destroy":false,"grant":[{"id":"ef87ba17deed0f812283592f1d2ece4bb8e3f721c5f04931abd116d5bf1e671b","permissions":["FULL_CONTROL"],"type":"CanonicalUser","uri":""}],"hosted_zone_id":"Z3AQBSTGFYJSTF","id":"house-price-codepipeline-artifacts-jv8fwgaa","lifecycle_rule":[],"logging":[],"object_lock_configuration":[],"object_lock_enabled":false,"policy":"","region":"us-east-1","replication_configuration":[],"request_payer":"BucketOwner","server_side_encryption_configuration":[{"rule":[{"apply_server_side_encryption_by_default":[{"kms_master_key_id":"","sse_algorithm":"AES256"}],"bucket_key_enabled":false}]}],"tags":{},"tags_all":{},"timeouts":null,"versioning":[{"enabled":false,"mfa_delete":false}],"website":[],"website_domain":null,"website_endpoint":null},"after_unknown":{},"before_sensitive":{"cors_rule":[],"grant":[{"permissions":[false]}],"lifecycle_rule":[],"logging":[],"object_lock_configuration":[],"replication_configuration":[],"server_side_encryption_configuration":[{"rule":[{"apply_server_side_encryption_by_default":[{}]}]}],"tags":{},"tags_all":{},"versioning":[{}],"website":[]},"after_sensitive":{"cors_rule":[],"grant":[{"permissions":[false]}],"lifecycle_rule":[],"logging":[],"object_lock_configuration":[],"replication_configuration":[],"server_side_encryption_configuration":[{"rule":[{"apply_server_side_encryption_by_default":[{}]}]}],"tags":{},"tags_all":{},"versioning":[{}],"website":[]}}},{"address":"module.deployment_pipeline.aws_s3_bucket_server_side_encryption_configuration.codepipeline_encryption","module_address":"module.deployment_pipeline","mode":"managed","type":"aws_s3_bucket_server_side_encryption_configuration","name":"codepipeline_encryption","provider_name":"registry.terraform.io/hashicorp/aws","change":{"actions":["no-op"],"before":{"bucket":"house-price-codepipeline-artifacts-jv8fwgaa","expected_bucket_owner":"","id":"house-price-codepipeline-artifacts-jv8fwgaa","rule":[{"apply_server_side_encryption_by_default":[{"kms_master_key_id":"","sse_algorithm":"AES256"}],"bucket_key_enabled":false}]},"after":{"bucket":"house-price-codepipeline-artifacts-jv8fwgaa","expected_bucket_owner":"","id":"house-price-codepipeline-artifacts-jv8fwgaa","rule":[{"apply_server_side_encryption_by_default":[{"kms_master_key_id":"","sse_algorithm":"AES256"}],"bucket_key_enabled":false}]},"after_unknown":{},"before_sensitive":{"rule":[{"apply_server_side_encryption_by_default":[{}]}]},"after_sensitive":{"rule":[{"apply_server_side_encryption_by_default":[{}]}]}}},{"address":"module.deployment_pipeline.random_string.suffix","module_address":"module.deployment_pipeline","mode":"managed","type":"random_string","name":"suffix","provider_name":"registry.terraform.io/hashicorp/random","change":{"actions":["no-op"],"before":{"id":"jv8fwgaa","keepers":null,"length":8,"lower":true,"min_lower":0,"min_numeric":0,"min_special":0,"min_upper":0,"number":true,"numeric":true,"override_special":null,"result":"jv8fwgaa","special":false,"upper":false},"after":{"id":"jv8fwgaa","keepers":null,"length":8,"lower":true,"min_lower":0,"min_numeric":0,"min_special":0,"min_upper":0,"number":true,"numeric":true,"override_special":null,"result":"jv8fwgaa","special":false,"upper":false},"after_unknown":{},"before_sensitive":{},"after_sensitive":{}}},{"address":"module.ecr.aws_ecr_lifecycle_policy.data_processing_policy","module_address":"module.ecr","mode":"managed","type":"aws_ecr_lifecycle_policy","name":"data_processing_policy","provider_name":"registry.terraform.io/hashicorp/aws","change":{"actions":["no-op"],"before":{"id":"data-processing","policy":"{\"rules\":[{\"action\":{\"type\":\"expire\"},\"description\":\"Keep last 5 images\",\"rulePriority\":1,\"selection\":{\"countNumber\":5,\"countType\":\"imageCountMoreThan\",\"tagPrefixList\":[\"latest\"],\"tagStatus\":\"tagged\"}}]}","registry_id":"482227257362","repository":"data-processing"},"after":{"id":"data-processing","policy":"{\"rules\":[{\"action\":{\"type\":\"expire\"},\"description\":\"Keep last 5 images\",\"rulePriority\":1,\"selection\":{\"countNumber\":5,\"countType\":\"imageCountMoreThan\",\"tagPrefixList\":[\"latest\"],\"tagStatus\":\"tagged\"}}]}","registry_id":"482227257362","repository":"data-processing"},"after_unknown":{},"before_sensitive":{},"after_sensitive":{}}},{"address":"module.ecr.aws_ecr_lifecycle_policy.evaluation_policy","module_address":"module.ecr","mode":"managed","type":"aws_ecr_lifecycle_policy","name":"evaluation_policy","provider_name":"registry.terraform.io/hashicorp/aws","change":{"actions":["no-op"],"before":{"id":"evaluation","policy":"{\"rules\":[{\"action\":{\"type\":\"expire\"},\"description\":\"Keep last 5 images\",\"rulePriority\":1,\"selection\":{\"countNumber\":5,\"countType\":\"imageCountMoreThan\",\"tagPrefixList\":[\"latest\"],\"tagStatus\":\"tagged\"}}]}","registry_id":"482227257362","repository":"evaluation"},"after":{"id":"evaluation","policy":"{\"rules\":[{\"action\":{\"type\":\"expire\"},\"description\":\"Keep last 5 images\",\"rulePriority\":1,\"selection\":{\"countNumber\":5,\"countType\":\"imageCountMoreThan\",\"tagPrefixList\":[\"latest\"],\"tagStatus\":\"tagged\"}}]}","registry_id":"482227257362","repository":"evaluation"},"after_unknown":{},"before_sensitive":{},"after_sensitive":{}}},{"address":"module.ecr.aws_ecr_lifecycle_policy.feature_engineering_policy","module_address":"module.ecr","mode":"managed","type":"aws_ecr_lifecycle_policy","name":"feature_engineering_policy","provider_name":"registry.terraform.io/hashicorp/aws","change":{"actions":["no-op"],"before":{"id":"feature-engineering","policy":"{\"rules\":[{\"action\":{\"type\":\"expire\"},\"description\":\"Keep last 5 images\",\"rulePriority\":1,\"selection\":{\"countNumber\":5,\"countType\":\"imageCountMoreThan\",\"tagPrefixList\":[\"latest\"],\"tagStatus\":\"tagged\"}}]}","registry_id":"482227257362","repository":"feature-engineering"},"after":{"id":"feature-engineering","policy":"{\"rules\":[{\"action\":{\"type\":\"expire\"},\"description\":\"Keep last 5 images\",\"rulePriority\":1,\"selection\":{\"countNumber\":5,\"countType\":\"imageCountMoreThan\",\"tagPrefixList\":[\"latest\"],\"tagStatus\":\"tagged\"}}]}","registry_id":"482227257362","repository":"feature-engineering"},"after_unknown":{},"before_sensitive":{},"after_sensitive":{}}},{"address":"module.ecr.aws_ecr_lifecycle_policy.model_registration_policy","module_address":"module.ecr","mode":"managed","type":"aws_ecr_lifecycle_policy","name":"model_registration_policy","provider_name":"registry.terraform.io/hashicorp/aws","change":{"actions":["no-op"],"before":{"id":"model-registration","policy":"{\"rules\":[{\"action\":{\"type\":\"expire\"},\"description\":\"Keep last 10 images\",\"rulePriority\":1,\"selection\":{\"countNumber\":10,\"countType\":\"imageCountMoreThan\",\"tagPrefixList\":[\"latest\"],\"tagStatus\":\"tagged\"}}]}","registry_id":"482227257362","repository":"model-registration"},"after":{"id":"model-registration","policy":"{\"rules\":[{\"action\":{\"type\":\"expire\"},\"description\":\"Keep last 10 images\",\"rulePriority\":1,\"selection\":{\"countNumber\":10,\"countType\":\"imageCountMoreThan\",\"tagPrefixList\":[\"latest\"],\"tagStatus\":\"tagged\"}}]}","registry_id":"482227257362","repository":"model-registration"},"after_unknown":{},"before_sensitive":{},"after_sensitive":{}}},{"address":"module.ecr.aws_ecr_lifecycle_policy.training_policy","module_address":"module.ecr","mode":"managed","type":"aws_ecr_lifecycle_policy","name":"training_policy","provider_name":"registry.terraform.io/hashicorp/aws","change":{"actions":["no-op"],"before":{"id":"training","policy":"{\"rules\":[{\"action\":{\"type\":\"expire\"},\"description\":\"Keep last 5 images\",\"rulePriority\":1,\"selection\":{\"countNumber\":5,\"countType\":\"imageCountMoreThan\",\"tagPrefixList\":[\"latest\"],\"tagStatus\":\"tagged\"}}]}","registry_id":"482227257362","repository":"training"},"after":{"id":"training","policy":"{\"rules\":[{\"action\":{\"type\":\"expire\"},\"description\":\"Keep last 5 images\",\"rulePriority\":1,\"selection\":{\"countNumber\":5,\"countType\":\"imageCountMoreThan\",\"tagPrefixList\":[\"latest\"],\"tagStatus\":\"tagged\"}}]}","registry_id":"482227257362","repository":"training"},"after_unknown":{},"before_sensitive":{},"after_sensitive":{}}},{"address":"module.ecr.aws_ecr_repository.data_processing","module_address":"module.ecr","mode":"managed","type":"aws_ecr_repository","name":"data_processing","provider_name":"registry.terraform.io/hashicorp/aws","change":{"actions":["no-op"],"before":{"arn":"arn:aws:ecr:us-east-1:482227257362:repository/data-processing","encryption_configuration":[{"encryption_type":"AES256","kms_key":""}],"force_delete":null,"id":"data-processing","image_scanning_configuration":[{"scan_on_push":true}],"image_tag_mutability":"MUTABLE","name":"data-processing","registry_id":"482227257362","repository_url":"482227257362.dkr.ecr.us-east-1.amazonaws.com/data-processing","tags":{"Environment":"dev","Name":"house-price-data-processing","Purpose":"MLOps-Data-Processing"},"tags_all":{"Environment":"dev","Name":"house-price-data-processing","Purpose":"MLOps-Data-Processing"},"timeouts":null},"after":{"arn":"arn:aws:ecr:us-east-1:482227257362:repository/data-processing","encryption_configuration":[{"encryption_type":"AES256","kms_key":""}],"force_delete":null,"id":"data-processing","image_scanning_configuration":[{"scan_on_push":true}],"image_tag_mutability":"MUTABLE","name":"data-processing","registry_id":"482227257362","repository_url":"482227257362.dkr.ecr.us-east-1.amazonaws.com/data-processing","tags":{"Environment":"dev","Name":"house-price-data-processing","Purpose":"MLOps-Data-Processing"},"tags_all":{"Environment":"dev","Name":"house-price-data-processing","Purpose":"MLOps-Data-Processing"},"timeouts":null},"after_unknown":{},"before_sensitive":{"encryption_configuration":[{}],"image_scanning_configuration":[{}],"tags":{},"tags_all":{}},"after_sensitive":{"encryption_configuration":[{}],"image_scanning_configuration":[{}],"tags":{},"tags_all":{}}}},{"address":"module.ecr.aws_ecr_repository.evaluation","module_address":"module.ecr","mode":"managed","type":"aws_ecr_repository","name":"evaluation","provider_name":"registry.terraform.io/hashicorp/aws","change":{"actions":["no-op"],"before":{"arn":"arn:aws:ecr:us-east-1:482227257362:repository/evaluation","encryption_configuration":[{"encryption_type":"AES256","kms_key":""}],"force_delete":null,"id":"evaluation","image_scanning_configuration":[{"scan_on_push":true}],"image_tag_mutability":"MUTABLE","name":"evaluation","registry_id":"482227257362","repository_url":"482227257362.dkr.ecr.us-east-1.amazonaws.com/evaluation","tags":{"Environment":"dev","Name":"house-price-evaluation","Purpose":"MLOps-Evaluation"},"tags_all":{"Environment":"dev","Name":"house-price-evaluation","Purpose":"MLOps-Evaluation"},"timeouts":null},"after":{"arn":"arn:aws:ecr:us-east-1:482227257362:repository/evaluation","encryption_configuration":[{"encryption_type":"AES256","kms_key":""}],"force_delete":null,"id":"evaluation","image_scanning_configuration":[{"scan_on_push":true}],"image_tag_mutability":"MUTABLE","name":"evaluation","registry_id":"482227257362","repository_url":"482227257362.dkr.ecr.us-east-1.amazonaws.com/evaluation","tags":{"Environment":"dev","Name":"house-price-evaluation","Purpose":"MLOps-Evaluation"},"tags_all":{"Environment":"dev","Name":"house-price-evaluation","Purpose":"MLOps-Evaluation"},"timeouts":null},"after_unknown":{},"before_sensitive":{"encryption_configuration":[{}],"image_scanning_configuration":[{}],"tags":{},"tags_all":{}},"after_sensitive":{"encryption_configuration":[{}],"image_scanning_configuration":[{}],"tags":{},"tags_all":{}}}},{"address":"module.ecr.aws_ecr_repository.feature_engineering","module_address":"module.ecr","mode":"managed","type":"aws_ecr_repository","name":"feature_engineering","provider_name":"registry.terraform.io/hashicorp/aws","change":{"actions":["no-op"],"before":{"arn":"arn:aws:ecr:us-east-1:482227257362:repository/feature-engineering","encryption_configuration":[{"encryption_type":"AES256","kms_key":""}],"force_delete":null,"id":"feature-engineering","image_scanning_configuration":[{"scan_on_push":true}],"image_tag_mutability":"MUTABLE","name":"feature-engineering","registry_id":"482227257362","repository_url":"482227257362.dkr.ecr.us-east-1.amazonaws.com/feature-engineering","tags":{"Environment":"dev","Name":"house-price-feature-engineering","Purpose":"MLOps-Feature-Engineering"},"tags_all":{"Environment":"dev","Name":"house-price-feature-engineering","Purpose":"MLOps-Feature-Engineering"},"timeouts":null},"after":{"arn":"arn:aws:ecr:us-east-1:482227257362:repository/feature-engineering","encryption_configuration":[{"encryption_type":"AES256","kms_key":""}],"force_delete":null,"id":"feature-engineering","image_scanning_configuration":[{"scan_on_push":true}],"image_tag_mutability":"MUTABLE","name":"feature-engineering","registry_id":"482227257362","repository_url":"482227257362.dkr.ecr.us-east-1.amazonaws.com/feature-engineering","tags":{"Environment":"dev","Name":"house-price-feature-engineering","Purpose":"MLOps-Feature-Engineering"},"tags_all":{"Environment":"dev","Name":"house-price-feature-engineering","Purpose":"MLOps-Feature-Engineering"},"timeouts":null},"after_unknown":{},"before_sensitive":{"encryption_configuration":[{}],"image_scanning_configuration":[{}],"tags":{},"tags_all":{}},"after_sensitive":{"encryption_configuration":[{}],"image_scanning_configuration":[{}],"tags":{},"tags_all":{}}}},{"address":"module.ecr.aws_ecr_repository.model_registration","module_address":"module.ecr","mode":"managed","type":"aws_ecr_repository","name":"model_registration","provider_name":"registry.terraform.io/hashicorp/aws","change":{"actions":["no-op"],"before":{"arn":"arn:aws:ecr:us-east-1:482227257362:repository/model-registration","encryption_configuration":[{"encryption_type":"AES256","kms_key":""}],"force_delete":null,"id":"model-registration","image_scanning_configuration":[{"scan_on_push":true}],"image_tag_mutability":"MUTABLE","name":"model-registration","registry_id":"482227257362","repository_url":"482227257362.dkr.ecr.us-east-1.amazonaws.com/model-registration","tags":{"Environment":"dev","Name":"house-price-model-registration","Purpose":"MLOps-Model-Registration"},"tags_all":{"Environment":"dev","Name":"house-price-model-registration","Purpose":"MLOps-Model-Registration"},"timeouts":null},"after":{"arn":"arn:aws:ecr:us-east-1:482227257362:repository/model-registration","encryption_configuration":[{"encryption_type":"AES256","kms_key":""}],"force_delete":null,"id":"model-registration","image_scanning_configuration":[{"scan_on_push":true}],"image_tag_mutability":"MUTABLE","name":"model-registration","registry_id":"482227257362","repository_url":"482227257362.dkr.ecr.us-east-1.amazonaws.com/model-registration","tags":{"Environment":"dev","Name":"house-price-model-registration","Purpose":"MLOps-Model-Registration"},"tags_all":{"Environment":"dev","Name":"house-price-model-registration","Purpose":"MLOps-Model-Registration"},"timeouts":null},"after_unknown":{},"before_sensitive":{"encryption_configuration":[{}],"image_scanning_configuration":[{}],"tags":{},"tags_all":{}},"after_sensitive":{"encryption_configuration":[{}],"image_scanning_configuration":[{}],"tags":{},"tags_all":{}}}},{"address":"module.ecr.aws_ecr_repository.training","module_address":"module.ecr","mode":"managed","type":"aws_ecr_repository","name":"training","provider_name":"registry.terraform.io/hashicorp/aws","change":{"actions":["no-op"],"before":{"arn":"arn:aws:ecr:us-east-1:482227257362:repository/training","encryption_configuration":[{"encryption_type":"AES256","kms_key":""}],"force_delete":null,"id":"training","image_scanning_configuration":[{"scan_on_push":true}],"image_tag_mutability":"MUTABLE","name":"training","registry_id":"482227257362","repository_url":"482227257362.dkr.ecr.us-east-1.amazonaws.com/training","tags":{"Environment":"dev","Name":"house-price-training","Purpose":"MLOps-Training"},"tags_all":{"Environment":"dev","Name":"house-price-training","Purpose":"MLOps-Training"},"timeouts":null},"after":{"arn":"arn:aws:ecr:us-east-1:482227257362:repository/training","encryption_configuration":[{"encryption_type":"AES256","kms_key":""}],"force_delete":null,"id":"training","image_scanning_configuration":[{"scan_on_push":true}],"image_tag_mutability":"MUTABLE","name":"training","registry_id":"482227257362","repository_url":"482227257362.dkr.ecr.us-east-1.amazonaws.com/training","tags":{"Environment":"dev","Name":"house-price-training","Purpose":"MLOps-Training"},"tags_all":{"Environment":"dev","Name":"house-price-training","Purpose":"MLOps-Training"},"timeouts":null},"after_unknown":{},"before_sensitive":{"encryption_configuration":[{}],"image_scanning_configuration":[{}],"tags":{},"tags_all":{}},"after_sensitive":{"encryption_configuration":[{}],"image_scanning_configuration":[{}],"tags":{},"tags_all":{}}}},{"address":"module.eks.data.tls_certificate.cluster","module_address":"module.eks","mode":"data","type":"tls_certificate","name":"cluster","provider_name":"registry.terraform.io/hashicorp/tls","change":{"actions":["read"],"before":null,"after":{"content":null,"verify_chain":null},"after_unknown":{"certificates":true,"id":true,"url":true},"before_sensitive":false,"after_sensitive":{"certificates":[]}},"action_reason":"read_because_config_unknown"},{"address":"module.eks.aws_eks_cluster.cluster","module_address":"module.eks","mode":"managed","type":"aws_eks_cluster","name":"cluster","provider_name":"registry.terraform.io/hashicorp/aws","change":{"actions":["create"],"before":null,"after":{"bootstrap_self_managed_addons":true,"compute_config":[],"enabled_cluster_log_types":["api","audit","authenticator","controllerManager","scheduler"],"encryption_config":[],"force_update_version":null,"name":"house-price-jupyterhub-cluster","outpost_config":[],"remote_network_config":[],"storage_config":[],"tags":{"Environment":"dev","Project":"house-price","Purpose":"jupyterhub-platform"},"tags_all":{"Environment":"dev","Project":"house-price","Purpose":"jupyterhub-platform"},"timeouts":null,"version":"1.29","vpc_config":[{"endpoint_private_access":true,"endpoint_public_access":true,"public_access_cidrs":["0.0.0.0/0"],"security_group_ids":null,"subnet_ids":["subnet-02f04ba7c1bbbf72f","subnet-0549136184302920c","subnet-08ae0c2b4723f5d9d","subnet-0c092dfafe0a2b4b2"]}],"zonal_shift_config":[]},"after_unknown":{"access_config":true,"arn":true,"certificate_authority":true,"cluster_id":true,"compute_config":[],"created_at":true,"enabled_cluster_log_types":[false,false,false,false,false],"encryption_config":[],"endpoint":true,"id":true,"identity":true,"kubernetes_network_config":true,"outpost_config":[],"platform_version":true,"remote_network_config":[],"role_arn":true,"status":true,"storage_config":[],"tags":{},"tags_all":{},"upgrade_policy":true,"vpc_config":[{"cluster_security_group_id":true,"public_access_cidrs":[false],"subnet_ids":[false,false,false,false],"vpc_id":true}],"zonal_shift_config":[]},"before_sensitive":false,"after_sensitive":{"access_config":[],"certificate_authority":[],"compute_config":[],"enabled_cluster_log_types":[false,false,false,false,false],"encryption_config":[],"identity":[],"kubernetes_network_config":[],"outpost_config":[],"remote_network_config":[],"storage_config":[],"tags":{},"tags_all":{},"upgrade_policy":[],"vpc_config":[{"public_access_cidrs":[false],"subnet_ids":[false,false,false,false]}],"zonal_shift_config":[]}}},{"address":"module.eks.aws_eks_node_group.node_group","module_address":"module.eks","mode":"managed","type":"aws_eks_node_group","name":"node_group","provider_name":"registry.terraform.io/hashicorp/aws","change":{"actions":["create"],"before":null,"after":{"ami_type":"AL2_x86_64","capacity_type":"ON_DEMAND","cluster_name":"house-price-jupyterhub-cluster","disk_size":20,"force_update_version":null,"instance_types":["t3.medium"],"labels":null,"launch_template":[],"node_group_name":"house-price-jupyterhub-cluster-nodes","remote_access":[],"scaling_config":[{"desired_size":2,"max_size":4,"min_size":1}],"subnet_ids":["subnet-02f04ba7c1bbbf72f","subnet-0549136184302920c","subnet-08ae0c2b4723f5d9d","subnet-0c092dfafe0a2b4b2"],"tags":{"Environment":"dev","Project":"house-price","Purpose":"jupyterhub-platform"},"tags_all":{"Environment":"dev","Project":"house-price","Purpose":"jupyterhub-platform"},"taint":[],"timeouts":null,"update_config":[{"max_unavailable":1,"max_unavailable_percentage":null}]},"after_unknown":{"arn":true,"id":true,"instance_types":[false],"launch_template":[],"node_group_name_prefix":true,"node_repair_config":true,"node_role_arn":true,"release_version":true,"remote_access":[],"resources":true,"scaling_config":[{}],"status":true,"subnet_ids":[false,false,false,false],"tags":{},"tags_all":{},"taint":[],"update_config":[{}],"version":true},"before_sensitive":false,"after_sensitive":{"instance_types":[false],"launch_template":[],"node_repair_config":[],"remote_access":[],"resources":[],"scaling_config":[{}],"subnet_ids":[false,false,false,false],"tags":{},"tags_all":{},"taint":[],"update_config":[{}]}}},{"address":"module.eks.aws_iam_openid_connect_provider.cluster","module_address":"module.eks","mode":"managed","type":"aws_iam_openid_connect_provider","name":"cluster","provider_name":"registry.terraform.io/hashicorp/aws","change":{"actions":["create"],"before":null,"after":{"client_id_list":["sts.amazonaws.com"],"tags":{"Environment":"dev","Project":"house-price","Purpose":"jupyterhub-platform"},"tags_all":{"Environment":"dev","Project":"house-price","Purpose":"jupyterhub-platform"}},"after_unknown":{"arn":true,"client_id_list":[false],"id":true,"tags":{},"tags_all":{},"thumbprint_list":true,"url":true},"before_sensitive":false,"after_sensitive":{"client_id_list":[false],"tags":{},"tags_all":{},"thumbprint_list":[]}}},{"address":"module.eks.aws_iam_role.eks_cluster_role","module_address":"module.eks","mode":"managed","type":"aws_iam_role","name":"eks_cluster_role","provider_name":"registry.terraform.io/hashicorp/aws","change":{"actions":["create"],"before":null,"after":{"assume_role_policy":"{\"Statement\":[{\"Action\":\"sts:AssumeRole\",\"Effect\":\"Allow\",\"Principal\":{\"Service\":\"eks.amazonaws.com\"}}],\"Version\":\"2012-10-17\"}","description":null,"force_detach_policies":false,"max_session_duration":3600,"name":"house-price-jupyterhub-cluster-cluster-role","path":"/","permissions_boundary":null,"tags":null},"after_unknown":{"arn":true,"create_date":true,"id":true,"inline_policy":true,"managed_policy_arns":true,"name_prefix":true,"tags_all":true,"unique_id":true},"before_sensitive":false,"after_sensitive":{"inline_policy":[],"managed_policy_arns":[],"tags_all":{}}}},{"address":"module.eks.aws_iam_role.node_group_role","module_address":"module.eks","mode":"managed","type":"aws_iam_role","name":"node_group_role","provider_name":"registry.terraform.io/hashicorp/aws","change":{"actions":["create"],"before":null,"after":{"assume_role_policy":"{\"Statement\":[{\"Action\":\"sts:AssumeRole\",\"Effect\":\"Allow\",\"Principal\":{\"Service\":\"ec2.amazonaws.com\"}}],\"Version\":\"2012-10-17\"}","description":null,"force_detach_policies":false,"max_session_duration":3600,"name":"house-price-jupyterhub-cluster-node-group-role","path":"/","permissions_boundary":null,"tags":null},"after_unknown":{"arn":true,"create_date":true,"id":true,"inline_policy":true,"managed_policy_arns":true,"name_prefix":true,"tags_all":true,"unique_id":true},"before_sensitive":false,"after_sensitive":{"inline_policy":[],"managed_policy_arns":[],"tags_all":{}}}},{"address":"module.eks.aws_iam_role_policy_attachment.eks_cluster_policy","module_address":"module.eks","mode":"managed","type":"aws_iam_role_policy_attachment","name":"eks_cluster_policy","provider_name":"registry.terraform.io/hashicorp/aws","change":{"actions":["create"],"before":null,"after":{"policy_arn":"arn:aws:iam::aws:policy/AmazonEKSClusterPolicy","role":"house-price-jupyterhub-cluster-cluster-role"},"after_unknown":{"id":true},"before_sensitive":false,"after_sensitive":{}}},{"address":"module.eks.aws_iam_role_policy_attachment.node_group_cni_policy","module_address":"module.eks","mode":"managed","type":"aws_iam_role_policy_attachment","name":"node_group_cni_policy","provider_name":"registry.terraform.io/hashicorp/aws","change":{"actions":["create"],"before":null,"after":{"policy_arn":"arn:aws:iam::aws:policy/AmazonEKS_CNI_Policy","role":"house-price-jupyterhub-cluster-node-group-role"},"after_unknown":{"id":true},"before_sensitive":false,"after_sensitive":{}}},{"address":"module.eks.aws_iam_role_policy_attachment.node_group_policy","module_address":"module.eks","mode":"managed","type":"aws_iam_role_policy_attachment","name":"node_group_policy","provider_name":"registry.terraform.io/hashicorp/aws","change":{"actions":["create"],"before":null,"after":{"policy_arn":"arn:aws:iam::aws:policy/AmazonEKSWorkerNodePolicy","role":"house-price-jupyterhub-cluster-node-group-role"},"after_unknown":{"id":true},"before_sensitive":false,"after_sensitive":{}}},{"address":"module.eks.aws_iam_role_policy_attachment.node_group_registry_policy","module_address":"module.eks","mode":"managed","type":"aws_iam_role_policy_attachment","name":"node_group_registry_policy","provider_name":"registry.terraform.io/hashicorp/aws","change":{"actions":["create"],"before":null,"after":{"policy_arn":"arn:aws:iam::aws:policy/AmazonEC2ContainerRegistryReadOnly","role":"house-price-jupyterhub-cluster-node-group-role"},"after_unknown":{"id":true},"before_sensitive":false,"after_sensitive":{}}},{"address":"module.github_oidc.aws_iam_openid_connect_provider.github","module_address":"module.github_oidc","mode":"managed","type":"aws_iam_openid_connect_provider","name":"github","provider_name":"registry.terraform.io/hashicorp/aws","change":{"actions":["no-op"],"before":{"arn":"arn:aws:iam::482227257362:oidc-provider/token.actions.githubusercontent.com","client_id_list":["sts.amazonaws.com"],"id":"arn:aws:iam::482227257362:oidc-provider/token.actions.githubusercontent.com","tags":{},"tags_all":{},"thumbprint_list":["6938fd4d98bab03faadb97b34396831e3780aea1"],"url":"token.actions.githubusercontent.com"},"after":{"arn":"arn:aws:iam::482227257362:oidc-provider/token.actions.githubusercontent.com","client_id_list":["sts.amazonaws.com"],"id":"arn:aws:iam::482227257362:oidc-provider/token.actions.githubusercontent.com","tags":{},"tags_all":{},"thumbprint_list":["6938fd4d98bab03faadb97b34396831e3780aea1"],"url":"token.actions.githubusercontent.com"},"after_unknown":{},"before_sensitive":{"client_id_list":[false],"tags":{},"tags_all":{},"thumbprint_list":[false]},"after_sensitive":{"client_id_list":[false],"tags":{},"tags_all":{},"thumbprint_list":[false]}}},{"address":"module.github_oidc.aws_iam_role.github_actions","module_address":"module.github_oidc","mode":"managed","type":"aws_iam_role","name":"github_actions","provider_name":"registry.terraform.io/hashicorp/aws","change":{"actions":["no-op"],"before":{"arn":"arn:aws:iam::482227257362:role/house-price-github-actions-role","assume_role_policy":"{\"Statement\":[{\"Action\":\"sts:AssumeRoleWithWebIdentity\",\"Condition\":{\"StringEquals\":{\"token.actions.githubusercontent.com:aud\":\"sts.amazonaws.com\"},\"StringLike\":{\"token.actions.githubusercontent.com:sub\":\"repo:Venkat8538/AWS_RealEstate:ref:refs/heads/master\"}},\"Effect\":\"Allow\",\"Principal\":{\"Federated\":\"arn:aws:iam::482227257362:oidc-provider/token.actions.githubusercontent.com\"}}],\"Version\":\"2012-10-17\"}","create_date":"2025-10-27T22:25:58Z","description":"","force_detach_policies":false,"id":"house-price-github-actions-role","inline_policy":[{"name":"house-price-github-sagemaker-policy","policy":"{\"Version\":\"2012-10-17\",\"Statement\":[{\"Action\":[\"sagemaker:CreatePipeline\",\"sagemaker:UpdatePipeline\",\"sagemaker:DescribePipeline\",\"sagemaker:ListPipelines\",\"sagemaker:StartPipelineExecution\",\"sagemaker:DescribePipelineExecution\",\"sagemaker:ListPipelineExecutions\"],\"Effect\":\"Allow\",\"Resource\":\"*\"},{\"Action\":[\"s3:GetObject\",\"s3:PutObject\",\"s3:DeleteObject\",\"s3:ListBucket\",\"s3:GetBucketLocation\"],\"Effect\":\"Allow\",\"Resource\":[\"arn:aws:s3:::house-price-mlops-dev-itzi2hgi\",\"arn:aws:s3:::house-price-mlops-dev-itzi2hgi/*\",\"arn:aws:s3:::sagemaker-*\"]},{\"Action\":[\"iam:PassRole\"],\"Effect\":\"Allow\",\"Resource\":\"arn:aws:iam::482227257362:role/house-price-sagemaker-execution-role\"}]}"}],"managed_policy_arns":[],"max_session_duration":3600,"name":"house-price-github-actions-role","name_prefix":"","path":"/","permissions_boundary":"","tags":{},"tags_all":{},"unique_id":"AROAXARX4AAJJPMYO2S7B"},"after":{"arn":"arn:aws:iam::482227257362:role/house-price-github-actions-role","assume_role_policy":"{\"Statement\":[{\"Action\":\"sts:AssumeRoleWithWebIdentity\",\"Condition\":{\"StringEquals\":{\"token.actions.githubusercontent.com:aud\":\"sts.amazonaws.com\"},\"StringLike\":{\"token.actions.githubusercontent.com:sub\":\"repo:Venkat8538/AWS_RealEstate:ref:refs/heads/master\"}},\"Effect\":\"Allow\",\"Principal\":{\"Federated\":\"arn:aws:iam::482227257362:oidc-provider/token.actions.githubusercontent.com\"}}],\"Version\":\"2012-10-17\"}","create_date":"2025-10-27T22:25:58Z","description":"","force_detach_policies":false,"id":"house-price-github-actions-role","inline_policy":[{"name":"house-price-github-sagemaker-policy","policy":"{\"Version\":\"2012-10-17\",\"Statement\":[{\"Action\":[\"sagemaker:CreatePipeline\",\"sagemaker:UpdatePipeline\",\"sagemaker:DescribePipeline\",\"sagemaker:ListPipelines\",\"sagemaker:StartPipelineExecution\",\"sagemaker:DescribePipelineExecution\",\"sagemaker:ListPipelineExecutions\"],\"Effect\":\"Allow\",\"Resource\":\"*\"},{\"Action\":[\"s3:GetObject\",\"s3:PutObject\",\"s3:DeleteObject\",\"s3:ListBucket\",\"s3:GetBucketLocation\"],\"Effect\":\"Allow\",\"Resource\":[\"arn:aws:s3:::house-price-mlops-dev-itzi2hgi\",\"arn:aws:s3:::house-price-mlops-dev-itzi2hgi/*\",\"arn:aws:s3:::sagemaker-*\"]},{\"Action\":[\"iam:PassRole\"],\"Effect\":\"Allow\",\"Resource\":\"arn:aws:iam::482227257362:role/house-price-sagemaker-execution-role\"}]}"}],"managed_policy_arns":[],"max_session_duration":3600,"name":"house-price-github-actions-role","name_prefix":"","path":"/","permissions_boundary":"","tags":{},"tags_all":{},"unique_id":"AROAXARX4AAJJPMYO2S7B"},"after_unknown":{},"before_sensitive":{"inline_policy":[{}],"managed_policy_arns":[],"tags":{},"tags_all":{}},"after_sensitive":{"inline_policy":[{}],"managed_policy_arns":[],"tags":{},"tags_all":{}}}},{"address":"module.github_oidc.aws_iam_role_policy.github_sagemaker_policy","module_address":"module.github_oidc","mode":"managed","type":"aws_iam_role_policy","name":"github_sagemaker_policy","provider_name":"registry.terraform.io/hashicorp/aws","change":{"actions":["no-op"],"before":{"id":"house-price-github-actions-role:house-price-github-sagemaker-policy","name":"house-price-github-sagemaker-policy","name_prefix":"","policy":"{\"Version\":\"2012-10-17\",\"Statement\":[{\"Action\":[\"sagemaker:CreatePipeline\",\"sagemaker:UpdatePipeline\",\"sagemaker:DescribePipeline\",\"sagemaker:ListPipelines\",\"sagemaker:StartPipelineExecution\",\"sagemaker:DescribePipelineExecution\",\"sagemaker:ListPipelineExecutions\"],\"Effect\":\"Allow\",\"Resource\":\"*\"},{\"Action\":[\"s3:GetObject\",\"s3:PutObject\",\"s3:DeleteObject\",\"s3:ListBucket\",\"s3:GetBucketLocation\"],\"Effect\":\"Allow\",\"Resource\":[\"arn:aws:s3:::house-price-mlops-dev-itzi2hgi\",\"arn:aws:s3:::house-price-mlops-dev-itzi2hgi/*\",\"arn:aws:s3:::sagemaker-*\"]},{\"Action\":[\"iam:PassRole\"],\"Effect\":\"Allow\",\"Resource\":\"arn:aws:iam::482227257362:role/house-price-sagemaker-execution-role\"}]}","role":"house-price-github-actions-role"},"after":{"id":"house-price-github-actions-role:house-price-github-sagemaker-policy","name":"house-price-github-sagemaker-policy","name_prefix":"","policy":"{\"Version\":\"2012-10-17\",\"Statement\":[{\"Action\":[\"sagemaker:CreatePipeline\",\"sagemaker:UpdatePipeline\",\"sagemaker:DescribePipeline\",\"sagemaker:ListPipelines\",\"sagemaker:StartPipelineExecution\",\"sagemaker:DescribePipelineExecution\",\"sagemaker:ListPipelineExecutions\"],\"Effect\":\"Allow\",\"Resource\":\"*\"},{\"Action\":[\"s3:GetObject\",\"s3:PutObject\",\"s3:DeleteObject\",\"s3:ListBucket\",\"s3:GetBucketLocation\"],\"Effect\":\"Allow\",\"Resource\":[\"arn:aws:s3:::house-price-mlops-dev-itzi2hgi\",\"arn:aws:s3:::house-price-mlops-dev-itzi2hgi/*\",\"arn:aws:s3:::sagemaker-*\"]},{\"Action\":[\"iam:PassRole\"],\"Effect\":\"Allow\",\"Resource\":\"arn:aws:iam::482227257362:role/house-price-sagemaker-execution-role\"}]}","role":"house-price-github-actions-role"},"after_unknown":{},"before_sensitive":{},"after_sensitive":{}}},{"address":"module.mlflow_server.aws_eip.mlflow_eip","module_address":"module.mlflow_server","mode":"managed","type":"aws_eip","name":"mlflow_eip","provider_name":"registry.terraform.io/hashicorp/aws","change":{"actions":["update"],"before":{"address":null,"allocation_id":"eipalloc-0489d136fcad91919","arn":"arn:aws:ec2:us-east-1:482227257362:elastic-ip/eipalloc-0489d136fcad91919","associate_with_private_ip":null,"association_id":"","carrier_ip":"","customer_owned_ip":"","customer_owned_ipv4_pool":"","domain":"vpc","id":"eipalloc-0489d136fcad91919","instance":"","ipam_pool_id":null,"network_border_group":"us-east-1","network_interface":"","private_dns":"ip-172-31-18-6.ec2.internal","private_ip":"","ptr_record":"","public_dns":"ec2-23-21-206-232.compute-1.amazonaws.com","public_ip":"23.21.206.232","public_ipv4_pool":"amazon","tags":{"Name":"house-price-mlflow-eip"},"tags_all":{"Name":"house-price-mlflow-eip"},"timeouts":null,"vpc":true},"after":{"address":null,"allocation_id":"eipalloc-0489d136fcad91919","arn":"arn:aws:ec2:us-east-1:482227257362:elastic-ip/eipalloc-0489d136fcad91919","associate_with_private_ip":null,"association_id":"","carrier_ip":"","customer_owned_ip":"","customer_owned_ipv4_pool":"","domain":"vpc","id":"eipalloc-0489d136fcad91919","ipam_pool_id":null,"network_border_group":"us-east-1","network_interface":"","private_dns":"ip-172-31-18-6.ec2.internal","private_ip":"","ptr_record":"","public_dns":"ec2-23-21-206-232.compute-1.amazonaws.com","public_ip":"23.21.206.232","public_ipv4_pool":"amazon","tags":{"Name":"house-price-mlflow-eip"},"tags_all":{"Name":"house-price-mlflow-eip"},"timeouts":null,"vpc":true},"after_unknown":{"instance":true,"tags":{},"tags_all":{}},"before_sensitive":{"tags":{},"tags_all":{}},"after_sensitive":{"tags":{},"tags_all":{}}}},{"address":"module.mlflow_server.aws_iam_instance_profile.mlflow_profile","module_address":"module.mlflow_server","mode":"managed","type":"aws_iam_instance_profile","name":"mlflow_profile","provider_name":"registry.terraform.io/hashicorp/aws","change":{"actions":["no-op"],"before":{"arn":"arn:aws:iam::482227257362:instance-profile/house-price-mlflow-profile","create_date":"2025-11-18T19:23:20Z","id":"house-price-mlflow-profile","name":"house-price-mlflow-profile","name_prefix":"","path":"/","role":"house-price-mlflow-role","tags":{},"tags_all":{},"unique_id":"AIPAXARX4AAJMVAST523B"},"after":{"arn":"arn:aws:iam::482227257362:instance-profile/house-price-mlflow-profile","create_date":"2025-11-18T19:23:20Z","id":"house-price-mlflow-profile","name":"house-price-mlflow-profile","name_prefix":"","path":"/","role":"house-price-mlflow-role","tags":{},"tags_all":{},"unique_id":"AIPAXARX4AAJMVAST523B"},"after_unknown":{},"before_sensitive":{"tags":{},"tags_all":{}},"after_sensitive":{"tags":{},"tags_all":{}}}},{"address":"module.mlflow_server.aws_iam_role.mlflow_role","module_address":"module.mlflow_server","mode":"managed","type":"aws_iam_role","name":"mlflow_role","provider_name":"registry.terraform.io/hashicorp/aws","change":{"actions":["no-op"],"before":{"arn":"arn:aws:iam::482227257362:role/house-price-mlflow-role","assume_role_policy":"{\"Statement\":[{\"Action\":\"sts:AssumeRole\",\"Effect\":\"Allow\",\"Principal\":{\"Service\":\"ec2.amazonaws.com\"}}],\"Version\":\"2012-10-17\"}","create_date":"2025-11-18T19:23:19Z","description":"","force_detach_policies":false,"id":"house-price-mlflow-role","inline_policy":[{"name":"house-price-mlflow-s3-policy","policy":"{\"Version\":\"2012-10-17\",\"Statement\":[{\"Action\":[\"s3:GetObject\",\"s3:PutObject\",\"s3:DeleteObject\",\"s3:ListBucket\"],\"Effect\":\"Allow\",\"Resource\":[\"arn:aws:s3:::house-price-mlops-dev-itzi2hgi\",\"arn:aws:s3:::house-price-mlops-dev-itzi2hgi/*\"]}]}"}],"managed_policy_arns":[],"max_session_duration":3600,"name":"house-price-mlflow-role","name_prefix":"","path":"/","permissions_boundary":"","tags":{},"tags_all":{},"unique_id":"AROAXARX4AAJHQ5MCUQXV"},"after":{"arn":"arn:aws:iam::482227257362:role/house-price-mlflow-role","assume_role_policy":"{\"Statement\":[{\"Action\":\"sts:AssumeRole\",\"Effect\":\"Allow\",\"Principal\":{\"Service\":\"ec2.amazonaws.com\"}}],\"Version\":\"2012-10-17\"}","create_date":"2025-11-18T19:23:19Z","description":"","force_detach_policies":false,"id":"house-price-mlflow-role","inline_policy":[{"name":"house-price-mlflow-s3-policy","policy":"{\"Version\":\"2012-10-17\",\"Statement\":[{\"Action\":[\"s3:GetObject\",\"s3:PutObject\",\"s3:DeleteObject\",\"s3:ListBucket\"],\"Effect\":\"Allow\",\"Resource\":[\"arn:aws:s3:::house-price-mlops-dev-itzi2hgi\",\"arn:aws:s3:::house-price-mlops-dev-itzi2hgi/*\"]}]}"}],"managed_policy_arns":[],"max_session_duration":3600,"name":"house-price-mlflow-role","name_prefix":"","path":"/","permissions_boundary":"","tags":{},"tags_all":{},"unique_id":"AROAXARX4AAJHQ5MCUQXV"},"after_unknown":{},"before_sensitive":{"inline_policy":[{}],"managed_policy_arns":[],"tags":{},"tags_all":{}},"after_sensitive":{"inline_policy":[{}],"managed_policy_arns":[],"tags":{},"tags_all":{}}}},{"address":"module.mlflow_server.aws_iam_role_policy.mlflow_s3_policy","module_address":"module.mlflow_server","mode":"managed","type":"aws_iam_role_policy","name":"mlflow_s3_policy","provider_name":"registry.terraform.io/hashicorp/aws","change":{"actions":["no-op"],"before":{"id":"house-price-mlflow-role:house-price-mlflow-s3-policy","name":"house-price-mlflow-s3-policy","name_prefix":"","policy":"{\"Version\":\"2012-10-17\",\"Statement\":[{\"Action\":[\"s3:GetObject\",\"s3:PutObject\",\"s3:DeleteObject\",\"s3:ListBucket\"],\"Effect\":\"Allow\",\"Resource\":[\"arn:aws:s3:::house-price-mlops-dev-itzi2hgi\",\"arn:aws:s3:::house-price-mlops-dev-itzi2hgi/*\"]}]}","role":"house-price-mlflow-role"},"after":{"id":"house-price-mlflow-role:house-price-mlflow-s3-policy","name":"house-price-mlflow-s3-policy","name_prefix":"","policy":"{\"Version\":\"2012-10-17\",\"Statement\":[{\"Action\":[\"s3:GetObject\",\"s3:PutObject\",\"s3:DeleteObject\",\"s3:ListBucket\"],\"Effect\":\"Allow\",\"Resource\":[\"arn:aws:s3:::house-price-mlops-dev-itzi2hgi\",\"arn:aws:s3:::house-price-mlops-dev-itzi2hgi/*\"]}]}","role":"house-price-mlflow-role"},"after_unknown":{},"before_sensitive":{},"after_sensitive":{}}},{"address":"module.mlflow_server.aws_instance.mlflow_server","module_address":"module.mlflow_server","mode":"managed","type":"aws_instance","name":"mlflow_server","provider_name":"registry.terraform.io/hashicorp/aws","change":{"actions":["create"],"before":null,"after":{"ami":"ami-0fc5d935ebf8bc3bc","credit_specification":[],"get_password_data":false,"hibernation":null,"iam_instance_profile":"house-price-mlflow-profile","instance_type":"t3.micro","launch_template":[],"source_dest_check":true,"tags":{"Name":"house-price-mlflow-server"},"tags_all":{"Name":"house-price-mlflow-server"},"timeouts":null,"user_data":"0f666460d0e8c48a597207fa971c147be4de01ba","user_data_replace_on_change":false,"volume_tags":null,"vpc_security_group_ids":["sg-0e54ff286cddf3f6f"]},"after_unknown":{"arn":true,"associate_public_ip_address":true,"availability_zone":true,"capacity_reservation_specification":true,"cpu_core_count":true,"cpu_options":true,"cpu_threads_per_core":true,"credit_specification":[],"disable_api_stop":true,"disable_api_termination":true,"ebs_block_device":true,"ebs_optimized":true,"enable_primary_ipv6":true,"enclave_options":true,"ephemeral_block_device":true,"host_id":true,"host_resource_group_arn":true,"id":true,"instance_initiated_shutdown_behavior":true,"instance_lifecycle":true,"instance_market_options":true,"instance_state":true,"ipv6_address_count":true,"ipv6_addresses":true,"key_name":true,"launch_template":[],"maintenance_options":true,"metadata_options":true,"monitoring":true,"network_interface":true,"outpost_arn":true,"password_data":true,"placement_group":true,"placement_partition_number":true,"primary_network_interface_id":true,"private_dns":true,"private_dns_name_options":true,"private_ip":true,"public_dns":true,"public_ip":true,"root_block_device":true,"secondary_private_ips":true,"security_groups":true,"spot_instance_request_id":true,"subnet_id":true,"tags":{},"tags_all":{},"tenancy":true,"user_data_base64":true,"vpc_security_group_ids":[false]},"before_sensitive":false,"after_sensitive":{"capacity_reservation_specification":[],"cpu_options":[],"credit_specification":[],"ebs_block_device":[],"enclave_options":[],"ephemeral_block_device":[],"instance_market_options":[],"ipv6_addresses":[],"launch_template":[],"maintenance_options":[],"metadata_options":[],"network_interface":[],"private_dns_name_options":[],"root_block_device":[],"secondary_private_ips":[],"security_groups":[],"tags":{},"tags_all":{},"vpc_security_group_ids":[false]}}},{"address":"module.mlflow_server.aws_security_group.mlflow_sg","module_address":"module.mlflow_server","mode":"managed","type":"aws_security_group","name":"mlflow_sg","provider_name":"registry.terraform.io/hashicorp/aws","change":{"actions":["no-op"],"before":{"arn":"arn:aws:ec2:us-east-1:482227257362:security-group/sg-0e54ff286cddf3f6f","description":"Managed by Terraform","egress":[{"cidr_blocks":["0.0.0.0/0"],"description":"","from_port":0,"ipv6_cidr_blocks":[],"prefix_list_ids":[],"protocol":"-1","security_groups":[],"self":false,"to_port":0}],"id":"sg-0e54ff286cddf3f6f","ingress":[{"cidr_blocks":["0.0.0.0/0"],"description":"","from_port":22,"ipv6_cidr_blocks":[],"prefix_list_ids":[],"protocol":"tcp","security_groups":[],"self":false,"to_port":22},{"cidr_blocks":["0.0.0.0/0"],"description":"","from_port":5000,"ipv6_cidr_blocks":[],"prefix_list_ids":[],"protocol":"tcp","security_groups":[],"self":false,"to_port":5000}],"name":"house-price-mlflow-sg","name_prefix":"","owner_id":"482227257362","revoke_rules_on_delete":false,"tags":{},"tags_all":{},"timeouts":null,"vpc_id":"vpc-0ec06d2e45d4c6de8"},"after":{"arn":"arn:aws:ec2:us-east-1:482227257362:security-group/sg-0e54ff286cddf3f6f","description":"Managed by Terraform","egress":[{"cidr_blocks":["0.0.0.0/0"],"description":"","from_port":0,"ipv6_cidr_blocks":[],"prefix_list_ids":[],"protocol":"-1","security_groups":[],"self":false,"to_port":0}],"id":"sg-0e54ff286cddf3f6f","ingress":[{"cidr_blocks":["0.0.0.0/0"],"description":"","from_port":22,"ipv6_cidr_blocks":[],"prefix_list_ids":[],"protocol":"tcp","security_groups":[],"self":false,"to_port":22},{"cidr_blocks":["0.0.0.0/0"],"description":"","from_port":5000,"ipv6_cidr_blocks":[],"prefix_list_ids":[],"protocol":"tcp","security_groups":[],"self":false,"to_port":5000}],"name":"house-price-mlflow-sg","name_prefix":"","owner_id":"482227257362","revoke_rules_on_delete":false,"tags":{},"tags_all":{},"timeouts":null,"vpc_id":"vpc-0ec06d2e45d4c6de8"},"after_unknown":{},"before_sensitive":{"egress":[{"cidr_blocks":[false],"ipv6_cidr_blocks":[],"prefix_list_ids":[],"security_groups":[]}],"ingress":[{"cidr_blocks":[false],"ipv6_cidr_blocks":[],"prefix_list_ids":[],"security_groups":[]},{"cidr_blocks":[false],"ipv6_cidr_blocks":[],"prefix_list_ids":[],"security_groups":[]}],"tags":{},"tags_all":{}},"after_sensitive":{"egress":[{"cidr_blocks":[false],"ipv6_cidr_blocks":[],"prefix_list_ids":[],"security_groups":[]}],"ingress":[{"cidr_blocks":[false],"ipv6_cidr_blocks":[],"prefix_list_ids":[],"security_groups":[]},{"cidr_blocks":[false],"ipv6_cidr_blocks":[],"prefix_list_ids":[],"security_groups":[]}],"tags":{},"tags_all":{}}}},{"address":"module.rds.aws_db_instance.airflow_db","module_address":"module.rds","mode":"managed","type":"aws_db_instance","name":"airflow_db","provider_name":"registry.terraform.io/hashicorp/aws","change":{"actions":["no-op"],"before":{"address":"house-price-airflow-db.c69g640qih7q.us-east-1.rds.amazonaws.com","allocated_storage":20,"allow_major_version_upgrade":null,"apply_immediately":false,"arn":"arn:aws:rds:us-east-1:482227257362:db:house-price-airflow-db","auto_minor_version_upgrade":true,"availability_zone":"us-east-1a","backup_retention_period":0,"backup_target":"region","backup_window":"03:00-04:00","blue_green_update":[],"ca_cert_identifier":"rds-ca-rsa2048-g1","character_set_name":"","copy_tags_to_snapshot":false,"custom_iam_instance_profile":"","customer_owned_ip_enabled":false,"database_insights_mode":"standard","db_name":"airflow","db_subnet_group_name":"house-price-airflow-db-subnet-group","dedicated_log_volume":false,"delete_automated_backups":true,"deletion_protection":false,"domain":"","domain_auth_secret_arn":"","domain_dns_ips":[],"domain_fqdn":"","domain_iam_role_name":"","domain_ou":"","enabled_cloudwatch_logs_exports":[],"endpoint":"house-price-airflow-db.c69g640qih7q.us-east-1.rds.amazonaws.com:5432","engine":"postgres","engine_lifecycle_support":"open-source-rds-extended-support","engine_version":"15.7","engine_version_actual":"15.7","final_snapshot_identifier":null,"hosted_zone_id":"Z2R2ITUGPM61AM","iam_database_authentication_enabled":false,"id":"db-QF6LGEN4MSYBCUPB3BMWH3A6YI","identifier":"house-price-airflow-db","identifier_prefix":"","instance_class":"db.t3.micro","iops":0,"kms_key_id":"arn:aws:kms:us-east-1:482227257362:key/b9d3ec49-8e25-4af5-b155-7285d29dfc6f","latest_restorable_time":"","license_model":"postgresql-license","listener_endpoint":[],"maintenance_window":"sun:04:00-sun:05:00","manage_master_user_password":null,"master_user_secret":[],"master_user_secret_kms_key_id":null,"max_allocated_storage":100,"monitoring_interval":0,"monitoring_role_arn":"","multi_az":false,"nchar_character_set_name":"","network_type":"IPV4","option_group_name":"default:postgres-15","parameter_group_name":"default.postgres15","password":"airflow123!","password_wo":null,"password_wo_version":null,"performance_insights_enabled":false,"performance_insights_kms_key_id":"","performance_insights_retention_period":0,"port":5432,"publicly_accessible":false,"replica_mode":"","replicas":[],"replicate_source_db":"","resource_id":"db-QF6LGEN4MSYBCUPB3BMWH3A6YI","restore_to_point_in_time":[],"s3_import":[],"skip_final_snapshot":true,"snapshot_identifier":null,"status":"available","storage_encrypted":true,"storage_throughput":0,"storage_type":"gp2","tags":{"Name":"house-price-airflow-db"},"tags_all":{"Name":"house-price-airflow-db"},"timeouts":null,"timezone":"","upgrade_storage_config":null,"username":"airflow","vpc_security_group_ids":["sg-08a137c599c426761"]},"after":{"address":"house-price-airflow-db.c69g640qih7q.us-east-1.rds.amazonaws.com","allocated_storage":20,"allow_major_version_upgrade":null,"apply_immediately":false,"arn":"arn:aws:rds:us-east-1:482227257362:db:house-price-airflow-db","auto_minor_version_upgrade":true,"availability_zone":"us-east-1a","backup_retention_period":0,"backup_target":"region","backup_window":"03:00-04:00","blue_green_update":[],"ca_cert_identifier":"rds-ca-rsa2048-g1","character_set_name":"","copy_tags_to_snapshot":false,"custom_iam_instance_profile":"","customer_owned_ip_enabled":false,"database_insights_mode":"standard","db_name":"airflow","db_subnet_group_name":"house-price-airflow-db-subnet-group","dedicated_log_volume":false,"delete_automated_backups":true,"deletion_protection":false,"domain":"","domain_auth_secret_arn":"","domain_dns_ips":[],"domain_fqdn":"","domain_iam_role_name":"","domain_ou":"","enabled_cloudwatch_logs_exports":[],"endpoint":"house-price-airflow-db.c69g640qih7q.us-east-1.rds.amazonaws.com:5432","engine":"postgres","engine_lifecycle_support":"open-source-rds-extended-support","engine_version":"15.7","engine_version_actual":"15.7","final_snapshot_identifier":null,"hosted_zone_id":"Z2R2ITUGPM61AM","iam_database_authentication_enabled":false,"id":"db-QF6LGEN4MSYBCUPB3BMWH3A6YI","identifier":"house-price-airflow-db","identifier_prefix":"","instance_class":"db.t3.micro","iops":0,"kms_key_id":"arn:aws:kms:us-east-1:482227257362:key/b9d3ec49-8e25-4af5-b155-7285d29dfc6f","latest_restorable_time":"","license_model":"postgresql-license","listener_endpoint":[],"maintenance_window":"sun:04:00-sun:05:00","manage_master_user_password":null,"master_user_secret":[],"master_user_secret_kms_key_id":null,"max_allocated_storage":100,"monitoring_interval":0,"monitoring_role_arn":"","multi_az":false,"nchar_character_set_name":"","network_type":"IPV4","option_group_name":"default:postgres-15","parameter_group_name":"default.postgres15","password":"airflow123!","password_wo":null,"password_wo_version":null,"performance_insights_enabled":false,"performance_insights_kms_key_id":"","performance_insights_retention_period":0,"port":5432,"publicly_accessible":false,"replica_mode":"","replicas":[],"replicate_source_db":"","resource_id":"db-QF6LGEN4MSYBCUPB3BMWH3A6YI","restore_to_point_in_time":[],"s3_import":[],"skip_final_snapshot":true,"snapshot_identifier":null,"status":"available","storage_encrypted":true,"storage_throughput":0,"storage_type":"gp2","tags":{"Name":"house-price-airflow-db"},"tags_all":{"Name":"house-price-airflow-db"},"timeouts":null,"timezone":"","upgrade_storage_config":null,"username":"airflow","vpc_security_group_ids":["sg-08a137c599c426761"]},"after_unknown":{},"before_sensitive":{"blue_green_update":[],"domain_dns_ips":[],"enabled_cloudwatch_logs_exports":[],"listener_endpoint":[],"master_user_secret":[],"password":true,"password_wo":true,"replicas":[],"restore_to_point_in_time":[],"s3_import":[],"tags":{},"tags_all":{},"vpc_security_group_ids":[false]},"after_sensitive":{"blue_green_update":[],"domain_dns_ips":[],"enabled_cloudwatch_logs_exports":[],"listener_endpoint":[],"master_user_secret":[],"password":true,"password_wo":true,"replicas":[],"restore_to_point_in_time":[],"s3_import":[],"tags":{},"tags_all":{},"vpc_security_group_ids":[false]}}},{"address":"module.rds.aws_db_subnet_group.airflow_db_subnet_group","module_address":"module.rds","mode":"managed","type":"aws_db_subnet_group","name":"airflow_db_subnet_group","provider_name":"registry.terraform.io/hashicorp/aws","change":{"actions":["no-op"],"before":{"arn":"arn:aws:rds:us-east-1:482227257362:subgrp:house-price-airflow-db-subnet-group","description":"Managed by Terraform","id":"house-price-airflow-db-subnet-group","name":"house-price-airflow-db-subnet-group","name_prefix":"","subnet_ids":["subnet-00d543840efec8c87","subnet-02f04ba7c1bbbf72f","subnet-0549136184302920c","subnet-08ae0c2b4723f5d9d","subnet-0c092dfafe0a2b4b2","subnet-0d2477ce3c2ca92b9"],"supported_network_types":["IPV4"],"tags":{"Name":"house-price-airflow-db-subnet-group"},"tags_all":{"Name":"house-price-airflow-db-subnet-group"},"vpc_id":"vpc-0ec06d2e45d4c6de8"},"after":{"arn":"arn:aws:rds:us-east-1:482227257362:subgrp:house-price-airflow-db-subnet-group","description":"Managed by Terraform","id":"house-price-airflow-db-subnet-group","name":"house-price-airflow-db-subnet-group","name_prefix":"","subnet_ids":["subnet-00d543840efec8c87","subnet-02f04ba7c1bbbf72f","subnet-0549136184302920c","subnet-08ae0c2b4723f5d9d","subnet-0c092dfafe0a2b4b2","subnet-0d2477ce3c2ca92b9"],"supported_network_types":["IPV4"],"tags":{"Name":"house-price-airflow-db-subnet-group"},"tags_all":{"Name":"house-price-airflow-db-subnet-group"},"vpc_id":"vpc-0ec06d2e45d4c6de8"},"after_unknown":{},"before_sensitive":{"subnet_ids":[false,false,false,false,false,false],"supported_network_types":[false],"tags":{},"tags_all":{}},"after_sensitive":{"subnet_ids":[false,false,false,false,false,false],"supported_network_types":[false],"tags":{},"tags_all":{}}}},{"address":"module.rds.aws_security_group.airflow_db_sg","module_address":"module.rds","mode":"managed","type":"aws_security_group","name":"airflow_db_sg","provider_name":"registry.terraform.io/hashicorp/aws","change":{"actions":["no-op"],"before":{"arn":"arn:aws:ec2:us-east-1:482227257362:security-group/sg-08a137c599c426761","description":"Managed by Terraform","egress":[{"cidr_blocks":["0.0.0.0/0"],"description":"","from_port":0,"ipv6_cidr_blocks":[],"prefix_list_ids":[],"protocol":"-1","security_groups":[],"self":false,"to_port":0}],"id":"sg-08a137c599c426761","ingress":[{"cidr_blocks":["172.31.0.0/16"],"description":"","from_port":5432,"ipv6_cidr_blocks":[],"prefix_list_ids":[],"protocol":"tcp","security_groups":[],"self":false,"to_port":5432}],"name":"house-price-airflow-db-20251121003029693700000001","name_prefix":"house-price-airflow-db-","owner_id":"482227257362","revoke_rules_on_delete":false,"tags":{"Name":"house-price-airflow-db-sg"},"tags_all":{"Name":"house-price-airflow-db-sg"},"timeouts":null,"vpc_id":"vpc-0ec06d2e45d4c6de8"},"after":{"arn":"arn:aws:ec2:us-east-1:482227257362:security-group/sg-08a137c599c426761","description":"Managed by Terraform","egress":[{"cidr_blocks":["0.0.0.0/0"],"description":"","from_port":0,"ipv6_cidr_blocks":[],"prefix_list_ids":[],"protocol":"-1","security_groups":[],"self":false,"to_port":0}],"id":"sg-08a137c599c426761","ingress":[{"cidr_blocks":["172.31.0.0/16"],"description":"","from_port":5432,"ipv6_cidr_blocks":[],"prefix_list_ids":[],"protocol":"tcp","security_groups":[],"self":false,"to_port":5432}],"name":"house-price-airflow-db-20251121003029693700000001","name_prefix":"house-price-airflow-db-","owner_id":"482227257362","revoke_rules_on_delete":false,"tags":{"Name":"house-price-airflow-db-sg"},"tags_all":{"Name":"house-price-airflow-db-sg"},"timeouts":null,"vpc_id":"vpc-0ec06d2e45d4c6de8"},"after_unknown":{},"before_sensitive":{"egress":[{"cidr_blocks":[false],"ipv6_cidr_blocks":[],"prefix_list_ids":[],"security_groups":[]}],"ingress":[{"cidr_blocks":[false],"ipv6_cidr_blocks":[],"prefix_list_ids":[],"security_groups":[]}],"tags":{},"tags_all":{}},"after_sensitive":{"egress":[{"cidr_blocks":[false],"ipv6_cidr_blocks":[],"prefix_list_ids":[],"security_groups":[]}],"ingress":[{"cidr_blocks":[false],"ipv6_cidr_blocks":[],"prefix_list_ids":[],"security_groups":[]}],"tags":{},"tags_all":{}}}},{"address":"module.s3.aws_s3_bucket.mlops_bucket","module_address":"module.s3","mode":"managed","type":"aws_s3_bucket","name":"mlops_bucket","provider_name":"registry.terraform.io/hashicorp/aws","change":{"actions":["no-op"],"before":{"acceleration_status":"","acl":null,"arn":"arn:aws:s3:::house-price-mlops-dev-itzi2hgi","bucket":"house-price-mlops-dev-itzi2hgi","bucket_domain_name":"house-price-mlops-dev-itzi2hgi.s3.amazonaws.com","bucket_prefix":"","bucket_regional_domain_name":"house-price-mlops-dev-itzi2hgi.s3.us-east-1.amazonaws.com","cors_rule":[],"force_destroy":false,"grant":[{"id":"ef87ba17deed0f812283592f1d2ece4bb8e3f721c5f04931abd116d5bf1e671b","permissions":["FULL_CONTROL"],"type":"CanonicalUser","uri":""}],"hosted_zone_id":"Z3AQBSTGFYJSTF","id":"house-price-mlops-dev-itzi2hgi","lifecycle_rule":[{"abort_incomplete_multipart_upload_days":0,"enabled":true,"expiration":[{"date":"","days":365,"expired_object_delete_marker":false}],"id":"cost_optimization","noncurrent_version_expiration":[],"noncurrent_version_transition":[],"prefix":"","tags":{},"transition":[{"date":"","days":30,"storage_class":"STANDARD_IA"},{"date":"","days":90,"storage_class":"GLACIER"}]}],"logging":[],"object_lock_configuration":[],"object_lock_enabled":false,"policy":"","region":"us-east-1","replication_configuration":[],"request_payer":"BucketOwner","server_side_encryption_configuration":[{"rule":[{"apply_server_side_encryption_by_default":[{"kms_master_key_id":"","sse_algorithm":"AES256"}],"bucket_key_enabled":false}]}],"tags":{"Environment":"dev","Name":"house-price-mlops-bucket","Project":"house-price","Purpose":"MLOps-SingleAccount"},"tags_all":{"Environment":"dev","Name":"house-price-mlops-bucket","Project":"house-price","Purpose":"MLOps-SingleAccount"},"timeouts":null,"versioning":[{"enabled":true,"mfa_delete":false}],"website":[],"website_domain":null,"website_endpoint":null},"after":{"acceleration_status":"","acl":null,"arn":"arn:aws:s3:::house-price-mlops-dev-itzi2hgi","bucket":"house-price-mlops-dev-itzi2hgi","bucket_domain_name":"house-price-mlops-dev-itzi2hgi.s3.amazonaws.com","bucket_prefix":"","bucket_regional_domain_name":"house-price-mlops-dev-itzi2hgi.s3.us-east-1.amazonaws.com","cors_rule":[],"force_destroy":false,"grant":[{"id":"ef87ba17deed0f812283592f1d2ece4bb8e3f721c5f04931abd116d5bf1e671b","permissions":["FULL_CONTROL"],"type":"CanonicalUser","uri":""}],"hosted_zone_id":"Z3AQBSTGFYJSTF","id":"house-price-mlops-dev-itzi2hgi","lifecycle_rule":[{"abort_incomplete_multipart_upload_days":0,"enabled":true,"expiration":[{"date":"","days":365,"expired_object_delete_marker":false}],"id":"cost_optimization","noncurrent_version_expiration":[],"noncurrent_version_transition":[],"prefix":"","tags":{},"transition":[{"date":"","days":30,"storage_class":"STANDARD_IA"},{"date":"","days":90,"storage_class":"GLACIER"}]}],"logging":[],"object_lock_configuration":[],"object_lock_enabled":false,"policy":"","region":"us-east-1","replication_configuration":[],"request_payer":"BucketOwner","server_side_encryption_configuration":[{"rule":[{"apply_server_side_encryption_by_default":[{"kms_master_key_id":"","sse_algorithm":"AES256"}],"bucket_key_enabled":false}]}],"tags":{"Environment":"dev","Name":"house-price-mlops-bucket","Project":"house-price","Purpose":"MLOps-SingleAccount"},"tags_all":{"Environment":"dev","Name":"house-price-mlops-bucket","Project":"house-price","Purpose":"MLOps-SingleAccount"},"timeouts":null,"versioning":[{"enabled":true,"mfa_delete":false}],"website":[],"website_domain":null,"website_endpoint":null},"after_unknown":{},"before_sensitive":{"cors_rule":[],"grant":[{"permissions":[false]}],"lifecycle_rule":[{"expiration":[{}],"noncurrent_version_expiration":[],"noncurrent_version_transition":[],"tags":{},"transition":[{},{}]}],"logging":[],"object_lock_configuration":[],"replication_configuration":[],"server_side_encryption_configuration":[{"rule":[{"apply_server_side_encryption_by_default":[{}]}]}],"tags":{},"tags_all":{},"versioning":[{}],"website":[]},"after_sensitive":{"cors_rule":[],"grant":[{"permissions":[false]}],"lifecycle_rule":[{"expiration":[{}],"noncurrent_version_expiration":[],"noncurrent_version_transition":[],"tags":{},"transition":[{},{}]}],"logging":[],"object_lock_configuration":[],"replication_configuration":[],"server_side_encryption_configuration":[{"rule":[{"apply_server_side_encryption_by_default":[{}]}]}],"tags":{},"tags_all":{},"versioning":[{}],"website":[]}}},{"address":"module.s3.aws_s3_bucket_lifecycle_configuration.mlops_lifecycle","module_address":"module.s3","mode":"managed","type":"aws_s3_bucket_lifecycle_configuration","name":"mlops_lifecycle","provider_name":"registry.terraform.io/hashicorp/aws","change":{"actions":["no-op"],"before":{"bucket":"house-price-mlops-dev-itzi2hgi","expected_bucket_owner":"","id":"house-price-mlops-dev-itzi2hgi","rule":[{"abort_incomplete_multipart_upload":[],"expiration":[{"date":null,"days":365,"expired_object_delete_marker":false}],"filter":[{"and":[],"object_size_greater_than":null,"object_size_less_than":null,"prefix":"","tag":[]}],"id":"cost_optimization","noncurrent_version_expiration":[],"noncurrent_version_transition":[],"prefix":"","status":"Enabled","transition":[{"date":null,"days":30,"storage_class":"STANDARD_IA"},{"date":null,"days":90,"storage_class":"GLACIER"}]}],"timeouts":null,"transition_default_minimum_object_size":"all_storage_classes_128K"},"after":{"bucket":"house-price-mlops-dev-itzi2hgi","expected_bucket_owner":"","id":"house-price-mlops-dev-itzi2hgi","rule":[{"abort_incomplete_multipart_upload":[],"expiration":[{"date":null,"days":365,"expired_object_delete_marker":false}],"filter":[{"and":[],"object_size_greater_than":null,"object_size_less_than":null,"prefix":"","tag":[]}],"id":"cost_optimization","noncurrent_version_expiration":[],"noncurrent_version_transition":[],"prefix":"","status":"Enabled","transition":[{"date":null,"days":30,"storage_class":"STANDARD_IA"},{"date":null,"days":90,"storage_class":"GLACIER"}]}],"timeouts":null,"transition_default_minimum_object_size":"all_storage_classes_128K"},"after_unknown":{},"before_sensitive":{"rule":[{"abort_incomplete_multipart_upload":[],"expiration":[{}],"filter":[{"and":[],"tag":[]}],"noncurrent_version_expiration":[],"noncurrent_version_transition":[],"transition":[{},{}]}]},"after_sensitive":{"rule":[{"abort_incomplete_multipart_upload":[],"expiration":[{}],"filter":[{"and":[],"tag":[]}],"noncurrent_version_expiration":[],"noncurrent_version_transition":[],"transition":[{},{}]}]}}},{"address":"module.s3.aws_s3_bucket_public_access_block.mlops_pab","module_address":"module.s3","mode":"managed","type":"aws_s3_bucket_public_access_block","name":"mlops_pab","provider_name":"registry.terraform.io/hashicorp/aws","change":{"actions":["no-op"],"before":{"block_public_acls":true,"block_public_policy":true,"bucket":"house-price-mlops-dev-itzi2hgi","id":"house-price-mlops-dev-itzi2hgi","ignore_public_acls":true,"restrict_public_buckets":true},"after":{"block_public_acls":true,"block_public_policy":true,"bucket":"house-price-mlops-dev-itzi2hgi","id":"house-price-mlops-dev-itzi2hgi","ignore_public_acls":true,"restrict_public_buckets":true},"after_unknown":{},"before_sensitive":{},"after_sensitive":{}}},{"address":"module.s3.aws_s3_bucket_server_side_encryption_configuration.mlops_encryption","module_address":"module.s3","mode":"managed","type":"aws_s3_bucket_server_side_encryption_configuration","name":"mlops_encryption","provider_name":"registry.terraform.io/hashicorp/aws","change":{"actions":["no-op"],"before":{"bucket":"house-price-mlops-dev-itzi2hgi","expected_bucket_owner":"","id":"house-price-mlops-dev-itzi2hgi","rule":[{"apply_server_side_encryption_by_default":[{"kms_master_key_id":"","sse_algorithm":"AES256"}],"bucket_key_enabled":false}]},"after":{"bucket":"house-price-mlops-dev-itzi2hgi","expected_bucket_owner":"","id":"house-price-mlops-dev-itzi2hgi","rule":[{"apply_server_side_encryption_by_default":[{"kms_master_key_id":"","sse_algorithm":"AES256"}],"bucket_key_enabled":false}]},"after_unknown":{},"before_sensitive":{"rule":[{"apply_server_side_encryption_by_default":[{}]}]},"after_sensitive":{"rule":[{"apply_server_side_encryption_by_default":[{}]}]}}},{"address":"module.s3.aws_s3_bucket_versioning.mlops_versioning","module_address":"module.s3","mode":"managed","type":"aws_s3_bucket_versioning","name":"mlops_versioning","provider_name":"registry.terraform.io/hashicorp/aws","change":{"actions":["no-op"],"before":{"bucket":"house-price-mlops-dev-itzi2hgi","expected_bucket_owner":"","id":"house-price-mlops-dev-itzi2hgi","mfa":null,"versioning_configuration":[{"mfa_delete":"","status":"Enabled"}]},"after":{"bucket":"house-price-mlops-dev-itzi2hgi","expected_bucket_owner":"","id":"house-price-mlops-dev-itzi2hgi","mfa":null,"versioning_configuration":[{"mfa_delete":"","status":"Enabled"}]},"after_unknown":{},"before_sensitive":{"versioning_configuration":[{}]},"after_sensitive":{"versioning_configuration":[{}]}}},{"address":"module.s3.aws_s3_object.folders[\"configs/\"]","module_address":"module.s3","mode":"managed","type":"aws_s3_object","name":"folders","index":"configs/","provider_name":"registry.terraform.io/hashicorp/aws","change":{"actions":["no-op"],"before":{"acl":null,"arn":"arn:aws:s3:::house-price-mlops-dev-itzi2hgi/configs/","bucket":"house-price-mlops-dev-itzi2hgi","bucket_key_enabled":false,"cache_control":"","checksum_algorithm":null,"checksum_crc32":"","checksum_crc32c":"","checksum_crc64nvme":"","checksum_sha1":"","checksum_sha256":"","content":null,"content_base64":null,"content_disposition":"","content_encoding":"","content_language":"","content_type":"application/x-directory","etag":"d41d8cd98f00b204e9800998ecf8427e","force_destroy":false,"id":"configs/","key":"configs/","kms_key_id":null,"metadata":{},"object_lock_legal_hold_status":"","object_lock_mode":"","object_lock_retain_until_date":"","override_provider":[],"server_side_encryption":"AES256","source":null,"source_hash":null,"storage_class":"STANDARD","tags":{},"tags_all":{},"version_id":"null","website_redirect":""},"after":{"acl":null,"arn":"arn:aws:s3:::house-price-mlops-dev-itzi2hgi/configs/","bucket":"house-price-mlops-dev-itzi2hgi","bucket_key_enabled":false,"cache_control":"","checksum_algorithm":null,"checksum_crc32":"","checksum_crc32c":"","checksum_crc64nvme":"","checksum_sha1":"","checksum_sha256":"","content":null,"content_base64":null,"content_disposition":"","content_encoding":"","content_language":"","content_type":"application/x-directory","etag":"d41d8cd98f00b204e9800998ecf8427e","force_destroy":false,"id":"configs/","key":"configs/","kms_key_id":null,"metadata":{},"object_lock_legal_hold_status":"","object_lock_mode":"","object_lock_retain_until_date":"","override_provider":[],"server_side_encryption":"AES256","source":null,"source_hash":null,"storage_class":"STANDARD","tags":{},"tags_all":{},"version_id":"null","website_redirect":""},"after_unknown":{},"before_sensitive":{"metadata":{},"override_provider":[],"tags":{},"tags_all":{}},"after_sensitive":{"metadata":{},"override_provider":[],"tags":{},"tags_all":{}}}},{"address":"module.s3.aws_s3_object.folders[\"data/featured/\"]","module_address":"module.s3","mode":"managed","type":"aws_s3_object","name":"folders","index":"data/featured/","provider_name":"registry.terraform.io/hashicorp/aws","change":{"actions":["no-op"],"before":{"acl":null,"arn":"arn:aws:s3:::house-price-mlops-dev-itzi2hgi/data/featured/","bucket":"house-price-mlops-dev-itzi2hgi","bucket_key_enabled":false,"cache_control":"","checksum_algorithm":null,"checksum_crc32":"","checksum_crc32c":"","checksum_crc64nvme":"","checksum_sha1":"","checksum_sha256":"","content":null,"content_base64":null,"content_disposition":"","content_encoding":"","content_language":"","content_type":"application/x-directory","etag":"d41d8cd98f00b204e9800998ecf8427e","force_destroy":false,"id":"data/featured/","key":"data/featured/","kms_key_id":null,"metadata":{},"object_lock_legal_hold_status":"","object_lock_mode":"","object_lock_retain_until_date":"","override_provider":[],"server_side_encryption":"AES256","source":null,"source_hash":null,"storage_class":"STANDARD","tags":{},"tags_all":{},"version_id":"null","website_redirect":""},"after":{"acl":null,"arn":"arn:aws:s3:::house-price-mlops-dev-itzi2hgi/data/featured/","bucket":"house-price-mlops-dev-itzi2hgi","bucket_key_enabled":false,"cache_control":"","checksum_algorithm":null,"checksum_crc32":"","checksum_crc32c":"","checksum_crc64nvme":"","checksum_sha1":"","checksum_sha256":"","content":null,"content_base64":null,"content_disposition":"","content_encoding":"","content_language":"","content_type":"application/x-directory","etag":"d41d8cd98f00b204e9800998ecf8427e","force_destroy":false,"id":"data/featured/","key":"data/featured/","kms_key_id":null,"metadata":{},"object_lock_legal_hold_status":"","object_lock_mode":"","object_lock_retain_until_date":"","override_provider":[],"server_side_encryption":"AES256","source":null,"source_hash":null,"storage_class":"STANDARD","tags":{},"tags_all":{},"version_id":"null","website_redirect":""},"after_unknown":{},"before_sensitive":{"metadata":{},"override_provider":[],"tags":{},"tags_all":{}},"after_sensitive":{"metadata":{},"override_provider":[],"tags":{},"tags_all":{}}}},{"address":"module.s3.aws_s3_object.folders[\"data/processed/\"]","module_address":"module.s3","mode":"managed","type":"aws_s3_object","name":"folders","index":"data/processed/","provider_name":"registry.terraform.io/hashicorp/aws","change":{"actions":["no-op"],"before":{"acl":null,"arn":"arn:aws:s3:::house-price-mlops-dev-itzi2hgi/data/processed/","bucket":"house-price-mlops-dev-itzi2hgi","bucket_key_enabled":false,"cache_control":"","checksum_algorithm":null,"checksum_crc32":"","checksum_crc32c":"","checksum_crc64nvme":"","checksum_sha1":"","checksum_sha256":"","content":null,"content_base64":null,"content_disposition":"","content_encoding":"","content_language":"","content_type":"application/x-directory","etag":"d41d8cd98f00b204e9800998ecf8427e","force_destroy":false,"id":"data/processed/","key":"data/processed/","kms_key_id":null,"metadata":{},"object_lock_legal_hold_status":"","object_lock_mode":"","object_lock_retain_until_date":"","override_provider":[],"server_side_encryption":"AES256","source":null,"source_hash":null,"storage_class":"STANDARD","tags":{},"tags_all":{},"version_id":"null","website_redirect":""},"after":{"acl":null,"arn":"arn:aws:s3:::house-price-mlops-dev-itzi2hgi/data/processed/","bucket":"house-price-mlops-dev-itzi2hgi","bucket_key_enabled":false,"cache_control":"","checksum_algorithm":null,"checksum_crc32":"","checksum_crc32c":"","checksum_crc64nvme":"","checksum_sha1":"","checksum_sha256":"","content":null,"content_base64":null,"content_disposition":"","content_encoding":"","content_language":"","content_type":"application/x-directory","etag":"d41d8cd98f00b204e9800998ecf8427e","force_destroy":false,"id":"data/processed/","key":"data/processed/","kms_key_id":null,"metadata":{},"object_lock_legal_hold_status":"","object_lock_mode":"","object_lock_retain_until_date":"","override_provider":[],"server_side_encryption":"AES256","source":null,"source_hash":null,"storage_class":"STANDARD","tags":{},"tags_all":{},"version_id":"null","website_redirect":""},"after_unknown":{},"before_sensitive":{"metadata":{},"override_provider":[],"tags":{},"tags_all":{}},"after_sensitive":{"metadata":{},"override_provider":[],"tags":{},"tags_all":{}}}},{"address":"module.s3.aws_s3_object.folders[\"data/raw/\"]","module_address":"module.s3","mode":"managed","type":"aws_s3_object","name":"folders","index":"data/raw/","provider_name":"registry.terraform.io/hashicorp/aws","change":{"actions":["no-op"],"before":{"acl":null,"arn":"arn:aws:s3:::house-price-mlops-dev-itzi2hgi/data/raw/","bucket":"house-price-mlops-dev-itzi2hgi","bucket_key_enabled":false,"cache_control":"","checksum_algorithm":null,"checksum_crc32":"","checksum_crc32c":"","checksum_crc64nvme":"","checksum_sha1":"","checksum_sha256":"","content":null,"content_base64":null,"content_disposition":"","content_encoding":"","content_language":"","content_type":"application/x-directory","etag":"d41d8cd98f00b204e9800998ecf8427e","force_destroy":false,"id":"data/raw/","key":"data/raw/","kms_key_id":null,"metadata":{},"object_lock_legal_hold_status":"","object_lock_mode":"","object_lock_retain_until_date":"","override_provider":[],"server_side_encryption":"AES256","source":null,"source_hash":null,"storage_class":"STANDARD","tags":{},"tags_all":{},"version_id":"null","website_redirect":""},"after":{"acl":null,"arn":"arn:aws:s3:::house-price-mlops-dev-itzi2hgi/data/raw/","bucket":"house-price-mlops-dev-itzi2hgi","bucket_key_enabled":false,"cache_control":"","checksum_algorithm":null,"checksum_crc32":"","checksum_crc32c":"","checksum_crc64nvme":"","checksum_sha1":"","checksum_sha256":"","content":null,"content_base64":null,"content_disposition":"","content_encoding":"","content_language":"","content_type":"application/x-directory","etag":"d41d8cd98f00b204e9800998ecf8427e","force_destroy":false,"id":"data/raw/","key":"data/raw/","kms_key_id":null,"metadata":{},"object_lock_legal_hold_status":"","object_lock_mode":"","object_lock_retain_until_date":"","override_provider":[],"server_side_encryption":"AES256","source":null,"source_hash":null,"storage_class":"STANDARD","tags":{},"tags_all":{},"version_id":"null","website_redirect":""},"after_unknown":{},"before_sensitive":{"metadata":{},"override_provider":[],"tags":{},"tags_all":{}},"after_sensitive":{"metadata":{},"override_provider":[],"tags":{},"tags_all":{}}}},{"address":"module.s3.aws_s3_object.folders[\"data/test/\"]","module_address":"module.s3","mode":"managed","type":"aws_s3_object","name":"folders","index":"data/test/","provider_name":"registry.terraform.io/hashicorp/aws","change":{"actions":["no-op"],"before":{"acl":null,"arn":"arn:aws:s3:::house-price-mlops-dev-itzi2hgi/data/test/","bucket":"house-price-mlops-dev-itzi2hgi","bucket_key_enabled":false,"cache_control":"","checksum_algorithm":null,"checksum_crc32":"","checksum_crc32c":"","checksum_crc64nvme":"","checksum_sha1":"","checksum_sha256":"","content":null,"content_base64":null,"content_disposition":"","content_encoding":"","content_language":"","content_type":"application/x-directory","etag":"d41d8cd98f00b204e9800998ecf8427e","force_destroy":false,"id":"data/test/","key":"data/test/","kms_key_id":null,"metadata":{},"object_lock_legal_hold_status":"","object_lock_mode":"","object_lock_retain_until_date":"","override_provider":[],"server_side_encryption":"AES256","source":null,"source_hash":null,"storage_class":"STANDARD","tags":{},"tags_all":{},"version_id":"null","website_redirect":""},"after":{"acl":null,"arn":"arn:aws:s3:::house-price-mlops-dev-itzi2hgi/data/test/","bucket":"house-price-mlops-dev-itzi2hgi","bucket_key_enabled":false,"cache_control":"","checksum_algorithm":null,"checksum_crc32":"","checksum_crc32c":"","checksum_crc64nvme":"","checksum_sha1":"","checksum_sha256":"","content":null,"content_base64":null,"content_disposition":"","content_encoding":"","content_language":"","content_type":"application/x-directory","etag":"d41d8cd98f00b204e9800998ecf8427e","force_destroy":false,"id":"data/test/","key":"data/test/","kms_key_id":null,"metadata":{},"object_lock_legal_hold_status":"","object_lock_mode":"","object_lock_retain_until_date":"","override_provider":[],"server_side_encryption":"AES256","source":null,"source_hash":null,"storage_class":"STANDARD","tags":{},"tags_all":{},"version_id":"null","website_redirect":""},"after_unknown":{},"before_sensitive":{"metadata":{},"override_provider":[],"tags":{},"tags_all":{}},"after_sensitive":{"metadata":{},"override_provider":[],"tags":{},"tags_all":{}}}},{"address":"module.s3.aws_s3_object.folders[\"logs/\"]","module_address":"module.s3","mode":"managed","type":"aws_s3_object","name":"folders","index":"logs/","provider_name":"registry.terraform.io/hashicorp/aws","change":{"actions":["no-op"],"before":{"acl":null,"arn":"arn:aws:s3:::house-price-mlops-dev-itzi2hgi/logs/","bucket":"house-price-mlops-dev-itzi2hgi","bucket_key_enabled":false,"cache_control":"","checksum_algorithm":null,"checksum_crc32":"","checksum_crc32c":"","checksum_crc64nvme":"","checksum_sha1":"","checksum_sha256":"","content":null,"content_base64":null,"content_disposition":"","content_encoding":"","content_language":"","content_type":"application/x-directory","etag":"d41d8cd98f00b204e9800998ecf8427e","force_destroy":false,"id":"logs/","key":"logs/","kms_key_id":null,"metadata":{},"object_lock_legal_hold_status":"","object_lock_mode":"","object_lock_retain_until_date":"","override_provider":[],"server_side_encryption":"AES256","source":null,"source_hash":null,"storage_class":"STANDARD","tags":{},"tags_all":{},"version_id":"null","website_redirect":""},"after":{"acl":null,"arn":"arn:aws:s3:::house-price-mlops-dev-itzi2hgi/logs/","bucket":"house-price-mlops-dev-itzi2hgi","bucket_key_enabled":false,"cache_control":"","checksum_algorithm":null,"checksum_crc32":"","checksum_crc32c":"","checksum_crc64nvme":"","checksum_sha1":"","checksum_sha256":"","content":null,"content_base64":null,"content_disposition":"","content_encoding":"","content_language":"","content_type":"application/x-directory","etag":"d41d8cd98f00b204e9800998ecf8427e","force_destroy":false,"id":"logs/","key":"logs/","kms_key_id":null,"metadata":{},"object_lock_legal_hold_status":"","object_lock_mode":"","object_lock_retain_until_date":"","override_provider":[],"server_side_encryption":"AES256","source":null,"source_hash":null,"storage_class":"STANDARD","tags":{},"tags_all":{},"version_id":"null","website_redirect":""},"after_unknown":{},"before_sensitive":{"metadata":{},"override_provider":[],"tags":{},"tags_all":{}},"after_sensitive":{"metadata":{},"override_provider":[],"tags":{},"tags_all":{}}}},{"address":"module.s3.aws_s3_object.folders[\"models/artifacts/\"]","module_address":"module.s3","mode":"managed","type":"aws_s3_object","name":"folders","index":"models/artifacts/","provider_name":"registry.terraform.io/hashicorp/aws","change":{"actions":["no-op"],"before":{"acl":null,"arn":"arn:aws:s3:::house-price-mlops-dev-itzi2hgi/models/artifacts/","bucket":"house-price-mlops-dev-itzi2hgi","bucket_key_enabled":false,"cache_control":"","checksum_algorithm":null,"checksum_crc32":"","checksum_crc32c":"","checksum_crc64nvme":"","checksum_sha1":"","checksum_sha256":"","content":null,"content_base64":null,"content_disposition":"","content_encoding":"","content_language":"","content_type":"application/x-directory","etag":"d41d8cd98f00b204e9800998ecf8427e","force_destroy":false,"id":"models/artifacts/","key":"models/artifacts/","kms_key_id":null,"metadata":{},"object_lock_legal_hold_status":"","object_lock_mode":"","object_lock_retain_until_date":"","override_provider":[],"server_side_encryption":"AES256","source":null,"source_hash":null,"storage_class":"STANDARD","tags":{},"tags_all":{},"version_id":"null","website_redirect":""},"after":{"acl":null,"arn":"arn:aws:s3:::house-price-mlops-dev-itzi2hgi/models/artifacts/","bucket":"house-price-mlops-dev-itzi2hgi","bucket_key_enabled":false,"cache_control":"","checksum_algorithm":null,"checksum_crc32":"","checksum_crc32c":"","checksum_crc64nvme":"","checksum_sha1":"","checksum_sha256":"","content":null,"content_base64":null,"content_disposition":"","content_encoding":"","content_language":"","content_type":"application/x-directory","etag":"d41d8cd98f00b204e9800998ecf8427e","force_destroy":false,"id":"models/artifacts/","key":"models/artifacts/","kms_key_id":null,"metadata":{},"object_lock_legal_hold_status":"","object_lock_mode":"","object_lock_retain_until_date":"","override_provider":[],"server_side_encryption":"AES256","source":null,"source_hash":null,"storage_class":"STANDARD","tags":{},"tags_all":{},"version_id":"null","website_redirect":""},"after_unknown":{},"before_sensitive":{"metadata":{},"override_provider":[],"tags":{},"tags_all":{}},"after_sensitive":{"metadata":{},"override_provider":[],"tags":{},"tags_all":{}}}},{"address":"module.s3.aws_s3_object.folders[\"models/registry/\"]","module_address":"module.s3","mode":"managed","type":"aws_s3_object","name":"folders","index":"models/registry/","provider_name":"registry.terraform.io/hashicorp/aws","change":{"actions":["no-op"],"before":{"acl":null,"arn":"arn:aws:s3:::house-price-mlops-dev-itzi2hgi/models/registry/","bucket":"house-price-mlops-dev-itzi2hgi","bucket_key_enabled":false,"cache_control":"","checksum_algorithm":null,"checksum_crc32":"","checksum_crc32c":"","checksum_crc64nvme":"","checksum_sha1":"","checksum_sha256":"","content":null,"content_base64":null,"content_disposition":"","content_encoding":"","content_language":"","content_type":"application/x-directory","etag":"d41d8cd98f00b204e9800998ecf8427e","force_destroy":false,"id":"models/registry/","key":"models/registry/","kms_key_id":null,"metadata":{},"object_lock_legal_hold_status":"","object_lock_mode":"","object_lock_retain_until_date":"","override_provider":[],"server_side_encryption":"AES256","source":null,"source_hash":null,"storage_class":"STANDARD","tags":{},"tags_all":{},"version_id":"jW.umsr5EDh6ypLdx2dvd9N3rsBD_0we","website_redirect":""},"after":{"acl":null,"arn":"arn:aws:s3:::house-price-mlops-dev-itzi2hgi/models/registry/","bucket":"house-price-mlops-dev-itzi2hgi","bucket_key_enabled":false,"cache_control":"","checksum_algorithm":null,"checksum_crc32":"","checksum_crc32c":"","checksum_crc64nvme":"","checksum_sha1":"","checksum_sha256":"","content":null,"content_base64":null,"content_disposition":"","content_encoding":"","content_language":"","content_type":"application/x-directory","etag":"d41d8cd98f00b204e9800998ecf8427e","force_destroy":false,"id":"models/registry/","key":"models/registry/","kms_key_id":null,"metadata":{},"object_lock_legal_hold_status":"","object_lock_mode":"","object_lock_retain_until_date":"","override_provider":[],"server_side_encryption":"AES256","source":null,"source_hash":null,"storage_class":"STANDARD","tags":{},"tags_all":{},"version_id":"jW.umsr5EDh6ypLdx2dvd9N3rsBD_0we","website_redirect":""},"after_unknown":{},"before_sensitive":{"metadata":{},"override_provider":[],"tags":{},"tags_all":{}},"after_sensitive":{"metadata":{},"override_provider":[],"tags":{},"tags_all":{}}}},{"address":"module.s3.aws_s3_object.folders[\"models/trained/\"]","module_address":"module.s3","mode":"managed","type":"aws_s3_object","name":"folders","index":"models/trained/","provider_name":"registry.terraform.io/hashicorp/aws","change":{"actions":["no-op"],"before":{"acl":null,"arn":"arn:aws:s3:::house-price-mlops-dev-itzi2hgi/models/trained/","bucket":"house-price-mlops-dev-itzi2hgi","bucket_key_enabled":false,"cache_control":"","checksum_algorithm":null,"checksum_crc32":"","checksum_crc32c":"","checksum_crc64nvme":"","checksum_sha1":"","checksum_sha256":"","content":null,"content_base64":null,"content_disposition":"","content_encoding":"","content_language":"","content_type":"application/x-directory","etag":"d41d8cd98f00b204e9800998ecf8427e","force_destroy":false,"id":"models/trained/","key":"models/trained/","kms_key_id":null,"metadata":{},"object_lock_legal_hold_status":"","object_lock_mode":"","object_lock_retain_until_date":"","override_provider":[],"server_side_encryption":"AES256","source":null,"source_hash":null,"storage_class":"STANDARD","tags":{},"tags_all":{},"version_id":"null","website_redirect":""},"after":{"acl":null,"arn":"arn:aws:s3:::house-price-mlops-dev-itzi2hgi/models/trained/","bucket":"house-price-mlops-dev-itzi2hgi","bucket_key_enabled":false,"cache_control":"","checksum_algorithm":null,"checksum_crc32":"","checksum_crc32c":"","checksum_crc64nvme":"","checksum_sha1":"","checksum_sha256":"","content":null,"content_base64":null,"content_disposition":"","content_encoding":"","content_language":"","content_type":"application/x-directory","etag":"d41d8cd98f00b204e9800998ecf8427e","force_destroy":false,"id":"models/trained/","key":"models/trained/","kms_key_id":null,"metadata":{},"object_lock_legal_hold_status":"","object_lock_mode":"","object_lock_retain_until_date":"","override_provider":[],"server_side_encryption":"AES256","source":null,"source_hash":null,"storage_class":"STANDARD","tags":{},"tags_all":{},"version_id":"null","website_redirect":""},"after_unknown":{},"before_sensitive":{"metadata":{},"override_provider":[],"tags":{},"tags_all":{}},"after_sensitive":{"metadata":{},"override_provider":[],"tags":{},"tags_all":{}}}},{"address":"module.s3.aws_s3_object.folders[\"pipelines/\"]","module_address":"module.s3","mode":"managed","type":"aws_s3_object","name":"folders","index":"pipelines/","provider_name":"registry.terraform.io/hashicorp/aws","change":{"actions":["no-op"],"before":{"acl":null,"arn":"arn:aws:s3:::house-price-mlops-dev-itzi2hgi/pipelines/","bucket":"house-price-mlops-dev-itzi2hgi","bucket_key_enabled":false,"cache_control":"","checksum_algorithm":null,"checksum_crc32":"","checksum_crc32c":"","checksum_crc64nvme":"","checksum_sha1":"","checksum_sha256":"","content":null,"content_base64":null,"content_disposition":"","content_encoding":"","content_language":"","content_type":"application/x-directory","etag":"d41d8cd98f00b204e9800998ecf8427e","force_destroy":false,"id":"pipelines/","key":"pipelines/","kms_key_id":null,"metadata":{},"object_lock_legal_hold_status":"","object_lock_mode":"","object_lock_retain_until_date":"","override_provider":[],"server_side_encryption":"AES256","source":null,"source_hash":null,"storage_class":"STANDARD","tags":{},"tags_all":{},"version_id":"null","website_redirect":""},"after":{"acl":null,"arn":"arn:aws:s3:::house-price-mlops-dev-itzi2hgi/pipelines/","bucket":"house-price-mlops-dev-itzi2hgi","bucket_key_enabled":false,"cache_control":"","checksum_algorithm":null,"checksum_crc32":"","checksum_crc32c":"","checksum_crc64nvme":"","checksum_sha1":"","checksum_sha256":"","content":null,"content_base64":null,"content_disposition":"","content_encoding":"","content_language":"","content_type":"application/x-directory","etag":"d41d8cd98f00b204e9800998ecf8427e","force_destroy":false,"id":"pipelines/","key":"pipelines/","kms_key_id":null,"metadata":{},"object_lock_legal_hold_status":"","object_lock_mode":"","object_lock_retain_until_date":"","override_provider":[],"server_side_encryption":"AES256","source":null,"source_hash":null,"storage_class":"STANDARD","tags":{},"tags_all":{},"version_id":"null","website_redirect":""},"after_unknown":{},"before_sensitive":{"metadata":{},"override_provider":[],"tags":{},"tags_all":{}},"after_sensitive":{"metadata":{},"override_provider":[],"tags":{},"tags_all":{}}}},{"address":"module.s3.random_string.bucket_suffix","module_address":"module.s3","mode":"managed","type":"random_string","name":"bucket_suffix","provider_name":"registry.terraform.io/hashicorp/random","change":{"actions":["no-op"],"before":{"id":"itzi2hgi","keepers":null,"length":8,"lower":true,"min_lower":0,"min_numeric":0,"min_special":0,"min_upper":0,"number":true,"numeric":true,"override_special":null,"result":"itzi2hgi","special":false,"upper":false},"after":{"id":"itzi2hgi","keepers":null,"length":8,"lower":true,"min_lower":0,"min_numeric":0,"min_special":0,"min_upper":0,"number":true,"numeric":true,"override_special":null,"result":"itzi2hgi","special":false,"upper":false},"after_unknown":{},"before_sensitive":{},"after_sensitive":{}}},{"address":"module.sagemaker.aws_appautoscaling_policy.sagemaker_policy","module_address":"module.sagemaker","mode":"managed","type":"aws_appautoscaling_policy","name":"sagemaker_policy","provider_name":"registry.terraform.io/hashicorp/aws","change":{"actions":["create"],"before":null,"after":{"name":"sagemaker-scaling-policy","policy_type":"TargetTrackingScaling","resource_id":"endpoint/house-price-prod/variant/AllTraffic","scalable_dimension":"sagemaker:variant:DesiredInstanceCount","service_namespace":"sagemaker","step_scaling_policy_configuration":[],"target_tracking_scaling_policy_configuration":[{"customized_metric_specification":[],"disable_scale_in":false,"predefined_metric_specification":[{"predefined_metric_type":"SageMakerVariantInvocationsPerInstance","resource_label":null}],"scale_in_cooldown":null,"scale_out_cooldown":null,"target_value":70}]},"after_unknown":{"alarm_arns":true,"arn":true,"id":true,"step_scaling_policy_configuration":[],"target_tracking_scaling_policy_configuration":[{"customized_metric_specification":[],"predefined_metric_specification":[{}]}]},"before_sensitive":false,"after_sensitive":{"alarm_arns":[],"step_scaling_policy_configuration":[],"target_tracking_scaling_policy_configuration":[{"customized_metric_specification":[],"predefined_metric_specification":[{}]}]}}},{"address":"module.sagemaker.aws_appautoscaling_target.sagemaker_target","module_address":"module.sagemaker","mode":"managed","type":"aws_appautoscaling_target","name":"sagemaker_target","provider_name":"registry.terraform.io/hashicorp/aws","change":{"actions":["create"],"before":null,"after":{"max_capacity":3,"min_capacity":0,"resource_id":"endpoint/house-price-prod/variant/AllTraffic","scalable_dimension":"sagemaker:variant:DesiredInstanceCount","service_namespace":"sagemaker","tags":null},"after_unknown":{"arn":true,"id":true,"role_arn":true,"suspended_state":true,"tags_all":true},"before_sensitive":false,"after_sensitive":{"suspended_state":[],"tags_all":{}}}},{"address":"module.sagemaker.aws_iam_role.sagemaker_execution_role","module_address":"module.sagemaker","mode":"managed","type":"aws_iam_role","name":"sagemaker_execution_role","provider_name":"registry.terraform.io/hashicorp/aws","change":{"actions":["no-op"],"before":{"arn":"arn:aws:iam::482227257362:role/house-price-sagemaker-execution-role","assume_role_policy":"{\"Statement\":[{\"Action\":\"sts:AssumeRole\",\"Effect\":\"Allow\",\"Principal\":{\"Service\":\"sagemaker.amazonaws.com\"}}],\"Version\":\"2012-10-17\"}","create_date":"2025-10-27T16:55:04Z","description":"","force_detach_policies":false,"id":"house-price-sagemaker-execution-role","inline_policy":[{"name":"house-price-s3-mlops-access","policy":"{\"Version\":\"2012-10-17\",\"Statement\":[{\"Action\":[\"s3:GetObject\",\"s3:PutObject\",\"s3:DeleteObject\",\"s3:ListBucket\"],\"Effect\":\"Allow\",\"Resource\":[\"arn:aws:s3:::house-price-mlops-dev-itzi2hgi\",\"arn:aws:s3:::house-price-mlops-dev-itzi2hgi/*\"]}]}"},{"name":"house-price-sagemaker-studio-permissions","policy":"{\"Version\":\"2012-10-17\",\"Statement\":[{\"Action\":[\"sagemaker:CreatePresignedDomainUrl\",\"sagemaker:DescribeDomain\",\"sagemaker:ListDomains\",\"sagemaker:CreateApp\",\"sagemaker:DeleteApp\",\"sagemaker:DescribeApp\",\"sagemaker:ListApps\"],\"Effect\":\"Allow\",\"Resource\":\"*\"}]}"}],"managed_policy_arns":["arn:aws:iam::aws:policy/AmazonEC2ContainerRegistryFullAccess","arn:aws:iam::aws:policy/AmazonSageMakerCanvasFullAccess","arn:aws:iam::aws:policy/AmazonSageMakerFullAccess"],"max_session_duration":3600,"name":"house-price-sagemaker-execution-role","name_prefix":"","path":"/","permissions_boundary":"","tags":{},"tags_all":{},"unique_id":"AROAXARX4AAJLBH4KZPQC"},"after":{"arn":"arn:aws:iam::482227257362:role/house-price-sagemaker-execution-role","assume_role_policy":"{\"Statement\":[{\"Action\":\"sts:AssumeRole\",\"Effect\":\"Allow\",\"Principal\":{\"Service\":\"sagemaker.amazonaws.com\"}}],\"Version\":\"2012-10-17\"}","create_date":"2025-10-27T16:55:04Z","description":"","force_detach_policies":false,"id":"house-price-sagemaker-execution-role","inline_policy":[{"name":"house-price-s3-mlops-access","policy":"{\"Version\":\"2012-10-17\",\"Statement\":[{\"Action\":[\"s3:GetObject\",\"s3:PutObject\",\"s3:DeleteObject\",\"s3:ListBucket\"],\"Effect\":\"Allow\",\"Resource\":[\"arn:aws:s3:::house-price-mlops-dev-itzi2hgi\",\"arn:aws:s3:::house-price-mlops-dev-itzi2hgi/*\"]}]}"},{"name":"house-price-sagemaker-studio-permissions","policy":"{\"Version\":\"2012-10-17\",\"Statement\":[{\"Action\":[\"sagemaker:CreatePresignedDomainUrl\",\"sagemaker:DescribeDomain\",\"sagemaker:ListDomains\",\"sagemaker:CreateApp\",\"sagemaker:DeleteApp\",\"sagemaker:DescribeApp\",\"sagemaker:ListApps\"],\"Effect\":\"Allow\",\"Resource\":\"*\"}]}"}],"managed_policy_arns":["arn:aws:iam::aws:policy/AmazonEC2ContainerRegistryFullAccess","arn:aws:iam::aws:policy/AmazonSageMakerCanvasFullAccess","arn:aws:iam::aws:policy/AmazonSageMakerFullAccess"],"max_session_duration":3600,"name":"house-price-sagemaker-execution-role","name_prefix":"","path":"/","permissions_boundary":"","tags":{},"tags_all":{},"unique_id":"AROAXARX4AAJLBH4KZPQC"},"after_unknown":{},"before_sensitive":{"inline_policy":[{},{}],"managed_policy_arns":[false,false,false],"tags":{},"tags_all":{}},"after_sensitive":{"inline_policy":[{},{}],"managed_policy_arns":[false,false,false],"tags":{},"tags_all":{}}}},{"address":"module.sagemaker.aws_iam_role_policy.s3_mlops_access","module_address":"module.sagemaker","mode":"managed","type":"aws_iam_role_policy","name":"s3_mlops_access","provider_name":"registry.terraform.io/hashicorp/aws","change":{"actions":["no-op"],"before":{"id":"house-price-sagemaker-execution-role:house-price-s3-mlops-access","name":"house-price-s3-mlops-access","name_prefix":"","policy":"{\"Version\":\"2012-10-17\",\"Statement\":[{\"Action\":[\"s3:GetObject\",\"s3:PutObject\",\"s3:DeleteObject\",\"s3:ListBucket\"],\"Effect\":\"Allow\",\"Resource\":[\"arn:aws:s3:::house-price-mlops-dev-itzi2hgi\",\"arn:aws:s3:::house-price-mlops-dev-itzi2hgi/*\"]}]}","role":"house-price-sagemaker-execution-role"},"after":{"id":"house-price-sagemaker-execution-role:house-price-s3-mlops-access","name":"house-price-s3-mlops-access","name_prefix":"","policy":"{\"Version\":\"2012-10-17\",\"Statement\":[{\"Action\":[\"s3:GetObject\",\"s3:PutObject\",\"s3:DeleteObject\",\"s3:ListBucket\"],\"Effect\":\"Allow\",\"Resource\":[\"arn:aws:s3:::house-price-mlops-dev-itzi2hgi\",\"arn:aws:s3:::house-price-mlops-dev-itzi2hgi/*\"]}]}","role":"house-price-sagemaker-execution-role"},"after_unknown":{},"before_sensitive":{},"after_sensitive":{}}},{"address":"module.sagemaker.aws_iam_role_policy.sagemaker_studio_permissions","module_address":"module.sagemaker","mode":"managed","type":"aws_iam_role_policy","name":"sagemaker_studio_permissions","provider_name":"registry.terraform.io/hashicorp/aws","change":{"actions":["no-op"],"before":{"id":"house-price-sagemaker-execution-role:house-price-sagemaker-studio-permissions","name":"house-price-sagemaker-studio-permissions","name_prefix":"","policy":"{\"Version\":\"2012-10-17\",\"Statement\":[{\"Action\":[\"sagemaker:CreatePresignedDomainUrl\",\"sagemaker:DescribeDomain\",\"sagemaker:ListDomains\",\"sagemaker:CreateApp\",\"sagemaker:DeleteApp\",\"sagemaker:DescribeApp\",\"sagemaker:ListApps\"],\"Effect\":\"Allow\",\"Resource\":\"*\"}]}","role":"house-price-sagemaker-execution-role"},"after":{"id":"house-price-sagemaker-execution-role:house-price-sagemaker-studio-permissions","name":"house-price-sagemaker-studio-permissions","name_prefix":"","policy":"{\"Version\":\"2012-10-17\",\"Statement\":[{\"Action\":[\"sagemaker:CreatePresignedDomainUrl\",\"sagemaker:DescribeDomain\",\"sagemaker:ListDomains\",\"sagemaker:CreateApp\",\"sagemaker:DeleteApp\",\"sagemaker:DescribeApp\",\"sagemaker:ListApps\"],\"Effect\":\"Allow\",\"Resource\":\"*\"}]}","role":"house-price-sagemaker-execution-role"},"after_unknown":{},"before_sensitive":{},"after_sensitive":{}}},{"address":"module.sagemaker.aws_iam_role_policy_attachment.ecr_policy","module_address":"module.sagemaker","mode":"managed","type":"aws_iam_role_policy_attachment","name":"ecr_policy","provider_name":"registry.terraform.io/hashicorp/aws","change":{"actions":["no-op"],"before":{"id":"house-price-sagemaker-execution-role-20251117175456311200000001","policy_arn":"arn:aws:iam::aws:policy/AmazonEC2ContainerRegistryFullAccess","role":"house-price-sagemaker-execution-role"},"after":{"id":"house-price-sagemaker-execution-role-20251117175456311200000001","policy_arn":"arn:aws:iam::aws:policy/AmazonEC2ContainerRegistryFullAccess","role":"house-price-sagemaker-execution-role"},"after_unknown":{},"before_sensitive":{},"after_sensitive":{}}},{"address":"module.sagemaker.aws_iam_role_policy_attachment.sagemaker_execution_policy","module_address":"module.sagemaker","mode":"managed","type":"aws_iam_role_policy_attachment","name":"sagemaker_execution_policy","provider_name":"registry.terraform.io/hashicorp/aws","change":{"actions":["no-op"],"before":{"id":"house-price-sagemaker-execution-role-20251027165504698700000001","policy_arn":"arn:aws:iam::aws:policy/AmazonSageMakerFullAccess","role":"house-price-sagemaker-execution-role"},"after":{"id":"house-price-sagemaker-execution-role-20251027165504698700000001","policy_arn":"arn:aws:iam::aws:policy/AmazonSageMakerFullAccess","role":"house-price-sagemaker-execution-role"},"after_unknown":{},"before_sensitive":{},"after_sensitive":{}}},{"address":"module.sagemaker.aws_iam_role_policy_attachment.sagemaker_studio_policy","module_address":"module.sagemaker","mode":"managed","type":"aws_iam_role_policy_attachment","name":"sagemaker_studio_policy","provider_name":"registry.terraform.io/hashicorp/aws","change":{"actions":["no-op"],"before":{"id":"house-price-sagemaker-execution-role-20251027171054367700000001","policy_arn":"arn:aws:iam::aws:policy/AmazonSageMakerCanvasFullAccess","role":"house-price-sagemaker-execution-role"},"after":{"id":"house-price-sagemaker-execution-role-20251027171054367700000001","policy_arn":"arn:aws:iam::aws:policy/AmazonSageMakerCanvasFullAccess","role":"house-price-sagemaker-execution-role"},"after_unknown":{},"before_sensitive":{},"after_sensitive":{}}},{"address":"module.sagemaker.aws_sagemaker_domain.mlops_domain","module_address":"module.sagemaker","mode":"managed","type":"aws_sagemaker_domain","name":"mlops_domain","provider_name":"registry.terraform.io/hashicorp/aws","change":{"actions":["no-op"],"before":{"app_network_access_type":"PublicInternetOnly","app_security_group_management":"","arn":"arn:aws:sagemaker:us-east-1:482227257362:domain/d-rr0shep9nrmf","auth_mode":"IAM","default_space_settings":[],"default_user_settings":[{"auto_mount_home_efs":"Enabled","canvas_app_settings":[],"code_editor_app_settings":[],"custom_file_system_config":[],"custom_posix_user_config":[],"default_landing_uri":"studio::","execution_role":"arn:aws:iam::482227257362:role/house-price-sagemaker-execution-role","jupyter_lab_app_settings":[],"jupyter_server_app_settings":[],"kernel_gateway_app_settings":[],"r_session_app_settings":[],"r_studio_server_pro_app_settings":[],"security_groups":[],"sharing_settings":[],"space_storage_settings":[],"studio_web_portal":"ENABLED","studio_web_portal_settings":[],"tensor_board_app_settings":[]}],"domain_name":"house-price-mlops-domain","domain_settings":[],"home_efs_file_system_id":"fs-0c6a130d608b22676","id":"d-rr0shep9nrmf","kms_key_id":"","retention_policy":[],"security_group_id_for_domain_boundary":"","single_sign_on_application_arn":"","single_sign_on_managed_application_instance_id":"","subnet_ids":["subnet-00d543840efec8c87","subnet-02f04ba7c1bbbf72f","subnet-0549136184302920c","subnet-08ae0c2b4723f5d9d","subnet-0c092dfafe0a2b4b2","subnet-0d2477ce3c2ca92b9"],"tag_propagation":"DISABLED","tags":{"Environment":"dev","Name":"house-price-mlops-domain"},"tags_all":{"Environment":"dev","Name":"house-price-mlops-domain"},"url":"https://d-rr0shep9nrmf.studio.us-east-1.sagemaker.aws","vpc_id":"vpc-0ec06d2e45d4c6de8"},"after":{"app_network_access_type":"PublicInternetOnly","app_security_group_management":"","arn":"arn:aws:sagemaker:us-east-1:482227257362:domain/d-rr0shep9nrmf","auth_mode":"IAM","default_space_settings":[],"default_user_settings":[{"auto_mount_home_efs":"Enabled","canvas_app_settings":[],"code_editor_app_settings":[],"custom_file_system_config":[],"custom_posix_user_config":[],"default_landing_uri":"studio::","execution_role":"arn:aws:iam::482227257362:role/house-price-sagemaker-execution-role","jupyter_lab_app_settings":[],"jupyter_server_app_settings":[],"kernel_gateway_app_settings":[],"r_session_app_settings":[],"r_studio_server_pro_app_settings":[],"security_groups":[],"sharing_settings":[],"space_storage_settings":[],"studio_web_portal":"ENABLED","studio_web_portal_settings":[],"tensor_board_app_settings":[]}],"domain_name":"house-price-mlops-domain","domain_settings":[],"home_efs_file_system_id":"fs-0c6a130d608b22676","id":"d-rr0shep9nrmf","kms_key_id":"","retention_policy":[],"security_group_id_for_domain_boundary":"","single_sign_on_application_arn":"","single_sign_on_managed_application_instance_id":"","subnet_ids":["subnet-00d543840efec8c87","subnet-02f04ba7c1bbbf72f","subnet-0549136184302920c","subnet-08ae0c2b4723f5d9d","subnet-0c092dfafe0a2b4b2","subnet-0d2477ce3c2ca92b9"],"tag_propagation":"DISABLED","tags":{"Environment":"dev","Name":"house-price-mlops-domain"},"tags_all":{"Environment":"dev","Name":"house-price-mlops-domain"},"url":"https://d-rr0shep9nrmf.studio.us-east-1.sagemaker.aws","vpc_id":"vpc-0ec06d2e45d4c6de8"},"after_unknown":{},"before_sensitive":{"default_space_settings":[],"default_user_settings":[{"canvas_app_settings":[],"code_editor_app_settings":[],"custom_file_system_config":[],"custom_posix_user_config":[],"jupyter_lab_app_settings":[],"jupyter_server_app_settings":[],"kernel_gateway_app_settings":[],"r_session_app_settings":[],"r_studio_server_pro_app_settings":[],"security_groups":[],"sharing_settings":[],"space_storage_settings":[],"studio_web_portal_settings":[],"tensor_board_app_settings":[]}],"domain_settings":[],"retention_policy":[],"subnet_ids":[false,false,false,false,false,false],"tags":{},"tags_all":{}},"after_sensitive":{"default_space_settings":[],"default_user_settings":[{"canvas_app_settings":[],"code_editor_app_settings":[],"custom_file_system_config":[],"custom_posix_user_config":[],"jupyter_lab_app_settings":[],"jupyter_server_app_settings":[],"kernel_gateway_app_settings":[],"r_session_app_settings":[],"r_studio_server_pro_app_settings":[],"security_groups":[],"sharing_settings":[],"space_storage_settings":[],"studio_web_portal_settings":[],"tensor_board_app_settings":[]}],"domain_settings":[],"retention_policy":[],"subnet_ids":[false,false,false,false,false,false],"tags":{},"tags_all":{}}}},{"address":"module.sagemaker.aws_sagemaker_endpoint.house_price_endpoint","module_address":"module.sagemaker","mode":"managed","type":"aws_sagemaker_endpoint","name":"house_price_endpoint","provider_name":"registry.terraform.io/hashicorp/aws","change":{"actions":["no-op"],"before":{"arn":"arn:aws:sagemaker:us-east-1:482227257362:endpoint/house-price-prod","deployment_config":[],"endpoint_config_name":"house-price-serverless-config","id":"house-price-prod","name":"house-price-prod","tags":{"Environment":"dev","Project":"house-price"},"tags_all":{"Environment":"dev","Project":"house-price"}},"after":{"arn":"arn:aws:sagemaker:us-east-1:482227257362:endpoint/house-price-prod","deployment_config":[],"endpoint_config_name":"house-price-serverless-config","id":"house-price-prod","name":"house-price-prod","tags":{"Environment":"dev","Project":"house-price"},"tags_all":{"Environment":"dev","Project":"house-price"}},"after_unknown":{},"before_sensitive":{"deployment_config":[],"tags":{},"tags_all":{}},"after_sensitive":{"deployment_config":[],"tags":{},"tags_all":{}}}},{"address":"module.sagemaker.aws_sagemaker_endpoint_configuration.house_price_config","module_address":"module.sagemaker","mode":"managed","type":"aws_sagemaker_endpoint_configuration","name":"house_price_config","provider_name":"registry.terraform.io/hashicorp/aws","change":{"actions":["no-op"],"before":{"arn":"arn:aws:sagemaker:us-east-1:482227257362:endpoint-config/house-price-config","async_inference_config":[],"data_capture_config":[],"id":"house-price-config","kms_key_arn":"","name":"house-price-config","name_prefix":"","production_variants":[{"accelerator_type":"","container_startup_health_check_timeout_in_seconds":0,"core_dump_config":[],"enable_ssm_access":false,"inference_ami_version":"","initial_instance_count":1,"initial_variant_weight":1,"instance_type":"ml.t2.medium","managed_instance_scaling":[],"model_data_download_timeout_in_seconds":0,"model_name":"house-price-model","routing_config":[],"serverless_config":[],"variant_name":"AllTraffic","volume_size_in_gb":0}],"shadow_production_variants":[],"tags":{"Environment":"dev","Project":"house-price"},"tags_all":{"Environment":"dev","Project":"house-price"}},"after":{"arn":"arn:aws:sagemaker:us-east-1:482227257362:endpoint-config/house-price-config","async_inference_config":[],"data_capture_config":[],"id":"house-price-config","kms_key_arn":"","name":"house-price-config","name_prefix":"","production_variants":[{"accelerator_type":"","container_startup_health_check_timeout_in_seconds":0,"core_dump_config":[],"enable_ssm_access":false,"inference_ami_version":"","initial_instance_count":1,"initial_variant_weight":1,"instance_type":"ml.t2.medium","managed_instance_scaling":[],"model_data_download_timeout_in_seconds":0,"model_name":"house-price-model","routing_config":[],"serverless_config":[],"variant_name":"AllTraffic","volume_size_in_gb":0}],"shadow_production_variants":[],"tags":{"Environment":"dev","Project":"house-price"},"tags_all":{"Environment":"dev","Project":"house-price"}},"after_unknown":{},"before_sensitive":{"async_inference_config":[],"data_capture_config":[],"production_variants":[{"core_dump_config":[],"managed_instance_scaling":[],"routing_config":[],"serverless_config":[]}],"shadow_production_variants":[],"tags":{},"tags_all":{}},"after_sensitive":{"async_inference_config":[],"data_capture_config":[],"production_variants":[{"core_dump_config":[],"managed_instance_scaling":[],"routing_config":[],"serverless_config":[]}],"shadow_production_variants":[],"tags":{},"tags_all":{}}}},{"address":"module.sagemaker.aws_sagemaker_endpoint_configuration.house_price_serverless_config","module_address":"module.sagemaker","mode":"managed","type":"aws_sagemaker_endpoint_configuration","name":"house_price_serverless_config","provider_name":"registry.terraform.io/hashicorp/aws","change":{"actions":["no-op"],"before":{"arn":"arn:aws:sagemaker:us-east-1:482227257362:endpoint-config/house-price-serverless-config","async_inference_config":[],"data_capture_config":[],"id":"house-price-serverless-config","kms_key_arn":"","name":"house-price-serverless-config","name_prefix":"","production_variants":[{"accelerator_type":"","container_startup_health_check_timeout_in_seconds":0,"core_dump_config":[],"enable_ssm_access":false,"inference_ami_version":"","initial_instance_count":0,"initial_variant_weight":1,"instance_type":"","managed_instance_scaling":[],"model_data_download_timeout_in_seconds":0,"model_name":"house-price-model","routing_config":[],"serverless_config":[{"max_concurrency":5,"memory_size_in_mb":2048,"provisioned_concurrency":0}],"variant_name":"AllTraffic","volume_size_in_gb":5}],"shadow_production_variants":[],"tags":{"Environment":"dev","Project":"house-price"},"tags_all":{"Environment":"dev","Project":"house-price"}},"after":{"arn":"arn:aws:sagemaker:us-east-1:482227257362:endpoint-config/house-price-serverless-config","async_inference_config":[],"data_capture_config":[],"id":"house-price-serverless-config","kms_key_arn":"","name":"house-price-serverless-config","name_prefix":"","production_variants":[{"accelerator_type":"","container_startup_health_check_timeout_in_seconds":0,"core_dump_config":[],"enable_ssm_access":false,"inference_ami_version":"","initial_instance_count":0,"initial_variant_weight":1,"instance_type":"","managed_instance_scaling":[],"model_data_download_timeout_in_seconds":0,"model_name":"house-price-model","routing_config":[],"serverless_config":[{"max_concurrency":5,"memory_size_in_mb":2048,"provisioned_concurrency":0}],"variant_name":"AllTraffic","volume_size_in_gb":5}],"shadow_production_variants":[],"tags":{"Environment":"dev","Project":"house-price"},"tags_all":{"Environment":"dev","Project":"house-price"}},"after_unknown":{},"before_sensitive":{"async_inference_config":[],"data_capture_config":[],"production_variants":[{"core_dump_config":[],"managed_instance_scaling":[],"routing_config":[],"serverless_config":[{}]}],"shadow_production_variants":[],"tags":{},"tags_all":{}},"after_sensitive":{"async_inference_config":[],"data_capture_config":[],"production_variants":[{"core_dump_config":[],"managed_instance_scaling":[],"routing_config":[],"serverless_config":[{}]}],"shadow_production_variants":[],"tags":{},"tags_all":{}}}},{"address":"module.sagemaker.aws_sagemaker_model.house_price_model","module_address":"module.sagemaker","mode":"managed","type":"aws_sagemaker_model","name":"house_price_model","provider_name":"registry.terraform.io/hashicorp/aws","change":{"actions":["no-op"],"before":{"arn":"arn:aws:sagemaker:us-east-1:482227257362:model/house-price-model","container":[],"enable_network_isolation":false,"execution_role_arn":"arn:aws:iam::482227257362:role/house-price-sagemaker-execution-role","id":"house-price-model","inference_execution_config":[],"name":"house-price-model","primary_container":[{"container_hostname":"","environment":{},"image":"683313688378.dkr.ecr.us-east-1.amazonaws.com/sagemaker-xgboost:1.7-1-cpu-py3","image_config":[],"inference_specification_name":"","mode":"SingleModel","model_data_source":[{"s3_data_source":[{"compression_type":"Gzip","model_access_config":[],"s3_data_type":"S3Object","s3_uri":"s3://house-price-mlops-dev-itzi2hgi/models/trained/model.tar.gz"}]}],"model_data_url":"s3://house-price-mlops-dev-itzi2hgi/models/trained/model.tar.gz","model_package_name":"","multi_model_config":[]}],"tags":{"Environment":"dev","Project":"house-price"},"tags_all":{"Environment":"dev","Project":"house-price"},"vpc_config":[]},"after":{"arn":"arn:aws:sagemaker:us-east-1:482227257362:model/house-price-model","container":[],"enable_network_isolation":false,"execution_role_arn":"arn:aws:iam::482227257362:role/house-price-sagemaker-execution-role","id":"house-price-model","inference_execution_config":[],"name":"house-price-model","primary_container":[{"container_hostname":"","environment":{},"image":"683313688378.dkr.ecr.us-east-1.amazonaws.com/sagemaker-xgboost:1.7-1-cpu-py3","image_config":[],"inference_specification_name":"","mode":"SingleModel","model_data_source":[{"s3_data_source":[{"compression_type":"Gzip","model_access_config":[],"s3_data_type":"S3Object","s3_uri":"s3://house-price-mlops-dev-itzi2hgi/models/trained/model.tar.gz"}]}],"model_data_url":"s3://house-price-mlops-dev-itzi2hgi/models/trained/model.tar.gz","model_package_name":"","multi_model_config":[]}],"tags":{"Environment":"dev","Project":"house-price"},"tags_all":{"Environment":"dev","Project":"house-price"},"vpc_config":[]},"after_unknown":{},"before_sensitive":{"container":[],"inference_execution_config":[],"primary_container":[{"environment":{},"image_config":[],"model_data_source":[{"s3_data_source":[{"model_access_config":[]}]}],"multi_model_config":[]}],"tags":{},"tags_all":{},"vpc_config":[]},"after_sensitive":{"container":[],"inference_execution_config":[],"primary_container":[{"environment":{},"image_config":[],"model_data_source":[{"s3_data_source":[{"model_access_config":[]}]}],"multi_model_config":[]}],"tags":{},"tags_all":{},"vpc_config":[]}}},{"address":"module.sagemaker.aws_sagemaker_user_profile.data_scientist","module_address":"module.sagemaker","mode":"managed","type":"aws_sagemaker_user_profile","name":"data_scientist","provider_name":"registry.terraform.io/hashicorp/aws","change":{"actions":["no-op"],"before":{"arn":"arn:aws:sagemaker:us-east-1:482227257362:user-profile/d-rr0shep9nrmf/data-scientist","domain_id":"d-rr0shep9nrmf","home_efs_file_system_uid":"200005","id":"arn:aws:sagemaker:us-east-1:482227257362:user-profile/d-rr0shep9nrmf/data-scientist","single_sign_on_user_identifier":"","single_sign_on_user_value":"","tags":{"Environment":"dev","Name":"house-price-data-scientist-profile"},"tags_all":{"Environment":"dev","Name":"house-price-data-scientist-profile"},"user_profile_name":"data-scientist","user_settings":[{"auto_mount_home_efs":"DefaultAsDomain","canvas_app_settings":[],"code_editor_app_settings":[],"custom_file_system_config":[],"custom_posix_user_config":[],"default_landing_uri":"","execution_role":"arn:aws:iam::482227257362:role/house-price-sagemaker-execution-role","jupyter_lab_app_settings":[],"jupyter_server_app_settings":[],"kernel_gateway_app_settings":[],"r_session_app_settings":[],"r_studio_server_pro_app_settings":[],"security_groups":[],"sharing_settings":[],"space_storage_settings":[],"studio_web_portal":"","studio_web_portal_settings":[],"tensor_board_app_settings":[]}]},"after":{"arn":"arn:aws:sagemaker:us-east-1:482227257362:user-profile/d-rr0shep9nrmf/data-scientist","domain_id":"d-rr0shep9nrmf","home_efs_file_system_uid":"200005","id":"arn:aws:sagemaker:us-east-1:482227257362:user-profile/d-rr0shep9nrmf/data-scientist","single_sign_on_user_identifier":"","single_sign_on_user_value":"","tags":{"Environment":"dev","Name":"house-price-data-scientist-profile"},"tags_all":{"Environment":"dev","Name":"house-price-data-scientist-profile"},"user_profile_name":"data-scientist","user_settings":[{"auto_mount_home_efs":"DefaultAsDomain","canvas_app_settings":[],"code_editor_app_settings":[],"custom_file_system_config":[],"custom_posix_user_config":[],"default_landing_uri":"","execution_role":"arn:aws:iam::482227257362:role/house-price-sagemaker-execution-role","jupyter_lab_app_settings":[],"jupyter_server_app_settings":[],"kernel_gateway_app_settings":[],"r_session_app_settings":[],"r_studio_server_pro_app_settings":[],"security_groups":[],"sharing_settings":[],"space_storage_settings":[],"studio_web_portal":"","studio_web_portal_settings":[],"tensor_board_app_settings":[]}]},"after_unknown":{},"before_sensitive":{"tags":{},"tags_all":{},"user_settings":[{"canvas_app_settings":[],"code_editor_app_settings":[],"custom_file_system_config":[],"custom_posix_user_config":[],"jupyter_lab_app_settings":[],"jupyter_server_app_settings":[],"kernel_gateway_app_settings":[],"r_session_app_settings":[],"r_studio_server_pro_app_settings":[],"security_groups":[],"sharing_settings":[],"space_storage_settings":[],"studio_web_portal_settings":[],"tensor_board_app_settings":[]}]},"after_sensitive":{"tags":{},"tags_all":{},"user_settings":[{"canvas_app_settings":[],"code_editor_app_settings":[],"custom_file_system_config":[],"custom_posix_user_config":[],"jupyter_lab_app_settings":[],"jupyter_server_app_settings":[],"kernel_gateway_app_settings":[],"r_session_app_settings":[],"r_studio_server_pro_app_settings":[],"security_groups":[],"sharing_settings":[],"space_storage_settings":[],"studio_web_portal_settings":[],"tensor_board_app_settings":[]}]}}},{"address":"module.sagemaker_pipeline.aws_sagemaker_pipeline.mlops_pipeline","module_address":"module.sagemaker_pipeline","mode":"managed","type":"aws_sagemaker_pipeline","name":"mlops_pipeline","provider_name":"registry.terraform.io/hashicorp/aws","change":{"actions":["no-op"],"before":{"arn":"arn:aws:sagemaker:us-east-1:482227257362:pipeline/house-price-mlops-pipeline","id":"house-price-mlops-pipeline","parallelism_configuration":[],"pipeline_definition":"{\"Metadata\":{},\"Parameters\":[{\"DefaultValue\":\"s3://house-price-mlops-dev-itzi2hgi/data/raw/house_data.csv\",\"Name\":\"InputData\",\"Type\":\"String\"},{\"DefaultValue\":\"ml.t3.medium\",\"Name\":\"ProcessingInstanceType\",\"Type\":\"String\"},{\"DefaultValue\":\"ml.m5.large\",\"Name\":\"TrainingInstanceType\",\"Type\":\"String\"},{\"DefaultValue\":-9999,\"Name\":\"ModelApprovalThresholdR2\",\"Type\":\"Float\"},{\"DefaultValue\":999999999,\"Name\":\"ModelApprovalThresholdRMSE\",\"Type\":\"Float\"}],\"Steps\":[{\"Arguments\":{\"AppSpecification\":{\"ContainerEntrypoint\":[\"python3\",\"/opt/ml/processing/input/code/run_processing.py\"],\"ImageUri\":\"482227257362.dkr.ecr.us-east-1.amazonaws.com/data-processing:latest\"},\"Environment\":{\"MLFLOW_TRACKING_URI\":\"http://23.21.206.232:5000\"},\"ProcessingInputs\":[{\"AppManaged\":false,\"InputName\":\"input-data\",\"S3Input\":{\"LocalPath\":\"/opt/ml/processing/input\",\"S3DataDistributionType\":\"FullyReplicated\",\"S3DataType\":\"S3Prefix\",\"S3InputMode\":\"File\",\"S3Uri\":{\"Get\":\"Parameters.InputData\"}}},{\"AppManaged\":false,\"InputName\":\"code\",\"S3Input\":{\"LocalPath\":\"/opt/ml/processing/input/code\",\"S3DataDistributionType\":\"FullyReplicated\",\"S3DataType\":\"S3Prefix\",\"S3InputMode\":\"File\",\"S3Uri\":\"s3://house-price-mlops-dev-itzi2hgi/scripts/run_processing.py\"}}],\"ProcessingOutputConfig\":{\"Outputs\":[{\"AppManaged\":false,\"OutputName\":\"processed-data\",\"S3Output\":{\"LocalPath\":\"/opt/ml/processing/output\",\"S3UploadMode\":\"EndOfJob\",\"S3Uri\":\"s3://house-price-mlops-dev-itzi2hgi/data/processed\"}}]},\"ProcessingResources\":{\"ClusterConfig\":{\"InstanceCount\":1,\"InstanceType\":{\"Get\":\"Parameters.ProcessingInstanceType\"},\"VolumeSizeInGB\":30}},\"RoleArn\":\"arn:aws:iam::482227257362:role/house-price-sagemaker-execution-role\"},\"Name\":\"DataProcessing\",\"Type\":\"Processing\"},{\"Arguments\":{\"AppSpecification\":{\"ContainerEntrypoint\":[\"python3\",\"/opt/ml/processing/input/code/engineer.py\"],\"ImageUri\":\"482227257362.dkr.ecr.us-east-1.amazonaws.com/feature-engineering:latest\"},\"Environment\":{\"MLFLOW_TRACKING_URI\":\"http://23.21.206.232:5000\"},\"ProcessingInputs\":[{\"AppManaged\":false,\"InputName\":\"processed-data\",\"S3Input\":{\"LocalPath\":\"/opt/ml/processing/input\",\"S3DataDistributionType\":\"FullyReplicated\",\"S3DataType\":\"S3Prefix\",\"S3InputMode\":\"File\",\"S3Uri\":{\"Get\":\"Steps.DataProcessing.ProcessingOutputConfig.Outputs['processed-data'].S3Output.S3Uri\"}}},{\"AppManaged\":false,\"InputName\":\"code\",\"S3Input\":{\"LocalPath\":\"/opt/ml/processing/input/code\",\"S3DataDistributionType\":\"FullyReplicated\",\"S3DataType\":\"S3Prefix\",\"S3InputMode\":\"File\",\"S3Uri\":\"s3://house-price-mlops-dev-itzi2hgi/scripts/engineer.py\"}}],\"ProcessingOutputConfig\":{\"Outputs\":[{\"AppManaged\":false,\"OutputName\":\"featured-data\",\"S3Output\":{\"LocalPath\":\"/opt/ml/processing/output\",\"S3UploadMode\":\"EndOfJob\",\"S3Uri\":\"s3://house-price-mlops-dev-itzi2hgi/data/featured\"}}]},\"ProcessingResources\":{\"ClusterConfig\":{\"InstanceCount\":1,\"InstanceType\":{\"Get\":\"Parameters.ProcessingInstanceType\"},\"VolumeSizeInGB\":30}},\"RoleArn\":\"arn:aws:iam::482227257362:role/house-price-sagemaker-execution-role\"},\"DependsOn\":[\"DataProcessing\"],\"Name\":\"FeatureEngineering\",\"Type\":\"Processing\"},{\"Arguments\":{\"AlgorithmSpecification\":{\"TrainingImage\":\"482227257362.dkr.ecr.us-east-1.amazonaws.com/training:latest\",\"TrainingInputMode\":\"File\"},\"Environment\":{\"MLFLOW_TRACKING_URI\":\"http://23.21.206.232:5000\",\"S3_BUCKET\":\"house-price-mlops-dev-itzi2hgi\"},\"HyperParameters\":{\"num_round\":\"100\",\"objective\":\"reg:squarederror\",\"sagemaker_program\":\"train_model.py\",\"sagemaker_submit_directory\":\"s3://house-price-mlops-dev-itzi2hgi/scripts/scripts.tar.gz\"},\"InputDataConfig\":[{\"ChannelName\":\"train\",\"ContentType\":\"text/csv\",\"DataSource\":{\"S3DataSource\":{\"S3DataDistributionType\":\"FullyReplicated\",\"S3DataType\":\"S3Prefix\",\"S3Uri\":{\"Get\":\"Steps.DataProcessing.ProcessingOutputConfig.Outputs['processed-data'].S3Output.S3Uri\"}}},\"InputMode\":\"File\"}],\"OutputDataConfig\":{\"S3OutputPath\":\"s3://house-price-mlops-dev-itzi2hgi/models/trained\"},\"ResourceConfig\":{\"InstanceCount\":1,\"InstanceType\":{\"Get\":\"Parameters.TrainingInstanceType\"},\"VolumeSizeInGB\":30},\"RoleArn\":\"arn:aws:iam::482227257362:role/house-price-sagemaker-execution-role\",\"StoppingCondition\":{\"MaxRuntimeInSeconds\":3600}},\"DependsOn\":[\"FeatureEngineering\"],\"Name\":\"ModelTraining\",\"Type\":\"Training\"},{\"Arguments\":{\"AppSpecification\":{\"ContainerEntrypoint\":[\"python3\",\"/opt/ml/processing/input/code/evaluate.py\"],\"ImageUri\":\"482227257362.dkr.ecr.us-east-1.amazonaws.com/evaluation:latest\"},\"Environment\":{\"MLFLOW_TRACKING_URI\":\"http://23.21.206.232:5000\"},\"ProcessingInputs\":[{\"AppManaged\":false,\"InputName\":\"model\",\"S3Input\":{\"LocalPath\":\"/opt/ml/processing/input/model\",\"S3DataDistributionType\":\"FullyReplicated\",\"S3DataType\":\"S3Prefix\",\"S3InputMode\":\"File\",\"S3Uri\":{\"Get\":\"Steps.ModelTraining.ModelArtifacts.S3ModelArtifacts\"}}},{\"AppManaged\":false,\"InputName\":\"test-data\",\"S3Input\":{\"LocalPath\":\"/opt/ml/processing/input/data\",\"S3DataDistributionType\":\"FullyReplicated\",\"S3DataType\":\"S3Prefix\",\"S3InputMode\":\"File\",\"S3Uri\":\"s3://house-price-mlops-dev-itzi2hgi/data/test/test.csv\"}},{\"AppManaged\":false,\"InputName\":\"code\",\"S3Input\":{\"LocalPath\":\"/opt/ml/processing/input/code\",\"S3DataDistributionType\":\"FullyReplicated\",\"S3DataType\":\"S3Prefix\",\"S3InputMode\":\"File\",\"S3Uri\":\"s3://house-price-mlops-dev-itzi2hgi/scripts/evaluate.py\"}}],\"ProcessingOutputConfig\":{\"Outputs\":[{\"AppManaged\":false,\"OutputName\":\"evaluation-report\",\"S3Output\":{\"LocalPath\":\"/opt/ml/processing/output\",\"S3UploadMode\":\"EndOfJob\",\"S3Uri\":\"s3://house-price-mlops-dev-itzi2hgi/evaluation/reports\"}}]},\"ProcessingResources\":{\"ClusterConfig\":{\"InstanceCount\":1,\"InstanceType\":{\"Get\":\"Parameters.ProcessingInstanceType\"},\"VolumeSizeInGB\":30}},\"RoleArn\":\"arn:aws:iam::482227257362:role/house-price-sagemaker-execution-role\"},\"DependsOn\":[\"ModelTraining\"],\"Name\":\"ModelEvaluation\",\"PropertyFiles\":[{\"FilePath\":\"evaluation_report.json\",\"OutputName\":\"evaluation-report\",\"PropertyFileName\":\"evaluation_report\"}],\"Type\":\"Processing\"},{\"Arguments\":{\"Conditions\":[{\"LeftValue\":{\"Std:JsonGet\":{\"Path\":\"evaluation_metrics.r2_score\",\"PropertyFile\":{\"Get\":\"Steps.ModelEvaluation.PropertyFiles.evaluation_report\"}}},\"RightValue\":{\"Get\":\"Parameters.ModelApprovalThresholdR2\"},\"Type\":\"GreaterThanOrEqualTo\"},{\"LeftValue\":{\"Std:JsonGet\":{\"Path\":\"evaluation_metrics.rmse\",\"PropertyFile\":{\"Get\":\"Steps.ModelEvaluation.PropertyFiles.evaluation_report\"}}},\"RightValue\":{\"Get\":\"Parameters.ModelApprovalThresholdRMSE\"},\"Type\":\"LessThanOrEqualTo\"}],\"ElseSteps\":[],\"IfSteps\":[{\"Arguments\":{\"AppSpecification\":{\"ContainerEntrypoint\":[\"python3\",\"/opt/ml/processing/input/code/register_model.py\"],\"ImageUri\":\"482227257362.dkr.ecr.us-east-1.amazonaws.com/model-registration:latest\"},\"Environment\":{\"AWS_DEFAULT_REGION\":\"us-east-1\",\"MLFLOW_TRACKING_URI\":\"http://23.21.206.232:5000\"},\"ProcessingInputs\":[{\"AppManaged\":false,\"InputName\":\"evaluation-report\",\"S3Input\":{\"LocalPath\":\"/opt/ml/processing/input/evaluation\",\"S3DataDistributionType\":\"FullyReplicated\",\"S3DataType\":\"S3Prefix\",\"S3InputMode\":\"File\",\"S3Uri\":{\"Get\":\"Steps.ModelEvaluation.ProcessingOutputConfig.Outputs['evaluation-report'].S3Output.S3Uri\"}}},{\"AppManaged\":false,\"InputName\":\"code\",\"S3Input\":{\"LocalPath\":\"/opt/ml/processing/input/code\",\"S3DataDistributionType\":\"FullyReplicated\",\"S3DataType\":\"S3Prefix\",\"S3InputMode\":\"File\",\"S3Uri\":\"s3://house-price-mlops-dev-itzi2hgi/scripts/register_model.py\"}}],\"ProcessingOutputConfig\":{\"Outputs\":[{\"AppManaged\":false,\"OutputName\":\"registration-metadata\",\"S3Output\":{\"LocalPath\":\"/opt/ml/processing/output\",\"S3UploadMode\":\"EndOfJob\",\"S3Uri\":\"s3://house-price-mlops-dev-itzi2hgi/models/registry/\"}}]},\"ProcessingResources\":{\"ClusterConfig\":{\"InstanceCount\":1,\"InstanceType\":{\"Get\":\"Parameters.ProcessingInstanceType\"},\"VolumeSizeInGB\":30}},\"RoleArn\":\"arn:aws:iam::482227257362:role/house-price-sagemaker-execution-role\"},\"Name\":\"ModelRegistration\",\"Type\":\"Processing\"},{\"Arguments\":{\"AppSpecification\":{\"ContainerEntrypoint\":[\"python3\",\"/opt/ml/processing/input/code/deploy_model.py\"],\"ImageUri\":\"482227257362.dkr.ecr.us-east-1.amazonaws.com/model-registration:latest\"},\"Environment\":{\"AWS_DEFAULT_REGION\":\"us-east-1\",\"ENDPOINT_NAME\":\"house-price-prod\",\"MODEL_NAME\":\"house-price-model\"},\"ProcessingInputs\":[{\"AppManaged\":false,\"InputName\":\"model-artifacts\",\"S3Input\":{\"LocalPath\":\"/opt/ml/processing/input/model\",\"S3DataDistributionType\":\"FullyReplicated\",\"S3DataType\":\"S3Prefix\",\"S3InputMode\":\"File\",\"S3Uri\":{\"Get\":\"Steps.ModelTraining.ModelArtifacts.S3ModelArtifacts\"}}},{\"AppManaged\":false,\"InputName\":\"code\",\"S3Input\":{\"LocalPath\":\"/opt/ml/processing/input/code\",\"S3DataDistributionType\":\"FullyReplicated\",\"S3DataType\":\"S3Prefix\",\"S3InputMode\":\"File\",\"S3Uri\":\"s3://house-price-mlops-dev-itzi2hgi/scripts/deploy_model.py\"}}],\"ProcessingOutputConfig\":{\"Outputs\":[{\"AppManaged\":false,\"OutputName\":\"deployment-metadata\",\"S3Output\":{\"LocalPath\":\"/opt/ml/processing/output\",\"S3UploadMode\":\"EndOfJob\",\"S3Uri\":\"s3://house-price-mlops-dev-itzi2hgi/deployment/\"}}]},\"ProcessingResources\":{\"ClusterConfig\":{\"InstanceCount\":1,\"InstanceType\":{\"Get\":\"Parameters.ProcessingInstanceType\"},\"VolumeSizeInGB\":30}},\"RoleArn\":\"arn:aws:iam::482227257362:role/house-price-sagemaker-execution-role\"},\"Name\":\"ModelDeployment\",\"Type\":\"Processing\"}]},\"DependsOn\":[\"ModelEvaluation\"],\"Name\":\"ModelApprovalGate\",\"Type\":\"Condition\"}],\"Version\":\"2020-12-01\"}","pipeline_definition_s3_location":[],"pipeline_description":"","pipeline_display_name":"House-Price-MLOps-Pipeline","pipeline_name":"house-price-mlops-pipeline","role_arn":"arn:aws:iam::482227257362:role/house-price-sagemaker-execution-role","tags":{"Environment":"dev","Name":"house-price-mlops-pipeline","Purpose":"MLOps-Pipeline"},"tags_all":{"Environment":"dev","Name":"house-price-mlops-pipeline","Purpose":"MLOps-Pipeline"}},"after":{"arn":"arn:aws:sagemaker:us-east-1:482227257362:pipeline/house-price-mlops-pipeline","id":"house-price-mlops-pipeline","parallelism_configuration":[],"pipeline_definition":"{\"Metadata\":{},\"Parameters\":[{\"DefaultValue\":\"s3://house-price-mlops-dev-itzi2hgi/data/raw/house_data.csv\",\"Name\":\"InputData\",\"Type\":\"String\"},{\"DefaultValue\":\"ml.t3.medium\",\"Name\":\"ProcessingInstanceType\",\"Type\":\"String\"},{\"DefaultValue\":\"ml.m5.large\",\"Name\":\"TrainingInstanceType\",\"Type\":\"String\"},{\"DefaultValue\":-9999,\"Name\":\"ModelApprovalThresholdR2\",\"Type\":\"Float\"},{\"DefaultValue\":999999999,\"Name\":\"ModelApprovalThresholdRMSE\",\"Type\":\"Float\"}],\"Steps\":[{\"Arguments\":{\"AppSpecification\":{\"ContainerEntrypoint\":[\"python3\",\"/opt/ml/processing/input/code/run_processing.py\"],\"ImageUri\":\"482227257362.dkr.ecr.us-east-1.amazonaws.com/data-processing:latest\"},\"Environment\":{\"MLFLOW_TRACKING_URI\":\"http://23.21.206.232:5000\"},\"ProcessingInputs\":[{\"AppManaged\":false,\"InputName\":\"input-data\",\"S3Input\":{\"LocalPath\":\"/opt/ml/processing/input\",\"S3DataDistributionType\":\"FullyReplicated\",\"S3DataType\":\"S3Prefix\",\"S3InputMode\":\"File\",\"S3Uri\":{\"Get\":\"Parameters.InputData\"}}},{\"AppManaged\":false,\"InputName\":\"code\",\"S3Input\":{\"LocalPath\":\"/opt/ml/processing/input/code\",\"S3DataDistributionType\":\"FullyReplicated\",\"S3DataType\":\"S3Prefix\",\"S3InputMode\":\"File\",\"S3Uri\":\"s3://house-price-mlops-dev-itzi2hgi/scripts/run_processing.py\"}}],\"ProcessingOutputConfig\":{\"Outputs\":[{\"AppManaged\":false,\"OutputName\":\"processed-data\",\"S3Output\":{\"LocalPath\":\"/opt/ml/processing/output\",\"S3UploadMode\":\"EndOfJob\",\"S3Uri\":\"s3://house-price-mlops-dev-itzi2hgi/data/processed\"}}]},\"ProcessingResources\":{\"ClusterConfig\":{\"InstanceCount\":1,\"InstanceType\":{\"Get\":\"Parameters.ProcessingInstanceType\"},\"VolumeSizeInGB\":30}},\"RoleArn\":\"arn:aws:iam::482227257362:role/house-price-sagemaker-execution-role\"},\"Name\":\"DataProcessing\",\"Type\":\"Processing\"},{\"Arguments\":{\"AppSpecification\":{\"ContainerEntrypoint\":[\"python3\",\"/opt/ml/processing/input/code/engineer.py\"],\"ImageUri\":\"482227257362.dkr.ecr.us-east-1.amazonaws.com/feature-engineering:latest\"},\"Environment\":{\"MLFLOW_TRACKING_URI\":\"http://23.21.206.232:5000\"},\"ProcessingInputs\":[{\"AppManaged\":false,\"InputName\":\"processed-data\",\"S3Input\":{\"LocalPath\":\"/opt/ml/processing/input\",\"S3DataDistributionType\":\"FullyReplicated\",\"S3DataType\":\"S3Prefix\",\"S3InputMode\":\"File\",\"S3Uri\":{\"Get\":\"Steps.DataProcessing.ProcessingOutputConfig.Outputs['processed-data'].S3Output.S3Uri\"}}},{\"AppManaged\":false,\"InputName\":\"code\",\"S3Input\":{\"LocalPath\":\"/opt/ml/processing/input/code\",\"S3DataDistributionType\":\"FullyReplicated\",\"S3DataType\":\"S3Prefix\",\"S3InputMode\":\"File\",\"S3Uri\":\"s3://house-price-mlops-dev-itzi2hgi/scripts/engineer.py\"}}],\"ProcessingOutputConfig\":{\"Outputs\":[{\"AppManaged\":false,\"OutputName\":\"featured-data\",\"S3Output\":{\"LocalPath\":\"/opt/ml/processing/output\",\"S3UploadMode\":\"EndOfJob\",\"S3Uri\":\"s3://house-price-mlops-dev-itzi2hgi/data/featured\"}}]},\"ProcessingResources\":{\"ClusterConfig\":{\"InstanceCount\":1,\"InstanceType\":{\"Get\":\"Parameters.ProcessingInstanceType\"},\"VolumeSizeInGB\":30}},\"RoleArn\":\"arn:aws:iam::482227257362:role/house-price-sagemaker-execution-role\"},\"DependsOn\":[\"DataProcessing\"],\"Name\":\"FeatureEngineering\",\"Type\":\"Processing\"},{\"Arguments\":{\"AlgorithmSpecification\":{\"TrainingImage\":\"482227257362.dkr.ecr.us-east-1.amazonaws.com/training:latest\",\"TrainingInputMode\":\"File\"},\"Environment\":{\"MLFLOW_TRACKING_URI\":\"http://23.21.206.232:5000\",\"S3_BUCKET\":\"house-price-mlops-dev-itzi2hgi\"},\"HyperParameters\":{\"num_round\":\"100\",\"objective\":\"reg:squarederror\",\"sagemaker_program\":\"train_model.py\",\"sagemaker_submit_directory\":\"s3://house-price-mlops-dev-itzi2hgi/scripts/scripts.tar.gz\"},\"InputDataConfig\":[{\"ChannelName\":\"train\",\"ContentType\":\"text/csv\",\"DataSource\":{\"S3DataSource\":{\"S3DataDistributionType\":\"FullyReplicated\",\"S3DataType\":\"S3Prefix\",\"S3Uri\":{\"Get\":\"Steps.DataProcessing.ProcessingOutputConfig.Outputs['processed-data'].S3Output.S3Uri\"}}},\"InputMode\":\"File\"}],\"OutputDataConfig\":{\"S3OutputPath\":\"s3://house-price-mlops-dev-itzi2hgi/models/trained\"},\"ResourceConfig\":{\"InstanceCount\":1,\"InstanceType\":{\"Get\":\"Parameters.TrainingInstanceType\"},\"VolumeSizeInGB\":30},\"RoleArn\":\"arn:aws:iam::482227257362:role/house-price-sagemaker-execution-role\",\"StoppingCondition\":{\"MaxRuntimeInSeconds\":3600}},\"DependsOn\":[\"FeatureEngineering\"],\"Name\":\"ModelTraining\",\"Type\":\"Training\"},{\"Arguments\":{\"AppSpecification\":{\"ContainerEntrypoint\":[\"python3\",\"/opt/ml/processing/input/code/evaluate.py\"],\"ImageUri\":\"482227257362.dkr.ecr.us-east-1.amazonaws.com/evaluation:latest\"},\"Environment\":{\"MLFLOW_TRACKING_URI\":\"http://23.21.206.232:5000\"},\"ProcessingInputs\":[{\"AppManaged\":false,\"InputName\":\"model\",\"S3Input\":{\"LocalPath\":\"/opt/ml/processing/input/model\",\"S3DataDistributionType\":\"FullyReplicated\",\"S3DataType\":\"S3Prefix\",\"S3InputMode\":\"File\",\"S3Uri\":{\"Get\":\"Steps.ModelTraining.ModelArtifacts.S3ModelArtifacts\"}}},{\"AppManaged\":false,\"InputName\":\"test-data\",\"S3Input\":{\"LocalPath\":\"/opt/ml/processing/input/data\",\"S3DataDistributionType\":\"FullyReplicated\",\"S3DataType\":\"S3Prefix\",\"S3InputMode\":\"File\",\"S3Uri\":\"s3://house-price-mlops-dev-itzi2hgi/data/test/test.csv\"}},{\"AppManaged\":false,\"InputName\":\"code\",\"S3Input\":{\"LocalPath\":\"/opt/ml/processing/input/code\",\"S3DataDistributionType\":\"FullyReplicated\",\"S3DataType\":\"S3Prefix\",\"S3InputMode\":\"File\",\"S3Uri\":\"s3://house-price-mlops-dev-itzi2hgi/scripts/evaluate.py\"}}],\"ProcessingOutputConfig\":{\"Outputs\":[{\"AppManaged\":false,\"OutputName\":\"evaluation-report\",\"S3Output\":{\"LocalPath\":\"/opt/ml/processing/output\",\"S3UploadMode\":\"EndOfJob\",\"S3Uri\":\"s3://house-price-mlops-dev-itzi2hgi/evaluation/reports\"}}]},\"ProcessingResources\":{\"ClusterConfig\":{\"InstanceCount\":1,\"InstanceType\":{\"Get\":\"Parameters.ProcessingInstanceType\"},\"VolumeSizeInGB\":30}},\"RoleArn\":\"arn:aws:iam::482227257362:role/house-price-sagemaker-execution-role\"},\"DependsOn\":[\"ModelTraining\"],\"Name\":\"ModelEvaluation\",\"PropertyFiles\":[{\"FilePath\":\"evaluation_report.json\",\"OutputName\":\"evaluation-report\",\"PropertyFileName\":\"evaluation_report\"}],\"Type\":\"Processing\"},{\"Arguments\":{\"Conditions\":[{\"LeftValue\":{\"Std:JsonGet\":{\"Path\":\"evaluation_metrics.r2_score\",\"PropertyFile\":{\"Get\":\"Steps.ModelEvaluation.PropertyFiles.evaluation_report\"}}},\"RightValue\":{\"Get\":\"Parameters.ModelApprovalThresholdR2\"},\"Type\":\"GreaterThanOrEqualTo\"},{\"LeftValue\":{\"Std:JsonGet\":{\"Path\":\"evaluation_metrics.rmse\",\"PropertyFile\":{\"Get\":\"Steps.ModelEvaluation.PropertyFiles.evaluation_report\"}}},\"RightValue\":{\"Get\":\"Parameters.ModelApprovalThresholdRMSE\"},\"Type\":\"LessThanOrEqualTo\"}],\"ElseSteps\":[],\"IfSteps\":[{\"Arguments\":{\"AppSpecification\":{\"ContainerEntrypoint\":[\"python3\",\"/opt/ml/processing/input/code/register_model.py\"],\"ImageUri\":\"482227257362.dkr.ecr.us-east-1.amazonaws.com/model-registration:latest\"},\"Environment\":{\"AWS_DEFAULT_REGION\":\"us-east-1\",\"MLFLOW_TRACKING_URI\":\"http://23.21.206.232:5000\"},\"ProcessingInputs\":[{\"AppManaged\":false,\"InputName\":\"evaluation-report\",\"S3Input\":{\"LocalPath\":\"/opt/ml/processing/input/evaluation\",\"S3DataDistributionType\":\"FullyReplicated\",\"S3DataType\":\"S3Prefix\",\"S3InputMode\":\"File\",\"S3Uri\":{\"Get\":\"Steps.ModelEvaluation.ProcessingOutputConfig.Outputs['evaluation-report'].S3Output.S3Uri\"}}},{\"AppManaged\":false,\"InputName\":\"code\",\"S3Input\":{\"LocalPath\":\"/opt/ml/processing/input/code\",\"S3DataDistributionType\":\"FullyReplicated\",\"S3DataType\":\"S3Prefix\",\"S3InputMode\":\"File\",\"S3Uri\":\"s3://house-price-mlops-dev-itzi2hgi/scripts/register_model.py\"}}],\"ProcessingOutputConfig\":{\"Outputs\":[{\"AppManaged\":false,\"OutputName\":\"registration-metadata\",\"S3Output\":{\"LocalPath\":\"/opt/ml/processing/output\",\"S3UploadMode\":\"EndOfJob\",\"S3Uri\":\"s3://house-price-mlops-dev-itzi2hgi/models/registry/\"}}]},\"ProcessingResources\":{\"ClusterConfig\":{\"InstanceCount\":1,\"InstanceType\":{\"Get\":\"Parameters.ProcessingInstanceType\"},\"VolumeSizeInGB\":30}},\"RoleArn\":\"arn:aws:iam::482227257362:role/house-price-sagemaker-execution-role\"},\"Name\":\"ModelRegistration\",\"Type\":\"Processing\"},{\"Arguments\":{\"AppSpecification\":{\"ContainerEntrypoint\":[\"python3\",\"/opt/ml/processing/input/code/deploy_model.py\"],\"ImageUri\":\"482227257362.dkr.ecr.us-east-1.amazonaws.com/model-registration:latest\"},\"Environment\":{\"AWS_DEFAULT_REGION\":\"us-east-1\",\"ENDPOINT_NAME\":\"house-price-prod\",\"MODEL_NAME\":\"house-price-model\"},\"ProcessingInputs\":[{\"AppManaged\":false,\"InputName\":\"model-artifacts\",\"S3Input\":{\"LocalPath\":\"/opt/ml/processing/input/model\",\"S3DataDistributionType\":\"FullyReplicated\",\"S3DataType\":\"S3Prefix\",\"S3InputMode\":\"File\",\"S3Uri\":{\"Get\":\"Steps.ModelTraining.ModelArtifacts.S3ModelArtifacts\"}}},{\"AppManaged\":false,\"InputName\":\"code\",\"S3Input\":{\"LocalPath\":\"/opt/ml/processing/input/code\",\"S3DataDistributionType\":\"FullyReplicated\",\"S3DataType\":\"S3Prefix\",\"S3InputMode\":\"File\",\"S3Uri\":\"s3://house-price-mlops-dev-itzi2hgi/scripts/deploy_model.py\"}}],\"ProcessingOutputConfig\":{\"Outputs\":[{\"AppManaged\":false,\"OutputName\":\"deployment-metadata\",\"S3Output\":{\"LocalPath\":\"/opt/ml/processing/output\",\"S3UploadMode\":\"EndOfJob\",\"S3Uri\":\"s3://house-price-mlops-dev-itzi2hgi/deployment/\"}}]},\"ProcessingResources\":{\"ClusterConfig\":{\"InstanceCount\":1,\"InstanceType\":{\"Get\":\"Parameters.ProcessingInstanceType\"},\"VolumeSizeInGB\":30}},\"RoleArn\":\"arn:aws:iam::482227257362:role/house-price-sagemaker-execution-role\"},\"Name\":\"ModelDeployment\",\"Type\":\"Processing\"}]},\"DependsOn\":[\"ModelEvaluation\"],\"Name\":\"ModelApprovalGate\",\"Type\":\"Condition\"}],\"Version\":\"2020-12-01\"}","pipeline_definition_s3_location":[],"pipeline_description":"","pipeline_display_name":"House-Price-MLOps-Pipeline","pipeline_name":"house-price-mlops-pipeline","role_arn":"arn:aws:iam::482227257362:role/house-price-sagemaker-execution-role","tags":{"Environment":"dev","Name":"house-price-mlops-pipeline","Purpose":"MLOps-Pipeline"},"tags_all":{"Environment":"dev","Name":"house-price-mlops-pipeline","Purpose":"MLOps-Pipeline"}},"after_unknown":{},"before_sensitive":{"parallelism_configuration":[],"pipeline_definition_s3_location":[],"tags":{},"tags_all":{}},"after_sensitive":{"parallelism_configuration":[],"pipeline_definition_s3_location":[],"tags":{},"tags_all":{}}}}],"output_changes":{"airflow_server_ip":{"actions":["no-op"],"before":"44.195.50.213","after":"44.195.50.213","after_unknown":false,"before_sensitive":false,"after_sensitive":false},"airflow_server_url":{"actions":["no-op"],"before":"http://44.195.50.213:8080","after":"http://44.195.50.213:8080","after_unknown":false,"before_sensitive":false,"after_sensitive":false},"bamboo_instance_id":{"actions":["delete"],"before":"i-0ae2adf5091f4a05a","after":null,"after_unknown":false,"before_sensitive":false,"after_sensitive":false},"bamboo_server_url":{"actions":["delete"],"before":"http://98.94.15.161:8085","after":null,"after_unknown":false,"before_sensitive":false,"after_sensitive":false},"deployment_codebuild_arn":{"actions":["no-op"],"before":"arn:aws:codebuild:us-east-1:482227257362:project/house-price-deploy-model","after":"arn:aws:codebuild:us-east-1:482227257362:project/house-price-deploy-model","after_unknown":false,"before_sensitive":false,"after_sensitive":false},"deployment_pipeline_arn":{"actions":["no-op"],"before":"arn:aws:codepipeline:us-east-1:482227257362:house-price-deployment-pipeline","after":"arn:aws:codepipeline:us-east-1:482227257362:house-price-deployment-pipeline","after_unknown":false,"before_sensitive":false,"after_sensitive":false},"eks_cluster_endpoint":{"actions":["update"],"before":"https://974C176482AC96BC6D3A0DDA7723ED85.gr7.us-east-1.eks.amazonaws.com","after_unknown":true,"before_sensitive":false,"after_sensitive":false},"eks_cluster_name":{"actions":["update"],"before":"house-price-jupyterhub-cluster","after_unknown":true,"before_sensitive":false,"after_sensitive":false},"eks_oidc_provider_arn":{"actions":["update"],"before":"arn:aws:iam::482227257362:oidc-provider/oidc.eks.us-east-1.amazonaws.com/id/974C176482AC96BC6D3A0DDA7723ED85","after_unknown":true,"before_sensitive":false,"after_sensitive":false},"github_actions_role_arn":{"actions":["no-op"],"before":"arn:aws:iam::482227257362:role/house-price-github-actions-role","after":"arn:aws:iam::482227257362:role/house-price-github-actions-role","after_unknown":false,"before_sensitive":false,"after_sensitive":false},"mlflow_server_ip":{"actions":["no-op"],"before":"23.21.206.232","after":"23.21.206.232","after_unknown":false,"before_sensitive":false,"after_sensitive":false},"mlflow_server_url":{"actions":["no-op"],"before":"http://23.21.206.232:5000","after":"http://23.21.206.232:5000","after_unknown":false,"before_sensitive":false,"after_sensitive":false},"s3_bucket_arn":{"actions":["no-op"],"before":"arn:aws:s3:::house-price-mlops-dev-itzi2hgi","after":"arn:aws:s3:::house-price-mlops-dev-itzi2hgi","after_unknown":false,"before_sensitive":false,"after_sensitive":false},"s3_bucket_name":{"actions":["no-op"],"before":"house-price-mlops-dev-itzi2hgi","after":"house-price-mlops-dev-itzi2hgi","after_unknown":false,"before_sensitive":false,"after_sensitive":false},"sagemaker_domain_id":{"actions":["no-op"],"before":"d-rr0shep9nrmf","after":"d-rr0shep9nrmf","after_unknown":false,"before_sensitive":false,"after_sensitive":false},"sagemaker_execution_role_arn":{"actions":["no-op"],"before":"arn:aws:iam::482227257362:role/house-price-sagemaker-execution-role","after":"arn:aws:iam::482227257362:role/house-price-sagemaker-execution-role","after_unknown":false,"before_sensitive":false,"after_sensitive":false},"sagemaker_pipeline_arn":{"actions":["no-op"],"before":"arn:aws:sagemaker:us-east-1:482227257362:pipeline/house-price-mlops-pipeline","after":"arn:aws:sagemaker:us-east-1:482227257362:pipeline/house-price-mlops-pipeline","after_unknown":false,"before_sensitive":false,"after_sensitive":false},"sagemaker_pipeline_name":{"actions":["no-op"],"before":"house-price-mlops-pipeline","after":"house-price-mlops-pipeline","after_unknown":false,"before_sensitive":false,"after_sensitive":false},"sagemaker_user_profile_arn":{"actions":["no-op"],"before":"arn:aws:sagemaker:us-east-1:482227257362:user-profile/d-rr0shep9nrmf/data-scientist","after":"arn:aws:sagemaker:us-east-1:482227257362:user-profile/d-rr0shep9nrmf/data-scientist","after_unknown":false,"before_sensitive":false,"after_sensitive":false}},"prior_state":{"format_version":"1.0","terraform_version":"1.11.3","values":{"outputs":{"airflow_server_ip":{"sensitive":false,"value":"44.195.50.213","type":"string"},"airflow_server_url":{"sensitive":false,"value":"http://44.195.50.213:8080","type":"string"},"bamboo_instance_id":{"sensitive":false,"value":"i-0ae2adf5091f4a05a","type":"string"},"bamboo_server_url":{"sensitive":false,"value":"http://98.94.15.161:8085","type":"string"},"deployment_codebuild_arn":{"sensitive":false,"value":"arn:aws:codebuild:us-east-1:482227257362:project/house-price-deploy-model","type":"string"},"deployment_pipeline_arn":{"sensitive":false,"value":"arn:aws:codepipeline:us-east-1:482227257362:house-price-deployment-pipeline","type":"string"},"eks_cluster_endpoint":{"sensitive":false,"value":"https://974C176482AC96BC6D3A0DDA7723ED85.gr7.us-east-1.eks.amazonaws.com","type":"string"},"eks_cluster_name":{"sensitive":false,"value":"house-price-jupyterhub-cluster","type":"string"},"eks_oidc_provider_arn":{"sensitive":false,"value":"arn:aws:iam::482227257362:oidc-provider/oidc.eks.us-east-1.amazonaws.com/id/974C176482AC96BC6D3A0DDA7723ED85","type":"string"},"github_actions_role_arn":{"sensitive":false,"value":"arn:aws:iam::482227257362:role/house-price-github-actions-role","type":"string"},"mlflow_server_ip":{"sensitive":false,"value":"23.21.206.232","type":"string"},"mlflow_server_url":{"sensitive":false,"value":"http://23.21.206.232:5000","type":"string"},"s3_bucket_arn":{"sensitive":false,"value":"arn:aws:s3:::house-price-mlops-dev-itzi2hgi","type":"string"},"s3_bucket_name":{"sensitive":false,"value":"house-price-mlops-dev-itzi2hgi","type":"string"},"sagemaker_domain_id":{"sensitive":false,"value":"d-rr0shep9nrmf","type":"string"},"sagemaker_execution_role_arn":{"sensitive":false,"value":"arn:aws:iam::482227257362:role/house-price-sagemaker-execution-role","type":"string"},"sagemaker_pipeline_arn":{"sensitive":false,"value":"arn:aws:sagemaker:us-east-1:482227257362:pipeline/house-price-mlops-pipeline","type":"string"},"sagemaker_pipeline_name":{"sensitive":false,"value":"house-price-mlops-pipeline","type":"string"},"sagemaker_user_profile_arn":{"sensitive":false,"value":"arn:aws:sagemaker:us-east-1:482227257362:user-profile/d-rr0shep9nrmf/data-scientist","type":"string"}},"root_module":{"resources":[{"address":"data.aws_caller_identity.current","mode":"data","type":"aws_caller_identity","name":"current","provider_name":"registry.terraform.io/hashicorp/aws","schema_version":0,"values":{"account_id":"482227257362","arn":"arn:aws:iam::482227257362:user/venkat_admin","id":"482227257362","user_id":"AIDAXARX4AAJMQMYSP65A"},"sensitive_values":{}}],"child_modules":[{"resources":[{"address":"module.airflow_server.aws_eip.airflow_eip","mode":"managed","type":"aws_eip","name":"airflow_eip","provider_name":"registry.terraform.io/hashicorp/aws","schema_version":0,"values":{"address":null,"allocation_id":"eipalloc-04a9400c2ad65f5f8","arn":"arn:aws:ec2:us-east-1:482227257362:elastic-ip/eipalloc-04a9400c2ad65f5f8","associate_with_private_ip":null,"association_id":"","carrier_ip":"","customer_owned_ip":"","customer_owned_ipv4_pool":"","domain":"vpc","id":"eipalloc-04a9400c2ad65f5f8","instance":"","ipam_pool_id":null,"network_border_group":"us-east-1","network_interface":"","private_dns":"ip-172-31-70-183.ec2.internal","private_ip":"","ptr_record":"","public_dns":"ec2-44-195-50-213.compute-1.amazonaws.com","public_ip":"44.195.50.213","public_ipv4_pool":"amazon","tags":{"Name":"house-price-airflow-eip"},"tags_all":{"Name":"house-price-airflow-eip"},"timeouts":null,"vpc":true},"sensitive_values":{"tags":{},"tags_all":{}}},{"address":"module.airflow_server.aws_iam_instance_profile.airflow_profile","mode":"managed","type":"aws_iam_instance_profile","name":"airflow_profile","provider_name":"registry.terraform.io/hashicorp/aws","schema_version":0,"values":{"arn":"arn:aws:iam::482227257362:instance-profile/house-price-airflow-profile","create_date":"2025-11-19T00:28:06Z","id":"house-price-airflow-profile","name":"house-price-airflow-profile","name_prefix":"","path":"/","role":"house-price-airflow-role","tags":{},"tags_all":{},"unique_id":"AIPAXARX4AAJDQSZNCNXY"},"sensitive_values":{"tags":{},"tags_all":{}},"depends_on":["module.airflow_server.aws_iam_role.airflow_role"]},{"address":"module.airflow_server.aws_iam_role.airflow_role","mode":"managed","type":"aws_iam_role","name":"airflow_role","provider_name":"registry.terraform.io/hashicorp/aws","schema_version":0,"values":{"arn":"arn:aws:iam::482227257362:role/house-price-airflow-role","assume_role_policy":"{\"Statement\":[{\"Action\":\"sts:AssumeRole\",\"Effect\":\"Allow\",\"Principal\":{\"Service\":\"ec2.amazonaws.com\"}}],\"Version\":\"2012-10-17\"}","create_date":"2025-11-19T00:28:06Z","description":"","force_detach_policies":false,"id":"house-price-airflow-role","inline_policy":[{"name":"house-price-airflow-policy","policy":"{\"Version\":\"2012-10-17\",\"Statement\":[{\"Action\":[\"sagemaker:*\",\"s3:*\",\"ssm:*\",\"ssmmessages:*\",\"ec2messages:*\"],\"Effect\":\"Allow\",\"Resource\":\"*\"}]}"},{"name":"house-price-airflow-s3-access","policy":"{\"Version\":\"2012-10-17\",\"Statement\":[{\"Action\":[\"s3:GetObject\",\"s3:ListBucket\"],\"Effect\":\"Allow\",\"Resource\":[\"arn:aws:s3:::house-price-mlops-dev-itzi2hgi\",\"arn:aws:s3:::house-price-mlops-dev-itzi2hgi/*\"]}]}"}],"managed_policy_arns":[],"max_session_duration":3600,"name":"house-price-airflow-role","name_prefix":"","path":"/","permissions_boundary":"","tags":{},"tags_all":{},"unique_id":"AROAXARX4AAJO5HKYS4KU"},"sensitive_values":{"inline_policy":[{},{}],"managed_policy_arns":[],"tags":{},"tags_all":{}}},{"address":"module.airflow_server.aws_iam_role_policy.airflow_policy","mode":"managed","type":"aws_iam_role_policy","name":"airflow_policy","provider_name":"registry.terraform.io/hashicorp/aws","schema_version":0,"values":{"id":"house-price-airflow-role:house-price-airflow-policy","name":"house-price-airflow-policy","name_prefix":"","policy":"{\"Version\":\"2012-10-17\",\"Statement\":[{\"Action\":[\"sagemaker:*\",\"s3:*\",\"ssm:*\",\"ssmmessages:*\",\"ec2messages:*\"],\"Effect\":\"Allow\",\"Resource\":\"*\"}]}","role":"house-price-airflow-role"},"sensitive_values":{},"depends_on":["module.airflow_server.aws_iam_role.airflow_role"]},{"address":"module.airflow_server.aws_security_group.airflow_sg","mode":"managed","type":"aws_security_group","name":"airflow_sg","provider_name":"registry.terraform.io/hashicorp/aws","schema_version":1,"values":{"arn":"arn:aws:ec2:us-east-1:482227257362:security-group/sg-06499afc15d4c59c1","description":"Managed by Terraform","egress":[{"cidr_blocks":["0.0.0.0/0"],"description":"","from_port":0,"ipv6_cidr_blocks":[],"prefix_list_ids":[],"protocol":"-1","security_groups":[],"self":false,"to_port":0}],"id":"sg-06499afc15d4c59c1","ingress":[{"cidr_blocks":["0.0.0.0/0"],"description":"","from_port":22,"ipv6_cidr_blocks":[],"prefix_list_ids":[],"protocol":"tcp","security_groups":[],"self":false,"to_port":22},{"cidr_blocks":["0.0.0.0/0"],"description":"","from_port":8080,"ipv6_cidr_blocks":[],"prefix_list_ids":[],"protocol":"tcp","security_groups":[],"self":false,"to_port":8080}],"name":"house-price-airflow-sg20251119002806319900000001","name_prefix":"house-price-airflow-sg","owner_id":"482227257362","revoke_rules_on_delete":false,"tags":{},"tags_all":{},"timeouts":null,"vpc_id":"vpc-0ec06d2e45d4c6de8"},"sensitive_values":{"egress":[{"cidr_blocks":[false],"ipv6_cidr_blocks":[],"prefix_list_ids":[],"security_groups":[]}],"ingress":[{"cidr_blocks":[false],"ipv6_cidr_blocks":[],"prefix_list_ids":[],"security_groups":[]},{"cidr_blocks":[false],"ipv6_cidr_blocks":[],"prefix_list_ids":[],"security_groups":[]}],"tags":{},"tags_all":{}}}],"address":"module.airflow_server"},{"resources":[{"address":"module.bamboo_server.aws_iam_instance_profile.bamboo_profile","mode":"managed","type":"aws_iam_instance_profile","name":"bamboo_profile","provider_name":"registry.terraform.io/hashicorp/aws","schema_version":0,"values":{"arn":"arn:aws:iam::482227257362:instance-profile/house-price-bamboo-profile","create_date":"2025-12-09T21:33:50Z","id":"house-price-bamboo-profile","name":"house-price-bamboo-profile","name_prefix":"","path":"/","role":"house-price-bamboo-role","tags":{},"tags_all":{},"unique_id":"AIPAXARX4AAJDU7BSRAVZ"},"sensitive_values":{"tags":{},"tags_all":{}},"depends_on":["module.bamboo_server.aws_iam_role.bamboo_role"]},{"address":"module.bamboo_server.aws_iam_role.bamboo_role","mode":"managed","type":"aws_iam_role","name":"bamboo_role","provider_name":"registry.terraform.io/hashicorp/aws","schema_version":0,"values":{"arn":"arn:aws:iam::482227257362:role/house-price-bamboo-role","assume_role_policy":"{\"Statement\":[{\"Action\":\"sts:AssumeRole\",\"Effect\":\"Allow\",\"Principal\":{\"Service\":\"ec2.amazonaws.com\"}}],\"Version\":\"2012-10-17\"}","create_date":"2025-12-09T21:33:50Z","description":"","force_detach_policies":false,"id":"house-price-bamboo-role","inline_policy":[],"managed_policy_arns":["arn:aws:iam::aws:policy/AmazonSSMManagedInstanceCore"],"max_session_duration":3600,"name":"house-price-bamboo-role","name_prefix":"","path":"/","permissions_boundary":"","tags":{},"tags_all":{},"unique_id":"AROAXARX4AAJJKLDB3AVC"},"sensitive_values":{"inline_policy":[],"managed_policy_arns":[false],"tags":{},"tags_all":{}}},{"address":"module.bamboo_server.aws_iam_role_policy_attachment.ssm_policy","mode":"managed","type":"aws_iam_role_policy_attachment","name":"ssm_policy","provider_name":"registry.terraform.io/hashicorp/aws","schema_version":0,"values":{"id":"house-price-bamboo-role-20251209213350333900000001","policy_arn":"arn:aws:iam::aws:policy/AmazonSSMManagedInstanceCore","role":"house-price-bamboo-role"},"sensitive_values":{},"depends_on":["module.bamboo_server.aws_iam_role.bamboo_role"]},{"address":"module.bamboo_server.aws_security_group.bamboo_sg","mode":"managed","type":"aws_security_group","name":"bamboo_sg","provider_name":"registry.terraform.io/hashicorp/aws","schema_version":1,"values":{"arn":"arn:aws:ec2:us-east-1:482227257362:security-group/sg-0d5386fffca3e4f03","description":"Security group for Bamboo server","egress":[{"cidr_blocks":["0.0.0.0/0"],"description":"","from_port":0,"ipv6_cidr_blocks":[],"prefix_list_ids":[],"protocol":"-1","security_groups":[],"self":false,"to_port":0}],"id":"sg-0d5386fffca3e4f03","ingress":[{"cidr_blocks":["0.0.0.0/0"],"description":"","from_port":22,"ipv6_cidr_blocks":[],"prefix_list_ids":[],"protocol":"tcp","security_groups":[],"self":false,"to_port":22},{"cidr_blocks":["0.0.0.0/0"],"description":"","from_port":8085,"ipv6_cidr_blocks":[],"prefix_list_ids":[],"protocol":"tcp","security_groups":[],"self":false,"to_port":8085}],"name":"house-price-bamboo-sg","name_prefix":"","owner_id":"482227257362","revoke_rules_on_delete":false,"tags":{"Name":"house-price-bamboo-sg"},"tags_all":{"Name":"house-price-bamboo-sg"},"timeouts":null,"vpc_id":"vpc-0ec06d2e45d4c6de8"},"sensitive_values":{"egress":[{"cidr_blocks":[false],"ipv6_cidr_blocks":[],"prefix_list_ids":[],"security_groups":[]}],"ingress":[{"cidr_blocks":[false],"ipv6_cidr_blocks":[],"prefix_list_ids":[],"security_groups":[]},{"cidr_blocks":[false],"ipv6_cidr_blocks":[],"prefix_list_ids":[],"security_groups":[]}],"tags":{},"tags_all":{}}}],"address":"module.bamboo_server"},{"resources":[{"address":"module.deployment_pipeline.aws_cloudwatch_event_rule.model_approval","mode":"managed","type":"aws_cloudwatch_event_rule","name":"model_approval","provider_name":"registry.terraform.io/hashicorp/aws","schema_version":1,"values":{"arn":"arn:aws:events:us-east-1:482227257362:rule/house-price-model-approval-trigger","description":"Trigger deployment pipeline when model is approved","event_bus_name":"default","event_pattern":"{\"detail\":{\"ModelPackageStatus\":[\"Approved\"]},\"detail-type\":[\"SageMaker Model Package State Change\"],\"source\":[\"aws.sagemaker\"]}","force_destroy":false,"id":"house-price-model-approval-trigger","is_enabled":true,"name":"house-price-model-approval-trigger","name_prefix":"","role_arn":"","schedule_expression":"","state":"ENABLED","tags":{},"tags_all":{}},"sensitive_values":{"tags":{},"tags_all":{}}},{"address":"module.deployment_pipeline.aws_cloudwatch_event_target.codepipeline_target","mode":"managed","type":"aws_cloudwatch_event_target","name":"codepipeline_target","provider_name":"registry.terraform.io/hashicorp/aws","schema_version":1,"values":{"appsync_target":[],"arn":"arn:aws:codepipeline:us-east-1:482227257362:house-price-deployment-pipeline","batch_target":[],"dead_letter_config":[],"ecs_target":[],"event_bus_name":"default","force_destroy":false,"http_target":[],"id":"house-price-model-approval-trigger-CodePipelineTarget","input":"","input_path":"","input_transformer":[],"kinesis_target":[],"redshift_target":[],"retry_policy":[],"role_arn":"arn:aws:iam::482227257362:role/house-price-eventbridge-role","rule":"house-price-model-approval-trigger","run_command_targets":[],"sagemaker_pipeline_target":[],"sqs_target":[],"target_id":"CodePipelineTarget"},"sensitive_values":{"appsync_target":[],"batch_target":[],"dead_letter_config":[],"ecs_target":[],"http_target":[],"input_transformer":[],"kinesis_target":[],"redshift_target":[],"retry_policy":[],"run_command_targets":[],"sagemaker_pipeline_target":[],"sqs_target":[]},"depends_on":["module.deployment_pipeline.aws_cloudwatch_event_rule.model_approval","module.deployment_pipeline.aws_codebuild_project.deploy_model","module.deployment_pipeline.aws_codepipeline.deployment_pipeline","module.deployment_pipeline.aws_iam_role.codebuild_role","module.deployment_pipeline.aws_iam_role.codepipeline_role","module.deployment_pipeline.aws_iam_role.eventbridge_role","module.deployment_pipeline.aws_s3_bucket.codepipeline_artifacts","module.deployment_pipeline.random_string.suffix","module.s3.aws_s3_bucket.mlops_bucket","module.s3.random_string.bucket_suffix"]},{"address":"module.deployment_pipeline.aws_codebuild_project.deploy_model","mode":"managed","type":"aws_codebuild_project","name":"deploy_model","provider_name":"registry.terraform.io/hashicorp/aws","schema_version":0,"values":{"arn":"arn:aws:codebuild:us-east-1:482227257362:project/house-price-deploy-model","artifacts":[{"artifact_identifier":"","bucket_owner_access":"","encryption_disabled":false,"location":"","name":"house-price-deploy-model","namespace_type":"","override_artifact_name":false,"packaging":"NONE","path":"","type":"CODEPIPELINE"}],"badge_enabled":false,"badge_url":"","build_batch_config":[],"build_timeout":60,"cache":[{"location":"","modes":[],"type":"NO_CACHE"}],"concurrent_build_limit":0,"description":"","encryption_key":"arn:aws:kms:us-east-1:482227257362:alias/aws/s3","environment":[{"certificate":"","compute_type":"BUILD_GENERAL1_SMALL","environment_variable":[{"name":"S3_BUCKET","type":"PLAINTEXT","value":"house-price-mlops-dev-itzi2hgi"}],"fleet":[],"image":"aws/codebuild/amazonlinux2-x86_64-standard:3.0","image_pull_credentials_type":"CODEBUILD","privileged_mode":false,"registry_credential":[],"type":"LINUX_CONTAINER"}],"file_system_locations":[],"id":"arn:aws:codebuild:us-east-1:482227257362:project/house-price-deploy-model","logs_config":[{"cloudwatch_logs":[{"group_name":"","status":"ENABLED","stream_name":""}],"s3_logs":[{"bucket_owner_access":"","encryption_disabled":false,"location":"","status":"DISABLED"}]}],"name":"house-price-deploy-model","project_visibility":"PRIVATE","public_project_alias":"","queued_timeout":480,"resource_access_role":"","secondary_artifacts":[],"secondary_source_version":[],"secondary_sources":[],"service_role":"arn:aws:iam::482227257362:role/house-price-codebuild-role","source":[{"auth":[],"build_status_config":[],"buildspec":"version: 0.2\n\nphases:\n  install:\n    runtime-versions:\n      python: 3.9\n    commands:\n      - pip install boto3 sagemaker\n\n  build:\n    commands:\n      - echo \"Deploying SageMaker endpoint...\"\n      - |\n        python3 \u003c\u003c 'EOF'\n        import boto3\n        import json\n        import os\n        \n        sagemaker = boto3.client('sagemaker')\n        \n        # Get latest approved model\n        response = sagemaker.list_model_packages(\n            ModelPackageGroupName='house-price-model-group',\n            ModelApprovalStatus='Approved',\n            SortBy='CreationTime',\n            SortOrder='Descending',\n            MaxResults=1\n        )\n        \n        if response['ModelPackageSummaryList']:\n            model_package_arn = response['ModelPackageSummaryList'][0]['ModelPackageArn']\n            print(f\"Deploying model: {model_package_arn}\")\n            \n            # Create endpoint config\n            endpoint_config_name = f\"house-price-endpoint-config-{int(__import__('time').time())}\"\n            sagemaker.create_endpoint_config(\n                EndpointConfigName=endpoint_config_name,\n                ProductionVariants=[{\n                    'VariantName': 'primary',\n                    'ModelName': model_package_arn.split('/')[-1],\n                    'InitialInstanceCount': 1,\n                    'InstanceType': 'ml.t2.medium',\n                    'InitialVariantWeight': 1.0\n                }]\n            )\n            \n            # Create/update endpoint\n            endpoint_name = 'house-price-endpoint'\n            try:\n                sagemaker.update_endpoint(\n                    EndpointName=endpoint_name,\n                    EndpointConfigName=endpoint_config_name\n                )\n                print(f\"Updated endpoint: {endpoint_name}\")\n            except:\n                sagemaker.create_endpoint(\n                    EndpointName=endpoint_name,\n                    EndpointConfigName=endpoint_config_name\n                )\n                print(f\"Created endpoint: {endpoint_name}\")\n        else:\n            print(\"No approved models found\")\n        EOF\n\n  post_build:\n    commands:\n      - echo \"Deployment completed\"","git_clone_depth":0,"git_submodules_config":[],"insecure_ssl":false,"location":"","report_build_status":false,"type":"CODEPIPELINE"}],"source_version":"","tags":{},"tags_all":{},"vpc_config":[]},"sensitive_values":{"artifacts":[{}],"build_batch_config":[],"cache":[{"modes":[]}],"environment":[{"environment_variable":[{}],"fleet":[],"registry_credential":[]}],"file_system_locations":[],"logs_config":[{"cloudwatch_logs":[{}],"s3_logs":[{}]}],"secondary_artifacts":[],"secondary_source_version":[],"secondary_sources":[],"source":[{"auth":[],"build_status_config":[],"git_submodules_config":[]}],"tags":{},"tags_all":{},"vpc_config":[]},"depends_on":["module.deployment_pipeline.aws_iam_role.codebuild_role","module.s3.aws_s3_bucket.mlops_bucket","module.s3.random_string.bucket_suffix"]},{"address":"module.deployment_pipeline.aws_codepipeline.deployment_pipeline","mode":"managed","type":"aws_codepipeline","name":"deployment_pipeline","provider_name":"registry.terraform.io/hashicorp/aws","schema_version":0,"values":{"arn":"arn:aws:codepipeline:us-east-1:482227257362:house-price-deployment-pipeline","artifact_store":[{"encryption_key":[],"location":"house-price-codepipeline-artifacts-jv8fwgaa","region":"","type":"S3"}],"execution_mode":"SUPERSEDED","id":"house-price-deployment-pipeline","name":"house-price-deployment-pipeline","pipeline_type":"V1","role_arn":"arn:aws:iam::482227257362:role/house-price-codepipeline-role","stage":[{"action":[{"category":"Source","configuration":{"S3Bucket":"house-price-mlops-dev-itzi2hgi","S3ObjectKey":"deployment/source.zip"},"input_artifacts":[],"name":"Source","namespace":"","output_artifacts":["source_output"],"owner":"AWS","provider":"S3","region":"","role_arn":"","run_order":1,"timeout_in_minutes":0,"version":"1"}],"before_entry":[],"name":"Source","on_failure":[],"on_success":[]},{"action":[{"category":"Build","configuration":{"ProjectName":"house-price-deploy-model"},"input_artifacts":["source_output"],"name":"Deploy","namespace":"","output_artifacts":[],"owner":"AWS","provider":"CodeBuild","region":"","role_arn":"","run_order":1,"timeout_in_minutes":0,"version":"1"}],"before_entry":[],"name":"Deploy","on_failure":[],"on_success":[]}],"tags":{},"tags_all":{},"trigger":[],"trigger_all":[],"variable":[]},"sensitive_values":{"artifact_store":[{"encryption_key":[]}],"stage":[{"action":[{"configuration":{},"input_artifacts":[],"output_artifacts":[false]}],"before_entry":[],"on_failure":[],"on_success":[]},{"action":[{"configuration":{},"input_artifacts":[false],"output_artifacts":[]}],"before_entry":[],"on_failure":[],"on_success":[]}],"tags":{},"tags_all":{},"trigger":[],"trigger_all":[],"variable":[]},"depends_on":["module.deployment_pipeline.aws_codebuild_project.deploy_model","module.deployment_pipeline.aws_iam_role.codebuild_role","module.deployment_pipeline.aws_iam_role.codepipeline_role","module.deployment_pipeline.aws_s3_bucket.codepipeline_artifacts","module.deployment_pipeline.random_string.suffix","module.s3.aws_s3_bucket.mlops_bucket","module.s3.random_string.bucket_suffix"]},{"address":"module.deployment_pipeline.aws_iam_role.codebuild_role","mode":"managed","type":"aws_iam_role","name":"codebuild_role","provider_name":"registry.terraform.io/hashicorp/aws","schema_version":0,"values":{"arn":"arn:aws:iam::482227257362:role/house-price-codebuild-role","assume_role_policy":"{\"Statement\":[{\"Action\":\"sts:AssumeRole\",\"Effect\":\"Allow\",\"Principal\":{\"Service\":\"codebuild.amazonaws.com\"}}],\"Version\":\"2012-10-17\"}","create_date":"2025-11-01T17:34:48Z","description":"","force_detach_policies":false,"id":"house-price-codebuild-role","inline_policy":[{"name":"house-price-codebuild-policy","policy":"{\"Version\":\"2012-10-17\",\"Statement\":[{\"Action\":[\"logs:CreateLogGroup\",\"logs:CreateLogStream\",\"logs:PutLogEvents\"],\"Effect\":\"Allow\",\"Resource\":\"arn:aws:logs:*:*:*\"},{\"Action\":[\"s3:GetObject\",\"s3:PutObject\"],\"Effect\":\"Allow\",\"Resource\":[\"arn:aws:s3:::house-price-codepipeline-artifacts-jv8fwgaa/*\",\"arn:aws:s3:::house-price-mlops-dev-itzi2hgi/*\"]},{\"Action\":[\"sagemaker:ListModelPackages\",\"sagemaker:DescribeModelPackage\",\"sagemaker:CreateEndpointConfig\",\"sagemaker:CreateEndpoint\",\"sagemaker:UpdateEndpoint\",\"sagemaker:DescribeEndpoint\",\"sagemaker:DescribeModel\",\"sagemaker:CreateModel\"],\"Effect\":\"Allow\",\"Resource\":\"*\"},{\"Action\":[\"iam:PassRole\"],\"Effect\":\"Allow\",\"Resource\":\"arn:aws:iam::482227257362:role/house-price-sagemaker-execution-role\"}]}"}],"managed_policy_arns":[],"max_session_duration":3600,"name":"house-price-codebuild-role","name_prefix":"","path":"/","permissions_boundary":"","tags":{},"tags_all":{},"unique_id":"AROAXARX4AAJBBURIBGGT"},"sensitive_values":{"inline_policy":[{}],"managed_policy_arns":[],"tags":{},"tags_all":{}}},{"address":"module.deployment_pipeline.aws_iam_role.codepipeline_role","mode":"managed","type":"aws_iam_role","name":"codepipeline_role","provider_name":"registry.terraform.io/hashicorp/aws","schema_version":0,"values":{"arn":"arn:aws:iam::482227257362:role/house-price-codepipeline-role","assume_role_policy":"{\"Statement\":[{\"Action\":\"sts:AssumeRole\",\"Effect\":\"Allow\",\"Principal\":{\"Service\":\"codepipeline.amazonaws.com\"}}],\"Version\":\"2012-10-17\"}","create_date":"2025-11-01T17:34:48Z","description":"","force_detach_policies":false,"id":"house-price-codepipeline-role","inline_policy":[{"name":"house-price-codepipeline-policy","policy":"{\"Version\":\"2012-10-17\",\"Statement\":[{\"Action\":[\"s3:GetBucketVersioning\",\"s3:GetObject\",\"s3:GetObjectVersion\",\"s3:PutObject\"],\"Effect\":\"Allow\",\"Resource\":[\"arn:aws:s3:::house-price-codepipeline-artifacts-jv8fwgaa\",\"arn:aws:s3:::house-price-codepipeline-artifacts-jv8fwgaa/*\",\"arn:aws:s3:::house-price-mlops-dev-itzi2hgi\",\"arn:aws:s3:::house-price-mlops-dev-itzi2hgi/*\"]},{\"Action\":[\"codebuild:BatchGetBuilds\",\"codebuild:StartBuild\"],\"Effect\":\"Allow\",\"Resource\":\"arn:aws:codebuild:us-east-1:482227257362:project/house-price-deploy-model\"}]}"}],"managed_policy_arns":[],"max_session_duration":3600,"name":"house-price-codepipeline-role","name_prefix":"","path":"/","permissions_boundary":"","tags":{},"tags_all":{},"unique_id":"AROAXARX4AAJFN7APWW4O"},"sensitive_values":{"inline_policy":[{}],"managed_policy_arns":[],"tags":{},"tags_all":{}}},{"address":"module.deployment_pipeline.aws_iam_role.eventbridge_role","mode":"managed","type":"aws_iam_role","name":"eventbridge_role","provider_name":"registry.terraform.io/hashicorp/aws","schema_version":0,"values":{"arn":"arn:aws:iam::482227257362:role/house-price-eventbridge-role","assume_role_policy":"{\"Statement\":[{\"Action\":\"sts:AssumeRole\",\"Effect\":\"Allow\",\"Principal\":{\"Service\":\"events.amazonaws.com\"}}],\"Version\":\"2012-10-17\"}","create_date":"2025-11-01T17:34:48Z","description":"","force_detach_policies":false,"id":"house-price-eventbridge-role","inline_policy":[{"name":"house-price-eventbridge-policy","policy":"{\"Version\":\"2012-10-17\",\"Statement\":[{\"Action\":[\"codepipeline:StartPipelineExecution\"],\"Effect\":\"Allow\",\"Resource\":\"arn:aws:codepipeline:us-east-1:482227257362:house-price-deployment-pipeline\"}]}"}],"managed_policy_arns":[],"max_session_duration":3600,"name":"house-price-eventbridge-role","name_prefix":"","path":"/","permissions_boundary":"","tags":{},"tags_all":{},"unique_id":"AROAXARX4AAJNPELGDTVN"},"sensitive_values":{"inline_policy":[{}],"managed_policy_arns":[],"tags":{},"tags_all":{}}},{"address":"module.deployment_pipeline.aws_iam_role_policy.codebuild_policy","mode":"managed","type":"aws_iam_role_policy","name":"codebuild_policy","provider_name":"registry.terraform.io/hashicorp/aws","schema_version":0,"values":{"id":"house-price-codebuild-role:house-price-codebuild-policy","name":"house-price-codebuild-policy","name_prefix":"","policy":"{\"Version\":\"2012-10-17\",\"Statement\":[{\"Action\":[\"logs:CreateLogGroup\",\"logs:CreateLogStream\",\"logs:PutLogEvents\"],\"Effect\":\"Allow\",\"Resource\":\"arn:aws:logs:*:*:*\"},{\"Action\":[\"s3:GetObject\",\"s3:PutObject\"],\"Effect\":\"Allow\",\"Resource\":[\"arn:aws:s3:::house-price-codepipeline-artifacts-jv8fwgaa/*\",\"arn:aws:s3:::house-price-mlops-dev-itzi2hgi/*\"]},{\"Action\":[\"sagemaker:ListModelPackages\",\"sagemaker:DescribeModelPackage\",\"sagemaker:CreateEndpointConfig\",\"sagemaker:CreateEndpoint\",\"sagemaker:UpdateEndpoint\",\"sagemaker:DescribeEndpoint\",\"sagemaker:DescribeModel\",\"sagemaker:CreateModel\"],\"Effect\":\"Allow\",\"Resource\":\"*\"},{\"Action\":[\"iam:PassRole\"],\"Effect\":\"Allow\",\"Resource\":\"arn:aws:iam::482227257362:role/house-price-sagemaker-execution-role\"}]}","role":"house-price-codebuild-role"},"sensitive_values":{},"depends_on":["module.deployment_pipeline.aws_iam_role.codebuild_role","module.deployment_pipeline.aws_s3_bucket.codepipeline_artifacts","module.deployment_pipeline.random_string.suffix","module.s3.aws_s3_bucket.mlops_bucket","module.s3.random_string.bucket_suffix","module.sagemaker.aws_iam_role.sagemaker_execution_role"]},{"address":"module.deployment_pipeline.aws_iam_role_policy.codepipeline_policy","mode":"managed","type":"aws_iam_role_policy","name":"codepipeline_policy","provider_name":"registry.terraform.io/hashicorp/aws","schema_version":0,"values":{"id":"house-price-codepipeline-role:house-price-codepipeline-policy","name":"house-price-codepipeline-policy","name_prefix":"","policy":"{\"Version\":\"2012-10-17\",\"Statement\":[{\"Action\":[\"s3:GetBucketVersioning\",\"s3:GetObject\",\"s3:GetObjectVersion\",\"s3:PutObject\"],\"Effect\":\"Allow\",\"Resource\":[\"arn:aws:s3:::house-price-codepipeline-artifacts-jv8fwgaa\",\"arn:aws:s3:::house-price-codepipeline-artifacts-jv8fwgaa/*\",\"arn:aws:s3:::house-price-mlops-dev-itzi2hgi\",\"arn:aws:s3:::house-price-mlops-dev-itzi2hgi/*\"]},{\"Action\":[\"codebuild:BatchGetBuilds\",\"codebuild:StartBuild\"],\"Effect\":\"Allow\",\"Resource\":\"arn:aws:codebuild:us-east-1:482227257362:project/house-price-deploy-model\"}]}","role":"house-price-codepipeline-role"},"sensitive_values":{},"depends_on":["module.deployment_pipeline.aws_codebuild_project.deploy_model","module.deployment_pipeline.aws_iam_role.codebuild_role","module.deployment_pipeline.aws_iam_role.codepipeline_role","module.deployment_pipeline.aws_s3_bucket.codepipeline_artifacts","module.deployment_pipeline.random_string.suffix","module.s3.aws_s3_bucket.mlops_bucket","module.s3.random_string.bucket_suffix"]},{"address":"module.deployment_pipeline.aws_iam_role_policy.eventbridge_policy","mode":"managed","type":"aws_iam_role_policy","name":"eventbridge_policy","provider_name":"registry.terraform.io/hashicorp/aws","schema_version":0,"values":{"id":"house-price-eventbridge-role:house-price-eventbridge-policy","name":"house-price-eventbridge-policy","name_prefix":"","policy":"{\"Version\":\"2012-10-17\",\"Statement\":[{\"Action\":[\"codepipeline:StartPipelineExecution\"],\"Effect\":\"Allow\",\"Resource\":\"arn:aws:codepipeline:us-east-1:482227257362:house-price-deployment-pipeline\"}]}","role":"house-price-eventbridge-role"},"sensitive_values":{},"depends_on":["module.deployment_pipeline.aws_codebuild_project.deploy_model","module.deployment_pipeline.aws_codepipeline.deployment_pipeline","module.deployment_pipeline.aws_iam_role.codebuild_role","module.deployment_pipeline.aws_iam_role.codepipeline_role","module.deployment_pipeline.aws_iam_role.eventbridge_role","module.deployment_pipeline.aws_s3_bucket.codepipeline_artifacts","module.deployment_pipeline.random_string.suffix","module.s3.aws_s3_bucket.mlops_bucket","module.s3.random_string.bucket_suffix"]},{"address":"module.deployment_pipeline.aws_s3_bucket.codepipeline_artifacts","mode":"managed","type":"aws_s3_bucket","name":"codepipeline_artifacts","provider_name":"registry.terraform.io/hashicorp/aws","schema_version":0,"values":{"acceleration_status":"","acl":null,"arn":"arn:aws:s3:::house-price-codepipeline-artifacts-jv8fwgaa","bucket":"house-price-codepipeline-artifacts-jv8fwgaa","bucket_domain_name":"house-price-codepipeline-artifacts-jv8fwgaa.s3.amazonaws.com","bucket_prefix":"","bucket_regional_domain_name":"house-price-codepipeline-artifacts-jv8fwgaa.s3.us-east-1.amazonaws.com","cors_rule":[],"force_destroy":false,"grant":[{"id":"ef87ba17deed0f812283592f1d2ece4bb8e3f721c5f04931abd116d5bf1e671b","permissions":["FULL_CONTROL"],"type":"CanonicalUser","uri":""}],"hosted_zone_id":"Z3AQBSTGFYJSTF","id":"house-price-codepipeline-artifacts-jv8fwgaa","lifecycle_rule":[],"logging":[],"object_lock_configuration":[],"object_lock_enabled":false,"policy":"","region":"us-east-1","replication_configuration":[],"request_payer":"BucketOwner","server_side_encryption_configuration":[{"rule":[{"apply_server_side_encryption_by_default":[{"kms_master_key_id":"","sse_algorithm":"AES256"}],"bucket_key_enabled":false}]}],"tags":{},"tags_all":{},"timeouts":null,"versioning":[{"enabled":false,"mfa_delete":false}],"website":[],"website_domain":null,"website_endpoint":null},"sensitive_values":{"cors_rule":[],"grant":[{"permissions":[false]}],"lifecycle_rule":[],"logging":[],"object_lock_configuration":[],"replication_configuration":[],"server_side_encryption_configuration":[{"rule":[{"apply_server_side_encryption_by_default":[{}]}]}],"tags":{},"tags_all":{},"versioning":[{}],"website":[]},"depends_on":["module.deployment_pipeline.random_string.suffix"]},{"address":"module.deployment_pipeline.aws_s3_bucket_server_side_encryption_configuration.codepipeline_encryption","mode":"managed","type":"aws_s3_bucket_server_side_encryption_configuration","name":"codepipeline_encryption","provider_name":"registry.terraform.io/hashicorp/aws","schema_version":0,"values":{"bucket":"house-price-codepipeline-artifacts-jv8fwgaa","expected_bucket_owner":"","id":"house-price-codepipeline-artifacts-jv8fwgaa","rule":[{"apply_server_side_encryption_by_default":[{"kms_master_key_id":"","sse_algorithm":"AES256"}],"bucket_key_enabled":false}]},"sensitive_values":{"rule":[{"apply_server_side_encryption_by_default":[{}]}]},"depends_on":["module.deployment_pipeline.aws_s3_bucket.codepipeline_artifacts","module.deployment_pipeline.random_string.suffix"]},{"address":"module.deployment_pipeline.random_string.suffix","mode":"managed","type":"random_string","name":"suffix","provider_name":"registry.terraform.io/hashicorp/random","schema_version":2,"values":{"id":"jv8fwgaa","keepers":null,"length":8,"lower":true,"min_lower":0,"min_numeric":0,"min_special":0,"min_upper":0,"number":true,"numeric":true,"override_special":null,"result":"jv8fwgaa","special":false,"upper":false},"sensitive_values":{}}],"address":"module.deployment_pipeline"},{"resources":[{"address":"module.ecr.aws_ecr_lifecycle_policy.data_processing_policy","mode":"managed","type":"aws_ecr_lifecycle_policy","name":"data_processing_policy","provider_name":"registry.terraform.io/hashicorp/aws","schema_version":0,"values":{"id":"data-processing","policy":"{\"rules\":[{\"action\":{\"type\":\"expire\"},\"description\":\"Keep last 5 images\",\"rulePriority\":1,\"selection\":{\"countNumber\":5,\"countType\":\"imageCountMoreThan\",\"tagPrefixList\":[\"latest\"],\"tagStatus\":\"tagged\"}}]}","registry_id":"482227257362","repository":"data-processing"},"sensitive_values":{},"depends_on":["module.ecr.aws_ecr_repository.data_processing"]},{"address":"module.ecr.aws_ecr_lifecycle_policy.evaluation_policy","mode":"managed","type":"aws_ecr_lifecycle_policy","name":"evaluation_policy","provider_name":"registry.terraform.io/hashicorp/aws","schema_version":0,"values":{"id":"evaluation","policy":"{\"rules\":[{\"action\":{\"type\":\"expire\"},\"description\":\"Keep last 5 images\",\"rulePriority\":1,\"selection\":{\"countNumber\":5,\"countType\":\"imageCountMoreThan\",\"tagPrefixList\":[\"latest\"],\"tagStatus\":\"tagged\"}}]}","registry_id":"482227257362","repository":"evaluation"},"sensitive_values":{},"depends_on":["module.ecr.aws_ecr_repository.evaluation"]},{"address":"module.ecr.aws_ecr_lifecycle_policy.feature_engineering_policy","mode":"managed","type":"aws_ecr_lifecycle_policy","name":"feature_engineering_policy","provider_name":"registry.terraform.io/hashicorp/aws","schema_version":0,"values":{"id":"feature-engineering","policy":"{\"rules\":[{\"action\":{\"type\":\"expire\"},\"description\":\"Keep last 5 images\",\"rulePriority\":1,\"selection\":{\"countNumber\":5,\"countType\":\"imageCountMoreThan\",\"tagPrefixList\":[\"latest\"],\"tagStatus\":\"tagged\"}}]}","registry_id":"482227257362","repository":"feature-engineering"},"sensitive_values":{},"depends_on":["module.ecr.aws_ecr_repository.feature_engineering"]},{"address":"module.ecr.aws_ecr_lifecycle_policy.model_registration_policy","mode":"managed","type":"aws_ecr_lifecycle_policy","name":"model_registration_policy","provider_name":"registry.terraform.io/hashicorp/aws","schema_version":0,"values":{"id":"model-registration","policy":"{\"rules\":[{\"action\":{\"type\":\"expire\"},\"description\":\"Keep last 10 images\",\"rulePriority\":1,\"selection\":{\"countNumber\":10,\"countType\":\"imageCountMoreThan\",\"tagPrefixList\":[\"latest\"],\"tagStatus\":\"tagged\"}}]}","registry_id":"482227257362","repository":"model-registration"},"sensitive_values":{},"depends_on":["module.ecr.aws_ecr_repository.model_registration"]},{"address":"module.ecr.aws_ecr_lifecycle_policy.training_policy","mode":"managed","type":"aws_ecr_lifecycle_policy","name":"training_policy","provider_name":"registry.terraform.io/hashicorp/aws","schema_version":0,"values":{"id":"training","policy":"{\"rules\":[{\"action\":{\"type\":\"expire\"},\"description\":\"Keep last 5 images\",\"rulePriority\":1,\"selection\":{\"countNumber\":5,\"countType\":\"imageCountMoreThan\",\"tagPrefixList\":[\"latest\"],\"tagStatus\":\"tagged\"}}]}","registry_id":"482227257362","repository":"training"},"sensitive_values":{},"depends_on":["module.ecr.aws_ecr_repository.training"]},{"address":"module.ecr.aws_ecr_repository.data_processing","mode":"managed","type":"aws_ecr_repository","name":"data_processing","provider_name":"registry.terraform.io/hashicorp/aws","schema_version":0,"values":{"arn":"arn:aws:ecr:us-east-1:482227257362:repository/data-processing","encryption_configuration":[{"encryption_type":"AES256","kms_key":""}],"force_delete":null,"id":"data-processing","image_scanning_configuration":[{"scan_on_push":true}],"image_tag_mutability":"MUTABLE","name":"data-processing","registry_id":"482227257362","repository_url":"482227257362.dkr.ecr.us-east-1.amazonaws.com/data-processing","tags":{"Environment":"dev","Name":"house-price-data-processing","Purpose":"MLOps-Data-Processing"},"tags_all":{"Environment":"dev","Name":"house-price-data-processing","Purpose":"MLOps-Data-Processing"},"timeouts":null},"sensitive_values":{"encryption_configuration":[{}],"image_scanning_configuration":[{}],"tags":{},"tags_all":{}}},{"address":"module.ecr.aws_ecr_repository.evaluation","mode":"managed","type":"aws_ecr_repository","name":"evaluation","provider_name":"registry.terraform.io/hashicorp/aws","schema_version":0,"values":{"arn":"arn:aws:ecr:us-east-1:482227257362:repository/evaluation","encryption_configuration":[{"encryption_type":"AES256","kms_key":""}],"force_delete":null,"id":"evaluation","image_scanning_configuration":[{"scan_on_push":true}],"image_tag_mutability":"MUTABLE","name":"evaluation","registry_id":"482227257362","repository_url":"482227257362.dkr.ecr.us-east-1.amazonaws.com/evaluation","tags":{"Environment":"dev","Name":"house-price-evaluation","Purpose":"MLOps-Evaluation"},"tags_all":{"Environment":"dev","Name":"house-price-evaluation","Purpose":"MLOps-Evaluation"},"timeouts":null},"sensitive_values":{"encryption_configuration":[{}],"image_scanning_configuration":[{}],"tags":{},"tags_all":{}}},{"address":"module.ecr.aws_ecr_repository.feature_engineering","mode":"managed","type":"aws_ecr_repository","name":"feature_engineering","provider_name":"registry.terraform.io/hashicorp/aws","schema_version":0,"values":{"arn":"arn:aws:ecr:us-east-1:482227257362:repository/feature-engineering","encryption_configuration":[{"encryption_type":"AES256","kms_key":""}],"force_delete":null,"id":"feature-engineering","image_scanning_configuration":[{"scan_on_push":true}],"image_tag_mutability":"MUTABLE","name":"feature-engineering","registry_id":"482227257362","repository_url":"482227257362.dkr.ecr.us-east-1.amazonaws.com/feature-engineering","tags":{"Environment":"dev","Name":"house-price-feature-engineering","Purpose":"MLOps-Feature-Engineering"},"tags_all":{"Environment":"dev","Name":"house-price-feature-engineering","Purpose":"MLOps-Feature-Engineering"},"timeouts":null},"sensitive_values":{"encryption_configuration":[{}],"image_scanning_configuration":[{}],"tags":{},"tags_all":{}}},{"address":"module.ecr.aws_ecr_repository.model_registration","mode":"managed","type":"aws_ecr_repository","name":"model_registration","provider_name":"registry.terraform.io/hashicorp/aws","schema_version":0,"values":{"arn":"arn:aws:ecr:us-east-1:482227257362:repository/model-registration","encryption_configuration":[{"encryption_type":"AES256","kms_key":""}],"force_delete":null,"id":"model-registration","image_scanning_configuration":[{"scan_on_push":true}],"image_tag_mutability":"MUTABLE","name":"model-registration","registry_id":"482227257362","repository_url":"482227257362.dkr.ecr.us-east-1.amazonaws.com/model-registration","tags":{"Environment":"dev","Name":"house-price-model-registration","Purpose":"MLOps-Model-Registration"},"tags_all":{"Environment":"dev","Name":"house-price-model-registration","Purpose":"MLOps-Model-Registration"},"timeouts":null},"sensitive_values":{"encryption_configuration":[{}],"image_scanning_configuration":[{}],"tags":{},"tags_all":{}}},{"address":"module.ecr.aws_ecr_repository.training","mode":"managed","type":"aws_ecr_repository","name":"training","provider_name":"registry.terraform.io/hashicorp/aws","schema_version":0,"values":{"arn":"arn:aws:ecr:us-east-1:482227257362:repository/training","encryption_configuration":[{"encryption_type":"AES256","kms_key":""}],"force_delete":null,"id":"training","image_scanning_configuration":[{"scan_on_push":true}],"image_tag_mutability":"MUTABLE","name":"training","registry_id":"482227257362","repository_url":"482227257362.dkr.ecr.us-east-1.amazonaws.com/training","tags":{"Environment":"dev","Name":"house-price-training","Purpose":"MLOps-Training"},"tags_all":{"Environment":"dev","Name":"house-price-training","Purpose":"MLOps-Training"},"timeouts":null},"sensitive_values":{"encryption_configuration":[{}],"image_scanning_configuration":[{}],"tags":{},"tags_all":{}}}],"address":"module.ecr"},{"resources":[{"address":"module.eks.data.aws_availability_zones.available","mode":"data","type":"aws_availability_zones","name":"available","provider_name":"registry.terraform.io/hashicorp/aws","schema_version":0,"values":{"all_availability_zones":null,"exclude_names":null,"exclude_zone_ids":null,"filter":null,"group_names":["us-east-1-zg-1"],"id":"us-east-1","names":["us-east-1a","us-east-1b","us-east-1c","us-east-1d","us-east-1e","us-east-1f"],"state":"available","timeouts":null,"zone_ids":["use1-az1","use1-az2","use1-az4","use1-az6","use1-az3","use1-az5"]},"sensitive_values":{"group_names":[false],"names":[false,false,false,false,false,false],"zone_ids":[false,false,false,false,false,false]}},{"address":"module.eks.data.aws_caller_identity.current","mode":"data","type":"aws_caller_identity","name":"current","provider_name":"registry.terraform.io/hashicorp/aws","schema_version":0,"values":{"account_id":"482227257362","arn":"arn:aws:iam::482227257362:user/venkat_admin","id":"482227257362","user_id":"AIDAXARX4AAJMQMYSP65A"},"sensitive_values":{}},{"address":"module.eks.data.aws_subnets.existing[0]","mode":"data","type":"aws_subnets","name":"existing","index":0,"provider_name":"registry.terraform.io/hashicorp/aws","schema_version":0,"values":{"filter":[{"name":"vpc-id","values":["vpc-0ec06d2e45d4c6de8"]}],"id":"us-east-1","ids":["subnet-0c092dfafe0a2b4b2","subnet-08ae0c2b4723f5d9d","subnet-0549136184302920c","subnet-0d2477ce3c2ca92b9","subnet-00d543840efec8c87","subnet-02f04ba7c1bbbf72f"],"tags":null,"timeouts":null},"sensitive_values":{"filter":[{"values":[false]}],"ids":[false,false,false,false,false,false]}},{"address":"module.eks.data.aws_vpc.existing[0]","mode":"data","type":"aws_vpc","name":"existing","index":0,"provider_name":"registry.terraform.io/hashicorp/aws","schema_version":0,"values":{"arn":"arn:aws:ec2:us-east-1:482227257362:vpc/vpc-0ec06d2e45d4c6de8","cidr_block":"172.31.0.0/16","cidr_block_associations":[{"association_id":"vpc-cidr-assoc-0239f84360d217e8d","cidr_block":"172.31.0.0/16","state":"associated"}],"default":true,"dhcp_options_id":"dopt-0223893eb575b76f3","enable_dns_hostnames":true,"enable_dns_support":true,"enable_network_address_usage_metrics":false,"filter":null,"id":"vpc-0ec06d2e45d4c6de8","instance_tenancy":"default","ipv6_association_id":"","ipv6_cidr_block":"","main_route_table_id":"rtb-0c458bb92ee07757a","owner_id":"482227257362","state":null,"tags":{},"timeouts":null},"sensitive_values":{"cidr_block_associations":[{}],"tags":{}}}],"address":"module.eks"},{"resources":[{"address":"module.github_oidc.aws_iam_openid_connect_provider.github","mode":"managed","type":"aws_iam_openid_connect_provider","name":"github","provider_name":"registry.terraform.io/hashicorp/aws","schema_version":0,"values":{"arn":"arn:aws:iam::482227257362:oidc-provider/token.actions.githubusercontent.com","client_id_list":["sts.amazonaws.com"],"id":"arn:aws:iam::482227257362:oidc-provider/token.actions.githubusercontent.com","tags":{},"tags_all":{},"thumbprint_list":["6938fd4d98bab03faadb97b34396831e3780aea1"],"url":"token.actions.githubusercontent.com"},"sensitive_values":{"client_id_list":[false],"tags":{},"tags_all":{},"thumbprint_list":[false]}},{"address":"module.github_oidc.aws_iam_role.github_actions","mode":"managed","type":"aws_iam_role","name":"github_actions","provider_name":"registry.terraform.io/hashicorp/aws","schema_version":0,"values":{"arn":"arn:aws:iam::482227257362:role/house-price-github-actions-role","assume_role_policy":"{\"Statement\":[{\"Action\":\"sts:AssumeRoleWithWebIdentity\",\"Condition\":{\"StringEquals\":{\"token.actions.githubusercontent.com:aud\":\"sts.amazonaws.com\"},\"StringLike\":{\"token.actions.githubusercontent.com:sub\":\"repo:Venkat8538/AWS_RealEstate:ref:refs/heads/master\"}},\"Effect\":\"Allow\",\"Principal\":{\"Federated\":\"arn:aws:iam::482227257362:oidc-provider/token.actions.githubusercontent.com\"}}],\"Version\":\"2012-10-17\"}","create_date":"2025-10-27T22:25:58Z","description":"","force_detach_policies":false,"id":"house-price-github-actions-role","inline_policy":[{"name":"house-price-github-sagemaker-policy","policy":"{\"Version\":\"2012-10-17\",\"Statement\":[{\"Action\":[\"sagemaker:CreatePipeline\",\"sagemaker:UpdatePipeline\",\"sagemaker:DescribePipeline\",\"sagemaker:ListPipelines\",\"sagemaker:StartPipelineExecution\",\"sagemaker:DescribePipelineExecution\",\"sagemaker:ListPipelineExecutions\"],\"Effect\":\"Allow\",\"Resource\":\"*\"},{\"Action\":[\"s3:GetObject\",\"s3:PutObject\",\"s3:DeleteObject\",\"s3:ListBucket\",\"s3:GetBucketLocation\"],\"Effect\":\"Allow\",\"Resource\":[\"arn:aws:s3:::house-price-mlops-dev-itzi2hgi\",\"arn:aws:s3:::house-price-mlops-dev-itzi2hgi/*\",\"arn:aws:s3:::sagemaker-*\"]},{\"Action\":[\"iam:PassRole\"],\"Effect\":\"Allow\",\"Resource\":\"arn:aws:iam::482227257362:role/house-price-sagemaker-execution-role\"}]}"}],"managed_policy_arns":[],"max_session_duration":3600,"name":"house-price-github-actions-role","name_prefix":"","path":"/","permissions_boundary":"","tags":{},"tags_all":{},"unique_id":"AROAXARX4AAJJPMYO2S7B"},"sensitive_values":{"inline_policy":[{}],"managed_policy_arns":[],"tags":{},"tags_all":{}},"depends_on":["module.github_oidc.aws_iam_openid_connect_provider.github"]},{"address":"module.github_oidc.aws_iam_role_policy.github_sagemaker_policy","mode":"managed","type":"aws_iam_role_policy","name":"github_sagemaker_policy","provider_name":"registry.terraform.io/hashicorp/aws","schema_version":0,"values":{"id":"house-price-github-actions-role:house-price-github-sagemaker-policy","name":"house-price-github-sagemaker-policy","name_prefix":"","policy":"{\"Version\":\"2012-10-17\",\"Statement\":[{\"Action\":[\"sagemaker:CreatePipeline\",\"sagemaker:UpdatePipeline\",\"sagemaker:DescribePipeline\",\"sagemaker:ListPipelines\",\"sagemaker:StartPipelineExecution\",\"sagemaker:DescribePipelineExecution\",\"sagemaker:ListPipelineExecutions\"],\"Effect\":\"Allow\",\"Resource\":\"*\"},{\"Action\":[\"s3:GetObject\",\"s3:PutObject\",\"s3:DeleteObject\",\"s3:ListBucket\",\"s3:GetBucketLocation\"],\"Effect\":\"Allow\",\"Resource\":[\"arn:aws:s3:::house-price-mlops-dev-itzi2hgi\",\"arn:aws:s3:::house-price-mlops-dev-itzi2hgi/*\",\"arn:aws:s3:::sagemaker-*\"]},{\"Action\":[\"iam:PassRole\"],\"Effect\":\"Allow\",\"Resource\":\"arn:aws:iam::482227257362:role/house-price-sagemaker-execution-role\"}]}","role":"house-price-github-actions-role"},"sensitive_values":{},"depends_on":["module.github_oidc.aws_iam_openid_connect_provider.github","module.github_oidc.aws_iam_role.github_actions","module.s3.aws_s3_bucket.mlops_bucket","module.s3.random_string.bucket_suffix","module.sagemaker.aws_iam_role.sagemaker_execution_role"]}],"address":"module.github_oidc"},{"resources":[{"address":"module.mlflow_server.aws_eip.mlflow_eip","mode":"managed","type":"aws_eip","name":"mlflow_eip","provider_name":"registry.terraform.io/hashicorp/aws","schema_version":0,"values":{"address":null,"allocation_id":"eipalloc-0489d136fcad91919","arn":"arn:aws:ec2:us-east-1:482227257362:elastic-ip/eipalloc-0489d136fcad91919","associate_with_private_ip":null,"association_id":"","carrier_ip":"","customer_owned_ip":"","customer_owned_ipv4_pool":"","domain":"vpc","id":"eipalloc-0489d136fcad91919","instance":"","ipam_pool_id":null,"network_border_group":"us-east-1","network_interface":"","private_dns":"ip-172-31-18-6.ec2.internal","private_ip":"","ptr_record":"","public_dns":"ec2-23-21-206-232.compute-1.amazonaws.com","public_ip":"23.21.206.232","public_ipv4_pool":"amazon","tags":{"Name":"house-price-mlflow-eip"},"tags_all":{"Name":"house-price-mlflow-eip"},"timeouts":null,"vpc":true},"sensitive_values":{"tags":{},"tags_all":{}},"depends_on":["module.mlflow_server.aws_iam_instance_profile.mlflow_profile","module.mlflow_server.aws_iam_role.mlflow_role","module.mlflow_server.aws_instance.mlflow_server","module.mlflow_server.aws_security_group.mlflow_sg","module.s3.aws_s3_bucket.mlops_bucket","module.s3.random_string.bucket_suffix"]},{"address":"module.mlflow_server.aws_iam_instance_profile.mlflow_profile","mode":"managed","type":"aws_iam_instance_profile","name":"mlflow_profile","provider_name":"registry.terraform.io/hashicorp/aws","schema_version":0,"values":{"arn":"arn:aws:iam::482227257362:instance-profile/house-price-mlflow-profile","create_date":"2025-11-18T19:23:20Z","id":"house-price-mlflow-profile","name":"house-price-mlflow-profile","name_prefix":"","path":"/","role":"house-price-mlflow-role","tags":{},"tags_all":{},"unique_id":"AIPAXARX4AAJMVAST523B"},"sensitive_values":{"tags":{},"tags_all":{}},"depends_on":["module.mlflow_server.aws_iam_role.mlflow_role"]},{"address":"module.mlflow_server.aws_iam_role.mlflow_role","mode":"managed","type":"aws_iam_role","name":"mlflow_role","provider_name":"registry.terraform.io/hashicorp/aws","schema_version":0,"values":{"arn":"arn:aws:iam::482227257362:role/house-price-mlflow-role","assume_role_policy":"{\"Statement\":[{\"Action\":\"sts:AssumeRole\",\"Effect\":\"Allow\",\"Principal\":{\"Service\":\"ec2.amazonaws.com\"}}],\"Version\":\"2012-10-17\"}","create_date":"2025-11-18T19:23:19Z","description":"","force_detach_policies":false,"id":"house-price-mlflow-role","inline_policy":[{"name":"house-price-mlflow-s3-policy","policy":"{\"Version\":\"2012-10-17\",\"Statement\":[{\"Action\":[\"s3:GetObject\",\"s3:PutObject\",\"s3:DeleteObject\",\"s3:ListBucket\"],\"Effect\":\"Allow\",\"Resource\":[\"arn:aws:s3:::house-price-mlops-dev-itzi2hgi\",\"arn:aws:s3:::house-price-mlops-dev-itzi2hgi/*\"]}]}"}],"managed_policy_arns":[],"max_session_duration":3600,"name":"house-price-mlflow-role","name_prefix":"","path":"/","permissions_boundary":"","tags":{},"tags_all":{},"unique_id":"AROAXARX4AAJHQ5MCUQXV"},"sensitive_values":{"inline_policy":[{}],"managed_policy_arns":[],"tags":{},"tags_all":{}}},{"address":"module.mlflow_server.aws_iam_role_policy.mlflow_s3_policy","mode":"managed","type":"aws_iam_role_policy","name":"mlflow_s3_policy","provider_name":"registry.terraform.io/hashicorp/aws","schema_version":0,"values":{"id":"house-price-mlflow-role:house-price-mlflow-s3-policy","name":"house-price-mlflow-s3-policy","name_prefix":"","policy":"{\"Version\":\"2012-10-17\",\"Statement\":[{\"Action\":[\"s3:GetObject\",\"s3:PutObject\",\"s3:DeleteObject\",\"s3:ListBucket\"],\"Effect\":\"Allow\",\"Resource\":[\"arn:aws:s3:::house-price-mlops-dev-itzi2hgi\",\"arn:aws:s3:::house-price-mlops-dev-itzi2hgi/*\"]}]}","role":"house-price-mlflow-role"},"sensitive_values":{},"depends_on":["module.mlflow_server.aws_iam_role.mlflow_role","module.s3.aws_s3_bucket.mlops_bucket","module.s3.random_string.bucket_suffix"]},{"address":"module.mlflow_server.aws_security_group.mlflow_sg","mode":"managed","type":"aws_security_group","name":"mlflow_sg","provider_name":"registry.terraform.io/hashicorp/aws","schema_version":1,"values":{"arn":"arn:aws:ec2:us-east-1:482227257362:security-group/sg-0e54ff286cddf3f6f","description":"Managed by Terraform","egress":[{"cidr_blocks":["0.0.0.0/0"],"description":"","from_port":0,"ipv6_cidr_blocks":[],"prefix_list_ids":[],"protocol":"-1","security_groups":[],"self":false,"to_port":0}],"id":"sg-0e54ff286cddf3f6f","ingress":[{"cidr_blocks":["0.0.0.0/0"],"description":"","from_port":22,"ipv6_cidr_blocks":[],"prefix_list_ids":[],"protocol":"tcp","security_groups":[],"self":false,"to_port":22},{"cidr_blocks":["0.0.0.0/0"],"description":"","from_port":5000,"ipv6_cidr_blocks":[],"prefix_list_ids":[],"protocol":"tcp","security_groups":[],"self":false,"to_port":5000}],"name":"house-price-mlflow-sg","name_prefix":"","owner_id":"482227257362","revoke_rules_on_delete":false,"tags":{},"tags_all":{},"timeouts":null,"vpc_id":"vpc-0ec06d2e45d4c6de8"},"sensitive_values":{"egress":[{"cidr_blocks":[false],"ipv6_cidr_blocks":[],"prefix_list_ids":[],"security_groups":[]}],"ingress":[{"cidr_blocks":[false],"ipv6_cidr_blocks":[],"prefix_list_ids":[],"security_groups":[]},{"cidr_blocks":[false],"ipv6_cidr_blocks":[],"prefix_list_ids":[],"security_groups":[]}],"tags":{},"tags_all":{}}}],"address":"module.mlflow_server"},{"resources":[{"address":"module.rds.data.aws_subnets.default","mode":"data","type":"aws_subnets","name":"default","provider_name":"registry.terraform.io/hashicorp/aws","schema_version":0,"values":{"filter":[{"name":"vpc-id","values":["vpc-0ec06d2e45d4c6de8"]}],"id":"us-east-1","ids":["subnet-0c092dfafe0a2b4b2","subnet-08ae0c2b4723f5d9d","subnet-0549136184302920c","subnet-0d2477ce3c2ca92b9","subnet-00d543840efec8c87","subnet-02f04ba7c1bbbf72f"],"tags":null,"timeouts":null},"sensitive_values":{"filter":[{"values":[false]}],"ids":[false,false,false,false,false,false]}},{"address":"module.rds.data.aws_vpc.default","mode":"data","type":"aws_vpc","name":"default","provider_name":"registry.terraform.io/hashicorp/aws","schema_version":0,"values":{"arn":"arn:aws:ec2:us-east-1:482227257362:vpc/vpc-0ec06d2e45d4c6de8","cidr_block":"172.31.0.0/16","cidr_block_associations":[{"association_id":"vpc-cidr-assoc-0239f84360d217e8d","cidr_block":"172.31.0.0/16","state":"associated"}],"default":true,"dhcp_options_id":"dopt-0223893eb575b76f3","enable_dns_hostnames":true,"enable_dns_support":true,"enable_network_address_usage_metrics":false,"filter":null,"id":"vpc-0ec06d2e45d4c6de8","instance_tenancy":"default","ipv6_association_id":"","ipv6_cidr_block":"","main_route_table_id":"rtb-0c458bb92ee07757a","owner_id":"482227257362","state":null,"tags":{},"timeouts":null},"sensitive_values":{"cidr_block_associations":[{}],"tags":{}}},{"address":"module.rds.aws_db_instance.airflow_db","mode":"managed","type":"aws_db_instance","name":"airflow_db","provider_name":"registry.terraform.io/hashicorp/aws","schema_version":2,"values":{"address":"house-price-airflow-db.c69g640qih7q.us-east-1.rds.amazonaws.com","allocated_storage":20,"allow_major_version_upgrade":null,"apply_immediately":false,"arn":"arn:aws:rds:us-east-1:482227257362:db:house-price-airflow-db","auto_minor_version_upgrade":true,"availability_zone":"us-east-1a","backup_retention_period":0,"backup_target":"region","backup_window":"03:00-04:00","blue_green_update":[],"ca_cert_identifier":"rds-ca-rsa2048-g1","character_set_name":"","copy_tags_to_snapshot":false,"custom_iam_instance_profile":"","customer_owned_ip_enabled":false,"database_insights_mode":"standard","db_name":"airflow","db_subnet_group_name":"house-price-airflow-db-subnet-group","dedicated_log_volume":false,"delete_automated_backups":true,"deletion_protection":false,"domain":"","domain_auth_secret_arn":"","domain_dns_ips":[],"domain_fqdn":"","domain_iam_role_name":"","domain_ou":"","enabled_cloudwatch_logs_exports":[],"endpoint":"house-price-airflow-db.c69g640qih7q.us-east-1.rds.amazonaws.com:5432","engine":"postgres","engine_lifecycle_support":"open-source-rds-extended-support","engine_version":"15.7","engine_version_actual":"15.7","final_snapshot_identifier":null,"hosted_zone_id":"Z2R2ITUGPM61AM","iam_database_authentication_enabled":false,"id":"db-QF6LGEN4MSYBCUPB3BMWH3A6YI","identifier":"house-price-airflow-db","identifier_prefix":"","instance_class":"db.t3.micro","iops":0,"kms_key_id":"arn:aws:kms:us-east-1:482227257362:key/b9d3ec49-8e25-4af5-b155-7285d29dfc6f","latest_restorable_time":"","license_model":"postgresql-license","listener_endpoint":[],"maintenance_window":"sun:04:00-sun:05:00","manage_master_user_password":null,"master_user_secret":[],"master_user_secret_kms_key_id":null,"max_allocated_storage":100,"monitoring_interval":0,"monitoring_role_arn":"","multi_az":false,"nchar_character_set_name":"","network_type":"IPV4","option_group_name":"default:postgres-15","parameter_group_name":"default.postgres15","password":"airflow123!","password_wo":null,"password_wo_version":null,"performance_insights_enabled":false,"performance_insights_kms_key_id":"","performance_insights_retention_period":0,"port":5432,"publicly_accessible":false,"replica_mode":"","replicas":[],"replicate_source_db":"","resource_id":"db-QF6LGEN4MSYBCUPB3BMWH3A6YI","restore_to_point_in_time":[],"s3_import":[],"skip_final_snapshot":true,"snapshot_identifier":null,"status":"available","storage_encrypted":true,"storage_throughput":0,"storage_type":"gp2","tags":{"Name":"house-price-airflow-db"},"tags_all":{"Name":"house-price-airflow-db"},"timeouts":null,"timezone":"","upgrade_storage_config":null,"username":"airflow","vpc_security_group_ids":["sg-08a137c599c426761"]},"sensitive_values":{"blue_green_update":[],"domain_dns_ips":[],"enabled_cloudwatch_logs_exports":[],"listener_endpoint":[],"master_user_secret":[],"password":true,"password_wo":true,"replicas":[],"restore_to_point_in_time":[],"s3_import":[],"tags":{},"tags_all":{},"vpc_security_group_ids":[false]},"depends_on":["module.rds.aws_db_subnet_group.airflow_db_subnet_group","module.rds.aws_security_group.airflow_db_sg","module.rds.data.aws_subnets.default","module.rds.data.aws_vpc.default"]},{"address":"module.rds.aws_db_subnet_group.airflow_db_subnet_group","mode":"managed","type":"aws_db_subnet_group","name":"airflow_db_subnet_group","provider_name":"registry.terraform.io/hashicorp/aws","schema_version":0,"values":{"arn":"arn:aws:rds:us-east-1:482227257362:subgrp:house-price-airflow-db-subnet-group","description":"Managed by Terraform","id":"house-price-airflow-db-subnet-group","name":"house-price-airflow-db-subnet-group","name_prefix":"","subnet_ids":["subnet-00d543840efec8c87","subnet-02f04ba7c1bbbf72f","subnet-0549136184302920c","subnet-08ae0c2b4723f5d9d","subnet-0c092dfafe0a2b4b2","subnet-0d2477ce3c2ca92b9"],"supported_network_types":["IPV4"],"tags":{"Name":"house-price-airflow-db-subnet-group"},"tags_all":{"Name":"house-price-airflow-db-subnet-group"},"vpc_id":"vpc-0ec06d2e45d4c6de8"},"sensitive_values":{"subnet_ids":[false,false,false,false,false,false],"supported_network_types":[false],"tags":{},"tags_all":{}},"depends_on":["module.rds.data.aws_subnets.default","module.rds.data.aws_vpc.default"]},{"address":"module.rds.aws_security_group.airflow_db_sg","mode":"managed","type":"aws_security_group","name":"airflow_db_sg","provider_name":"registry.terraform.io/hashicorp/aws","schema_version":1,"values":{"arn":"arn:aws:ec2:us-east-1:482227257362:security-group/sg-08a137c599c426761","description":"Managed by Terraform","egress":[{"cidr_blocks":["0.0.0.0/0"],"description":"","from_port":0,"ipv6_cidr_blocks":[],"prefix_list_ids":[],"protocol":"-1","security_groups":[],"self":false,"to_port":0}],"id":"sg-08a137c599c426761","ingress":[{"cidr_blocks":["172.31.0.0/16"],"description":"","from_port":5432,"ipv6_cidr_blocks":[],"prefix_list_ids":[],"protocol":"tcp","security_groups":[],"self":false,"to_port":5432}],"name":"house-price-airflow-db-20251121003029693700000001","name_prefix":"house-price-airflow-db-","owner_id":"482227257362","revoke_rules_on_delete":false,"tags":{"Name":"house-price-airflow-db-sg"},"tags_all":{"Name":"house-price-airflow-db-sg"},"timeouts":null,"vpc_id":"vpc-0ec06d2e45d4c6de8"},"sensitive_values":{"egress":[{"cidr_blocks":[false],"ipv6_cidr_blocks":[],"prefix_list_ids":[],"security_groups":[]}],"ingress":[{"cidr_blocks":[false],"ipv6_cidr_blocks":[],"prefix_list_ids":[],"security_groups":[]}],"tags":{},"tags_all":{}},"depends_on":["module.rds.data.aws_vpc.default"]}],"address":"module.rds"},{"resources":[{"address":"module.s3.aws_s3_bucket.mlops_bucket","mode":"managed","type":"aws_s3_bucket","name":"mlops_bucket","provider_name":"registry.terraform.io/hashicorp/aws","schema_version":0,"values":{"acceleration_status":"","acl":null,"arn":"arn:aws:s3:::house-price-mlops-dev-itzi2hgi","bucket":"house-price-mlops-dev-itzi2hgi","bucket_domain_name":"house-price-mlops-dev-itzi2hgi.s3.amazonaws.com","bucket_prefix":"","bucket_regional_domain_name":"house-price-mlops-dev-itzi2hgi.s3.us-east-1.amazonaws.com","cors_rule":[],"force_destroy":false,"grant":[{"id":"ef87ba17deed0f812283592f1d2ece4bb8e3f721c5f04931abd116d5bf1e671b","permissions":["FULL_CONTROL"],"type":"CanonicalUser","uri":""}],"hosted_zone_id":"Z3AQBSTGFYJSTF","id":"house-price-mlops-dev-itzi2hgi","lifecycle_rule":[{"abort_incomplete_multipart_upload_days":0,"enabled":true,"expiration":[{"date":"","days":365,"expired_object_delete_marker":false}],"id":"cost_optimization","noncurrent_version_expiration":[],"noncurrent_version_transition":[],"prefix":"","tags":{},"transition":[{"date":"","days":30,"storage_class":"STANDARD_IA"},{"date":"","days":90,"storage_class":"GLACIER"}]}],"logging":[],"object_lock_configuration":[],"object_lock_enabled":false,"policy":"","region":"us-east-1","replication_configuration":[],"request_payer":"BucketOwner","server_side_encryption_configuration":[{"rule":[{"apply_server_side_encryption_by_default":[{"kms_master_key_id":"","sse_algorithm":"AES256"}],"bucket_key_enabled":false}]}],"tags":{"Environment":"dev","Name":"house-price-mlops-bucket","Project":"house-price","Purpose":"MLOps-SingleAccount"},"tags_all":{"Environment":"dev","Name":"house-price-mlops-bucket","Project":"house-price","Purpose":"MLOps-SingleAccount"},"timeouts":null,"versioning":[{"enabled":true,"mfa_delete":false}],"website":[],"website_domain":null,"website_endpoint":null},"sensitive_values":{"cors_rule":[],"grant":[{"permissions":[false]}],"lifecycle_rule":[{"expiration":[{}],"noncurrent_version_expiration":[],"noncurrent_version_transition":[],"tags":{},"transition":[{},{}]}],"logging":[],"object_lock_configuration":[],"replication_configuration":[],"server_side_encryption_configuration":[{"rule":[{"apply_server_side_encryption_by_default":[{}]}]}],"tags":{},"tags_all":{},"versioning":[{}],"website":[]},"depends_on":["module.s3.random_string.bucket_suffix"]},{"address":"module.s3.aws_s3_bucket_lifecycle_configuration.mlops_lifecycle","mode":"managed","type":"aws_s3_bucket_lifecycle_configuration","name":"mlops_lifecycle","provider_name":"registry.terraform.io/hashicorp/aws","schema_version":1,"values":{"bucket":"house-price-mlops-dev-itzi2hgi","expected_bucket_owner":"","id":"house-price-mlops-dev-itzi2hgi","rule":[{"abort_incomplete_multipart_upload":[],"expiration":[{"date":null,"days":365,"expired_object_delete_marker":false}],"filter":[{"and":[],"object_size_greater_than":null,"object_size_less_than":null,"prefix":"","tag":[]}],"id":"cost_optimization","noncurrent_version_expiration":[],"noncurrent_version_transition":[],"prefix":"","status":"Enabled","transition":[{"date":null,"days":30,"storage_class":"STANDARD_IA"},{"date":null,"days":90,"storage_class":"GLACIER"}]}],"timeouts":null,"transition_default_minimum_object_size":"all_storage_classes_128K"},"sensitive_values":{"rule":[{"abort_incomplete_multipart_upload":[],"expiration":[{}],"filter":[{"and":[],"tag":[]}],"noncurrent_version_expiration":[],"noncurrent_version_transition":[],"transition":[{},{}]}]},"depends_on":["module.s3.aws_s3_bucket.mlops_bucket","module.s3.random_string.bucket_suffix"]},{"address":"module.s3.aws_s3_bucket_public_access_block.mlops_pab","mode":"managed","type":"aws_s3_bucket_public_access_block","name":"mlops_pab","provider_name":"registry.terraform.io/hashicorp/aws","schema_version":0,"values":{"block_public_acls":true,"block_public_policy":true,"bucket":"house-price-mlops-dev-itzi2hgi","id":"house-price-mlops-dev-itzi2hgi","ignore_public_acls":true,"restrict_public_buckets":true},"sensitive_values":{},"depends_on":["module.s3.aws_s3_bucket.mlops_bucket","module.s3.random_string.bucket_suffix"]},{"address":"module.s3.aws_s3_bucket_server_side_encryption_configuration.mlops_encryption","mode":"managed","type":"aws_s3_bucket_server_side_encryption_configuration","name":"mlops_encryption","provider_name":"registry.terraform.io/hashicorp/aws","schema_version":0,"values":{"bucket":"house-price-mlops-dev-itzi2hgi","expected_bucket_owner":"","id":"house-price-mlops-dev-itzi2hgi","rule":[{"apply_server_side_encryption_by_default":[{"kms_master_key_id":"","sse_algorithm":"AES256"}],"bucket_key_enabled":false}]},"sensitive_values":{"rule":[{"apply_server_side_encryption_by_default":[{}]}]},"depends_on":["module.s3.aws_s3_bucket.mlops_bucket","module.s3.random_string.bucket_suffix"]},{"address":"module.s3.aws_s3_bucket_versioning.mlops_versioning","mode":"managed","type":"aws_s3_bucket_versioning","name":"mlops_versioning","provider_name":"registry.terraform.io/hashicorp/aws","schema_version":0,"values":{"bucket":"house-price-mlops-dev-itzi2hgi","expected_bucket_owner":"","id":"house-price-mlops-dev-itzi2hgi","mfa":null,"versioning_configuration":[{"mfa_delete":"","status":"Enabled"}]},"sensitive_values":{"versioning_configuration":[{}]},"depends_on":["module.s3.aws_s3_bucket.mlops_bucket","module.s3.random_string.bucket_suffix"]},{"address":"module.s3.aws_s3_object.folders[\"configs/\"]","mode":"managed","type":"aws_s3_object","name":"folders","index":"configs/","provider_name":"registry.terraform.io/hashicorp/aws","schema_version":0,"values":{"acl":null,"arn":"arn:aws:s3:::house-price-mlops-dev-itzi2hgi/configs/","bucket":"house-price-mlops-dev-itzi2hgi","bucket_key_enabled":false,"cache_control":"","checksum_algorithm":null,"checksum_crc32":"","checksum_crc32c":"","checksum_crc64nvme":"","checksum_sha1":"","checksum_sha256":"","content":null,"content_base64":null,"content_disposition":"","content_encoding":"","content_language":"","content_type":"application/x-directory","etag":"d41d8cd98f00b204e9800998ecf8427e","force_destroy":false,"id":"configs/","key":"configs/","kms_key_id":null,"metadata":{},"object_lock_legal_hold_status":"","object_lock_mode":"","object_lock_retain_until_date":"","override_provider":[],"server_side_encryption":"AES256","source":null,"source_hash":null,"storage_class":"STANDARD","tags":{},"tags_all":{},"version_id":"null","website_redirect":""},"sensitive_values":{"metadata":{},"override_provider":[],"tags":{},"tags_all":{}},"depends_on":["module.s3.aws_s3_bucket.mlops_bucket","module.s3.random_string.bucket_suffix"]},{"address":"module.s3.aws_s3_object.folders[\"data/featured/\"]","mode":"managed","type":"aws_s3_object","name":"folders","index":"data/featured/","provider_name":"registry.terraform.io/hashicorp/aws","schema_version":0,"values":{"acl":null,"arn":"arn:aws:s3:::house-price-mlops-dev-itzi2hgi/data/featured/","bucket":"house-price-mlops-dev-itzi2hgi","bucket_key_enabled":false,"cache_control":"","checksum_algorithm":null,"checksum_crc32":"","checksum_crc32c":"","checksum_crc64nvme":"","checksum_sha1":"","checksum_sha256":"","content":null,"content_base64":null,"content_disposition":"","content_encoding":"","content_language":"","content_type":"application/x-directory","etag":"d41d8cd98f00b204e9800998ecf8427e","force_destroy":false,"id":"data/featured/","key":"data/featured/","kms_key_id":null,"metadata":{},"object_lock_legal_hold_status":"","object_lock_mode":"","object_lock_retain_until_date":"","override_provider":[],"server_side_encryption":"AES256","source":null,"source_hash":null,"storage_class":"STANDARD","tags":{},"tags_all":{},"version_id":"null","website_redirect":""},"sensitive_values":{"metadata":{},"override_provider":[],"tags":{},"tags_all":{}},"depends_on":["module.s3.aws_s3_bucket.mlops_bucket","module.s3.random_string.bucket_suffix"]},{"address":"module.s3.aws_s3_object.folders[\"data/processed/\"]","mode":"managed","type":"aws_s3_object","name":"folders","index":"data/processed/","provider_name":"registry.terraform.io/hashicorp/aws","schema_version":0,"values":{"acl":null,"arn":"arn:aws:s3:::house-price-mlops-dev-itzi2hgi/data/processed/","bucket":"house-price-mlops-dev-itzi2hgi","bucket_key_enabled":false,"cache_control":"","checksum_algorithm":null,"checksum_crc32":"","checksum_crc32c":"","checksum_crc64nvme":"","checksum_sha1":"","checksum_sha256":"","content":null,"content_base64":null,"content_disposition":"","content_encoding":"","content_language":"","content_type":"application/x-directory","etag":"d41d8cd98f00b204e9800998ecf8427e","force_destroy":false,"id":"data/processed/","key":"data/processed/","kms_key_id":null,"metadata":{},"object_lock_legal_hold_status":"","object_lock_mode":"","object_lock_retain_until_date":"","override_provider":[],"server_side_encryption":"AES256","source":null,"source_hash":null,"storage_class":"STANDARD","tags":{},"tags_all":{},"version_id":"null","website_redirect":""},"sensitive_values":{"metadata":{},"override_provider":[],"tags":{},"tags_all":{}},"depends_on":["module.s3.aws_s3_bucket.mlops_bucket","module.s3.random_string.bucket_suffix"]},{"address":"module.s3.aws_s3_object.folders[\"data/raw/\"]","mode":"managed","type":"aws_s3_object","name":"folders","index":"data/raw/","provider_name":"registry.terraform.io/hashicorp/aws","schema_version":0,"values":{"acl":null,"arn":"arn:aws:s3:::house-price-mlops-dev-itzi2hgi/data/raw/","bucket":"house-price-mlops-dev-itzi2hgi","bucket_key_enabled":false,"cache_control":"","checksum_algorithm":null,"checksum_crc32":"","checksum_crc32c":"","checksum_crc64nvme":"","checksum_sha1":"","checksum_sha256":"","content":null,"content_base64":null,"content_disposition":"","content_encoding":"","content_language":"","content_type":"application/x-directory","etag":"d41d8cd98f00b204e9800998ecf8427e","force_destroy":false,"id":"data/raw/","key":"data/raw/","kms_key_id":null,"metadata":{},"object_lock_legal_hold_status":"","object_lock_mode":"","object_lock_retain_until_date":"","override_provider":[],"server_side_encryption":"AES256","source":null,"source_hash":null,"storage_class":"STANDARD","tags":{},"tags_all":{},"version_id":"null","website_redirect":""},"sensitive_values":{"metadata":{},"override_provider":[],"tags":{},"tags_all":{}},"depends_on":["module.s3.aws_s3_bucket.mlops_bucket","module.s3.random_string.bucket_suffix"]},{"address":"module.s3.aws_s3_object.folders[\"data/test/\"]","mode":"managed","type":"aws_s3_object","name":"folders","index":"data/test/","provider_name":"registry.terraform.io/hashicorp/aws","schema_version":0,"values":{"acl":null,"arn":"arn:aws:s3:::house-price-mlops-dev-itzi2hgi/data/test/","bucket":"house-price-mlops-dev-itzi2hgi","bucket_key_enabled":false,"cache_control":"","checksum_algorithm":null,"checksum_crc32":"","checksum_crc32c":"","checksum_crc64nvme":"","checksum_sha1":"","checksum_sha256":"","content":null,"content_base64":null,"content_disposition":"","content_encoding":"","content_language":"","content_type":"application/x-directory","etag":"d41d8cd98f00b204e9800998ecf8427e","force_destroy":false,"id":"data/test/","key":"data/test/","kms_key_id":null,"metadata":{},"object_lock_legal_hold_status":"","object_lock_mode":"","object_lock_retain_until_date":"","override_provider":[],"server_side_encryption":"AES256","source":null,"source_hash":null,"storage_class":"STANDARD","tags":{},"tags_all":{},"version_id":"null","website_redirect":""},"sensitive_values":{"metadata":{},"override_provider":[],"tags":{},"tags_all":{}},"depends_on":["module.s3.aws_s3_bucket.mlops_bucket","module.s3.random_string.bucket_suffix"]},{"address":"module.s3.aws_s3_object.folders[\"logs/\"]","mode":"managed","type":"aws_s3_object","name":"folders","index":"logs/","provider_name":"registry.terraform.io/hashicorp/aws","schema_version":0,"values":{"acl":null,"arn":"arn:aws:s3:::house-price-mlops-dev-itzi2hgi/logs/","bucket":"house-price-mlops-dev-itzi2hgi","bucket_key_enabled":false,"cache_control":"","checksum_algorithm":null,"checksum_crc32":"","checksum_crc32c":"","checksum_crc64nvme":"","checksum_sha1":"","checksum_sha256":"","content":null,"content_base64":null,"content_disposition":"","content_encoding":"","content_language":"","content_type":"application/x-directory","etag":"d41d8cd98f00b204e9800998ecf8427e","force_destroy":false,"id":"logs/","key":"logs/","kms_key_id":null,"metadata":{},"object_lock_legal_hold_status":"","object_lock_mode":"","object_lock_retain_until_date":"","override_provider":[],"server_side_encryption":"AES256","source":null,"source_hash":null,"storage_class":"STANDARD","tags":{},"tags_all":{},"version_id":"null","website_redirect":""},"sensitive_values":{"metadata":{},"override_provider":[],"tags":{},"tags_all":{}},"depends_on":["module.s3.aws_s3_bucket.mlops_bucket","module.s3.random_string.bucket_suffix"]},{"address":"module.s3.aws_s3_object.folders[\"models/artifacts/\"]","mode":"managed","type":"aws_s3_object","name":"folders","index":"models/artifacts/","provider_name":"registry.terraform.io/hashicorp/aws","schema_version":0,"values":{"acl":null,"arn":"arn:aws:s3:::house-price-mlops-dev-itzi2hgi/models/artifacts/","bucket":"house-price-mlops-dev-itzi2hgi","bucket_key_enabled":false,"cache_control":"","checksum_algorithm":null,"checksum_crc32":"","checksum_crc32c":"","checksum_crc64nvme":"","checksum_sha1":"","checksum_sha256":"","content":null,"content_base64":null,"content_disposition":"","content_encoding":"","content_language":"","content_type":"application/x-directory","etag":"d41d8cd98f00b204e9800998ecf8427e","force_destroy":false,"id":"models/artifacts/","key":"models/artifacts/","kms_key_id":null,"metadata":{},"object_lock_legal_hold_status":"","object_lock_mode":"","object_lock_retain_until_date":"","override_provider":[],"server_side_encryption":"AES256","source":null,"source_hash":null,"storage_class":"STANDARD","tags":{},"tags_all":{},"version_id":"null","website_redirect":""},"sensitive_values":{"metadata":{},"override_provider":[],"tags":{},"tags_all":{}},"depends_on":["module.s3.aws_s3_bucket.mlops_bucket","module.s3.random_string.bucket_suffix"]},{"address":"module.s3.aws_s3_object.folders[\"models/registry/\"]","mode":"managed","type":"aws_s3_object","name":"folders","index":"models/registry/","provider_name":"registry.terraform.io/hashicorp/aws","schema_version":0,"values":{"acl":null,"arn":"arn:aws:s3:::house-price-mlops-dev-itzi2hgi/models/registry/","bucket":"house-price-mlops-dev-itzi2hgi","bucket_key_enabled":false,"cache_control":"","checksum_algorithm":null,"checksum_crc32":"","checksum_crc32c":"","checksum_crc64nvme":"","checksum_sha1":"","checksum_sha256":"","content":null,"content_base64":null,"content_disposition":"","content_encoding":"","content_language":"","content_type":"application/x-directory","etag":"d41d8cd98f00b204e9800998ecf8427e","force_destroy":false,"id":"models/registry/","key":"models/registry/","kms_key_id":null,"metadata":{},"object_lock_legal_hold_status":"","object_lock_mode":"","object_lock_retain_until_date":"","override_provider":[],"server_side_encryption":"AES256","source":null,"source_hash":null,"storage_class":"STANDARD","tags":{},"tags_all":{},"version_id":"jW.umsr5EDh6ypLdx2dvd9N3rsBD_0we","website_redirect":""},"sensitive_values":{"metadata":{},"override_provider":[],"tags":{},"tags_all":{}},"depends_on":["module.s3.aws_s3_bucket.mlops_bucket","module.s3.random_string.bucket_suffix"]},{"address":"module.s3.aws_s3_object.folders[\"models/trained/\"]","mode":"managed","type":"aws_s3_object","name":"folders","index":"models/trained/","provider_name":"registry.terraform.io/hashicorp/aws","schema_version":0,"values":{"acl":null,"arn":"arn:aws:s3:::house-price-mlops-dev-itzi2hgi/models/trained/","bucket":"house-price-mlops-dev-itzi2hgi","bucket_key_enabled":false,"cache_control":"","checksum_algorithm":null,"checksum_crc32":"","checksum_crc32c":"","checksum_crc64nvme":"","checksum_sha1":"","checksum_sha256":"","content":null,"content_base64":null,"content_disposition":"","content_encoding":"","content_language":"","content_type":"application/x-directory","etag":"d41d8cd98f00b204e9800998ecf8427e","force_destroy":false,"id":"models/trained/","key":"models/trained/","kms_key_id":null,"metadata":{},"object_lock_legal_hold_status":"","object_lock_mode":"","object_lock_retain_until_date":"","override_provider":[],"server_side_encryption":"AES256","source":null,"source_hash":null,"storage_class":"STANDARD","tags":{},"tags_all":{},"version_id":"null","website_redirect":""},"sensitive_values":{"metadata":{},"override_provider":[],"tags":{},"tags_all":{}},"depends_on":["module.s3.aws_s3_bucket.mlops_bucket","module.s3.random_string.bucket_suffix"]},{"address":"module.s3.aws_s3_object.folders[\"pipelines/\"]","mode":"managed","type":"aws_s3_object","name":"folders","index":"pipelines/","provider_name":"registry.terraform.io/hashicorp/aws","schema_version":0,"values":{"acl":null,"arn":"arn:aws:s3:::house-price-mlops-dev-itzi2hgi/pipelines/","bucket":"house-price-mlops-dev-itzi2hgi","bucket_key_enabled":false,"cache_control":"","checksum_algorithm":null,"checksum_crc32":"","checksum_crc32c":"","checksum_crc64nvme":"","checksum_sha1":"","checksum_sha256":"","content":null,"content_base64":null,"content_disposition":"","content_encoding":"","content_language":"","content_type":"application/x-directory","etag":"d41d8cd98f00b204e9800998ecf8427e","force_destroy":false,"id":"pipelines/","key":"pipelines/","kms_key_id":null,"metadata":{},"object_lock_legal_hold_status":"","object_lock_mode":"","object_lock_retain_until_date":"","override_provider":[],"server_side_encryption":"AES256","source":null,"source_hash":null,"storage_class":"STANDARD","tags":{},"tags_all":{},"version_id":"null","website_redirect":""},"sensitive_values":{"metadata":{},"override_provider":[],"tags":{},"tags_all":{}},"depends_on":["module.s3.aws_s3_bucket.mlops_bucket","module.s3.random_string.bucket_suffix"]},{"address":"module.s3.random_string.bucket_suffix","mode":"managed","type":"random_string","name":"bucket_suffix","provider_name":"registry.terraform.io/hashicorp/random","schema_version":2,"values":{"id":"itzi2hgi","keepers":null,"length":8,"lower":true,"min_lower":0,"min_numeric":0,"min_special":0,"min_upper":0,"number":true,"numeric":true,"override_special":null,"result":"itzi2hgi","special":false,"upper":false},"sensitive_values":{}}],"address":"module.s3"},{"resources":[{"address":"module.sagemaker.data.aws_subnets.default","mode":"data","type":"aws_subnets","name":"default","provider_name":"registry.terraform.io/hashicorp/aws","schema_version":0,"values":{"filter":[{"name":"vpc-id","values":["vpc-0ec06d2e45d4c6de8"]}],"id":"us-east-1","ids":["subnet-0c092dfafe0a2b4b2","subnet-08ae0c2b4723f5d9d","subnet-0549136184302920c","subnet-0d2477ce3c2ca92b9","subnet-00d543840efec8c87","subnet-02f04ba7c1bbbf72f"],"tags":null,"timeouts":null},"sensitive_values":{"filter":[{"values":[false]}],"ids":[false,false,false,false,false,false]}},{"address":"module.sagemaker.data.aws_vpc.default","mode":"data","type":"aws_vpc","name":"default","provider_name":"registry.terraform.io/hashicorp/aws","schema_version":0,"values":{"arn":"arn:aws:ec2:us-east-1:482227257362:vpc/vpc-0ec06d2e45d4c6de8","cidr_block":"172.31.0.0/16","cidr_block_associations":[{"association_id":"vpc-cidr-assoc-0239f84360d217e8d","cidr_block":"172.31.0.0/16","state":"associated"}],"default":true,"dhcp_options_id":"dopt-0223893eb575b76f3","enable_dns_hostnames":true,"enable_dns_support":true,"enable_network_address_usage_metrics":false,"filter":null,"id":"vpc-0ec06d2e45d4c6de8","instance_tenancy":"default","ipv6_association_id":"","ipv6_cidr_block":"","main_route_table_id":"rtb-0c458bb92ee07757a","owner_id":"482227257362","state":null,"tags":{},"timeouts":null},"sensitive_values":{"cidr_block_associations":[{}],"tags":{}}},{"address":"module.sagemaker.aws_iam_role.sagemaker_execution_role","mode":"managed","type":"aws_iam_role","name":"sagemaker_execution_role","provider_name":"registry.terraform.io/hashicorp/aws","schema_version":0,"values":{"arn":"arn:aws:iam::482227257362:role/house-price-sagemaker-execution-role","assume_role_policy":"{\"Statement\":[{\"Action\":\"sts:AssumeRole\",\"Effect\":\"Allow\",\"Principal\":{\"Service\":\"sagemaker.amazonaws.com\"}}],\"Version\":\"2012-10-17\"}","create_date":"2025-10-27T16:55:04Z","description":"","force_detach_policies":false,"id":"house-price-sagemaker-execution-role","inline_policy":[{"name":"house-price-s3-mlops-access","policy":"{\"Version\":\"2012-10-17\",\"Statement\":[{\"Action\":[\"s3:GetObject\",\"s3:PutObject\",\"s3:DeleteObject\",\"s3:ListBucket\"],\"Effect\":\"Allow\",\"Resource\":[\"arn:aws:s3:::house-price-mlops-dev-itzi2hgi\",\"arn:aws:s3:::house-price-mlops-dev-itzi2hgi/*\"]}]}"},{"name":"house-price-sagemaker-studio-permissions","policy":"{\"Version\":\"2012-10-17\",\"Statement\":[{\"Action\":[\"sagemaker:CreatePresignedDomainUrl\",\"sagemaker:DescribeDomain\",\"sagemaker:ListDomains\",\"sagemaker:CreateApp\",\"sagemaker:DeleteApp\",\"sagemaker:DescribeApp\",\"sagemaker:ListApps\"],\"Effect\":\"Allow\",\"Resource\":\"*\"}]}"}],"managed_policy_arns":["arn:aws:iam::aws:policy/AmazonEC2ContainerRegistryFullAccess","arn:aws:iam::aws:policy/AmazonSageMakerCanvasFullAccess","arn:aws:iam::aws:policy/AmazonSageMakerFullAccess"],"max_session_duration":3600,"name":"house-price-sagemaker-execution-role","name_prefix":"","path":"/","permissions_boundary":"","tags":{},"tags_all":{},"unique_id":"AROAXARX4AAJLBH4KZPQC"},"sensitive_values":{"inline_policy":[{},{}],"managed_policy_arns":[false,false,false],"tags":{},"tags_all":{}}},{"address":"module.sagemaker.aws_iam_role_policy.s3_mlops_access","mode":"managed","type":"aws_iam_role_policy","name":"s3_mlops_access","provider_name":"registry.terraform.io/hashicorp/aws","schema_version":0,"values":{"id":"house-price-sagemaker-execution-role:house-price-s3-mlops-access","name":"house-price-s3-mlops-access","name_prefix":"","policy":"{\"Version\":\"2012-10-17\",\"Statement\":[{\"Action\":[\"s3:GetObject\",\"s3:PutObject\",\"s3:DeleteObject\",\"s3:ListBucket\"],\"Effect\":\"Allow\",\"Resource\":[\"arn:aws:s3:::house-price-mlops-dev-itzi2hgi\",\"arn:aws:s3:::house-price-mlops-dev-itzi2hgi/*\"]}]}","role":"house-price-sagemaker-execution-role"},"sensitive_values":{},"depends_on":["module.s3.aws_s3_bucket.mlops_bucket","module.s3.random_string.bucket_suffix","module.sagemaker.aws_iam_role.sagemaker_execution_role"]},{"address":"module.sagemaker.aws_iam_role_policy.sagemaker_studio_permissions","mode":"managed","type":"aws_iam_role_policy","name":"sagemaker_studio_permissions","provider_name":"registry.terraform.io/hashicorp/aws","schema_version":0,"values":{"id":"house-price-sagemaker-execution-role:house-price-sagemaker-studio-permissions","name":"house-price-sagemaker-studio-permissions","name_prefix":"","policy":"{\"Version\":\"2012-10-17\",\"Statement\":[{\"Action\":[\"sagemaker:CreatePresignedDomainUrl\",\"sagemaker:DescribeDomain\",\"sagemaker:ListDomains\",\"sagemaker:CreateApp\",\"sagemaker:DeleteApp\",\"sagemaker:DescribeApp\",\"sagemaker:ListApps\"],\"Effect\":\"Allow\",\"Resource\":\"*\"}]}","role":"house-price-sagemaker-execution-role"},"sensitive_values":{},"depends_on":["module.sagemaker.aws_iam_role.sagemaker_execution_role"]},{"address":"module.sagemaker.aws_iam_role_policy_attachment.ecr_policy","mode":"managed","type":"aws_iam_role_policy_attachment","name":"ecr_policy","provider_name":"registry.terraform.io/hashicorp/aws","schema_version":0,"values":{"id":"house-price-sagemaker-execution-role-20251117175456311200000001","policy_arn":"arn:aws:iam::aws:policy/AmazonEC2ContainerRegistryFullAccess","role":"house-price-sagemaker-execution-role"},"sensitive_values":{},"depends_on":["module.sagemaker.aws_iam_role.sagemaker_execution_role"]},{"address":"module.sagemaker.aws_iam_role_policy_attachment.sagemaker_execution_policy","mode":"managed","type":"aws_iam_role_policy_attachment","name":"sagemaker_execution_policy","provider_name":"registry.terraform.io/hashicorp/aws","schema_version":0,"values":{"id":"house-price-sagemaker-execution-role-20251027165504698700000001","policy_arn":"arn:aws:iam::aws:policy/AmazonSageMakerFullAccess","role":"house-price-sagemaker-execution-role"},"sensitive_values":{},"depends_on":["module.sagemaker.aws_iam_role.sagemaker_execution_role"]},{"address":"module.sagemaker.aws_iam_role_policy_attachment.sagemaker_studio_policy","mode":"managed","type":"aws_iam_role_policy_attachment","name":"sagemaker_studio_policy","provider_name":"registry.terraform.io/hashicorp/aws","schema_version":0,"values":{"id":"house-price-sagemaker-execution-role-20251027171054367700000001","policy_arn":"arn:aws:iam::aws:policy/AmazonSageMakerCanvasFullAccess","role":"house-price-sagemaker-execution-role"},"sensitive_values":{},"depends_on":["module.sagemaker.aws_iam_role.sagemaker_execution_role"]},{"address":"module.sagemaker.aws_sagemaker_domain.mlops_domain","mode":"managed","type":"aws_sagemaker_domain","name":"mlops_domain","provider_name":"registry.terraform.io/hashicorp/aws","schema_version":0,"values":{"app_network_access_type":"PublicInternetOnly","app_security_group_management":"","arn":"arn:aws:sagemaker:us-east-1:482227257362:domain/d-rr0shep9nrmf","auth_mode":"IAM","default_space_settings":[],"default_user_settings":[{"auto_mount_home_efs":"Enabled","canvas_app_settings":[],"code_editor_app_settings":[],"custom_file_system_config":[],"custom_posix_user_config":[],"default_landing_uri":"studio::","execution_role":"arn:aws:iam::482227257362:role/house-price-sagemaker-execution-role","jupyter_lab_app_settings":[],"jupyter_server_app_settings":[],"kernel_gateway_app_settings":[],"r_session_app_settings":[],"r_studio_server_pro_app_settings":[],"security_groups":[],"sharing_settings":[],"space_storage_settings":[],"studio_web_portal":"ENABLED","studio_web_portal_settings":[],"tensor_board_app_settings":[]}],"domain_name":"house-price-mlops-domain","domain_settings":[],"home_efs_file_system_id":"fs-0c6a130d608b22676","id":"d-rr0shep9nrmf","kms_key_id":"","retention_policy":[],"security_group_id_for_domain_boundary":"","single_sign_on_application_arn":"","single_sign_on_managed_application_instance_id":"","subnet_ids":["subnet-00d543840efec8c87","subnet-02f04ba7c1bbbf72f","subnet-0549136184302920c","subnet-08ae0c2b4723f5d9d","subnet-0c092dfafe0a2b4b2","subnet-0d2477ce3c2ca92b9"],"tag_propagation":"DISABLED","tags":{"Environment":"dev","Name":"house-price-mlops-domain"},"tags_all":{"Environment":"dev","Name":"house-price-mlops-domain"},"url":"https://d-rr0shep9nrmf.studio.us-east-1.sagemaker.aws","vpc_id":"vpc-0ec06d2e45d4c6de8"},"sensitive_values":{"default_space_settings":[],"default_user_settings":[{"canvas_app_settings":[],"code_editor_app_settings":[],"custom_file_system_config":[],"custom_posix_user_config":[],"jupyter_lab_app_settings":[],"jupyter_server_app_settings":[],"kernel_gateway_app_settings":[],"r_session_app_settings":[],"r_studio_server_pro_app_settings":[],"security_groups":[],"sharing_settings":[],"space_storage_settings":[],"studio_web_portal_settings":[],"tensor_board_app_settings":[]}],"domain_settings":[],"retention_policy":[],"subnet_ids":[false,false,false,false,false,false],"tags":{},"tags_all":{}},"depends_on":["module.sagemaker.aws_iam_role.sagemaker_execution_role","module.sagemaker.data.aws_subnets.default","module.sagemaker.data.aws_vpc.default"]},{"address":"module.sagemaker.aws_sagemaker_endpoint.house_price_endpoint","mode":"managed","type":"aws_sagemaker_endpoint","name":"house_price_endpoint","provider_name":"registry.terraform.io/hashicorp/aws","schema_version":0,"values":{"arn":"arn:aws:sagemaker:us-east-1:482227257362:endpoint/house-price-prod","deployment_config":[],"endpoint_config_name":"house-price-serverless-config","id":"house-price-prod","name":"house-price-prod","tags":{"Environment":"dev","Project":"house-price"},"tags_all":{"Environment":"dev","Project":"house-price"}},"sensitive_values":{"deployment_config":[],"tags":{},"tags_all":{}},"depends_on":["module.s3.aws_s3_bucket.mlops_bucket","module.s3.random_string.bucket_suffix","module.sagemaker.aws_iam_role.sagemaker_execution_role","module.sagemaker.aws_sagemaker_endpoint_configuration.house_price_serverless_config","module.sagemaker.aws_sagemaker_model.house_price_model"]},{"address":"module.sagemaker.aws_sagemaker_endpoint_configuration.house_price_config","mode":"managed","type":"aws_sagemaker_endpoint_configuration","name":"house_price_config","provider_name":"registry.terraform.io/hashicorp/aws","schema_version":0,"values":{"arn":"arn:aws:sagemaker:us-east-1:482227257362:endpoint-config/house-price-config","async_inference_config":[],"data_capture_config":[],"id":"house-price-config","kms_key_arn":"","name":"house-price-config","name_prefix":"","production_variants":[{"accelerator_type":"","container_startup_health_check_timeout_in_seconds":0,"core_dump_config":[],"enable_ssm_access":false,"inference_ami_version":"","initial_instance_count":1,"initial_variant_weight":1,"instance_type":"ml.t2.medium","managed_instance_scaling":[],"model_data_download_timeout_in_seconds":0,"model_name":"house-price-model","routing_config":[],"serverless_config":[],"variant_name":"AllTraffic","volume_size_in_gb":0}],"shadow_production_variants":[],"tags":{"Environment":"dev","Project":"house-price"},"tags_all":{"Environment":"dev","Project":"house-price"}},"sensitive_values":{"async_inference_config":[],"data_capture_config":[],"production_variants":[{"core_dump_config":[],"managed_instance_scaling":[],"routing_config":[],"serverless_config":[]}],"shadow_production_variants":[],"tags":{},"tags_all":{}},"depends_on":["module.s3.aws_s3_bucket.mlops_bucket","module.s3.random_string.bucket_suffix","module.sagemaker.aws_iam_role.sagemaker_execution_role","module.sagemaker.aws_sagemaker_model.house_price_model"]},{"address":"module.sagemaker.aws_sagemaker_endpoint_configuration.house_price_serverless_config","mode":"managed","type":"aws_sagemaker_endpoint_configuration","name":"house_price_serverless_config","provider_name":"registry.terraform.io/hashicorp/aws","schema_version":0,"values":{"arn":"arn:aws:sagemaker:us-east-1:482227257362:endpoint-config/house-price-serverless-config","async_inference_config":[],"data_capture_config":[],"id":"house-price-serverless-config","kms_key_arn":"","name":"house-price-serverless-config","name_prefix":"","production_variants":[{"accelerator_type":"","container_startup_health_check_timeout_in_seconds":0,"core_dump_config":[],"enable_ssm_access":false,"inference_ami_version":"","initial_instance_count":0,"initial_variant_weight":1,"instance_type":"","managed_instance_scaling":[],"model_data_download_timeout_in_seconds":0,"model_name":"house-price-model","routing_config":[],"serverless_config":[{"max_concurrency":5,"memory_size_in_mb":2048,"provisioned_concurrency":0}],"variant_name":"AllTraffic","volume_size_in_gb":5}],"shadow_production_variants":[],"tags":{"Environment":"dev","Project":"house-price"},"tags_all":{"Environment":"dev","Project":"house-price"}},"sensitive_values":{"async_inference_config":[],"data_capture_config":[],"production_variants":[{"core_dump_config":[],"managed_instance_scaling":[],"routing_config":[],"serverless_config":[{}]}],"shadow_production_variants":[],"tags":{},"tags_all":{}},"depends_on":["module.s3.aws_s3_bucket.mlops_bucket","module.s3.random_string.bucket_suffix","module.sagemaker.aws_iam_role.sagemaker_execution_role","module.sagemaker.aws_sagemaker_model.house_price_model"]},{"address":"module.sagemaker.aws_sagemaker_model.house_price_model","mode":"managed","type":"aws_sagemaker_model","name":"house_price_model","provider_name":"registry.terraform.io/hashicorp/aws","schema_version":0,"values":{"arn":"arn:aws:sagemaker:us-east-1:482227257362:model/house-price-model","container":[],"enable_network_isolation":false,"execution_role_arn":"arn:aws:iam::482227257362:role/house-price-sagemaker-execution-role","id":"house-price-model","inference_execution_config":[],"name":"house-price-model","primary_container":[{"container_hostname":"","environment":{},"image":"683313688378.dkr.ecr.us-east-1.amazonaws.com/sagemaker-xgboost:1.7-1-cpu-py3","image_config":[],"inference_specification_name":"","mode":"SingleModel","model_data_source":[{"s3_data_source":[{"compression_type":"Gzip","model_access_config":[],"s3_data_type":"S3Object","s3_uri":"s3://house-price-mlops-dev-itzi2hgi/models/trained/model.tar.gz"}]}],"model_data_url":"s3://house-price-mlops-dev-itzi2hgi/models/trained/model.tar.gz","model_package_name":"","multi_model_config":[]}],"tags":{"Environment":"dev","Project":"house-price"},"tags_all":{"Environment":"dev","Project":"house-price"},"vpc_config":[]},"sensitive_values":{"container":[],"inference_execution_config":[],"primary_container":[{"environment":{},"image_config":[],"model_data_source":[{"s3_data_source":[{"model_access_config":[]}]}],"multi_model_config":[]}],"tags":{},"tags_all":{},"vpc_config":[]},"depends_on":["module.s3.aws_s3_bucket.mlops_bucket","module.s3.random_string.bucket_suffix","module.sagemaker.aws_iam_role.sagemaker_execution_role"]},{"address":"module.sagemaker.aws_sagemaker_user_profile.data_scientist","mode":"managed","type":"aws_sagemaker_user_profile","name":"data_scientist","provider_name":"registry.terraform.io/hashicorp/aws","schema_version":0,"values":{"arn":"arn:aws:sagemaker:us-east-1:482227257362:user-profile/d-rr0shep9nrmf/data-scientist","domain_id":"d-rr0shep9nrmf","home_efs_file_system_uid":"200005","id":"arn:aws:sagemaker:us-east-1:482227257362:user-profile/d-rr0shep9nrmf/data-scientist","single_sign_on_user_identifier":"","single_sign_on_user_value":"","tags":{"Environment":"dev","Name":"house-price-data-scientist-profile"},"tags_all":{"Environment":"dev","Name":"house-price-data-scientist-profile"},"user_profile_name":"data-scientist","user_settings":[{"auto_mount_home_efs":"DefaultAsDomain","canvas_app_settings":[],"code_editor_app_settings":[],"custom_file_system_config":[],"custom_posix_user_config":[],"default_landing_uri":"","execution_role":"arn:aws:iam::482227257362:role/house-price-sagemaker-execution-role","jupyter_lab_app_settings":[],"jupyter_server_app_settings":[],"kernel_gateway_app_settings":[],"r_session_app_settings":[],"r_studio_server_pro_app_settings":[],"security_groups":[],"sharing_settings":[],"space_storage_settings":[],"studio_web_portal":"","studio_web_portal_settings":[],"tensor_board_app_settings":[]}]},"sensitive_values":{"tags":{},"tags_all":{},"user_settings":[{"canvas_app_settings":[],"code_editor_app_settings":[],"custom_file_system_config":[],"custom_posix_user_config":[],"jupyter_lab_app_settings":[],"jupyter_server_app_settings":[],"kernel_gateway_app_settings":[],"r_session_app_settings":[],"r_studio_server_pro_app_settings":[],"security_groups":[],"sharing_settings":[],"space_storage_settings":[],"studio_web_portal_settings":[],"tensor_board_app_settings":[]}]},"depends_on":["module.sagemaker.aws_iam_role.sagemaker_execution_role","module.sagemaker.aws_sagemaker_domain.mlops_domain","module.sagemaker.data.aws_subnets.default","module.sagemaker.data.aws_vpc.default"]}],"address":"module.sagemaker"},{"resources":[{"address":"module.sagemaker_pipeline.aws_sagemaker_pipeline.mlops_pipeline","mode":"managed","type":"aws_sagemaker_pipeline","name":"mlops_pipeline","provider_name":"registry.terraform.io/hashicorp/aws","schema_version":0,"values":{"arn":"arn:aws:sagemaker:us-east-1:482227257362:pipeline/house-price-mlops-pipeline","id":"house-price-mlops-pipeline","parallelism_configuration":[],"pipeline_definition":"{\"Metadata\":{},\"Parameters\":[{\"DefaultValue\":\"s3://house-price-mlops-dev-itzi2hgi/data/raw/house_data.csv\",\"Name\":\"InputData\",\"Type\":\"String\"},{\"DefaultValue\":\"ml.t3.medium\",\"Name\":\"ProcessingInstanceType\",\"Type\":\"String\"},{\"DefaultValue\":\"ml.m5.large\",\"Name\":\"TrainingInstanceType\",\"Type\":\"String\"},{\"DefaultValue\":-9999,\"Name\":\"ModelApprovalThresholdR2\",\"Type\":\"Float\"},{\"DefaultValue\":999999999,\"Name\":\"ModelApprovalThresholdRMSE\",\"Type\":\"Float\"}],\"Steps\":[{\"Arguments\":{\"AppSpecification\":{\"ContainerEntrypoint\":[\"python3\",\"/opt/ml/processing/input/code/run_processing.py\"],\"ImageUri\":\"482227257362.dkr.ecr.us-east-1.amazonaws.com/data-processing:latest\"},\"Environment\":{\"MLFLOW_TRACKING_URI\":\"http://23.21.206.232:5000\"},\"ProcessingInputs\":[{\"AppManaged\":false,\"InputName\":\"input-data\",\"S3Input\":{\"LocalPath\":\"/opt/ml/processing/input\",\"S3DataDistributionType\":\"FullyReplicated\",\"S3DataType\":\"S3Prefix\",\"S3InputMode\":\"File\",\"S3Uri\":{\"Get\":\"Parameters.InputData\"}}},{\"AppManaged\":false,\"InputName\":\"code\",\"S3Input\":{\"LocalPath\":\"/opt/ml/processing/input/code\",\"S3DataDistributionType\":\"FullyReplicated\",\"S3DataType\":\"S3Prefix\",\"S3InputMode\":\"File\",\"S3Uri\":\"s3://house-price-mlops-dev-itzi2hgi/scripts/run_processing.py\"}}],\"ProcessingOutputConfig\":{\"Outputs\":[{\"AppManaged\":false,\"OutputName\":\"processed-data\",\"S3Output\":{\"LocalPath\":\"/opt/ml/processing/output\",\"S3UploadMode\":\"EndOfJob\",\"S3Uri\":\"s3://house-price-mlops-dev-itzi2hgi/data/processed\"}}]},\"ProcessingResources\":{\"ClusterConfig\":{\"InstanceCount\":1,\"InstanceType\":{\"Get\":\"Parameters.ProcessingInstanceType\"},\"VolumeSizeInGB\":30}},\"RoleArn\":\"arn:aws:iam::482227257362:role/house-price-sagemaker-execution-role\"},\"Name\":\"DataProcessing\",\"Type\":\"Processing\"},{\"Arguments\":{\"AppSpecification\":{\"ContainerEntrypoint\":[\"python3\",\"/opt/ml/processing/input/code/engineer.py\"],\"ImageUri\":\"482227257362.dkr.ecr.us-east-1.amazonaws.com/feature-engineering:latest\"},\"Environment\":{\"MLFLOW_TRACKING_URI\":\"http://23.21.206.232:5000\"},\"ProcessingInputs\":[{\"AppManaged\":false,\"InputName\":\"processed-data\",\"S3Input\":{\"LocalPath\":\"/opt/ml/processing/input\",\"S3DataDistributionType\":\"FullyReplicated\",\"S3DataType\":\"S3Prefix\",\"S3InputMode\":\"File\",\"S3Uri\":{\"Get\":\"Steps.DataProcessing.ProcessingOutputConfig.Outputs['processed-data'].S3Output.S3Uri\"}}},{\"AppManaged\":false,\"InputName\":\"code\",\"S3Input\":{\"LocalPath\":\"/opt/ml/processing/input/code\",\"S3DataDistributionType\":\"FullyReplicated\",\"S3DataType\":\"S3Prefix\",\"S3InputMode\":\"File\",\"S3Uri\":\"s3://house-price-mlops-dev-itzi2hgi/scripts/engineer.py\"}}],\"ProcessingOutputConfig\":{\"Outputs\":[{\"AppManaged\":false,\"OutputName\":\"featured-data\",\"S3Output\":{\"LocalPath\":\"/opt/ml/processing/output\",\"S3UploadMode\":\"EndOfJob\",\"S3Uri\":\"s3://house-price-mlops-dev-itzi2hgi/data/featured\"}}]},\"ProcessingResources\":{\"ClusterConfig\":{\"InstanceCount\":1,\"InstanceType\":{\"Get\":\"Parameters.ProcessingInstanceType\"},\"VolumeSizeInGB\":30}},\"RoleArn\":\"arn:aws:iam::482227257362:role/house-price-sagemaker-execution-role\"},\"DependsOn\":[\"DataProcessing\"],\"Name\":\"FeatureEngineering\",\"Type\":\"Processing\"},{\"Arguments\":{\"AlgorithmSpecification\":{\"TrainingImage\":\"482227257362.dkr.ecr.us-east-1.amazonaws.com/training:latest\",\"TrainingInputMode\":\"File\"},\"Environment\":{\"MLFLOW_TRACKING_URI\":\"http://23.21.206.232:5000\",\"S3_BUCKET\":\"house-price-mlops-dev-itzi2hgi\"},\"HyperParameters\":{\"num_round\":\"100\",\"objective\":\"reg:squarederror\",\"sagemaker_program\":\"train_model.py\",\"sagemaker_submit_directory\":\"s3://house-price-mlops-dev-itzi2hgi/scripts/scripts.tar.gz\"},\"InputDataConfig\":[{\"ChannelName\":\"train\",\"ContentType\":\"text/csv\",\"DataSource\":{\"S3DataSource\":{\"S3DataDistributionType\":\"FullyReplicated\",\"S3DataType\":\"S3Prefix\",\"S3Uri\":{\"Get\":\"Steps.DataProcessing.ProcessingOutputConfig.Outputs['processed-data'].S3Output.S3Uri\"}}},\"InputMode\":\"File\"}],\"OutputDataConfig\":{\"S3OutputPath\":\"s3://house-price-mlops-dev-itzi2hgi/models/trained\"},\"ResourceConfig\":{\"InstanceCount\":1,\"InstanceType\":{\"Get\":\"Parameters.TrainingInstanceType\"},\"VolumeSizeInGB\":30},\"RoleArn\":\"arn:aws:iam::482227257362:role/house-price-sagemaker-execution-role\",\"StoppingCondition\":{\"MaxRuntimeInSeconds\":3600}},\"DependsOn\":[\"FeatureEngineering\"],\"Name\":\"ModelTraining\",\"Type\":\"Training\"},{\"Arguments\":{\"AppSpecification\":{\"ContainerEntrypoint\":[\"python3\",\"/opt/ml/processing/input/code/evaluate.py\"],\"ImageUri\":\"482227257362.dkr.ecr.us-east-1.amazonaws.com/evaluation:latest\"},\"Environment\":{\"MLFLOW_TRACKING_URI\":\"http://23.21.206.232:5000\"},\"ProcessingInputs\":[{\"AppManaged\":false,\"InputName\":\"model\",\"S3Input\":{\"LocalPath\":\"/opt/ml/processing/input/model\",\"S3DataDistributionType\":\"FullyReplicated\",\"S3DataType\":\"S3Prefix\",\"S3InputMode\":\"File\",\"S3Uri\":{\"Get\":\"Steps.ModelTraining.ModelArtifacts.S3ModelArtifacts\"}}},{\"AppManaged\":false,\"InputName\":\"test-data\",\"S3Input\":{\"LocalPath\":\"/opt/ml/processing/input/data\",\"S3DataDistributionType\":\"FullyReplicated\",\"S3DataType\":\"S3Prefix\",\"S3InputMode\":\"File\",\"S3Uri\":\"s3://house-price-mlops-dev-itzi2hgi/data/test/test.csv\"}},{\"AppManaged\":false,\"InputName\":\"code\",\"S3Input\":{\"LocalPath\":\"/opt/ml/processing/input/code\",\"S3DataDistributionType\":\"FullyReplicated\",\"S3DataType\":\"S3Prefix\",\"S3InputMode\":\"File\",\"S3Uri\":\"s3://house-price-mlops-dev-itzi2hgi/scripts/evaluate.py\"}}],\"ProcessingOutputConfig\":{\"Outputs\":[{\"AppManaged\":false,\"OutputName\":\"evaluation-report\",\"S3Output\":{\"LocalPath\":\"/opt/ml/processing/output\",\"S3UploadMode\":\"EndOfJob\",\"S3Uri\":\"s3://house-price-mlops-dev-itzi2hgi/evaluation/reports\"}}]},\"ProcessingResources\":{\"ClusterConfig\":{\"InstanceCount\":1,\"InstanceType\":{\"Get\":\"Parameters.ProcessingInstanceType\"},\"VolumeSizeInGB\":30}},\"RoleArn\":\"arn:aws:iam::482227257362:role/house-price-sagemaker-execution-role\"},\"DependsOn\":[\"ModelTraining\"],\"Name\":\"ModelEvaluation\",\"PropertyFiles\":[{\"FilePath\":\"evaluation_report.json\",\"OutputName\":\"evaluation-report\",\"PropertyFileName\":\"evaluation_report\"}],\"Type\":\"Processing\"},{\"Arguments\":{\"Conditions\":[{\"LeftValue\":{\"Std:JsonGet\":{\"Path\":\"evaluation_metrics.r2_score\",\"PropertyFile\":{\"Get\":\"Steps.ModelEvaluation.PropertyFiles.evaluation_report\"}}},\"RightValue\":{\"Get\":\"Parameters.ModelApprovalThresholdR2\"},\"Type\":\"GreaterThanOrEqualTo\"},{\"LeftValue\":{\"Std:JsonGet\":{\"Path\":\"evaluation_metrics.rmse\",\"PropertyFile\":{\"Get\":\"Steps.ModelEvaluation.PropertyFiles.evaluation_report\"}}},\"RightValue\":{\"Get\":\"Parameters.ModelApprovalThresholdRMSE\"},\"Type\":\"LessThanOrEqualTo\"}],\"ElseSteps\":[],\"IfSteps\":[{\"Arguments\":{\"AppSpecification\":{\"ContainerEntrypoint\":[\"python3\",\"/opt/ml/processing/input/code/register_model.py\"],\"ImageUri\":\"482227257362.dkr.ecr.us-east-1.amazonaws.com/model-registration:latest\"},\"Environment\":{\"AWS_DEFAULT_REGION\":\"us-east-1\",\"MLFLOW_TRACKING_URI\":\"http://23.21.206.232:5000\"},\"ProcessingInputs\":[{\"AppManaged\":false,\"InputName\":\"evaluation-report\",\"S3Input\":{\"LocalPath\":\"/opt/ml/processing/input/evaluation\",\"S3DataDistributionType\":\"FullyReplicated\",\"S3DataType\":\"S3Prefix\",\"S3InputMode\":\"File\",\"S3Uri\":{\"Get\":\"Steps.ModelEvaluation.ProcessingOutputConfig.Outputs['evaluation-report'].S3Output.S3Uri\"}}},{\"AppManaged\":false,\"InputName\":\"code\",\"S3Input\":{\"LocalPath\":\"/opt/ml/processing/input/code\",\"S3DataDistributionType\":\"FullyReplicated\",\"S3DataType\":\"S3Prefix\",\"S3InputMode\":\"File\",\"S3Uri\":\"s3://house-price-mlops-dev-itzi2hgi/scripts/register_model.py\"}}],\"ProcessingOutputConfig\":{\"Outputs\":[{\"AppManaged\":false,\"OutputName\":\"registration-metadata\",\"S3Output\":{\"LocalPath\":\"/opt/ml/processing/output\",\"S3UploadMode\":\"EndOfJob\",\"S3Uri\":\"s3://house-price-mlops-dev-itzi2hgi/models/registry/\"}}]},\"ProcessingResources\":{\"ClusterConfig\":{\"InstanceCount\":1,\"InstanceType\":{\"Get\":\"Parameters.ProcessingInstanceType\"},\"VolumeSizeInGB\":30}},\"RoleArn\":\"arn:aws:iam::482227257362:role/house-price-sagemaker-execution-role\"},\"Name\":\"ModelRegistration\",\"Type\":\"Processing\"},{\"Arguments\":{\"AppSpecification\":{\"ContainerEntrypoint\":[\"python3\",\"/opt/ml/processing/input/code/deploy_model.py\"],\"ImageUri\":\"482227257362.dkr.ecr.us-east-1.amazonaws.com/model-registration:latest\"},\"Environment\":{\"AWS_DEFAULT_REGION\":\"us-east-1\",\"ENDPOINT_NAME\":\"house-price-prod\",\"MODEL_NAME\":\"house-price-model\"},\"ProcessingInputs\":[{\"AppManaged\":false,\"InputName\":\"model-artifacts\",\"S3Input\":{\"LocalPath\":\"/opt/ml/processing/input/model\",\"S3DataDistributionType\":\"FullyReplicated\",\"S3DataType\":\"S3Prefix\",\"S3InputMode\":\"File\",\"S3Uri\":{\"Get\":\"Steps.ModelTraining.ModelArtifacts.S3ModelArtifacts\"}}},{\"AppManaged\":false,\"InputName\":\"code\",\"S3Input\":{\"LocalPath\":\"/opt/ml/processing/input/code\",\"S3DataDistributionType\":\"FullyReplicated\",\"S3DataType\":\"S3Prefix\",\"S3InputMode\":\"File\",\"S3Uri\":\"s3://house-price-mlops-dev-itzi2hgi/scripts/deploy_model.py\"}}],\"ProcessingOutputConfig\":{\"Outputs\":[{\"AppManaged\":false,\"OutputName\":\"deployment-metadata\",\"S3Output\":{\"LocalPath\":\"/opt/ml/processing/output\",\"S3UploadMode\":\"EndOfJob\",\"S3Uri\":\"s3://house-price-mlops-dev-itzi2hgi/deployment/\"}}]},\"ProcessingResources\":{\"ClusterConfig\":{\"InstanceCount\":1,\"InstanceType\":{\"Get\":\"Parameters.ProcessingInstanceType\"},\"VolumeSizeInGB\":30}},\"RoleArn\":\"arn:aws:iam::482227257362:role/house-price-sagemaker-execution-role\"},\"Name\":\"ModelDeployment\",\"Type\":\"Processing\"}]},\"DependsOn\":[\"ModelEvaluation\"],\"Name\":\"ModelApprovalGate\",\"Type\":\"Condition\"}],\"Version\":\"2020-12-01\"}","pipeline_definition_s3_location":[],"pipeline_description":"","pipeline_display_name":"House-Price-MLOps-Pipeline","pipeline_name":"house-price-mlops-pipeline","role_arn":"arn:aws:iam::482227257362:role/house-price-sagemaker-execution-role","tags":{"Environment":"dev","Name":"house-price-mlops-pipeline","Purpose":"MLOps-Pipeline"},"tags_all":{"Environment":"dev","Name":"house-price-mlops-pipeline","Purpose":"MLOps-Pipeline"}},"sensitive_values":{"parallelism_configuration":[],"pipeline_definition_s3_location":[],"tags":{},"tags_all":{}},"depends_on":["data.aws_caller_identity.current","module.mlflow_server.aws_eip.mlflow_eip","module.mlflow_server.aws_iam_instance_profile.mlflow_profile","module.mlflow_server.aws_iam_role.mlflow_role","module.mlflow_server.aws_instance.mlflow_server","module.mlflow_server.aws_security_group.mlflow_sg","module.s3.aws_s3_bucket.mlops_bucket","module.s3.random_string.bucket_suffix","module.sagemaker.aws_iam_role.sagemaker_execution_role"]}],"address":"module.sagemaker_pipeline"}]}}},"configuration":{"provider_config":{"aws":{"name":"aws","full_name":"registry.terraform.io/hashicorp/aws","version_constraint":"~\u003e 5.0","expressions":{"region":{"references":["var.aws_region"]}}},"module.eks:tls":{"name":"tls","full_name":"registry.terraform.io/hashicorp/tls","module_address":"module.eks"},"random":{"name":"random","full_name":"registry.terraform.io/hashicorp/random","version_constraint":"~\u003e 3.1"}},"root_module":{"outputs":{"airflow_server_ip":{"expression":{"references":["module.airflow_server.airflow_server_ip","module.airflow_server"]},"description":"Airflow server IP"},"airflow_server_url":{"expression":{"references":["module.airflow_server.airflow_server_url","module.airflow_server"]},"description":"Airflow web UI URL"},"deployment_codebuild_arn":{"expression":{"references":["module.deployment_pipeline.codebuild_project_arn","module.deployment_pipeline"]},"description":"ARN of the deployment CodeBuild project"},"deployment_pipeline_arn":{"expression":{"references":["module.deployment_pipeline.codepipeline_arn","module.deployment_pipeline"]},"description":"ARN of the deployment CodePipeline"},"eks_cluster_endpoint":{"expression":{"references":["module.eks.cluster_endpoint","module.eks"]},"description":"EKS cluster endpoint"},"eks_cluster_name":{"expression":{"references":["module.eks.cluster_id","module.eks"]},"description":"EKS cluster name"},"eks_oidc_provider_arn":{"expression":{"references":["module.eks.oidc_provider_arn","module.eks"]},"description":"EKS OIDC provider ARN for IRSA"},"github_actions_role_arn":{"expression":{"references":["module.github_oidc.github_actions_role_arn","module.github_oidc"]},"description":"ARN of the GitHub Actions IAM role"},"mlflow_server_ip":{"expression":{"references":["module.mlflow_server.mlflow_server_ip","module.mlflow_server"]},"description":"MLflow server public IP"},"mlflow_server_url":{"expression":{"references":["module.mlflow_server.mlflow_server_url","module.mlflow_server"]},"description":"MLflow server URL"},"s3_bucket_arn":{"expression":{"references":["module.s3.bucket_arn","module.s3"]},"description":"ARN of the MLOps S3 bucket"},"s3_bucket_name":{"expression":{"references":["module.s3.bucket_name","module.s3"]},"description":"Name of the MLOps S3 bucket"},"sagemaker_domain_id":{"expression":{"references":["module.sagemaker.sagemaker_domain_id","module.sagemaker"]},"description":"ID of the SageMaker Domain"},"sagemaker_execution_role_arn":{"expression":{"references":["module.sagemaker.sagemaker_execution_role_arn","module.sagemaker"]},"description":"ARN of the SageMaker execution role"},"sagemaker_pipeline_arn":{"expression":{"references":["module.sagemaker_pipeline.pipeline_arn","module.sagemaker_pipeline"]},"description":"ARN of the SageMaker Pipeline"},"sagemaker_pipeline_name":{"expression":{"references":["module.sagemaker_pipeline.pipeline_name","module.sagemaker_pipeline"]},"description":"Name of the SageMaker Pipeline"},"sagemaker_user_profile_arn":{"expression":{"references":["module.sagemaker.sagemaker_user_profile_arn","module.sagemaker"]},"description":"ARN of the SageMaker User Profile"}},"resources":[{"address":"data.aws_caller_identity.current","mode":"data","type":"aws_caller_identity","name":"current","provider_config_key":"aws","schema_version":0}],"module_calls":{"airflow_server":{"source":"./modules/airflow-server","expressions":{"db_endpoint":{"references":["module.rds.db_endpoint","module.rds"]},"db_name":{"references":["module.rds.db_name","module.rds"]},"db_password":{"references":["var.airflow_db_password"]},"db_username":{"references":["module.rds.db_username","module.rds"]},"project_name":{"references":["var.project_name"]}},"module":{"outputs":{"airflow_server_ip":{"expression":{"references":["aws_eip.airflow_eip.public_ip","aws_eip.airflow_eip"]},"description":"Elastic IP of Airflow server"},"airflow_server_url":{"expression":{"references":["aws_eip.airflow_eip.public_ip","aws_eip.airflow_eip"]},"description":"Airflow web UI URL"}},"resources":[{"address":"aws_eip.airflow_eip","mode":"managed","type":"aws_eip","name":"airflow_eip","provider_config_key":"aws","expressions":{"domain":{"constant_value":"vpc"},"tags":{"references":["var.project_name"]}},"schema_version":0},{"address":"aws_eip_association.airflow_eip_assoc","mode":"managed","type":"aws_eip_association","name":"airflow_eip_assoc","provider_config_key":"aws","expressions":{"allocation_id":{"references":["aws_eip.airflow_eip.id","aws_eip.airflow_eip"]},"instance_id":{"references":["aws_instance.airflow_server.id","aws_instance.airflow_server"]}},"schema_version":0,"depends_on":["aws_instance.airflow_server"]},{"address":"aws_iam_instance_profile.airflow_profile","mode":"managed","type":"aws_iam_instance_profile","name":"airflow_profile","provider_config_key":"aws","expressions":{"name":{"references":["var.project_name"]},"role":{"references":["aws_iam_role.airflow_role.name","aws_iam_role.airflow_role"]}},"schema_version":0},{"address":"aws_iam_role.airflow_role","mode":"managed","type":"aws_iam_role","name":"airflow_role","provider_config_key":"aws","expressions":{"assume_role_policy":{},"name":{"references":["var.project_name"]}},"schema_version":0},{"address":"aws_iam_role_policy.airflow_policy","mode":"managed","type":"aws_iam_role_policy","name":"airflow_policy","provider_config_key":"aws","expressions":{"name":{"references":["var.project_name"]},"policy":{},"role":{"references":["aws_iam_role.airflow_role.id","aws_iam_role.airflow_role"]}},"schema_version":0},{"address":"aws_instance.airflow_server","mode":"managed","type":"aws_instance","name":"airflow_server","provider_config_key":"aws","expressions":{"ami":{"constant_value":"ami-0fc5d935ebf8bc3bc"},"iam_instance_profile":{"references":["aws_iam_instance_profile.airflow_profile.name","aws_iam_instance_profile.airflow_profile"]},"instance_type":{"constant_value":"t3.small"},"tags":{"constant_value":{"Name":"house-price-airflow-server"}},"user_data":{"references":["path.module","var.db_endpoint","var.db_name","var.db_username","var.db_password"]},"vpc_security_group_ids":{"references":["aws_security_group.airflow_sg.id","aws_security_group.airflow_sg"]}},"schema_version":1},{"address":"aws_security_group.airflow_sg","mode":"managed","type":"aws_security_group","name":"airflow_sg","provider_config_key":"aws","expressions":{"egress":{"constant_value":[{"cidr_blocks":["0.0.0.0/0"],"description":null,"from_port":0,"ipv6_cidr_blocks":null,"prefix_list_ids":null,"protocol":"-1","security_groups":null,"self":null,"to_port":0}]},"ingress":{"constant_value":[{"cidr_blocks":["0.0.0.0/0"],"description":null,"from_port":8080,"ipv6_cidr_blocks":null,"prefix_list_ids":null,"protocol":"tcp","security_groups":null,"self":null,"to_port":8080},{"cidr_blocks":["0.0.0.0/0"],"description":null,"from_port":22,"ipv6_cidr_blocks":null,"prefix_list_ids":null,"protocol":"tcp","security_groups":null,"self":null,"to_port":22}]},"name_prefix":{"references":["var.project_name"]}},"schema_version":1}],"variables":{"db_endpoint":{"description":"RDS endpoint for Airflow database"},"db_name":{"description":"Database name"},"db_password":{"description":"Database password","sensitive":true},"db_username":{"description":"Database username"},"project_name":{"description":"Name of the project"}}}},"deployment_pipeline":{"source":"./modules/deployment-pipeline","expressions":{"environment":{"references":["var.environment"]},"github_repository":{"references":["var.github_repository"]},"github_token":{"references":["var.github_token"]},"project_name":{"references":["var.project_name"]},"s3_bucket_arn":{"references":["module.s3.bucket_arn","module.s3"]},"s3_bucket_name":{"references":["module.s3.bucket_name","module.s3"]},"sagemaker_role_arn":{"references":["module.sagemaker.sagemaker_execution_role_arn","module.sagemaker"]}},"module":{"outputs":{"codebuild_project_arn":{"expression":{"references":["aws_codebuild_project.deploy_model.arn","aws_codebuild_project.deploy_model"]},"description":"ARN of the CodeBuild project"},"codepipeline_arn":{"expression":{"references":["aws_codepipeline.deployment_pipeline.arn","aws_codepipeline.deployment_pipeline"]},"description":"ARN of the deployment CodePipeline"},"eventbridge_rule_arn":{"expression":{"references":["aws_cloudwatch_event_rule.model_approval.arn","aws_cloudwatch_event_rule.model_approval"]},"description":"ARN of the EventBridge rule"}},"resources":[{"address":"aws_cloudwatch_event_rule.model_approval","mode":"managed","type":"aws_cloudwatch_event_rule","name":"model_approval","provider_config_key":"aws","expressions":{"description":{"constant_value":"Trigger deployment pipeline when model is approved"},"event_pattern":{},"name":{"references":["var.project_name"]}},"schema_version":1},{"address":"aws_cloudwatch_event_target.codepipeline_target","mode":"managed","type":"aws_cloudwatch_event_target","name":"codepipeline_target","provider_config_key":"aws","expressions":{"arn":{"references":["aws_codepipeline.deployment_pipeline.arn","aws_codepipeline.deployment_pipeline"]},"role_arn":{"references":["aws_iam_role.eventbridge_role.arn","aws_iam_role.eventbridge_role"]},"rule":{"references":["aws_cloudwatch_event_rule.model_approval.name","aws_cloudwatch_event_rule.model_approval"]},"target_id":{"constant_value":"CodePipelineTarget"}},"schema_version":1},{"address":"aws_codebuild_project.deploy_model","mode":"managed","type":"aws_codebuild_project","name":"deploy_model","provider_config_key":"aws","expressions":{"artifacts":[{"type":{"constant_value":"CODEPIPELINE"}}],"environment":[{"compute_type":{"constant_value":"BUILD_GENERAL1_SMALL"},"environment_variable":[{"name":{"constant_value":"S3_BUCKET"},"value":{"references":["var.s3_bucket_name"]}}],"image":{"constant_value":"aws/codebuild/amazonlinux2-x86_64-standard:3.0"},"type":{"constant_value":"LINUX_CONTAINER"}}],"name":{"references":["var.project_name"]},"service_role":{"references":["aws_iam_role.codebuild_role.arn","aws_iam_role.codebuild_role"]},"source":[{"buildspec":{"references":["path.module"]},"type":{"constant_value":"CODEPIPELINE"}}]},"schema_version":0},{"address":"aws_codepipeline.deployment_pipeline","mode":"managed","type":"aws_codepipeline","name":"deployment_pipeline","provider_config_key":"aws","expressions":{"artifact_store":[{"location":{"references":["aws_s3_bucket.codepipeline_artifacts.bucket","aws_s3_bucket.codepipeline_artifacts"]},"type":{"constant_value":"S3"}}],"name":{"references":["var.project_name"]},"role_arn":{"references":["aws_iam_role.codepipeline_role.arn","aws_iam_role.codepipeline_role"]},"stage":[{"action":[{"category":{"constant_value":"Source"},"configuration":{"references":["var.s3_bucket_name"]},"name":{"constant_value":"Source"},"output_artifacts":{"constant_value":["source_output"]},"owner":{"constant_value":"AWS"},"provider":{"constant_value":"S3"},"version":{"constant_value":"1"}}],"name":{"constant_value":"Source"}},{"action":[{"category":{"constant_value":"Build"},"configuration":{"references":["aws_codebuild_project.deploy_model.name","aws_codebuild_project.deploy_model"]},"input_artifacts":{"constant_value":["source_output"]},"name":{"constant_value":"Deploy"},"owner":{"constant_value":"AWS"},"provider":{"constant_value":"CodeBuild"},"version":{"constant_value":"1"}}],"name":{"constant_value":"Deploy"}}]},"schema_version":0},{"address":"aws_iam_role.codebuild_role","mode":"managed","type":"aws_iam_role","name":"codebuild_role","provider_config_key":"aws","expressions":{"assume_role_policy":{},"name":{"references":["var.project_name"]}},"schema_version":0},{"address":"aws_iam_role.codepipeline_role","mode":"managed","type":"aws_iam_role","name":"codepipeline_role","provider_config_key":"aws","expressions":{"assume_role_policy":{},"name":{"references":["var.project_name"]}},"schema_version":0},{"address":"aws_iam_role.eventbridge_role","mode":"managed","type":"aws_iam_role","name":"eventbridge_role","provider_config_key":"aws","expressions":{"assume_role_policy":{},"name":{"references":["var.project_name"]}},"schema_version":0},{"address":"aws_iam_role_policy.codebuild_policy","mode":"managed","type":"aws_iam_role_policy","name":"codebuild_policy","provider_config_key":"aws","expressions":{"name":{"references":["var.project_name"]},"policy":{"references":["aws_s3_bucket.codepipeline_artifacts.arn","aws_s3_bucket.codepipeline_artifacts","var.s3_bucket_arn","var.sagemaker_role_arn"]},"role":{"references":["aws_iam_role.codebuild_role.id","aws_iam_role.codebuild_role"]}},"schema_version":0},{"address":"aws_iam_role_policy.codepipeline_policy","mode":"managed","type":"aws_iam_role_policy","name":"codepipeline_policy","provider_config_key":"aws","expressions":{"name":{"references":["var.project_name"]},"policy":{"references":["aws_s3_bucket.codepipeline_artifacts.arn","aws_s3_bucket.codepipeline_artifacts","aws_s3_bucket.codepipeline_artifacts.arn","aws_s3_bucket.codepipeline_artifacts","var.s3_bucket_arn","var.s3_bucket_arn","aws_codebuild_project.deploy_model.arn","aws_codebuild_project.deploy_model"]},"role":{"references":["aws_iam_role.codepipeline_role.id","aws_iam_role.codepipeline_role"]}},"schema_version":0},{"address":"aws_iam_role_policy.eventbridge_policy","mode":"managed","type":"aws_iam_role_policy","name":"eventbridge_policy","provider_config_key":"aws","expressions":{"name":{"references":["var.project_name"]},"policy":{"references":["aws_codepipeline.deployment_pipeline.arn","aws_codepipeline.deployment_pipeline"]},"role":{"references":["aws_iam_role.eventbridge_role.id","aws_iam_role.eventbridge_role"]}},"schema_version":0},{"address":"aws_s3_bucket.codepipeline_artifacts","mode":"managed","type":"aws_s3_bucket","name":"codepipeline_artifacts","provider_config_key":"aws","expressions":{"bucket":{"references":["var.project_name","random_string.suffix.result","random_string.suffix"]}},"schema_version":0},{"address":"aws_s3_bucket_server_side_encryption_configuration.codepipeline_encryption","mode":"managed","type":"aws_s3_bucket_server_side_encryption_configuration","name":"codepipeline_encryption","provider_config_key":"aws","expressions":{"bucket":{"references":["aws_s3_bucket.codepipeline_artifacts.id","aws_s3_bucket.codepipeline_artifacts"]},"rule":[{"apply_server_side_encryption_by_default":[{"sse_algorithm":{"constant_value":"AES256"}}]}]},"schema_version":0},{"address":"random_string.suffix","mode":"managed","type":"random_string","name":"suffix","provider_config_key":"random","expressions":{"length":{"constant_value":8},"special":{"constant_value":false},"upper":{"constant_value":false}},"schema_version":2}],"variables":{"environment":{"default":"dev","description":"Environment (dev, staging, prod)"},"github_repository":{"description":"GitHub repository in format 'owner/repo'"},"github_token":{"description":"GitHub personal access token","sensitive":true},"project_name":{"description":"Project name for resource naming"},"s3_bucket_arn":{"description":"ARN of the MLOps S3 bucket"},"s3_bucket_name":{"description":"Name of the MLOps S3 bucket"},"sagemaker_role_arn":{"description":"ARN of the SageMaker execution role"}}}},"ecr":{"source":"./modules/ecr","expressions":{"environment":{"references":["var.environment"]},"project_name":{"references":["var.project_name"]}},"module":{"outputs":{"data_processing_repository_url":{"expression":{"references":["aws_ecr_repository.data_processing.repository_url","aws_ecr_repository.data_processing"]},"description":"URL of the data processing ECR repository"},"evaluation_repository_url":{"expression":{"references":["aws_ecr_repository.evaluation.repository_url","aws_ecr_repository.evaluation"]},"description":"URL of the evaluation ECR repository"},"feature_engineering_repository_url":{"expression":{"references":["aws_ecr_repository.feature_engineering.repository_url","aws_ecr_repository.feature_engineering"]},"description":"URL of the feature engineering ECR repository"},"repository_arn":{"expression":{"references":["aws_ecr_repository.model_registration.arn","aws_ecr_repository.model_registration"]},"description":"ARN of the ECR repository"},"repository_name":{"expression":{"references":["aws_ecr_repository.model_registration.name","aws_ecr_repository.model_registration"]},"description":"Name of the ECR repository"},"repository_url":{"expression":{"references":["aws_ecr_repository.model_registration.repository_url","aws_ecr_repository.model_registration"]},"description":"URL of the ECR repository"},"training_repository_url":{"expression":{"references":["aws_ecr_repository.training.repository_url","aws_ecr_repository.training"]},"description":"URL of the training ECR repository"}},"resources":[{"address":"aws_ecr_lifecycle_policy.data_processing_policy","mode":"managed","type":"aws_ecr_lifecycle_policy","name":"data_processing_policy","provider_config_key":"aws","expressions":{"policy":{},"repository":{"references":["aws_ecr_repository.data_processing.name","aws_ecr_repository.data_processing"]}},"schema_version":0},{"address":"aws_ecr_lifecycle_policy.evaluation_policy","mode":"managed","type":"aws_ecr_lifecycle_policy","name":"evaluation_policy","provider_config_key":"aws","expressions":{"policy":{},"repository":{"references":["aws_ecr_repository.evaluation.name","aws_ecr_repository.evaluation"]}},"schema_version":0},{"address":"aws_ecr_lifecycle_policy.feature_engineering_policy","mode":"managed","type":"aws_ecr_lifecycle_policy","name":"feature_engineering_policy","provider_config_key":"aws","expressions":{"policy":{},"repository":{"references":["aws_ecr_repository.feature_engineering.name","aws_ecr_repository.feature_engineering"]}},"schema_version":0},{"address":"aws_ecr_lifecycle_policy.model_registration_policy","mode":"managed","type":"aws_ecr_lifecycle_policy","name":"model_registration_policy","provider_config_key":"aws","expressions":{"policy":{},"repository":{"references":["aws_ecr_repository.model_registration.name","aws_ecr_repository.model_registration"]}},"schema_version":0},{"address":"aws_ecr_lifecycle_policy.training_policy","mode":"managed","type":"aws_ecr_lifecycle_policy","name":"training_policy","provider_config_key":"aws","expressions":{"policy":{},"repository":{"references":["aws_ecr_repository.training.name","aws_ecr_repository.training"]}},"schema_version":0},{"address":"aws_ecr_repository.data_processing","mode":"managed","type":"aws_ecr_repository","name":"data_processing","provider_config_key":"aws","expressions":{"image_scanning_configuration":[{"scan_on_push":{"constant_value":true}}],"image_tag_mutability":{"constant_value":"MUTABLE"},"name":{"constant_value":"data-processing"},"tags":{"references":["var.project_name","var.environment"]}},"schema_version":0},{"address":"aws_ecr_repository.evaluation","mode":"managed","type":"aws_ecr_repository","name":"evaluation","provider_config_key":"aws","expressions":{"image_scanning_configuration":[{"scan_on_push":{"constant_value":true}}],"image_tag_mutability":{"constant_value":"MUTABLE"},"name":{"constant_value":"evaluation"},"tags":{"references":["var.project_name","var.environment"]}},"schema_version":0},{"address":"aws_ecr_repository.feature_engineering","mode":"managed","type":"aws_ecr_repository","name":"feature_engineering","provider_config_key":"aws","expressions":{"image_scanning_configuration":[{"scan_on_push":{"constant_value":true}}],"image_tag_mutability":{"constant_value":"MUTABLE"},"name":{"constant_value":"feature-engineering"},"tags":{"references":["var.project_name","var.environment"]}},"schema_version":0},{"address":"aws_ecr_repository.model_registration","mode":"managed","type":"aws_ecr_repository","name":"model_registration","provider_config_key":"aws","expressions":{"image_scanning_configuration":[{"scan_on_push":{"constant_value":true}}],"image_tag_mutability":{"constant_value":"MUTABLE"},"name":{"constant_value":"model-registration"},"tags":{"references":["var.project_name","var.environment"]}},"schema_version":0},{"address":"aws_ecr_repository.training","mode":"managed","type":"aws_ecr_repository","name":"training","provider_config_key":"aws","expressions":{"image_scanning_configuration":[{"scan_on_push":{"constant_value":true}}],"image_tag_mutability":{"constant_value":"MUTABLE"},"name":{"constant_value":"training"},"tags":{"references":["var.project_name","var.environment"]}},"schema_version":0}],"variables":{"environment":{"default":"dev","description":"Environment (dev, staging, prod)"},"project_name":{"description":"Project name for resource naming"}}}},"eks":{"source":"./modules/eks","expressions":{"cluster_name":{"references":["var.project_name"]},"create_vpc":{"constant_value":false},"kubernetes_version":{"constant_value":"1.29"},"node_desired_size":{"constant_value":2},"node_instance_types":{"constant_value":["t3.medium"]},"node_max_size":{"constant_value":4},"node_min_size":{"constant_value":1},"subnet_ids":{"constant_value":["subnet-08ae0c2b4723f5d9d","subnet-0549136184302920c","subnet-0c092dfafe0a2b4b2","subnet-02f04ba7c1bbbf72f"]},"tags":{"references":["var.project_name","var.environment"]},"vpc_id":{"constant_value":"vpc-0ec06d2e45d4c6de8"}},"module":{"outputs":{"cluster_arn":{"expression":{"references":["aws_eks_cluster.cluster.arn","aws_eks_cluster.cluster"]},"description":"EKS cluster ARN"},"cluster_certificate_authority_data":{"expression":{"references":["aws_eks_cluster.cluster.certificate_authority[0].data","aws_eks_cluster.cluster.certificate_authority[0]","aws_eks_cluster.cluster.certificate_authority","aws_eks_cluster.cluster"]},"description":"Base64 encoded certificate data required to communicate with the cluster"},"cluster_endpoint":{"expression":{"references":["aws_eks_cluster.cluster.endpoint","aws_eks_cluster.cluster"]},"description":"Endpoint for EKS control plane"},"cluster_iam_role_arn":{"expression":{"references":["aws_iam_role.eks_cluster_role.arn","aws_iam_role.eks_cluster_role"]},"description":"IAM role ARN associated with EKS cluster"},"cluster_iam_role_name":{"expression":{"references":["aws_iam_role.eks_cluster_role.name","aws_iam_role.eks_cluster_role"]},"description":"IAM role name associated with EKS cluster"},"cluster_id":{"expression":{"references":["aws_eks_cluster.cluster.id","aws_eks_cluster.cluster"]},"description":"EKS cluster ID"},"cluster_primary_security_group_id":{"expression":{"references":["aws_eks_cluster.cluster.vpc_config[0].cluster_security_group_id","aws_eks_cluster.cluster.vpc_config[0]","aws_eks_cluster.cluster.vpc_config","aws_eks_cluster.cluster"]},"description":"Cluster security group that was created by Amazon EKS for the cluster"},"cluster_security_group_id":{"expression":{"references":["aws_eks_cluster.cluster.vpc_config[0].cluster_security_group_id","aws_eks_cluster.cluster.vpc_config[0]","aws_eks_cluster.cluster.vpc_config","aws_eks_cluster.cluster"]},"description":"Security group ids attached to the cluster control plane"},"node_group_arn":{"expression":{"references":["aws_eks_node_group.node_group.arn","aws_eks_node_group.node_group"]},"description":"Amazon Resource Name (ARN) of the EKS Node Group"},"node_groups":{"expression":{"references":["aws_eks_node_group.node_group"]},"description":"EKS node groups"},"oidc_provider_arn":{"expression":{"references":["aws_iam_openid_connect_provider.cluster.arn","aws_iam_openid_connect_provider.cluster"]},"description":"The ARN of the OIDC Provider if enabled"},"private_subnets":{"expression":{"references":["var.create_vpc","aws_subnet.private","var.subnet_ids"]},"description":"List of IDs of private subnets"},"public_subnets":{"expression":{"references":["var.create_vpc","aws_subnet.public"]},"description":"List of IDs of public subnets"},"vpc_id":{"expression":{"references":["local.vpc_id"]},"description":"ID of the VPC where the cluster is deployed"}},"resources":[{"address":"aws_eip.nat","mode":"managed","type":"aws_eip","name":"nat","provider_config_key":"aws","expressions":{"domain":{"constant_value":"vpc"},"tags":{"references":["var.cluster_name","count.index"]}},"schema_version":0,"count_expression":{"references":["var.create_vpc"]}},{"address":"aws_eks_cluster.cluster","mode":"managed","type":"aws_eks_cluster","name":"cluster","provider_config_key":"aws","expressions":{"enabled_cluster_log_types":{"constant_value":["api","audit","authenticator","controllerManager","scheduler"]},"name":{"references":["var.cluster_name"]},"role_arn":{"references":["aws_iam_role.eks_cluster_role.arn","aws_iam_role.eks_cluster_role"]},"tags":{"references":["var.tags"]},"version":{"references":["var.kubernetes_version"]},"vpc_config":[{"endpoint_private_access":{"constant_value":true},"endpoint_public_access":{"constant_value":true},"public_access_cidrs":{"references":["var.public_access_cidrs"]},"subnet_ids":{"references":["local.subnet_ids"]}}]},"schema_version":1,"depends_on":["aws_iam_role_policy_attachment.eks_cluster_policy"]},{"address":"aws_eks_node_group.node_group","mode":"managed","type":"aws_eks_node_group","name":"node_group","provider_config_key":"aws","expressions":{"ami_type":{"constant_value":"AL2_x86_64"},"capacity_type":{"references":["var.node_capacity_type"]},"cluster_name":{"references":["aws_eks_cluster.cluster.name","aws_eks_cluster.cluster"]},"disk_size":{"constant_value":20},"instance_types":{"references":["var.node_instance_types"]},"node_group_name":{"references":["var.cluster_name"]},"node_role_arn":{"references":["aws_iam_role.node_group_role.arn","aws_iam_role.node_group_role"]},"scaling_config":[{"desired_size":{"references":["var.node_desired_size"]},"max_size":{"references":["var.node_max_size"]},"min_size":{"references":["var.node_min_size"]}}],"subnet_ids":{"references":["var.create_vpc","aws_subnet.private","var.subnet_ids"]},"tags":{"references":["var.tags"]},"update_config":[{"max_unavailable":{"constant_value":1}}]},"schema_version":0,"depends_on":["aws_iam_role_policy_attachment.node_group_policy","aws_iam_role_policy_attachment.node_group_cni_policy","aws_iam_role_policy_attachment.node_group_registry_policy"]},{"address":"aws_iam_openid_connect_provider.cluster","mode":"managed","type":"aws_iam_openid_connect_provider","name":"cluster","provider_config_key":"aws","expressions":{"client_id_list":{"constant_value":["sts.amazonaws.com"]},"tags":{"references":["var.tags"]},"thumbprint_list":{"references":["data.tls_certificate.cluster.certificates[0].sha1_fingerprint","data.tls_certificate.cluster.certificates[0]","data.tls_certificate.cluster.certificates","data.tls_certificate.cluster"]},"url":{"references":["aws_eks_cluster.cluster.identity[0].oidc[0].issuer","aws_eks_cluster.cluster.identity[0].oidc[0]","aws_eks_cluster.cluster.identity[0].oidc","aws_eks_cluster.cluster.identity[0]","aws_eks_cluster.cluster.identity","aws_eks_cluster.cluster"]}},"schema_version":0},{"address":"aws_iam_role.eks_cluster_role","mode":"managed","type":"aws_iam_role","name":"eks_cluster_role","provider_config_key":"aws","expressions":{"assume_role_policy":{},"name":{"references":["var.cluster_name"]}},"schema_version":0},{"address":"aws_iam_role.node_group_role","mode":"managed","type":"aws_iam_role","name":"node_group_role","provider_config_key":"aws","expressions":{"assume_role_policy":{},"name":{"references":["var.cluster_name"]}},"schema_version":0},{"address":"aws_iam_role_policy_attachment.eks_cluster_policy","mode":"managed","type":"aws_iam_role_policy_attachment","name":"eks_cluster_policy","provider_config_key":"aws","expressions":{"policy_arn":{"constant_value":"arn:aws:iam::aws:policy/AmazonEKSClusterPolicy"},"role":{"references":["aws_iam_role.eks_cluster_role.name","aws_iam_role.eks_cluster_role"]}},"schema_version":0},{"address":"aws_iam_role_policy_attachment.node_group_cni_policy","mode":"managed","type":"aws_iam_role_policy_attachment","name":"node_group_cni_policy","provider_config_key":"aws","expressions":{"policy_arn":{"constant_value":"arn:aws:iam::aws:policy/AmazonEKS_CNI_Policy"},"role":{"references":["aws_iam_role.node_group_role.name","aws_iam_role.node_group_role"]}},"schema_version":0},{"address":"aws_iam_role_policy_attachment.node_group_policy","mode":"managed","type":"aws_iam_role_policy_attachment","name":"node_group_policy","provider_config_key":"aws","expressions":{"policy_arn":{"constant_value":"arn:aws:iam::aws:policy/AmazonEKSWorkerNodePolicy"},"role":{"references":["aws_iam_role.node_group_role.name","aws_iam_role.node_group_role"]}},"schema_version":0},{"address":"aws_iam_role_policy_attachment.node_group_registry_policy","mode":"managed","type":"aws_iam_role_policy_attachment","name":"node_group_registry_policy","provider_config_key":"aws","expressions":{"policy_arn":{"constant_value":"arn:aws:iam::aws:policy/AmazonEC2ContainerRegistryReadOnly"},"role":{"references":["aws_iam_role.node_group_role.name","aws_iam_role.node_group_role"]}},"schema_version":0},{"address":"aws_internet_gateway.eks_igw","mode":"managed","type":"aws_internet_gateway","name":"eks_igw","provider_config_key":"aws","expressions":{"tags":{"references":["var.cluster_name"]},"vpc_id":{"references":["aws_vpc.eks_vpc[0].id","aws_vpc.eks_vpc[0]","aws_vpc.eks_vpc"]}},"schema_version":0,"count_expression":{"references":["var.create_vpc"]}},{"address":"aws_nat_gateway.nat","mode":"managed","type":"aws_nat_gateway","name":"nat","provider_config_key":"aws","expressions":{"allocation_id":{"references":["aws_eip.nat","count.index"]},"subnet_id":{"references":["aws_subnet.public","count.index"]},"tags":{"references":["var.cluster_name","count.index"]}},"schema_version":0,"count_expression":{"references":["var.create_vpc"]},"depends_on":["aws_internet_gateway.eks_igw"]},{"address":"aws_route_table.private","mode":"managed","type":"aws_route_table","name":"private","provider_config_key":"aws","expressions":{"route":{"references":["aws_nat_gateway.nat","count.index"]},"tags":{"references":["var.cluster_name","count.index"]},"vpc_id":{"references":["aws_vpc.eks_vpc[0].id","aws_vpc.eks_vpc[0]","aws_vpc.eks_vpc"]}},"schema_version":0,"count_expression":{"references":["var.create_vpc"]}},{"address":"aws_route_table.public","mode":"managed","type":"aws_route_table","name":"public","provider_config_key":"aws","expressions":{"route":{"references":["aws_internet_gateway.eks_igw[0].id","aws_internet_gateway.eks_igw[0]","aws_internet_gateway.eks_igw"]},"tags":{"references":["var.cluster_name"]},"vpc_id":{"references":["aws_vpc.eks_vpc[0].id","aws_vpc.eks_vpc[0]","aws_vpc.eks_vpc"]}},"schema_version":0,"count_expression":{"references":["var.create_vpc"]}},{"address":"aws_route_table_association.private","mode":"managed","type":"aws_route_table_association","name":"private","provider_config_key":"aws","expressions":{"route_table_id":{"references":["aws_route_table.private","count.index"]},"subnet_id":{"references":["aws_subnet.private","count.index"]}},"schema_version":0,"count_expression":{"references":["var.create_vpc"]}},{"address":"aws_route_table_association.public","mode":"managed","type":"aws_route_table_association","name":"public","provider_config_key":"aws","expressions":{"route_table_id":{"references":["aws_route_table.public[0].id","aws_route_table.public[0]","aws_route_table.public"]},"subnet_id":{"references":["aws_subnet.public","count.index"]}},"schema_version":0,"count_expression":{"references":["var.create_vpc"]}},{"address":"aws_subnet.private","mode":"managed","type":"aws_subnet","name":"private","provider_config_key":"aws","expressions":{"availability_zone":{"references":["data.aws_availability_zones.available.names","data.aws_availability_zones.available","count.index"]},"cidr_block":{"references":["var.vpc_cidr","count.index"]},"tags":{"references":["var.cluster_name","count.index","var.cluster_name"]},"vpc_id":{"references":["aws_vpc.eks_vpc[0].id","aws_vpc.eks_vpc[0]","aws_vpc.eks_vpc"]}},"schema_version":1,"count_expression":{"references":["var.create_vpc"]}},{"address":"aws_subnet.public","mode":"managed","type":"aws_subnet","name":"public","provider_config_key":"aws","expressions":{"availability_zone":{"references":["data.aws_availability_zones.available.names","data.aws_availability_zones.available","count.index"]},"cidr_block":{"references":["var.vpc_cidr","count.index"]},"map_public_ip_on_launch":{"constant_value":true},"tags":{"references":["var.cluster_name","count.index","var.cluster_name"]},"vpc_id":{"references":["aws_vpc.eks_vpc[0].id","aws_vpc.eks_vpc[0]","aws_vpc.eks_vpc"]}},"schema_version":1,"count_expression":{"references":["var.create_vpc"]}},{"address":"aws_vpc.eks_vpc","mode":"managed","type":"aws_vpc","name":"eks_vpc","provider_config_key":"aws","expressions":{"cidr_block":{"references":["var.vpc_cidr"]},"enable_dns_hostnames":{"constant_value":true},"enable_dns_support":{"constant_value":true},"tags":{"references":["var.cluster_name","var.cluster_name"]}},"schema_version":1,"count_expression":{"references":["var.create_vpc"]}},{"address":"data.aws_availability_zones.available","mode":"data","type":"aws_availability_zones","name":"available","provider_config_key":"aws","expressions":{"state":{"constant_value":"available"}},"schema_version":0},{"address":"data.aws_caller_identity.current","mode":"data","type":"aws_caller_identity","name":"current","provider_config_key":"aws","schema_version":0},{"address":"data.aws_subnets.existing","mode":"data","type":"aws_subnets","name":"existing","provider_config_key":"aws","expressions":{"filter":[{"name":{"constant_value":"vpc-id"},"values":{"references":["var.vpc_id"]}}]},"schema_version":0,"count_expression":{"references":["var.create_vpc"]}},{"address":"data.aws_vpc.existing","mode":"data","type":"aws_vpc","name":"existing","provider_config_key":"aws","expressions":{"id":{"references":["var.vpc_id"]}},"schema_version":0,"count_expression":{"references":["var.create_vpc"]}},{"address":"data.tls_certificate.cluster","mode":"data","type":"tls_certificate","name":"cluster","provider_config_key":"module.eks:tls","expressions":{"url":{"references":["aws_eks_cluster.cluster.identity[0].oidc[0].issuer","aws_eks_cluster.cluster.identity[0].oidc[0]","aws_eks_cluster.cluster.identity[0].oidc","aws_eks_cluster.cluster.identity[0]","aws_eks_cluster.cluster.identity","aws_eks_cluster.cluster"]}},"schema_version":0}],"variables":{"cluster_name":{"description":"Name of the EKS cluster"},"create_vpc":{"default":true,"description":"Whether to create a new VPC or use existing one"},"kubernetes_version":{"default":"1.28","description":"Kubernetes version"},"node_capacity_type":{"default":"ON_DEMAND","description":"Type of capacity associated with the EKS Node Group. Valid values: ON_DEMAND, SPOT"},"node_desired_size":{"default":2,"description":"Desired number of nodes in the EKS Node Group"},"node_instance_types":{"default":["t3.medium"],"description":"List of instance types for the EKS Node Group"},"node_max_size":{"default":4,"description":"Maximum number of nodes in the EKS Node Group"},"node_min_size":{"default":1,"description":"Minimum number of nodes in the EKS Node Group"},"public_access_cidrs":{"default":["0.0.0.0/0"],"description":"List of CIDR blocks that can access the EKS cluster endpoint"},"subnet_ids":{"default":[],"description":"List of existing subnet IDs (required if create_vpc = false)"},"tags":{"default":{},"description":"A map of tags to add to all resources"},"vpc_cidr":{"default":"10.0.0.0/16","description":"CIDR block for VPC"},"vpc_id":{"default":"","description":"ID of existing VPC (required if create_vpc = false)"}}}},"github_oidc":{"source":"./modules/github-oidc","expressions":{"github_repository":{"references":["var.github_repository"]},"project_name":{"references":["var.project_name"]},"s3_bucket_name":{"references":["module.s3.bucket_name","module.s3"]},"sagemaker_role_arn":{"references":["module.sagemaker.sagemaker_execution_role_arn","module.sagemaker"]}},"module":{"outputs":{"github_actions_role_arn":{"expression":{"references":["aws_iam_role.github_actions.arn","aws_iam_role.github_actions"]},"description":"ARN of the GitHub Actions IAM role"},"oidc_provider_arn":{"expression":{"references":["aws_iam_openid_connect_provider.github.arn","aws_iam_openid_connect_provider.github"]},"description":"ARN of the GitHub OIDC provider"}},"resources":[{"address":"aws_iam_openid_connect_provider.github","mode":"managed","type":"aws_iam_openid_connect_provider","name":"github","provider_config_key":"aws","expressions":{"client_id_list":{"constant_value":["sts.amazonaws.com"]},"thumbprint_list":{"constant_value":["6938fd4d98bab03faadb97b34396831e3780aea1"]},"url":{"constant_value":"https://token.actions.githubusercontent.com"}},"schema_version":0},{"address":"aws_iam_role.github_actions","mode":"managed","type":"aws_iam_role","name":"github_actions","provider_config_key":"aws","expressions":{"assume_role_policy":{"references":["aws_iam_openid_connect_provider.github.arn","aws_iam_openid_connect_provider.github","var.github_repository"]},"name":{"references":["var.project_name"]}},"schema_version":0},{"address":"aws_iam_role_policy.github_sagemaker_policy","mode":"managed","type":"aws_iam_role_policy","name":"github_sagemaker_policy","provider_config_key":"aws","expressions":{"name":{"references":["var.project_name"]},"policy":{"references":["var.s3_bucket_name","var.s3_bucket_name","var.sagemaker_role_arn"]},"role":{"references":["aws_iam_role.github_actions.id","aws_iam_role.github_actions"]}},"schema_version":0}],"variables":{"github_repository":{"description":"GitHub repository in format 'owner/repo'"},"project_name":{"description":"Project name for resource naming"},"s3_bucket_name":{"description":"Name of the MLOps S3 bucket"},"sagemaker_role_arn":{"description":"ARN of the SageMaker execution role"}}}},"mlflow_server":{"source":"./modules/mlflow-server","expressions":{"project_name":{"references":["var.project_name"]},"s3_bucket_name":{"references":["module.s3.bucket_name","module.s3"]}},"module":{"outputs":{"mlflow_server_ip":{"expression":{"references":["aws_eip.mlflow_eip.public_ip","aws_eip.mlflow_eip"]},"description":"MLflow server Elastic IP"},"mlflow_server_url":{"expression":{"references":["aws_eip.mlflow_eip.public_ip","aws_eip.mlflow_eip"]},"description":"MLflow server URL"}},"resources":[{"address":"aws_eip.mlflow_eip","mode":"managed","type":"aws_eip","name":"mlflow_eip","provider_config_key":"aws","expressions":{"domain":{"constant_value":"vpc"},"instance":{"references":["aws_instance.mlflow_server.id","aws_instance.mlflow_server"]},"tags":{"references":["var.project_name"]}},"schema_version":0},{"address":"aws_iam_instance_profile.mlflow_profile","mode":"managed","type":"aws_iam_instance_profile","name":"mlflow_profile","provider_config_key":"aws","expressions":{"name":{"references":["var.project_name"]},"role":{"references":["aws_iam_role.mlflow_role.name","aws_iam_role.mlflow_role"]}},"schema_version":0},{"address":"aws_iam_role.mlflow_role","mode":"managed","type":"aws_iam_role","name":"mlflow_role","provider_config_key":"aws","expressions":{"assume_role_policy":{},"name":{"references":["var.project_name"]}},"schema_version":0},{"address":"aws_iam_role_policy.mlflow_s3_policy","mode":"managed","type":"aws_iam_role_policy","name":"mlflow_s3_policy","provider_config_key":"aws","expressions":{"name":{"references":["var.project_name"]},"policy":{"references":["var.s3_bucket_name","var.s3_bucket_name"]},"role":{"references":["aws_iam_role.mlflow_role.id","aws_iam_role.mlflow_role"]}},"schema_version":0},{"address":"aws_instance.mlflow_server","mode":"managed","type":"aws_instance","name":"mlflow_server","provider_config_key":"aws","expressions":{"ami":{"constant_value":"ami-0fc5d935ebf8bc3bc"},"iam_instance_profile":{"references":["aws_iam_instance_profile.mlflow_profile.name","aws_iam_instance_profile.mlflow_profile"]},"instance_type":{"constant_value":"t3.micro"},"tags":{"references":["var.project_name"]},"user_data":{"references":["path.module","var.s3_bucket_name"]},"vpc_security_group_ids":{"references":["aws_security_group.mlflow_sg.id","aws_security_group.mlflow_sg"]}},"schema_version":1},{"address":"aws_security_group.mlflow_sg","mode":"managed","type":"aws_security_group","name":"mlflow_sg","provider_config_key":"aws","expressions":{"egress":{"constant_value":[{"cidr_blocks":["0.0.0.0/0"],"description":null,"from_port":0,"ipv6_cidr_blocks":null,"prefix_list_ids":null,"protocol":"-1","security_groups":null,"self":null,"to_port":0}]},"ingress":{"constant_value":[{"cidr_blocks":["0.0.0.0/0"],"description":null,"from_port":5000,"ipv6_cidr_blocks":null,"prefix_list_ids":null,"protocol":"tcp","security_groups":null,"self":null,"to_port":5000},{"cidr_blocks":["0.0.0.0/0"],"description":null,"from_port":22,"ipv6_cidr_blocks":null,"prefix_list_ids":null,"protocol":"tcp","security_groups":null,"self":null,"to_port":22}]},"name":{"references":["var.project_name"]}},"schema_version":1}],"variables":{"project_name":{"description":"Name of the project"},"s3_bucket_name":{"description":"S3 bucket for MLflow artifacts"}}}},"rds":{"source":"./modules/rds","expressions":{"db_password":{"references":["var.airflow_db_password"]},"project_name":{"references":["var.project_name"]}},"module":{"outputs":{"db_endpoint":{"expression":{"references":["aws_db_instance.airflow_db.endpoint","aws_db_instance.airflow_db"]},"description":"RDS instance endpoint"},"db_name":{"expression":{"references":["aws_db_instance.airflow_db.db_name","aws_db_instance.airflow_db"]},"description":"Database name"},"db_username":{"expression":{"references":["aws_db_instance.airflow_db.username","aws_db_instance.airflow_db"]},"description":"Database username"}},"resources":[{"address":"aws_db_instance.airflow_db","mode":"managed","type":"aws_db_instance","name":"airflow_db","provider_config_key":"aws","expressions":{"allocated_storage":{"constant_value":20},"backup_retention_period":{"constant_value":0},"backup_window":{"constant_value":"03:00-04:00"},"db_name":{"constant_value":"airflow"},"db_subnet_group_name":{"references":["aws_db_subnet_group.airflow_db_subnet_group.name","aws_db_subnet_group.airflow_db_subnet_group"]},"deletion_protection":{"constant_value":false},"engine":{"constant_value":"postgres"},"engine_version":{"constant_value":"15.7"},"identifier":{"references":["var.project_name"]},"instance_class":{"constant_value":"db.t3.micro"},"maintenance_window":{"constant_value":"sun:04:00-sun:05:00"},"max_allocated_storage":{"constant_value":100},"password":{"references":["var.db_password"]},"skip_final_snapshot":{"constant_value":true},"storage_encrypted":{"constant_value":true},"storage_type":{"constant_value":"gp2"},"tags":{"references":["var.project_name"]},"username":{"constant_value":"airflow"},"vpc_security_group_ids":{"references":["aws_security_group.airflow_db_sg.id","aws_security_group.airflow_db_sg"]}},"schema_version":2},{"address":"aws_db_subnet_group.airflow_db_subnet_group","mode":"managed","type":"aws_db_subnet_group","name":"airflow_db_subnet_group","provider_config_key":"aws","expressions":{"name":{"references":["var.project_name"]},"subnet_ids":{"references":["data.aws_subnets.default.ids","data.aws_subnets.default"]},"tags":{"references":["var.project_name"]}},"schema_version":0},{"address":"aws_security_group.airflow_db_sg","mode":"managed","type":"aws_security_group","name":"airflow_db_sg","provider_config_key":"aws","expressions":{"egress":{"constant_value":[{"cidr_blocks":["0.0.0.0/0"],"description":null,"from_port":0,"ipv6_cidr_blocks":null,"prefix_list_ids":null,"protocol":"-1","security_groups":null,"self":null,"to_port":0}]},"ingress":{"references":["data.aws_vpc.default.cidr_block","data.aws_vpc.default"]},"name_prefix":{"references":["var.project_name"]},"tags":{"references":["var.project_name"]},"vpc_id":{"references":["data.aws_vpc.default.id","data.aws_vpc.default"]}},"schema_version":1},{"address":"data.aws_subnets.default","mode":"data","type":"aws_subnets","name":"default","provider_config_key":"aws","expressions":{"filter":[{"name":{"constant_value":"vpc-id"},"values":{"references":["data.aws_vpc.default.id","data.aws_vpc.default"]}}]},"schema_version":0},{"address":"data.aws_vpc.default","mode":"data","type":"aws_vpc","name":"default","provider_config_key":"aws","expressions":{"default":{"constant_value":true}},"schema_version":0}],"variables":{"db_password":{"description":"Password for the Airflow database","sensitive":true},"project_name":{"description":"Project name for resource naming"}}}},"s3":{"source":"./modules/s3","expressions":{"environment":{"references":["var.environment"]},"project_name":{"references":["var.project_name"]}},"module":{"outputs":{"bucket_arn":{"expression":{"references":["aws_s3_bucket.mlops_bucket.arn","aws_s3_bucket.mlops_bucket"]},"description":"ARN of the MLOps S3 bucket"},"bucket_domain_name":{"expression":{"references":["aws_s3_bucket.mlops_bucket.bucket_domain_name","aws_s3_bucket.mlops_bucket"]},"description":"Domain name of the MLOps S3 bucket"},"bucket_name":{"expression":{"references":["aws_s3_bucket.mlops_bucket.id","aws_s3_bucket.mlops_bucket"]},"description":"Name of the MLOps S3 bucket"}},"resources":[{"address":"aws_s3_bucket.mlops_bucket","mode":"managed","type":"aws_s3_bucket","name":"mlops_bucket","provider_config_key":"aws","expressions":{"bucket":{"references":["var.project_name","var.environment","random_string.bucket_suffix.result","random_string.bucket_suffix"]},"tags":{"references":["var.project_name","var.environment","var.project_name"]}},"schema_version":0},{"address":"aws_s3_bucket_lifecycle_configuration.mlops_lifecycle","mode":"managed","type":"aws_s3_bucket_lifecycle_configuration","name":"mlops_lifecycle","provider_config_key":"aws","expressions":{"bucket":{"references":["aws_s3_bucket.mlops_bucket.id","aws_s3_bucket.mlops_bucket"]},"rule":[{"expiration":[{"days":{"constant_value":365}}],"filter":[{"prefix":{"constant_value":""}}],"id":{"constant_value":"cost_optimization"},"status":{"constant_value":"Enabled"},"transition":[{"days":{"constant_value":30},"storage_class":{"constant_value":"STANDARD_IA"}},{"days":{"constant_value":90},"storage_class":{"constant_value":"GLACIER"}}]}]},"schema_version":1},{"address":"aws_s3_bucket_public_access_block.mlops_pab","mode":"managed","type":"aws_s3_bucket_public_access_block","name":"mlops_pab","provider_config_key":"aws","expressions":{"block_public_acls":{"constant_value":true},"block_public_policy":{"constant_value":true},"bucket":{"references":["aws_s3_bucket.mlops_bucket.id","aws_s3_bucket.mlops_bucket"]},"ignore_public_acls":{"constant_value":true},"restrict_public_buckets":{"constant_value":true}},"schema_version":0},{"address":"aws_s3_bucket_server_side_encryption_configuration.mlops_encryption","mode":"managed","type":"aws_s3_bucket_server_side_encryption_configuration","name":"mlops_encryption","provider_config_key":"aws","expressions":{"bucket":{"references":["aws_s3_bucket.mlops_bucket.id","aws_s3_bucket.mlops_bucket"]},"rule":[{"apply_server_side_encryption_by_default":[{"sse_algorithm":{"constant_value":"AES256"}}]}]},"schema_version":0},{"address":"aws_s3_bucket_versioning.mlops_versioning","mode":"managed","type":"aws_s3_bucket_versioning","name":"mlops_versioning","provider_config_key":"aws","expressions":{"bucket":{"references":["aws_s3_bucket.mlops_bucket.id","aws_s3_bucket.mlops_bucket"]},"versioning_configuration":[{"status":{"constant_value":"Enabled"}}]},"schema_version":0},{"address":"aws_s3_object.folders","mode":"managed","type":"aws_s3_object","name":"folders","provider_config_key":"aws","expressions":{"bucket":{"references":["aws_s3_bucket.mlops_bucket.id","aws_s3_bucket.mlops_bucket"]},"content_type":{"constant_value":"application/x-directory"},"key":{"references":["each.value"]}},"schema_version":0},{"address":"random_string.bucket_suffix","mode":"managed","type":"random_string","name":"bucket_suffix","provider_config_key":"random","expressions":{"length":{"constant_value":8},"special":{"constant_value":false},"upper":{"constant_value":false}},"schema_version":2}],"variables":{"environment":{"default":"dev","description":"Environment (dev, staging, prod)"},"project_name":{"description":"Project name for resource naming"}}}},"sagemaker":{"source":"./modules/sagemaker","expressions":{"environment":{"references":["var.environment"]},"project_name":{"references":["var.project_name"]},"s3_bucket":{"references":["module.s3.bucket_name","module.s3"]},"s3_bucket_arn":{"references":["module.s3.bucket_arn","module.s3"]},"tags":{"references":["var.project_name","var.environment"]}},"module":{"outputs":{"endpoint_arn":{"expression":{"references":["aws_sagemaker_endpoint.house_price_endpoint.arn","aws_sagemaker_endpoint.house_price_endpoint"]},"description":"ARN of the SageMaker endpoint"},"endpoint_name":{"expression":{"references":["aws_sagemaker_endpoint.house_price_endpoint.name","aws_sagemaker_endpoint.house_price_endpoint"]},"description":"Name of the SageMaker endpoint"},"sagemaker_domain_arn":{"expression":{"references":["aws_sagemaker_domain.mlops_domain.arn","aws_sagemaker_domain.mlops_domain"]},"description":"ARN of the SageMaker Domain"},"sagemaker_domain_id":{"expression":{"references":["aws_sagemaker_domain.mlops_domain.id","aws_sagemaker_domain.mlops_domain"]},"description":"ID of the SageMaker Domain"},"sagemaker_execution_role_arn":{"expression":{"references":["aws_iam_role.sagemaker_execution_role.arn","aws_iam_role.sagemaker_execution_role"]},"description":"ARN of the SageMaker execution role"},"sagemaker_execution_role_name":{"expression":{"references":["aws_iam_role.sagemaker_execution_role.name","aws_iam_role.sagemaker_execution_role"]},"description":"Name of the SageMaker execution role"},"sagemaker_user_profile_arn":{"expression":{"references":["aws_sagemaker_user_profile.data_scientist.arn","aws_sagemaker_user_profile.data_scientist"]},"description":"ARN of the SageMaker User Profile"}},"resources":[{"address":"aws_appautoscaling_policy.sagemaker_policy","mode":"managed","type":"aws_appautoscaling_policy","name":"sagemaker_policy","provider_config_key":"aws","expressions":{"name":{"constant_value":"sagemaker-scaling-policy"},"policy_type":{"constant_value":"TargetTrackingScaling"},"resource_id":{"references":["aws_appautoscaling_target.sagemaker_target.resource_id","aws_appautoscaling_target.sagemaker_target"]},"scalable_dimension":{"references":["aws_appautoscaling_target.sagemaker_target.scalable_dimension","aws_appautoscaling_target.sagemaker_target"]},"service_namespace":{"references":["aws_appautoscaling_target.sagemaker_target.service_namespace","aws_appautoscaling_target.sagemaker_target"]},"target_tracking_scaling_policy_configuration":[{"predefined_metric_specification":[{"predefined_metric_type":{"constant_value":"SageMakerVariantInvocationsPerInstance"}}],"target_value":{"constant_value":70}}]},"schema_version":0},{"address":"aws_appautoscaling_target.sagemaker_target","mode":"managed","type":"aws_appautoscaling_target","name":"sagemaker_target","provider_config_key":"aws","expressions":{"max_capacity":{"constant_value":3},"min_capacity":{"constant_value":0},"resource_id":{"references":["aws_sagemaker_endpoint.house_price_endpoint.name","aws_sagemaker_endpoint.house_price_endpoint"]},"scalable_dimension":{"constant_value":"sagemaker:variant:DesiredInstanceCount"},"service_namespace":{"constant_value":"sagemaker"}},"schema_version":0},{"address":"aws_iam_role.sagemaker_execution_role","mode":"managed","type":"aws_iam_role","name":"sagemaker_execution_role","provider_config_key":"aws","expressions":{"assume_role_policy":{},"name":{"references":["var.project_name"]}},"schema_version":0},{"address":"aws_iam_role_policy.s3_mlops_access","mode":"managed","type":"aws_iam_role_policy","name":"s3_mlops_access","provider_config_key":"aws","expressions":{"name":{"references":["var.project_name"]},"policy":{"references":["var.s3_bucket_arn","var.s3_bucket_arn"]},"role":{"references":["aws_iam_role.sagemaker_execution_role.id","aws_iam_role.sagemaker_execution_role"]}},"schema_version":0},{"address":"aws_iam_role_policy.sagemaker_studio_permissions","mode":"managed","type":"aws_iam_role_policy","name":"sagemaker_studio_permissions","provider_config_key":"aws","expressions":{"name":{"references":["var.project_name"]},"policy":{},"role":{"references":["aws_iam_role.sagemaker_execution_role.id","aws_iam_role.sagemaker_execution_role"]}},"schema_version":0},{"address":"aws_iam_role_policy_attachment.ecr_policy","mode":"managed","type":"aws_iam_role_policy_attachment","name":"ecr_policy","provider_config_key":"aws","expressions":{"policy_arn":{"constant_value":"arn:aws:iam::aws:policy/AmazonEC2ContainerRegistryFullAccess"},"role":{"references":["aws_iam_role.sagemaker_execution_role.name","aws_iam_role.sagemaker_execution_role"]}},"schema_version":0},{"address":"aws_iam_role_policy_attachment.sagemaker_execution_policy","mode":"managed","type":"aws_iam_role_policy_attachment","name":"sagemaker_execution_policy","provider_config_key":"aws","expressions":{"policy_arn":{"constant_value":"arn:aws:iam::aws:policy/AmazonSageMakerFullAccess"},"role":{"references":["aws_iam_role.sagemaker_execution_role.name","aws_iam_role.sagemaker_execution_role"]}},"schema_version":0},{"address":"aws_iam_role_policy_attachment.sagemaker_studio_policy","mode":"managed","type":"aws_iam_role_policy_attachment","name":"sagemaker_studio_policy","provider_config_key":"aws","expressions":{"policy_arn":{"constant_value":"arn:aws:iam::aws:policy/AmazonSageMakerCanvasFullAccess"},"role":{"references":["aws_iam_role.sagemaker_execution_role.name","aws_iam_role.sagemaker_execution_role"]}},"schema_version":0},{"address":"aws_sagemaker_domain.mlops_domain","mode":"managed","type":"aws_sagemaker_domain","name":"mlops_domain","provider_config_key":"aws","expressions":{"auth_mode":{"constant_value":"IAM"},"default_user_settings":[{"execution_role":{"references":["aws_iam_role.sagemaker_execution_role.arn","aws_iam_role.sagemaker_execution_role"]}}],"domain_name":{"references":["var.project_name"]},"subnet_ids":{"references":["data.aws_subnets.default.ids","data.aws_subnets.default"]},"tags":{"references":["var.project_name","var.environment"]},"vpc_id":{"references":["data.aws_vpc.default.id","data.aws_vpc.default"]}},"schema_version":0},{"address":"aws_sagemaker_endpoint.house_price_endpoint","mode":"managed","type":"aws_sagemaker_endpoint","name":"house_price_endpoint","provider_config_key":"aws","expressions":{"endpoint_config_name":{"references":["aws_sagemaker_endpoint_configuration.house_price_serverless_config.name","aws_sagemaker_endpoint_configuration.house_price_serverless_config"]},"name":{"constant_value":"house-price-prod"},"tags":{"references":["var.tags"]}},"schema_version":0},{"address":"aws_sagemaker_endpoint_configuration.house_price_config","mode":"managed","type":"aws_sagemaker_endpoint_configuration","name":"house_price_config","provider_config_key":"aws","expressions":{"name":{"constant_value":"house-price-config"},"production_variants":[{"initial_instance_count":{"constant_value":1},"initial_variant_weight":{"constant_value":1},"instance_type":{"constant_value":"ml.t2.medium"},"model_name":{"references":["aws_sagemaker_model.house_price_model.name","aws_sagemaker_model.house_price_model"]},"variant_name":{"constant_value":"AllTraffic"}}],"tags":{"references":["var.tags"]}},"schema_version":0},{"address":"aws_sagemaker_endpoint_configuration.house_price_serverless_config","mode":"managed","type":"aws_sagemaker_endpoint_configuration","name":"house_price_serverless_config","provider_config_key":"aws","expressions":{"name":{"constant_value":"house-price-serverless-config"},"production_variants":[{"initial_variant_weight":{"constant_value":1},"model_name":{"references":["aws_sagemaker_model.house_price_model.name","aws_sagemaker_model.house_price_model"]},"serverless_config":[{"max_concurrency":{"constant_value":5},"memory_size_in_mb":{"constant_value":2048}}],"variant_name":{"constant_value":"AllTraffic"}}],"tags":{"references":["var.tags"]}},"schema_version":0},{"address":"aws_sagemaker_model.house_price_model","mode":"managed","type":"aws_sagemaker_model","name":"house_price_model","provider_config_key":"aws","expressions":{"execution_role_arn":{"references":["aws_iam_role.sagemaker_execution_role.arn","aws_iam_role.sagemaker_execution_role"]},"name":{"constant_value":"house-price-model"},"primary_container":[{"image":{"constant_value":"683313688378.dkr.ecr.us-east-1.amazonaws.com/sagemaker-xgboost:1.7-1-cpu-py3"},"model_data_url":{"references":["var.s3_bucket"]}}],"tags":{"references":["var.tags"]}},"schema_version":0},{"address":"aws_sagemaker_user_profile.data_scientist","mode":"managed","type":"aws_sagemaker_user_profile","name":"data_scientist","provider_config_key":"aws","expressions":{"domain_id":{"references":["aws_sagemaker_domain.mlops_domain.id","aws_sagemaker_domain.mlops_domain"]},"tags":{"references":["var.project_name","var.environment"]},"user_profile_name":{"constant_value":"data-scientist"},"user_settings":[{"execution_role":{"references":["aws_iam_role.sagemaker_execution_role.arn","aws_iam_role.sagemaker_execution_role"]}}]},"schema_version":0},{"address":"data.aws_subnets.default","mode":"data","type":"aws_subnets","name":"default","provider_config_key":"aws","expressions":{"filter":[{"name":{"constant_value":"vpc-id"},"values":{"references":["data.aws_vpc.default.id","data.aws_vpc.default"]}}]},"schema_version":0},{"address":"data.aws_vpc.default","mode":"data","type":"aws_vpc","name":"default","provider_config_key":"aws","expressions":{"default":{"constant_value":true}},"schema_version":0}],"variables":{"environment":{"default":"dev","description":"Environment (dev, staging, prod)"},"project_name":{"description":"Project name for resource naming"},"s3_bucket":{"description":"Name of the MLOps S3 bucket"},"s3_bucket_arn":{"description":"ARN of the MLOps S3 bucket"},"tags":{"default":{},"description":"Tags to apply to resources"}}}},"sagemaker_pipeline":{"source":"./modules/sagemaker-pipeline","expressions":{"account_id":{"references":["data.aws_caller_identity.current.account_id","data.aws_caller_identity.current"]},"environment":{"references":["var.environment"]},"mlflow_server_url":{"references":["module.mlflow_server.mlflow_server_url","module.mlflow_server"]},"project_name":{"references":["var.project_name"]},"s3_bucket_name":{"references":["module.s3.bucket_name","module.s3"]},"sagemaker_role_arn":{"references":["module.sagemaker.sagemaker_execution_role_arn","module.sagemaker"]}},"module":{"outputs":{"data_paths":{"expression":{"references":["var.s3_bucket_name","var.s3_bucket_name","var.s3_bucket_name","var.s3_bucket_name"]},"description":"S3 paths for pipeline data flow"},"pipeline_arn":{"expression":{"references":["aws_sagemaker_pipeline.mlops_pipeline.arn","aws_sagemaker_pipeline.mlops_pipeline"]},"description":"ARN of the SageMaker pipeline"},"pipeline_execution_command":{"expression":{"references":["aws_sagemaker_pipeline.mlops_pipeline.pipeline_name","aws_sagemaker_pipeline.mlops_pipeline"]},"description":"AWS CLI command to execute the pipeline"},"pipeline_name":{"expression":{"references":["aws_sagemaker_pipeline.mlops_pipeline.pipeline_name","aws_sagemaker_pipeline.mlops_pipeline"]},"description":"Name of the SageMaker pipeline"}},"resources":[{"address":"aws_sagemaker_pipeline.mlops_pipeline","mode":"managed","type":"aws_sagemaker_pipeline","name":"mlops_pipeline","provider_config_key":"aws","expressions":{"pipeline_definition":{"references":["var.s3_bucket_name","var.account_id","var.mlflow_server_url","var.sagemaker_role_arn","var.s3_bucket_name","var.s3_bucket_name","var.account_id","var.mlflow_server_url","var.sagemaker_role_arn","var.s3_bucket_name","var.s3_bucket_name","var.account_id","var.s3_bucket_name","var.sagemaker_role_arn","var.s3_bucket_name","var.mlflow_server_url","var.s3_bucket_name","var.account_id","var.mlflow_server_url","var.sagemaker_role_arn","var.s3_bucket_name","var.s3_bucket_name","var.s3_bucket_name","var.account_id","var.mlflow_server_url","var.sagemaker_role_arn","var.s3_bucket_name","var.s3_bucket_name","var.account_id","var.sagemaker_role_arn","var.s3_bucket_name","var.s3_bucket_name"]},"pipeline_display_name":{"constant_value":"House-Price-MLOps-Pipeline"},"pipeline_name":{"references":["local.pipeline_name"]},"role_arn":{"references":["var.sagemaker_role_arn"]},"tags":{"references":["local.pipeline_name","var.environment"]}},"schema_version":0}],"variables":{"account_id":{"description":"AWS account ID"},"environment":{"description":"Environment (dev, staging, prod)"},"mlflow_server_url":{"description":"MLflow tracking server URL"},"project_name":{"description":"Name of the project"},"s3_bucket_name":{"description":"S3 bucket name for MLOps"},"sagemaker_role_arn":{"description":"SageMaker execution role ARN"}}}}},"variables":{"airflow_db_password":{"default":"airflow123!","description":"Password for Airflow PostgreSQL database","sensitive":true},"aws_region":{"default":"us-east-1","description":"AWS region"},"bamboo_ami_id":{"default":"ami-066279af4a501d501","description":"AMI ID for Bamboo server"},"bamboo_key_name":{"default":"","description":"EC2 key pair name for Bamboo server"},"bamboo_subnet_id":{"default":"subnet-0c092dfafe0a2b4b2","description":"Subnet ID for Bamboo server"},"bamboo_vpc_id":{"default":"vpc-0ec06d2e45d4c6de8","description":"VPC ID for Bamboo server"},"environment":{"default":"dev","description":"Environment (dev, staging, prod)"},"github_repository":{"default":"Venkat8538/AWS_RealEstate","description":"GitHub repository in format 'owner/repo'"},"github_token":{"description":"GitHub personal access token","sensitive":true},"project_name":{"default":"house-price","description":"Project name for resource naming"}}}},"relevant_attributes":[{"resource":"module.deployment_pipeline.aws_codepipeline.deployment_pipeline","attribute":["arn"]},{"resource":"module.ecr.aws_ecr_repository.model_registration","attribute":["arn"]},{"resource":"module.s3.aws_s3_bucket.mlops_bucket","attribute":["bucket_domain_name"]},{"resource":"module.sagemaker.aws_iam_role.sagemaker_execution_role","attribute":["arn"]},{"resource":"module.eks.aws_iam_openid_connect_provider.cluster","attribute":["arn"]},{"resource":"module.airflow_server.aws_security_group.airflow_sg","attribute":["id"]},{"resource":"module.eks.data.aws_availability_zones.available","attribute":["names"]},{"resource":"module.eks.aws_eks_cluster.cluster","attribute":["vpc_config",0,"cluster_security_group_id"]},{"resource":"module.eks.aws_vpc.eks_vpc[0]","attribute":["id"]},{"resource":"module.eks.data.tls_certificate.cluster","attribute":["certificates",0,"sha1_fingerprint"]},{"resource":"module.ecr.aws_ecr_repository.model_registration","attribute":["name"]},{"resource":"module.sagemaker.aws_appautoscaling_target.sagemaker_target","attribute":["scalable_dimension"]},{"resource":"module.eks.aws_eks_cluster.cluster","attribute":["endpoint"]},{"resource":"module.eks.aws_eks_node_group.node_group","attribute":["arn"]},{"resource":"module.mlflow_server.aws_iam_instance_profile.mlflow_profile","attribute":["name"]},{"resource":"module.s3.aws_s3_bucket.mlops_bucket","attribute":["id"]},{"resource":"module.sagemaker.aws_sagemaker_user_profile.data_scientist","attribute":["arn"]},{"resource":"module.eks.aws_iam_role.node_group_role","attribute":["arn"]},{"resource":"module.sagemaker.aws_sagemaker_endpoint.house_price_endpoint","attribute":["arn"]},{"resource":"module.sagemaker_pipeline.aws_sagemaker_pipeline.mlops_pipeline","attribute":["pipeline_name"]},{"resource":"module.eks.aws_eks_cluster.cluster","attribute":["id"]},{"resource":"module.sagemaker.aws_appautoscaling_target.sagemaker_target","attribute":["resource_id"]},{"resource":"module.sagemaker.aws_sagemaker_endpoint.house_price_endpoint","attribute":["name"]},{"resource":"module.airflow_server.aws_eip.airflow_eip","attribute":["id"]},{"resource":"module.github_oidc.aws_iam_role.github_actions","attribute":["arn"]},{"resource":"module.ecr.aws_ecr_repository.training","attribute":["repository_url"]},{"resource":"module.eks.aws_eks_cluster.cluster","attribute":["identity",0,"oidc",0,"issuer"]},{"resource":"module.eks.aws_eks_cluster.cluster","attribute":["arn"]},{"resource":"module.eks.aws_iam_role.node_group_role","attribute":["name"]},{"resource":"module.ecr.aws_ecr_repository.feature_engineering","attribute":["repository_url"]},{"resource":"module.eks.aws_eks_cluster.cluster","attribute":["name"]},{"resource":"module.eks.aws_eks_node_group.node_group","attribute":[]},{"resource":"module.sagemaker.aws_appautoscaling_target.sagemaker_target","attribute":["service_namespace"]},{"resource":"module.airflow_server.aws_instance.airflow_server","attribute":["id"]},{"resource":"module.rds.aws_db_instance.airflow_db","attribute":["db_name"]},{"resource":"module.deployment_pipeline.aws_codebuild_project.deploy_model","attribute":["arn"]},{"resource":"module.sagemaker.aws_sagemaker_domain.mlops_domain","attribute":["id"]},{"resource":"module.airflow_server.aws_iam_instance_profile.airflow_profile","attribute":["name"]},{"resource":"module.eks.aws_subnet.public","attribute":[]},{"resource":"module.github_oidc.aws_iam_openid_connect_provider.github","attribute":["arn"]},{"resource":"module.rds.aws_db_instance.airflow_db","attribute":["endpoint"]},{"resource":"module.ecr.aws_ecr_repository.data_processing","attribute":["repository_url"]},{"resource":"module.deployment_pipeline.aws_cloudwatch_event_rule.model_approval","attribute":["arn"]},{"resource":"module.ecr.aws_ecr_repository.evaluation","attribute":["repository_url"]},{"resource":"module.ecr.aws_ecr_repository.model_registration","attribute":["repository_url"]},{"resource":"module.eks.aws_subnet.private","attribute":[]},{"resource":"module.s3.aws_s3_bucket.mlops_bucket","attribute":["arn"]},{"resource":"module.rds.aws_db_instance.airflow_db","attribute":["username"]},{"resource":"module.sagemaker.aws_sagemaker_domain.mlops_domain","attribute":["arn"]},{"resource":"module.eks.aws_iam_role.eks_cluster_role","attribute":["arn"]},{"resource":"module.mlflow_server.aws_security_group.mlflow_sg","attribute":["id"]},{"resource":"module.sagemaker_pipeline.aws_sagemaker_pipeline.mlops_pipeline","attribute":["arn"]},{"resource":"module.mlflow_server.aws_instance.mlflow_server","attribute":["id"]},{"resource":"module.airflow_server.aws_eip.airflow_eip","attribute":["public_ip"]},{"resource":"module.sagemaker.aws_iam_role.sagemaker_execution_role","attribute":["name"]},{"resource":"module.eks.aws_eks_cluster.cluster","attribute":["certificate_authority",0,"data"]},{"resource":"module.eks.aws_iam_role.eks_cluster_role","attribute":["name"]},{"resource":"module.mlflow_server.aws_eip.mlflow_eip","attribute":["public_ip"]}],"timestamp":"2025-12-22T14:37:49Z","applyable":true,"complete":true,"errored":false}
