{
  "version": 4,
  "terraform_version": "1.11.3",
  "serial": 170,
  "lineage": "72d7e31b-8ddf-0c6c-1f81-c58fb1f70b8f",
  "outputs": {
    "deployment_codebuild_arn": {
      "value": "arn:aws:codebuild:us-east-1:482227257362:project/house-price-deploy-model",
      "type": "string"
    },
    "deployment_pipeline_arn": {
      "value": "arn:aws:codepipeline:us-east-1:482227257362:house-price-deployment-pipeline",
      "type": "string"
    },
    "github_actions_role_arn": {
      "value": "arn:aws:iam::482227257362:role/house-price-github-actions-role",
      "type": "string"
    },
    "s3_bucket_arn": {
      "value": "arn:aws:s3:::house-price-mlops-dev-itzi2hgi",
      "type": "string"
    },
    "s3_bucket_name": {
      "value": "house-price-mlops-dev-itzi2hgi",
      "type": "string"
    },
    "sagemaker_domain_id": {
      "value": "d-rr0shep9nrmf",
      "type": "string"
    },
    "sagemaker_execution_role_arn": {
      "value": "arn:aws:iam::482227257362:role/house-price-sagemaker-execution-role",
      "type": "string"
    },
    "sagemaker_pipeline_arn": {
      "value": "arn:aws:sagemaker:us-east-1:482227257362:pipeline/house-price-mlops-pipeline",
      "type": "string"
    },
    "sagemaker_pipeline_name": {
      "value": "house-price-mlops-pipeline",
      "type": "string"
    },
    "sagemaker_user_profile_arn": {
      "value": "arn:aws:sagemaker:us-east-1:482227257362:user-profile/d-rr0shep9nrmf/data-scientist",
      "type": "string"
    }
  },
  "resources": [
    {
      "module": "module.deployment_pipeline",
      "mode": "managed",
      "type": "aws_cloudwatch_event_rule",
      "name": "model_approval",
      "provider": "provider[\"registry.terraform.io/hashicorp/aws\"]",
      "instances": [
        {
          "schema_version": 1,
          "attributes": {
            "arn": "arn:aws:events:us-east-1:482227257362:rule/house-price-model-approval-trigger",
            "description": "Trigger deployment pipeline when model is approved",
            "event_bus_name": "default",
            "event_pattern": "{\"detail\":{\"ModelPackageStatus\":[\"Approved\"]},\"detail-type\":[\"SageMaker Model Package State Change\"],\"source\":[\"aws.sagemaker\"]}",
            "force_destroy": false,
            "id": "house-price-model-approval-trigger",
            "is_enabled": true,
            "name": "house-price-model-approval-trigger",
            "name_prefix": "",
            "role_arn": "",
            "schedule_expression": "",
            "state": "ENABLED",
            "tags": {},
            "tags_all": {}
          },
          "sensitive_attributes": [],
          "private": "eyJzY2hlbWFfdmVyc2lvbiI6IjEifQ=="
        }
      ]
    },
    {
      "module": "module.deployment_pipeline",
      "mode": "managed",
      "type": "aws_cloudwatch_event_target",
      "name": "codepipeline_target",
      "provider": "provider[\"registry.terraform.io/hashicorp/aws\"]",
      "instances": [
        {
          "schema_version": 1,
          "attributes": {
            "appsync_target": [],
            "arn": "arn:aws:codepipeline:us-east-1:482227257362:house-price-deployment-pipeline",
            "batch_target": [],
            "dead_letter_config": [],
            "ecs_target": [],
            "event_bus_name": "default",
            "force_destroy": false,
            "http_target": [],
            "id": "house-price-model-approval-trigger-CodePipelineTarget",
            "input": "",
            "input_path": "",
            "input_transformer": [],
            "kinesis_target": [],
            "redshift_target": [],
            "retry_policy": [],
            "role_arn": "arn:aws:iam::482227257362:role/house-price-eventbridge-role",
            "rule": "house-price-model-approval-trigger",
            "run_command_targets": [],
            "sagemaker_pipeline_target": [],
            "sqs_target": [],
            "target_id": "CodePipelineTarget"
          },
          "sensitive_attributes": [],
          "private": "eyJzY2hlbWFfdmVyc2lvbiI6IjEifQ==",
          "dependencies": [
            "module.deployment_pipeline.aws_cloudwatch_event_rule.model_approval",
            "module.deployment_pipeline.aws_codebuild_project.deploy_model",
            "module.deployment_pipeline.aws_codepipeline.deployment_pipeline",
            "module.deployment_pipeline.aws_iam_role.codebuild_role",
            "module.deployment_pipeline.aws_iam_role.codepipeline_role",
            "module.deployment_pipeline.aws_iam_role.eventbridge_role",
            "module.deployment_pipeline.aws_s3_bucket.codepipeline_artifacts",
            "module.deployment_pipeline.random_string.suffix",
            "module.s3.aws_s3_bucket.mlops_bucket",
            "module.s3.random_string.bucket_suffix"
          ]
        }
      ]
    },
    {
      "module": "module.deployment_pipeline",
      "mode": "managed",
      "type": "aws_codebuild_project",
      "name": "deploy_model",
      "provider": "provider[\"registry.terraform.io/hashicorp/aws\"]",
      "instances": [
        {
          "schema_version": 0,
          "attributes": {
            "arn": "arn:aws:codebuild:us-east-1:482227257362:project/house-price-deploy-model",
            "artifacts": [
              {
                "artifact_identifier": "",
                "bucket_owner_access": "",
                "encryption_disabled": false,
                "location": "",
                "name": "house-price-deploy-model",
                "namespace_type": "",
                "override_artifact_name": false,
                "packaging": "NONE",
                "path": "",
                "type": "CODEPIPELINE"
              }
            ],
            "badge_enabled": false,
            "badge_url": "",
            "build_batch_config": [],
            "build_timeout": 60,
            "cache": [
              {
                "location": "",
                "modes": [],
                "type": "NO_CACHE"
              }
            ],
            "concurrent_build_limit": 0,
            "description": "",
            "encryption_key": "arn:aws:kms:us-east-1:482227257362:alias/aws/s3",
            "environment": [
              {
                "certificate": "",
                "compute_type": "BUILD_GENERAL1_SMALL",
                "environment_variable": [
                  {
                    "name": "S3_BUCKET",
                    "type": "PLAINTEXT",
                    "value": "house-price-mlops-dev-itzi2hgi"
                  }
                ],
                "fleet": [],
                "image": "aws/codebuild/amazonlinux2-x86_64-standard:3.0",
                "image_pull_credentials_type": "CODEBUILD",
                "privileged_mode": false,
                "registry_credential": [],
                "type": "LINUX_CONTAINER"
              }
            ],
            "file_system_locations": [],
            "id": "arn:aws:codebuild:us-east-1:482227257362:project/house-price-deploy-model",
            "logs_config": [
              {
                "cloudwatch_logs": [
                  {
                    "group_name": "",
                    "status": "ENABLED",
                    "stream_name": ""
                  }
                ],
                "s3_logs": [
                  {
                    "bucket_owner_access": "",
                    "encryption_disabled": false,
                    "location": "",
                    "status": "DISABLED"
                  }
                ]
              }
            ],
            "name": "house-price-deploy-model",
            "project_visibility": "PRIVATE",
            "public_project_alias": "",
            "queued_timeout": 480,
            "resource_access_role": "",
            "secondary_artifacts": [],
            "secondary_source_version": [],
            "secondary_sources": [],
            "service_role": "arn:aws:iam::482227257362:role/house-price-codebuild-role",
            "source": [
              {
                "auth": [],
                "build_status_config": [],
                "buildspec": "version: 0.2\n\nphases:\n  install:\n    runtime-versions:\n      python: 3.9\n    commands:\n      - pip install boto3 sagemaker\n\n  build:\n    commands:\n      - echo \"Deploying SageMaker endpoint...\"\n      - |\n        python3 \u003c\u003c 'EOF'\n        import boto3\n        import json\n        import os\n        \n        sagemaker = boto3.client('sagemaker')\n        \n        # Get latest approved model\n        response = sagemaker.list_model_packages(\n            ModelPackageGroupName='house-price-model-group',\n            ModelApprovalStatus='Approved',\n            SortBy='CreationTime',\n            SortOrder='Descending',\n            MaxResults=1\n        )\n        \n        if response['ModelPackageSummaryList']:\n            model_package_arn = response['ModelPackageSummaryList'][0]['ModelPackageArn']\n            print(f\"Deploying model: {model_package_arn}\")\n            \n            # Create endpoint config\n            endpoint_config_name = f\"house-price-endpoint-config-{int(__import__('time').time())}\"\n            sagemaker.create_endpoint_config(\n                EndpointConfigName=endpoint_config_name,\n                ProductionVariants=[{\n                    'VariantName': 'primary',\n                    'ModelName': model_package_arn.split('/')[-1],\n                    'InitialInstanceCount': 1,\n                    'InstanceType': 'ml.t2.medium',\n                    'InitialVariantWeight': 1.0\n                }]\n            )\n            \n            # Create/update endpoint\n            endpoint_name = 'house-price-endpoint'\n            try:\n                sagemaker.update_endpoint(\n                    EndpointName=endpoint_name,\n                    EndpointConfigName=endpoint_config_name\n                )\n                print(f\"Updated endpoint: {endpoint_name}\")\n            except:\n                sagemaker.create_endpoint(\n                    EndpointName=endpoint_name,\n                    EndpointConfigName=endpoint_config_name\n                )\n                print(f\"Created endpoint: {endpoint_name}\")\n        else:\n            print(\"No approved models found\")\n        EOF\n\n  post_build:\n    commands:\n      - echo \"Deployment completed\"",
                "git_clone_depth": 0,
                "git_submodules_config": [],
                "insecure_ssl": false,
                "location": "",
                "report_build_status": false,
                "type": "CODEPIPELINE"
              }
            ],
            "source_version": "",
            "tags": {},
            "tags_all": {},
            "vpc_config": []
          },
          "sensitive_attributes": [],
          "private": "bnVsbA==",
          "dependencies": [
            "module.deployment_pipeline.aws_iam_role.codebuild_role",
            "module.s3.aws_s3_bucket.mlops_bucket",
            "module.s3.random_string.bucket_suffix"
          ]
        }
      ]
    },
    {
      "module": "module.deployment_pipeline",
      "mode": "managed",
      "type": "aws_codepipeline",
      "name": "deployment_pipeline",
      "provider": "provider[\"registry.terraform.io/hashicorp/aws\"]",
      "instances": [
        {
          "schema_version": 0,
          "attributes": {
            "arn": "arn:aws:codepipeline:us-east-1:482227257362:house-price-deployment-pipeline",
            "artifact_store": [
              {
                "encryption_key": [],
                "location": "house-price-codepipeline-artifacts-jv8fwgaa",
                "region": "",
                "type": "S3"
              }
            ],
            "execution_mode": "SUPERSEDED",
            "id": "house-price-deployment-pipeline",
            "name": "house-price-deployment-pipeline",
            "pipeline_type": "V1",
            "role_arn": "arn:aws:iam::482227257362:role/house-price-codepipeline-role",
            "stage": [
              {
                "action": [
                  {
                    "category": "Source",
                    "configuration": {
                      "S3Bucket": "house-price-mlops-dev-itzi2hgi",
                      "S3ObjectKey": "deployment/source.zip"
                    },
                    "input_artifacts": [],
                    "name": "Source",
                    "namespace": "",
                    "output_artifacts": [
                      "source_output"
                    ],
                    "owner": "AWS",
                    "provider": "S3",
                    "region": "",
                    "role_arn": "",
                    "run_order": 1,
                    "timeout_in_minutes": 0,
                    "version": "1"
                  }
                ],
                "before_entry": [],
                "name": "Source",
                "on_failure": [],
                "on_success": []
              },
              {
                "action": [
                  {
                    "category": "Build",
                    "configuration": {
                      "ProjectName": "house-price-deploy-model"
                    },
                    "input_artifacts": [
                      "source_output"
                    ],
                    "name": "Deploy",
                    "namespace": "",
                    "output_artifacts": [],
                    "owner": "AWS",
                    "provider": "CodeBuild",
                    "region": "",
                    "role_arn": "",
                    "run_order": 1,
                    "timeout_in_minutes": 0,
                    "version": "1"
                  }
                ],
                "before_entry": [],
                "name": "Deploy",
                "on_failure": [],
                "on_success": []
              }
            ],
            "tags": {},
            "tags_all": {},
            "trigger": [],
            "trigger_all": [],
            "variable": []
          },
          "sensitive_attributes": [],
          "private": "bnVsbA==",
          "dependencies": [
            "module.deployment_pipeline.aws_codebuild_project.deploy_model",
            "module.deployment_pipeline.aws_iam_role.codebuild_role",
            "module.deployment_pipeline.aws_iam_role.codepipeline_role",
            "module.deployment_pipeline.aws_s3_bucket.codepipeline_artifacts",
            "module.deployment_pipeline.random_string.suffix",
            "module.s3.aws_s3_bucket.mlops_bucket",
            "module.s3.random_string.bucket_suffix"
          ]
        }
      ]
    },
    {
      "module": "module.deployment_pipeline",
      "mode": "managed",
      "type": "aws_iam_role",
      "name": "codebuild_role",
      "provider": "provider[\"registry.terraform.io/hashicorp/aws\"]",
      "instances": [
        {
          "schema_version": 0,
          "attributes": {
            "arn": "arn:aws:iam::482227257362:role/house-price-codebuild-role",
            "assume_role_policy": "{\"Statement\":[{\"Action\":\"sts:AssumeRole\",\"Effect\":\"Allow\",\"Principal\":{\"Service\":\"codebuild.amazonaws.com\"}}],\"Version\":\"2012-10-17\"}",
            "create_date": "2025-11-01T17:34:48Z",
            "description": "",
            "force_detach_policies": false,
            "id": "house-price-codebuild-role",
            "inline_policy": [
              {
                "name": "house-price-codebuild-policy",
                "policy": "{\"Version\":\"2012-10-17\",\"Statement\":[{\"Action\":[\"logs:CreateLogGroup\",\"logs:CreateLogStream\",\"logs:PutLogEvents\"],\"Effect\":\"Allow\",\"Resource\":\"arn:aws:logs:*:*:*\"},{\"Action\":[\"s3:GetObject\",\"s3:PutObject\"],\"Effect\":\"Allow\",\"Resource\":[\"arn:aws:s3:::house-price-codepipeline-artifacts-jv8fwgaa/*\",\"arn:aws:s3:::house-price-mlops-dev-itzi2hgi/*\"]},{\"Action\":[\"sagemaker:CreateEndpointConfig\",\"sagemaker:CreateEndpoint\",\"sagemaker:UpdateEndpoint\",\"sagemaker:DescribeEndpoint\",\"sagemaker:DescribeModel\"],\"Effect\":\"Allow\",\"Resource\":\"*\"},{\"Action\":[\"iam:PassRole\"],\"Effect\":\"Allow\",\"Resource\":\"arn:aws:iam::482227257362:role/house-price-sagemaker-execution-role\"}]}"
              }
            ],
            "managed_policy_arns": [],
            "max_session_duration": 3600,
            "name": "house-price-codebuild-role",
            "name_prefix": "",
            "path": "/",
            "permissions_boundary": "",
            "tags": {},
            "tags_all": {},
            "unique_id": "AROAXARX4AAJBBURIBGGT"
          },
          "sensitive_attributes": [],
          "private": "bnVsbA=="
        }
      ]
    },
    {
      "module": "module.deployment_pipeline",
      "mode": "managed",
      "type": "aws_iam_role",
      "name": "codepipeline_role",
      "provider": "provider[\"registry.terraform.io/hashicorp/aws\"]",
      "instances": [
        {
          "schema_version": 0,
          "attributes": {
            "arn": "arn:aws:iam::482227257362:role/house-price-codepipeline-role",
            "assume_role_policy": "{\"Statement\":[{\"Action\":\"sts:AssumeRole\",\"Effect\":\"Allow\",\"Principal\":{\"Service\":\"codepipeline.amazonaws.com\"}}],\"Version\":\"2012-10-17\"}",
            "create_date": "2025-11-01T17:34:48Z",
            "description": "",
            "force_detach_policies": false,
            "id": "house-price-codepipeline-role",
            "inline_policy": [
              {
                "name": "house-price-codepipeline-policy",
                "policy": "{\"Version\":\"2012-10-17\",\"Statement\":[{\"Action\":[\"s3:GetBucketVersioning\",\"s3:GetObject\",\"s3:GetObjectVersion\",\"s3:PutObject\"],\"Effect\":\"Allow\",\"Resource\":[\"arn:aws:s3:::house-price-codepipeline-artifacts-jv8fwgaa\",\"arn:aws:s3:::house-price-codepipeline-artifacts-jv8fwgaa/*\",\"arn:aws:s3:::house-price-mlops-dev-itzi2hgi\",\"arn:aws:s3:::house-price-mlops-dev-itzi2hgi/*\"]},{\"Action\":[\"codebuild:BatchGetBuilds\",\"codebuild:StartBuild\"],\"Effect\":\"Allow\",\"Resource\":\"arn:aws:codebuild:us-east-1:482227257362:project/house-price-deploy-model\"}]}"
              }
            ],
            "managed_policy_arns": [],
            "max_session_duration": 3600,
            "name": "house-price-codepipeline-role",
            "name_prefix": "",
            "path": "/",
            "permissions_boundary": "",
            "tags": {},
            "tags_all": {},
            "unique_id": "AROAXARX4AAJFN7APWW4O"
          },
          "sensitive_attributes": [],
          "private": "bnVsbA=="
        }
      ]
    },
    {
      "module": "module.deployment_pipeline",
      "mode": "managed",
      "type": "aws_iam_role",
      "name": "eventbridge_role",
      "provider": "provider[\"registry.terraform.io/hashicorp/aws\"]",
      "instances": [
        {
          "schema_version": 0,
          "attributes": {
            "arn": "arn:aws:iam::482227257362:role/house-price-eventbridge-role",
            "assume_role_policy": "{\"Statement\":[{\"Action\":\"sts:AssumeRole\",\"Effect\":\"Allow\",\"Principal\":{\"Service\":\"events.amazonaws.com\"}}],\"Version\":\"2012-10-17\"}",
            "create_date": "2025-11-01T17:34:48Z",
            "description": "",
            "force_detach_policies": false,
            "id": "house-price-eventbridge-role",
            "inline_policy": [
              {
                "name": "house-price-eventbridge-policy",
                "policy": "{\"Version\":\"2012-10-17\",\"Statement\":[{\"Action\":[\"codepipeline:StartPipelineExecution\"],\"Effect\":\"Allow\",\"Resource\":\"arn:aws:codepipeline:us-east-1:482227257362:house-price-deployment-pipeline\"}]}"
              }
            ],
            "managed_policy_arns": [],
            "max_session_duration": 3600,
            "name": "house-price-eventbridge-role",
            "name_prefix": "",
            "path": "/",
            "permissions_boundary": "",
            "tags": {},
            "tags_all": {},
            "unique_id": "AROAXARX4AAJNPELGDTVN"
          },
          "sensitive_attributes": [],
          "private": "bnVsbA=="
        }
      ]
    },
    {
      "module": "module.deployment_pipeline",
      "mode": "managed",
      "type": "aws_iam_role_policy",
      "name": "codebuild_policy",
      "provider": "provider[\"registry.terraform.io/hashicorp/aws\"]",
      "instances": [
        {
          "schema_version": 0,
          "attributes": {
            "id": "house-price-codebuild-role:house-price-codebuild-policy",
            "name": "house-price-codebuild-policy",
            "name_prefix": "",
            "policy": "{\"Version\":\"2012-10-17\",\"Statement\":[{\"Action\":[\"logs:CreateLogGroup\",\"logs:CreateLogStream\",\"logs:PutLogEvents\"],\"Effect\":\"Allow\",\"Resource\":\"arn:aws:logs:*:*:*\"},{\"Action\":[\"s3:GetObject\",\"s3:PutObject\"],\"Effect\":\"Allow\",\"Resource\":[\"arn:aws:s3:::house-price-codepipeline-artifacts-jv8fwgaa/*\",\"arn:aws:s3:::house-price-mlops-dev-itzi2hgi/*\"]},{\"Action\":[\"sagemaker:CreateEndpointConfig\",\"sagemaker:CreateEndpoint\",\"sagemaker:UpdateEndpoint\",\"sagemaker:DescribeEndpoint\",\"sagemaker:DescribeModel\"],\"Effect\":\"Allow\",\"Resource\":\"*\"},{\"Action\":[\"iam:PassRole\"],\"Effect\":\"Allow\",\"Resource\":\"arn:aws:iam::482227257362:role/house-price-sagemaker-execution-role\"}]}",
            "role": "house-price-codebuild-role"
          },
          "sensitive_attributes": [],
          "private": "bnVsbA==",
          "dependencies": [
            "module.deployment_pipeline.aws_iam_role.codebuild_role",
            "module.deployment_pipeline.aws_s3_bucket.codepipeline_artifacts",
            "module.deployment_pipeline.random_string.suffix",
            "module.s3.aws_s3_bucket.mlops_bucket",
            "module.s3.random_string.bucket_suffix",
            "module.sagemaker.aws_iam_role.sagemaker_execution_role"
          ]
        }
      ]
    },
    {
      "module": "module.deployment_pipeline",
      "mode": "managed",
      "type": "aws_iam_role_policy",
      "name": "codepipeline_policy",
      "provider": "provider[\"registry.terraform.io/hashicorp/aws\"]",
      "instances": [
        {
          "schema_version": 0,
          "attributes": {
            "id": "house-price-codepipeline-role:house-price-codepipeline-policy",
            "name": "house-price-codepipeline-policy",
            "name_prefix": "",
            "policy": "{\"Version\":\"2012-10-17\",\"Statement\":[{\"Action\":[\"s3:GetBucketVersioning\",\"s3:GetObject\",\"s3:GetObjectVersion\",\"s3:PutObject\"],\"Effect\":\"Allow\",\"Resource\":[\"arn:aws:s3:::house-price-codepipeline-artifacts-jv8fwgaa\",\"arn:aws:s3:::house-price-codepipeline-artifacts-jv8fwgaa/*\",\"arn:aws:s3:::house-price-mlops-dev-itzi2hgi\",\"arn:aws:s3:::house-price-mlops-dev-itzi2hgi/*\"]},{\"Action\":[\"codebuild:BatchGetBuilds\",\"codebuild:StartBuild\"],\"Effect\":\"Allow\",\"Resource\":\"arn:aws:codebuild:us-east-1:482227257362:project/house-price-deploy-model\"}]}",
            "role": "house-price-codepipeline-role"
          },
          "sensitive_attributes": [],
          "private": "bnVsbA==",
          "dependencies": [
            "module.deployment_pipeline.aws_codebuild_project.deploy_model",
            "module.deployment_pipeline.aws_iam_role.codebuild_role",
            "module.deployment_pipeline.aws_iam_role.codepipeline_role",
            "module.deployment_pipeline.aws_s3_bucket.codepipeline_artifacts",
            "module.deployment_pipeline.random_string.suffix",
            "module.s3.aws_s3_bucket.mlops_bucket",
            "module.s3.random_string.bucket_suffix"
          ]
        }
      ]
    },
    {
      "module": "module.deployment_pipeline",
      "mode": "managed",
      "type": "aws_iam_role_policy",
      "name": "eventbridge_policy",
      "provider": "provider[\"registry.terraform.io/hashicorp/aws\"]",
      "instances": [
        {
          "schema_version": 0,
          "attributes": {
            "id": "house-price-eventbridge-role:house-price-eventbridge-policy",
            "name": "house-price-eventbridge-policy",
            "name_prefix": "",
            "policy": "{\"Version\":\"2012-10-17\",\"Statement\":[{\"Action\":[\"codepipeline:StartPipelineExecution\"],\"Effect\":\"Allow\",\"Resource\":\"arn:aws:codepipeline:us-east-1:482227257362:house-price-deployment-pipeline\"}]}",
            "role": "house-price-eventbridge-role"
          },
          "sensitive_attributes": [],
          "private": "bnVsbA==",
          "dependencies": [
            "module.deployment_pipeline.aws_codebuild_project.deploy_model",
            "module.deployment_pipeline.aws_codepipeline.deployment_pipeline",
            "module.deployment_pipeline.aws_iam_role.codebuild_role",
            "module.deployment_pipeline.aws_iam_role.codepipeline_role",
            "module.deployment_pipeline.aws_iam_role.eventbridge_role",
            "module.deployment_pipeline.aws_s3_bucket.codepipeline_artifacts",
            "module.deployment_pipeline.random_string.suffix",
            "module.s3.aws_s3_bucket.mlops_bucket",
            "module.s3.random_string.bucket_suffix"
          ]
        }
      ]
    },
    {
      "module": "module.deployment_pipeline",
      "mode": "managed",
      "type": "aws_s3_bucket",
      "name": "codepipeline_artifacts",
      "provider": "provider[\"registry.terraform.io/hashicorp/aws\"]",
      "instances": [
        {
          "schema_version": 0,
          "attributes": {
            "acceleration_status": "",
            "acl": null,
            "arn": "arn:aws:s3:::house-price-codepipeline-artifacts-jv8fwgaa",
            "bucket": "house-price-codepipeline-artifacts-jv8fwgaa",
            "bucket_domain_name": "house-price-codepipeline-artifacts-jv8fwgaa.s3.amazonaws.com",
            "bucket_prefix": "",
            "bucket_regional_domain_name": "house-price-codepipeline-artifacts-jv8fwgaa.s3.us-east-1.amazonaws.com",
            "cors_rule": [],
            "force_destroy": false,
            "grant": [
              {
                "id": "ef87ba17deed0f812283592f1d2ece4bb8e3f721c5f04931abd116d5bf1e671b",
                "permissions": [
                  "FULL_CONTROL"
                ],
                "type": "CanonicalUser",
                "uri": ""
              }
            ],
            "hosted_zone_id": "Z3AQBSTGFYJSTF",
            "id": "house-price-codepipeline-artifacts-jv8fwgaa",
            "lifecycle_rule": [],
            "logging": [],
            "object_lock_configuration": [],
            "object_lock_enabled": false,
            "policy": "",
            "region": "us-east-1",
            "replication_configuration": [],
            "request_payer": "BucketOwner",
            "server_side_encryption_configuration": [
              {
                "rule": [
                  {
                    "apply_server_side_encryption_by_default": [
                      {
                        "kms_master_key_id": "",
                        "sse_algorithm": "AES256"
                      }
                    ],
                    "bucket_key_enabled": false
                  }
                ]
              }
            ],
            "tags": {},
            "tags_all": {},
            "timeouts": null,
            "versioning": [
              {
                "enabled": false,
                "mfa_delete": false
              }
            ],
            "website": [],
            "website_domain": null,
            "website_endpoint": null
          },
          "sensitive_attributes": [],
          "private": "eyJlMmJmYjczMC1lY2FhLTExZTYtOGY4OC0zNDM2M2JjN2M0YzAiOnsiY3JlYXRlIjoxMjAwMDAwMDAwMDAwLCJkZWxldGUiOjM2MDAwMDAwMDAwMDAsInJlYWQiOjEyMDAwMDAwMDAwMDAsInVwZGF0ZSI6MTIwMDAwMDAwMDAwMH19",
          "dependencies": [
            "module.deployment_pipeline.random_string.suffix"
          ]
        }
      ]
    },
    {
      "module": "module.deployment_pipeline",
      "mode": "managed",
      "type": "aws_s3_bucket_server_side_encryption_configuration",
      "name": "codepipeline_encryption",
      "provider": "provider[\"registry.terraform.io/hashicorp/aws\"]",
      "instances": [
        {
          "schema_version": 0,
          "attributes": {
            "bucket": "house-price-codepipeline-artifacts-jv8fwgaa",
            "expected_bucket_owner": "",
            "id": "house-price-codepipeline-artifacts-jv8fwgaa",
            "rule": [
              {
                "apply_server_side_encryption_by_default": [
                  {
                    "kms_master_key_id": "",
                    "sse_algorithm": "AES256"
                  }
                ],
                "bucket_key_enabled": false
              }
            ]
          },
          "sensitive_attributes": [],
          "private": "bnVsbA==",
          "dependencies": [
            "module.deployment_pipeline.aws_s3_bucket.codepipeline_artifacts",
            "module.deployment_pipeline.random_string.suffix"
          ]
        }
      ]
    },
    {
      "module": "module.deployment_pipeline",
      "mode": "managed",
      "type": "random_string",
      "name": "suffix",
      "provider": "provider[\"registry.terraform.io/hashicorp/random\"]",
      "instances": [
        {
          "schema_version": 2,
          "attributes": {
            "id": "jv8fwgaa",
            "keepers": null,
            "length": 8,
            "lower": true,
            "min_lower": 0,
            "min_numeric": 0,
            "min_special": 0,
            "min_upper": 0,
            "number": true,
            "numeric": true,
            "override_special": null,
            "result": "jv8fwgaa",
            "special": false,
            "upper": false
          },
          "sensitive_attributes": []
        }
      ]
    },
    {
      "module": "module.github_oidc",
      "mode": "managed",
      "type": "aws_iam_openid_connect_provider",
      "name": "github",
      "provider": "provider[\"registry.terraform.io/hashicorp/aws\"]",
      "instances": [
        {
          "schema_version": 0,
          "attributes": {
            "arn": "arn:aws:iam::482227257362:oidc-provider/token.actions.githubusercontent.com",
            "client_id_list": [
              "sts.amazonaws.com"
            ],
            "id": "arn:aws:iam::482227257362:oidc-provider/token.actions.githubusercontent.com",
            "tags": {},
            "tags_all": {},
            "thumbprint_list": [
              "6938fd4d98bab03faadb97b34396831e3780aea1"
            ],
            "url": "token.actions.githubusercontent.com"
          },
          "sensitive_attributes": [],
          "private": "bnVsbA=="
        }
      ]
    },
    {
      "module": "module.github_oidc",
      "mode": "managed",
      "type": "aws_iam_role",
      "name": "github_actions",
      "provider": "provider[\"registry.terraform.io/hashicorp/aws\"]",
      "instances": [
        {
          "schema_version": 0,
          "attributes": {
            "arn": "arn:aws:iam::482227257362:role/house-price-github-actions-role",
            "assume_role_policy": "{\"Statement\":[{\"Action\":\"sts:AssumeRoleWithWebIdentity\",\"Condition\":{\"StringEquals\":{\"token.actions.githubusercontent.com:aud\":\"sts.amazonaws.com\"},\"StringLike\":{\"token.actions.githubusercontent.com:sub\":\"repo:Venkat8538/AWS_RealEstate:ref:refs/heads/master\"}},\"Effect\":\"Allow\",\"Principal\":{\"Federated\":\"arn:aws:iam::482227257362:oidc-provider/token.actions.githubusercontent.com\"}}],\"Version\":\"2012-10-17\"}",
            "create_date": "2025-10-27T22:25:58Z",
            "description": "",
            "force_detach_policies": false,
            "id": "house-price-github-actions-role",
            "inline_policy": [
              {
                "name": "house-price-github-sagemaker-policy",
                "policy": "{\"Version\":\"2012-10-17\",\"Statement\":[{\"Action\":[\"sagemaker:CreatePipeline\",\"sagemaker:UpdatePipeline\",\"sagemaker:DescribePipeline\",\"sagemaker:ListPipelines\",\"sagemaker:StartPipelineExecution\",\"sagemaker:DescribePipelineExecution\",\"sagemaker:ListPipelineExecutions\"],\"Effect\":\"Allow\",\"Resource\":\"*\"},{\"Action\":[\"s3:GetObject\",\"s3:PutObject\",\"s3:DeleteObject\",\"s3:ListBucket\",\"s3:GetBucketLocation\"],\"Effect\":\"Allow\",\"Resource\":[\"arn:aws:s3:::house-price-mlops-dev-itzi2hgi\",\"arn:aws:s3:::house-price-mlops-dev-itzi2hgi/*\",\"arn:aws:s3:::sagemaker-*\"]},{\"Action\":[\"iam:PassRole\"],\"Effect\":\"Allow\",\"Resource\":\"arn:aws:iam::482227257362:role/house-price-sagemaker-execution-role\"}]}"
              }
            ],
            "managed_policy_arns": [],
            "max_session_duration": 3600,
            "name": "house-price-github-actions-role",
            "name_prefix": "",
            "path": "/",
            "permissions_boundary": "",
            "tags": {},
            "tags_all": {},
            "unique_id": "AROAXARX4AAJJPMYO2S7B"
          },
          "sensitive_attributes": [],
          "private": "bnVsbA==",
          "dependencies": [
            "module.github_oidc.aws_iam_openid_connect_provider.github"
          ]
        }
      ]
    },
    {
      "module": "module.github_oidc",
      "mode": "managed",
      "type": "aws_iam_role_policy",
      "name": "github_sagemaker_policy",
      "provider": "provider[\"registry.terraform.io/hashicorp/aws\"]",
      "instances": [
        {
          "schema_version": 0,
          "attributes": {
            "id": "house-price-github-actions-role:house-price-github-sagemaker-policy",
            "name": "house-price-github-sagemaker-policy",
            "name_prefix": "",
            "policy": "{\"Version\":\"2012-10-17\",\"Statement\":[{\"Action\":[\"sagemaker:CreatePipeline\",\"sagemaker:UpdatePipeline\",\"sagemaker:DescribePipeline\",\"sagemaker:ListPipelines\",\"sagemaker:StartPipelineExecution\",\"sagemaker:DescribePipelineExecution\",\"sagemaker:ListPipelineExecutions\"],\"Effect\":\"Allow\",\"Resource\":\"*\"},{\"Action\":[\"s3:GetObject\",\"s3:PutObject\",\"s3:DeleteObject\",\"s3:ListBucket\",\"s3:GetBucketLocation\"],\"Effect\":\"Allow\",\"Resource\":[\"arn:aws:s3:::house-price-mlops-dev-itzi2hgi\",\"arn:aws:s3:::house-price-mlops-dev-itzi2hgi/*\",\"arn:aws:s3:::sagemaker-*\"]},{\"Action\":[\"iam:PassRole\"],\"Effect\":\"Allow\",\"Resource\":\"arn:aws:iam::482227257362:role/house-price-sagemaker-execution-role\"}]}",
            "role": "house-price-github-actions-role"
          },
          "sensitive_attributes": [],
          "private": "bnVsbA==",
          "dependencies": [
            "module.github_oidc.aws_iam_openid_connect_provider.github",
            "module.github_oidc.aws_iam_role.github_actions",
            "module.s3.aws_s3_bucket.mlops_bucket",
            "module.s3.random_string.bucket_suffix",
            "module.sagemaker.aws_iam_role.sagemaker_execution_role"
          ]
        }
      ]
    },
    {
      "module": "module.s3",
      "mode": "managed",
      "type": "aws_s3_bucket",
      "name": "mlops_bucket",
      "provider": "provider[\"registry.terraform.io/hashicorp/aws\"]",
      "instances": [
        {
          "schema_version": 0,
          "attributes": {
            "acceleration_status": "",
            "acl": null,
            "arn": "arn:aws:s3:::house-price-mlops-dev-itzi2hgi",
            "bucket": "house-price-mlops-dev-itzi2hgi",
            "bucket_domain_name": "house-price-mlops-dev-itzi2hgi.s3.amazonaws.com",
            "bucket_prefix": "",
            "bucket_regional_domain_name": "house-price-mlops-dev-itzi2hgi.s3.us-east-1.amazonaws.com",
            "cors_rule": [],
            "force_destroy": false,
            "grant": [
              {
                "id": "ef87ba17deed0f812283592f1d2ece4bb8e3f721c5f04931abd116d5bf1e671b",
                "permissions": [
                  "FULL_CONTROL"
                ],
                "type": "CanonicalUser",
                "uri": ""
              }
            ],
            "hosted_zone_id": "Z3AQBSTGFYJSTF",
            "id": "house-price-mlops-dev-itzi2hgi",
            "lifecycle_rule": [
              {
                "abort_incomplete_multipart_upload_days": 0,
                "enabled": true,
                "expiration": [
                  {
                    "date": "",
                    "days": 365,
                    "expired_object_delete_marker": false
                  }
                ],
                "id": "cost_optimization",
                "noncurrent_version_expiration": [],
                "noncurrent_version_transition": [],
                "prefix": "",
                "tags": {},
                "transition": [
                  {
                    "date": "",
                    "days": 30,
                    "storage_class": "STANDARD_IA"
                  },
                  {
                    "date": "",
                    "days": 90,
                    "storage_class": "GLACIER"
                  }
                ]
              }
            ],
            "logging": [],
            "object_lock_configuration": [],
            "object_lock_enabled": false,
            "policy": "",
            "region": "us-east-1",
            "replication_configuration": [],
            "request_payer": "BucketOwner",
            "server_side_encryption_configuration": [
              {
                "rule": [
                  {
                    "apply_server_side_encryption_by_default": [
                      {
                        "kms_master_key_id": "",
                        "sse_algorithm": "AES256"
                      }
                    ],
                    "bucket_key_enabled": false
                  }
                ]
              }
            ],
            "tags": {
              "Environment": "dev",
              "Name": "house-price-mlops-bucket",
              "Project": "house-price",
              "Purpose": "MLOps-SingleAccount"
            },
            "tags_all": {
              "Environment": "dev",
              "Name": "house-price-mlops-bucket",
              "Project": "house-price",
              "Purpose": "MLOps-SingleAccount"
            },
            "timeouts": null,
            "versioning": [
              {
                "enabled": false,
                "mfa_delete": false
              }
            ],
            "website": [],
            "website_domain": null,
            "website_endpoint": null
          },
          "sensitive_attributes": [],
          "private": "eyJlMmJmYjczMC1lY2FhLTExZTYtOGY4OC0zNDM2M2JjN2M0YzAiOnsiY3JlYXRlIjoxMjAwMDAwMDAwMDAwLCJkZWxldGUiOjM2MDAwMDAwMDAwMDAsInJlYWQiOjEyMDAwMDAwMDAwMDAsInVwZGF0ZSI6MTIwMDAwMDAwMDAwMH19",
          "dependencies": [
            "module.s3.random_string.bucket_suffix"
          ]
        }
      ]
    },
    {
      "module": "module.s3",
      "mode": "managed",
      "type": "aws_s3_bucket_lifecycle_configuration",
      "name": "mlops_lifecycle",
      "provider": "provider[\"registry.terraform.io/hashicorp/aws\"]",
      "instances": [
        {
          "schema_version": 1,
          "attributes": {
            "bucket": "house-price-mlops-dev-itzi2hgi",
            "expected_bucket_owner": "",
            "id": "house-price-mlops-dev-itzi2hgi",
            "rule": [
              {
                "abort_incomplete_multipart_upload": [],
                "expiration": [
                  {
                    "date": null,
                    "days": 365,
                    "expired_object_delete_marker": false
                  }
                ],
                "filter": [
                  {
                    "and": [],
                    "object_size_greater_than": null,
                    "object_size_less_than": null,
                    "prefix": "",
                    "tag": []
                  }
                ],
                "id": "cost_optimization",
                "noncurrent_version_expiration": [],
                "noncurrent_version_transition": [],
                "prefix": "",
                "status": "Enabled",
                "transition": [
                  {
                    "date": null,
                    "days": 30,
                    "storage_class": "STANDARD_IA"
                  },
                  {
                    "date": null,
                    "days": 90,
                    "storage_class": "GLACIER"
                  }
                ]
              }
            ],
            "timeouts": null,
            "transition_default_minimum_object_size": "all_storage_classes_128K"
          },
          "sensitive_attributes": [],
          "dependencies": [
            "module.s3.aws_s3_bucket.mlops_bucket",
            "module.s3.random_string.bucket_suffix"
          ]
        }
      ]
    },
    {
      "module": "module.s3",
      "mode": "managed",
      "type": "aws_s3_bucket_public_access_block",
      "name": "mlops_pab",
      "provider": "provider[\"registry.terraform.io/hashicorp/aws\"]",
      "instances": [
        {
          "schema_version": 0,
          "attributes": {
            "block_public_acls": true,
            "block_public_policy": true,
            "bucket": "house-price-mlops-dev-itzi2hgi",
            "id": "house-price-mlops-dev-itzi2hgi",
            "ignore_public_acls": true,
            "restrict_public_buckets": true
          },
          "sensitive_attributes": [],
          "private": "bnVsbA==",
          "dependencies": [
            "module.s3.aws_s3_bucket.mlops_bucket",
            "module.s3.random_string.bucket_suffix"
          ]
        }
      ]
    },
    {
      "module": "module.s3",
      "mode": "managed",
      "type": "aws_s3_bucket_server_side_encryption_configuration",
      "name": "mlops_encryption",
      "provider": "provider[\"registry.terraform.io/hashicorp/aws\"]",
      "instances": [
        {
          "schema_version": 0,
          "attributes": {
            "bucket": "house-price-mlops-dev-itzi2hgi",
            "expected_bucket_owner": "",
            "id": "house-price-mlops-dev-itzi2hgi",
            "rule": [
              {
                "apply_server_side_encryption_by_default": [
                  {
                    "kms_master_key_id": "",
                    "sse_algorithm": "AES256"
                  }
                ],
                "bucket_key_enabled": false
              }
            ]
          },
          "sensitive_attributes": [],
          "private": "bnVsbA==",
          "dependencies": [
            "module.s3.aws_s3_bucket.mlops_bucket",
            "module.s3.random_string.bucket_suffix"
          ]
        }
      ]
    },
    {
      "module": "module.s3",
      "mode": "managed",
      "type": "aws_s3_bucket_versioning",
      "name": "mlops_versioning",
      "provider": "provider[\"registry.terraform.io/hashicorp/aws\"]",
      "instances": [
        {
          "schema_version": 0,
          "attributes": {
            "bucket": "house-price-mlops-dev-itzi2hgi",
            "expected_bucket_owner": "",
            "id": "house-price-mlops-dev-itzi2hgi",
            "mfa": null,
            "versioning_configuration": [
              {
                "mfa_delete": "",
                "status": "Enabled"
              }
            ]
          },
          "sensitive_attributes": [],
          "private": "bnVsbA==",
          "dependencies": [
            "module.s3.aws_s3_bucket.mlops_bucket",
            "module.s3.random_string.bucket_suffix"
          ]
        }
      ]
    },
    {
      "module": "module.s3",
      "mode": "managed",
      "type": "aws_s3_object",
      "name": "folders",
      "provider": "provider[\"registry.terraform.io/hashicorp/aws\"]",
      "instances": [
        {
          "index_key": "configs/",
          "schema_version": 0,
          "attributes": {
            "acl": null,
            "arn": "arn:aws:s3:::house-price-mlops-dev-itzi2hgi/configs/",
            "bucket": "house-price-mlops-dev-itzi2hgi",
            "bucket_key_enabled": false,
            "cache_control": "",
            "checksum_algorithm": null,
            "checksum_crc32": "",
            "checksum_crc32c": "",
            "checksum_crc64nvme": "",
            "checksum_sha1": "",
            "checksum_sha256": "",
            "content": null,
            "content_base64": null,
            "content_disposition": "",
            "content_encoding": "",
            "content_language": "",
            "content_type": "application/x-directory",
            "etag": "d41d8cd98f00b204e9800998ecf8427e",
            "force_destroy": false,
            "id": "configs/",
            "key": "configs/",
            "kms_key_id": null,
            "metadata": {},
            "object_lock_legal_hold_status": "",
            "object_lock_mode": "",
            "object_lock_retain_until_date": "",
            "override_provider": [],
            "server_side_encryption": "AES256",
            "source": null,
            "source_hash": null,
            "storage_class": "STANDARD",
            "tags": {},
            "tags_all": {},
            "version_id": "",
            "website_redirect": ""
          },
          "sensitive_attributes": [],
          "private": "bnVsbA==",
          "dependencies": [
            "module.s3.aws_s3_bucket.mlops_bucket",
            "module.s3.random_string.bucket_suffix"
          ]
        },
        {
          "index_key": "data/featured/",
          "schema_version": 0,
          "attributes": {
            "acl": null,
            "arn": "arn:aws:s3:::house-price-mlops-dev-itzi2hgi/data/featured/",
            "bucket": "house-price-mlops-dev-itzi2hgi",
            "bucket_key_enabled": false,
            "cache_control": "",
            "checksum_algorithm": null,
            "checksum_crc32": "",
            "checksum_crc32c": "",
            "checksum_crc64nvme": "",
            "checksum_sha1": "",
            "checksum_sha256": "",
            "content": null,
            "content_base64": null,
            "content_disposition": "",
            "content_encoding": "",
            "content_language": "",
            "content_type": "application/x-directory",
            "etag": "d41d8cd98f00b204e9800998ecf8427e",
            "force_destroy": false,
            "id": "data/featured/",
            "key": "data/featured/",
            "kms_key_id": null,
            "metadata": {},
            "object_lock_legal_hold_status": "",
            "object_lock_mode": "",
            "object_lock_retain_until_date": "",
            "override_provider": [],
            "server_side_encryption": "AES256",
            "source": null,
            "source_hash": null,
            "storage_class": "STANDARD",
            "tags": {},
            "tags_all": {},
            "version_id": "",
            "website_redirect": ""
          },
          "sensitive_attributes": [],
          "private": "bnVsbA==",
          "dependencies": [
            "module.s3.aws_s3_bucket.mlops_bucket",
            "module.s3.random_string.bucket_suffix"
          ]
        },
        {
          "index_key": "data/processed/",
          "schema_version": 0,
          "attributes": {
            "acl": null,
            "arn": "arn:aws:s3:::house-price-mlops-dev-itzi2hgi/data/processed/",
            "bucket": "house-price-mlops-dev-itzi2hgi",
            "bucket_key_enabled": false,
            "cache_control": "",
            "checksum_algorithm": null,
            "checksum_crc32": "",
            "checksum_crc32c": "",
            "checksum_crc64nvme": "",
            "checksum_sha1": "",
            "checksum_sha256": "",
            "content": null,
            "content_base64": null,
            "content_disposition": "",
            "content_encoding": "",
            "content_language": "",
            "content_type": "application/x-directory",
            "etag": "d41d8cd98f00b204e9800998ecf8427e",
            "force_destroy": false,
            "id": "data/processed/",
            "key": "data/processed/",
            "kms_key_id": null,
            "metadata": {},
            "object_lock_legal_hold_status": "",
            "object_lock_mode": "",
            "object_lock_retain_until_date": "",
            "override_provider": [],
            "server_side_encryption": "AES256",
            "source": null,
            "source_hash": null,
            "storage_class": "STANDARD",
            "tags": {},
            "tags_all": {},
            "version_id": "",
            "website_redirect": ""
          },
          "sensitive_attributes": [],
          "private": "bnVsbA==",
          "dependencies": [
            "module.s3.aws_s3_bucket.mlops_bucket",
            "module.s3.random_string.bucket_suffix"
          ]
        },
        {
          "index_key": "data/raw/",
          "schema_version": 0,
          "attributes": {
            "acl": null,
            "arn": "arn:aws:s3:::house-price-mlops-dev-itzi2hgi/data/raw/",
            "bucket": "house-price-mlops-dev-itzi2hgi",
            "bucket_key_enabled": false,
            "cache_control": "",
            "checksum_algorithm": null,
            "checksum_crc32": "",
            "checksum_crc32c": "",
            "checksum_crc64nvme": "",
            "checksum_sha1": "",
            "checksum_sha256": "",
            "content": null,
            "content_base64": null,
            "content_disposition": "",
            "content_encoding": "",
            "content_language": "",
            "content_type": "application/x-directory",
            "etag": "d41d8cd98f00b204e9800998ecf8427e",
            "force_destroy": false,
            "id": "data/raw/",
            "key": "data/raw/",
            "kms_key_id": null,
            "metadata": {},
            "object_lock_legal_hold_status": "",
            "object_lock_mode": "",
            "object_lock_retain_until_date": "",
            "override_provider": [],
            "server_side_encryption": "AES256",
            "source": null,
            "source_hash": null,
            "storage_class": "STANDARD",
            "tags": {},
            "tags_all": {},
            "version_id": "",
            "website_redirect": ""
          },
          "sensitive_attributes": [],
          "private": "bnVsbA==",
          "dependencies": [
            "module.s3.aws_s3_bucket.mlops_bucket",
            "module.s3.random_string.bucket_suffix"
          ]
        },
        {
          "index_key": "data/test/",
          "schema_version": 0,
          "attributes": {
            "acl": null,
            "arn": "arn:aws:s3:::house-price-mlops-dev-itzi2hgi/data/test/",
            "bucket": "house-price-mlops-dev-itzi2hgi",
            "bucket_key_enabled": false,
            "cache_control": "",
            "checksum_algorithm": null,
            "checksum_crc32": "",
            "checksum_crc32c": "",
            "checksum_crc64nvme": "",
            "checksum_sha1": "",
            "checksum_sha256": "",
            "content": null,
            "content_base64": null,
            "content_disposition": "",
            "content_encoding": "",
            "content_language": "",
            "content_type": "application/x-directory",
            "etag": "d41d8cd98f00b204e9800998ecf8427e",
            "force_destroy": false,
            "id": "data/test/",
            "key": "data/test/",
            "kms_key_id": null,
            "metadata": {},
            "object_lock_legal_hold_status": "",
            "object_lock_mode": "",
            "object_lock_retain_until_date": "",
            "override_provider": [],
            "server_side_encryption": "AES256",
            "source": null,
            "source_hash": null,
            "storage_class": "STANDARD",
            "tags": {},
            "tags_all": {},
            "version_id": "",
            "website_redirect": ""
          },
          "sensitive_attributes": [],
          "private": "bnVsbA==",
          "dependencies": [
            "module.s3.aws_s3_bucket.mlops_bucket",
            "module.s3.random_string.bucket_suffix"
          ]
        },
        {
          "index_key": "logs/",
          "schema_version": 0,
          "attributes": {
            "acl": null,
            "arn": "arn:aws:s3:::house-price-mlops-dev-itzi2hgi/logs/",
            "bucket": "house-price-mlops-dev-itzi2hgi",
            "bucket_key_enabled": false,
            "cache_control": "",
            "checksum_algorithm": null,
            "checksum_crc32": "",
            "checksum_crc32c": "",
            "checksum_crc64nvme": "",
            "checksum_sha1": "",
            "checksum_sha256": "",
            "content": null,
            "content_base64": null,
            "content_disposition": "",
            "content_encoding": "",
            "content_language": "",
            "content_type": "application/x-directory",
            "etag": "d41d8cd98f00b204e9800998ecf8427e",
            "force_destroy": false,
            "id": "logs/",
            "key": "logs/",
            "kms_key_id": null,
            "metadata": {},
            "object_lock_legal_hold_status": "",
            "object_lock_mode": "",
            "object_lock_retain_until_date": "",
            "override_provider": [],
            "server_side_encryption": "AES256",
            "source": null,
            "source_hash": null,
            "storage_class": "STANDARD",
            "tags": {},
            "tags_all": {},
            "version_id": "",
            "website_redirect": ""
          },
          "sensitive_attributes": [],
          "private": "bnVsbA==",
          "dependencies": [
            "module.s3.aws_s3_bucket.mlops_bucket",
            "module.s3.random_string.bucket_suffix"
          ]
        },
        {
          "index_key": "models/artifacts/",
          "schema_version": 0,
          "attributes": {
            "acl": null,
            "arn": "arn:aws:s3:::house-price-mlops-dev-itzi2hgi/models/artifacts/",
            "bucket": "house-price-mlops-dev-itzi2hgi",
            "bucket_key_enabled": false,
            "cache_control": "",
            "checksum_algorithm": null,
            "checksum_crc32": "",
            "checksum_crc32c": "",
            "checksum_crc64nvme": "",
            "checksum_sha1": "",
            "checksum_sha256": "",
            "content": null,
            "content_base64": null,
            "content_disposition": "",
            "content_encoding": "",
            "content_language": "",
            "content_type": "application/x-directory",
            "etag": "d41d8cd98f00b204e9800998ecf8427e",
            "force_destroy": false,
            "id": "models/artifacts/",
            "key": "models/artifacts/",
            "kms_key_id": null,
            "metadata": {},
            "object_lock_legal_hold_status": "",
            "object_lock_mode": "",
            "object_lock_retain_until_date": "",
            "override_provider": [],
            "server_side_encryption": "AES256",
            "source": null,
            "source_hash": null,
            "storage_class": "STANDARD",
            "tags": {},
            "tags_all": {},
            "version_id": "",
            "website_redirect": ""
          },
          "sensitive_attributes": [],
          "private": "bnVsbA==",
          "dependencies": [
            "module.s3.aws_s3_bucket.mlops_bucket",
            "module.s3.random_string.bucket_suffix"
          ]
        },
        {
          "index_key": "models/trained/",
          "schema_version": 0,
          "attributes": {
            "acl": null,
            "arn": "arn:aws:s3:::house-price-mlops-dev-itzi2hgi/models/trained/",
            "bucket": "house-price-mlops-dev-itzi2hgi",
            "bucket_key_enabled": false,
            "cache_control": "",
            "checksum_algorithm": null,
            "checksum_crc32": "",
            "checksum_crc32c": "",
            "checksum_crc64nvme": "",
            "checksum_sha1": "",
            "checksum_sha256": "",
            "content": null,
            "content_base64": null,
            "content_disposition": "",
            "content_encoding": "",
            "content_language": "",
            "content_type": "application/x-directory",
            "etag": "d41d8cd98f00b204e9800998ecf8427e",
            "force_destroy": false,
            "id": "models/trained/",
            "key": "models/trained/",
            "kms_key_id": null,
            "metadata": {},
            "object_lock_legal_hold_status": "",
            "object_lock_mode": "",
            "object_lock_retain_until_date": "",
            "override_provider": [],
            "server_side_encryption": "AES256",
            "source": null,
            "source_hash": null,
            "storage_class": "STANDARD",
            "tags": {},
            "tags_all": {},
            "version_id": "",
            "website_redirect": ""
          },
          "sensitive_attributes": [],
          "private": "bnVsbA==",
          "dependencies": [
            "module.s3.aws_s3_bucket.mlops_bucket",
            "module.s3.random_string.bucket_suffix"
          ]
        },
        {
          "index_key": "pipelines/",
          "schema_version": 0,
          "attributes": {
            "acl": null,
            "arn": "arn:aws:s3:::house-price-mlops-dev-itzi2hgi/pipelines/",
            "bucket": "house-price-mlops-dev-itzi2hgi",
            "bucket_key_enabled": false,
            "cache_control": "",
            "checksum_algorithm": null,
            "checksum_crc32": "",
            "checksum_crc32c": "",
            "checksum_crc64nvme": "",
            "checksum_sha1": "",
            "checksum_sha256": "",
            "content": null,
            "content_base64": null,
            "content_disposition": "",
            "content_encoding": "",
            "content_language": "",
            "content_type": "application/x-directory",
            "etag": "d41d8cd98f00b204e9800998ecf8427e",
            "force_destroy": false,
            "id": "pipelines/",
            "key": "pipelines/",
            "kms_key_id": null,
            "metadata": {},
            "object_lock_legal_hold_status": "",
            "object_lock_mode": "",
            "object_lock_retain_until_date": "",
            "override_provider": [],
            "server_side_encryption": "AES256",
            "source": null,
            "source_hash": null,
            "storage_class": "STANDARD",
            "tags": {},
            "tags_all": {},
            "version_id": "",
            "website_redirect": ""
          },
          "sensitive_attributes": [],
          "private": "bnVsbA==",
          "dependencies": [
            "module.s3.aws_s3_bucket.mlops_bucket",
            "module.s3.random_string.bucket_suffix"
          ]
        }
      ]
    },
    {
      "module": "module.s3",
      "mode": "managed",
      "type": "random_string",
      "name": "bucket_suffix",
      "provider": "provider[\"registry.terraform.io/hashicorp/random\"]",
      "instances": [
        {
          "schema_version": 2,
          "attributes": {
            "id": "itzi2hgi",
            "keepers": null,
            "length": 8,
            "lower": true,
            "min_lower": 0,
            "min_numeric": 0,
            "min_special": 0,
            "min_upper": 0,
            "number": true,
            "numeric": true,
            "override_special": null,
            "result": "itzi2hgi",
            "special": false,
            "upper": false
          },
          "sensitive_attributes": []
        }
      ]
    },
    {
      "module": "module.sagemaker",
      "mode": "data",
      "type": "aws_subnets",
      "name": "default",
      "provider": "provider[\"registry.terraform.io/hashicorp/aws\"]",
      "instances": [
        {
          "schema_version": 0,
          "attributes": {
            "filter": [
              {
                "name": "vpc-id",
                "values": [
                  "vpc-0ec06d2e45d4c6de8"
                ]
              }
            ],
            "id": "us-east-1",
            "ids": [
              "subnet-0c092dfafe0a2b4b2",
              "subnet-08ae0c2b4723f5d9d",
              "subnet-0549136184302920c",
              "subnet-0d2477ce3c2ca92b9",
              "subnet-00d543840efec8c87",
              "subnet-02f04ba7c1bbbf72f"
            ],
            "tags": null,
            "timeouts": null
          },
          "sensitive_attributes": []
        }
      ]
    },
    {
      "module": "module.sagemaker",
      "mode": "data",
      "type": "aws_vpc",
      "name": "default",
      "provider": "provider[\"registry.terraform.io/hashicorp/aws\"]",
      "instances": [
        {
          "schema_version": 0,
          "attributes": {
            "arn": "arn:aws:ec2:us-east-1:482227257362:vpc/vpc-0ec06d2e45d4c6de8",
            "cidr_block": "172.31.0.0/16",
            "cidr_block_associations": [
              {
                "association_id": "vpc-cidr-assoc-0239f84360d217e8d",
                "cidr_block": "172.31.0.0/16",
                "state": "associated"
              }
            ],
            "default": true,
            "dhcp_options_id": "dopt-0223893eb575b76f3",
            "enable_dns_hostnames": true,
            "enable_dns_support": true,
            "enable_network_address_usage_metrics": false,
            "filter": null,
            "id": "vpc-0ec06d2e45d4c6de8",
            "instance_tenancy": "default",
            "ipv6_association_id": "",
            "ipv6_cidr_block": "",
            "main_route_table_id": "rtb-0c458bb92ee07757a",
            "owner_id": "482227257362",
            "state": null,
            "tags": {},
            "timeouts": null
          },
          "sensitive_attributes": []
        }
      ]
    },
    {
      "module": "module.sagemaker",
      "mode": "managed",
      "type": "aws_iam_role",
      "name": "sagemaker_execution_role",
      "provider": "provider[\"registry.terraform.io/hashicorp/aws\"]",
      "instances": [
        {
          "schema_version": 0,
          "attributes": {
            "arn": "arn:aws:iam::482227257362:role/house-price-sagemaker-execution-role",
            "assume_role_policy": "{\"Statement\":[{\"Action\":\"sts:AssumeRole\",\"Effect\":\"Allow\",\"Principal\":{\"Service\":\"sagemaker.amazonaws.com\"}}],\"Version\":\"2012-10-17\"}",
            "create_date": "2025-10-27T16:55:04Z",
            "description": "",
            "force_detach_policies": false,
            "id": "house-price-sagemaker-execution-role",
            "inline_policy": [
              {
                "name": "house-price-s3-mlops-access",
                "policy": "{\"Version\":\"2012-10-17\",\"Statement\":[{\"Action\":[\"s3:GetObject\",\"s3:PutObject\",\"s3:DeleteObject\",\"s3:ListBucket\"],\"Effect\":\"Allow\",\"Resource\":[\"arn:aws:s3:::house-price-mlops-dev-itzi2hgi\",\"arn:aws:s3:::house-price-mlops-dev-itzi2hgi/*\"]}]}"
              },
              {
                "name": "house-price-sagemaker-studio-permissions",
                "policy": "{\"Version\":\"2012-10-17\",\"Statement\":[{\"Action\":[\"sagemaker:CreatePresignedDomainUrl\",\"sagemaker:DescribeDomain\",\"sagemaker:ListDomains\",\"sagemaker:CreateApp\",\"sagemaker:DeleteApp\",\"sagemaker:DescribeApp\",\"sagemaker:ListApps\"],\"Effect\":\"Allow\",\"Resource\":\"*\"}]}"
              }
            ],
            "managed_policy_arns": [
              "arn:aws:iam::aws:policy/AmazonEC2ContainerRegistryReadOnly",
              "arn:aws:iam::aws:policy/AmazonSageMakerCanvasFullAccess",
              "arn:aws:iam::aws:policy/AmazonSageMakerFullAccess"
            ],
            "max_session_duration": 3600,
            "name": "house-price-sagemaker-execution-role",
            "name_prefix": "",
            "path": "/",
            "permissions_boundary": "",
            "tags": {},
            "tags_all": {},
            "unique_id": "AROAXARX4AAJLBH4KZPQC"
          },
          "sensitive_attributes": [],
          "private": "bnVsbA=="
        }
      ]
    },
    {
      "module": "module.sagemaker",
      "mode": "managed",
      "type": "aws_iam_role_policy",
      "name": "s3_mlops_access",
      "provider": "provider[\"registry.terraform.io/hashicorp/aws\"]",
      "instances": [
        {
          "schema_version": 0,
          "attributes": {
            "id": "house-price-sagemaker-execution-role:house-price-s3-mlops-access",
            "name": "house-price-s3-mlops-access",
            "name_prefix": "",
            "policy": "{\"Version\":\"2012-10-17\",\"Statement\":[{\"Action\":[\"s3:GetObject\",\"s3:PutObject\",\"s3:DeleteObject\",\"s3:ListBucket\"],\"Effect\":\"Allow\",\"Resource\":[\"arn:aws:s3:::house-price-mlops-dev-itzi2hgi\",\"arn:aws:s3:::house-price-mlops-dev-itzi2hgi/*\"]}]}",
            "role": "house-price-sagemaker-execution-role"
          },
          "sensitive_attributes": [],
          "private": "bnVsbA==",
          "dependencies": [
            "module.s3.aws_s3_bucket.mlops_bucket",
            "module.s3.random_string.bucket_suffix",
            "module.sagemaker.aws_iam_role.sagemaker_execution_role"
          ]
        }
      ]
    },
    {
      "module": "module.sagemaker",
      "mode": "managed",
      "type": "aws_iam_role_policy",
      "name": "sagemaker_studio_permissions",
      "provider": "provider[\"registry.terraform.io/hashicorp/aws\"]",
      "instances": [
        {
          "schema_version": 0,
          "attributes": {
            "id": "house-price-sagemaker-execution-role:house-price-sagemaker-studio-permissions",
            "name": "house-price-sagemaker-studio-permissions",
            "name_prefix": "",
            "policy": "{\"Version\":\"2012-10-17\",\"Statement\":[{\"Action\":[\"sagemaker:CreatePresignedDomainUrl\",\"sagemaker:DescribeDomain\",\"sagemaker:ListDomains\",\"sagemaker:CreateApp\",\"sagemaker:DeleteApp\",\"sagemaker:DescribeApp\",\"sagemaker:ListApps\"],\"Effect\":\"Allow\",\"Resource\":\"*\"}]}",
            "role": "house-price-sagemaker-execution-role"
          },
          "sensitive_attributes": [],
          "private": "bnVsbA==",
          "dependencies": [
            "module.sagemaker.aws_iam_role.sagemaker_execution_role"
          ]
        }
      ]
    },
    {
      "module": "module.sagemaker",
      "mode": "managed",
      "type": "aws_iam_role_policy_attachment",
      "name": "ecr_policy",
      "provider": "provider[\"registry.terraform.io/hashicorp/aws\"]",
      "instances": [
        {
          "schema_version": 0,
          "attributes": {
            "id": "house-price-sagemaker-execution-role-20251027171054395200000002",
            "policy_arn": "arn:aws:iam::aws:policy/AmazonEC2ContainerRegistryReadOnly",
            "role": "house-price-sagemaker-execution-role"
          },
          "sensitive_attributes": [],
          "private": "bnVsbA==",
          "dependencies": [
            "module.sagemaker.aws_iam_role.sagemaker_execution_role"
          ]
        }
      ]
    },
    {
      "module": "module.sagemaker",
      "mode": "managed",
      "type": "aws_iam_role_policy_attachment",
      "name": "sagemaker_execution_policy",
      "provider": "provider[\"registry.terraform.io/hashicorp/aws\"]",
      "instances": [
        {
          "schema_version": 0,
          "attributes": {
            "id": "house-price-sagemaker-execution-role-20251027165504698700000001",
            "policy_arn": "arn:aws:iam::aws:policy/AmazonSageMakerFullAccess",
            "role": "house-price-sagemaker-execution-role"
          },
          "sensitive_attributes": [],
          "private": "bnVsbA==",
          "dependencies": [
            "module.sagemaker.aws_iam_role.sagemaker_execution_role"
          ]
        }
      ]
    },
    {
      "module": "module.sagemaker",
      "mode": "managed",
      "type": "aws_iam_role_policy_attachment",
      "name": "sagemaker_studio_policy",
      "provider": "provider[\"registry.terraform.io/hashicorp/aws\"]",
      "instances": [
        {
          "schema_version": 0,
          "attributes": {
            "id": "house-price-sagemaker-execution-role-20251027171054367700000001",
            "policy_arn": "arn:aws:iam::aws:policy/AmazonSageMakerCanvasFullAccess",
            "role": "house-price-sagemaker-execution-role"
          },
          "sensitive_attributes": [],
          "private": "bnVsbA==",
          "dependencies": [
            "module.sagemaker.aws_iam_role.sagemaker_execution_role"
          ]
        }
      ]
    },
    {
      "module": "module.sagemaker",
      "mode": "managed",
      "type": "aws_sagemaker_domain",
      "name": "mlops_domain",
      "provider": "provider[\"registry.terraform.io/hashicorp/aws\"]",
      "instances": [
        {
          "schema_version": 0,
          "attributes": {
            "app_network_access_type": "PublicInternetOnly",
            "app_security_group_management": "",
            "arn": "arn:aws:sagemaker:us-east-1:482227257362:domain/d-rr0shep9nrmf",
            "auth_mode": "IAM",
            "default_space_settings": [],
            "default_user_settings": [
              {
                "auto_mount_home_efs": "Enabled",
                "canvas_app_settings": [],
                "code_editor_app_settings": [],
                "custom_file_system_config": [],
                "custom_posix_user_config": [],
                "default_landing_uri": "studio::",
                "execution_role": "arn:aws:iam::482227257362:role/house-price-sagemaker-execution-role",
                "jupyter_lab_app_settings": [],
                "jupyter_server_app_settings": [],
                "kernel_gateway_app_settings": [],
                "r_session_app_settings": [],
                "r_studio_server_pro_app_settings": [],
                "security_groups": [],
                "sharing_settings": [],
                "space_storage_settings": [],
                "studio_web_portal": "ENABLED",
                "studio_web_portal_settings": [],
                "tensor_board_app_settings": []
              }
            ],
            "domain_name": "house-price-mlops-domain",
            "domain_settings": [],
            "home_efs_file_system_id": "fs-0c6a130d608b22676",
            "id": "d-rr0shep9nrmf",
            "kms_key_id": "",
            "retention_policy": [],
            "security_group_id_for_domain_boundary": "",
            "single_sign_on_application_arn": "",
            "single_sign_on_managed_application_instance_id": "",
            "subnet_ids": [
              "subnet-00d543840efec8c87",
              "subnet-02f04ba7c1bbbf72f",
              "subnet-0549136184302920c",
              "subnet-08ae0c2b4723f5d9d",
              "subnet-0c092dfafe0a2b4b2",
              "subnet-0d2477ce3c2ca92b9"
            ],
            "tag_propagation": "DISABLED",
            "tags": {
              "Environment": "dev",
              "Name": "house-price-mlops-domain"
            },
            "tags_all": {
              "Environment": "dev",
              "Name": "house-price-mlops-domain"
            },
            "url": "https://d-rr0shep9nrmf.studio.us-east-1.sagemaker.aws",
            "vpc_id": "vpc-0ec06d2e45d4c6de8"
          },
          "sensitive_attributes": [],
          "private": "bnVsbA==",
          "dependencies": [
            "module.sagemaker.aws_iam_role.sagemaker_execution_role",
            "module.sagemaker.data.aws_subnets.default",
            "module.sagemaker.data.aws_vpc.default"
          ]
        }
      ]
    },
    {
      "module": "module.sagemaker",
      "mode": "managed",
      "type": "aws_sagemaker_user_profile",
      "name": "data_scientist",
      "provider": "provider[\"registry.terraform.io/hashicorp/aws\"]",
      "instances": [
        {
          "schema_version": 0,
          "attributes": {
            "arn": "arn:aws:sagemaker:us-east-1:482227257362:user-profile/d-rr0shep9nrmf/data-scientist",
            "domain_id": "d-rr0shep9nrmf",
            "home_efs_file_system_uid": "200005",
            "id": "arn:aws:sagemaker:us-east-1:482227257362:user-profile/d-rr0shep9nrmf/data-scientist",
            "single_sign_on_user_identifier": "",
            "single_sign_on_user_value": "",
            "tags": {
              "Environment": "dev",
              "Name": "house-price-data-scientist-profile"
            },
            "tags_all": {
              "Environment": "dev",
              "Name": "house-price-data-scientist-profile"
            },
            "user_profile_name": "data-scientist",
            "user_settings": [
              {
                "auto_mount_home_efs": "DefaultAsDomain",
                "canvas_app_settings": [],
                "code_editor_app_settings": [],
                "custom_file_system_config": [],
                "custom_posix_user_config": [],
                "default_landing_uri": "",
                "execution_role": "arn:aws:iam::482227257362:role/house-price-sagemaker-execution-role",
                "jupyter_lab_app_settings": [],
                "jupyter_server_app_settings": [],
                "kernel_gateway_app_settings": [],
                "r_session_app_settings": [],
                "r_studio_server_pro_app_settings": [],
                "security_groups": [],
                "sharing_settings": [],
                "space_storage_settings": [],
                "studio_web_portal": "",
                "studio_web_portal_settings": [],
                "tensor_board_app_settings": []
              }
            ]
          },
          "sensitive_attributes": [],
          "private": "bnVsbA==",
          "dependencies": [
            "module.sagemaker.aws_iam_role.sagemaker_execution_role",
            "module.sagemaker.aws_sagemaker_domain.mlops_domain",
            "module.sagemaker.data.aws_subnets.default",
            "module.sagemaker.data.aws_vpc.default"
          ]
        }
      ]
    },
    {
      "module": "module.sagemaker_pipeline",
      "mode": "managed",
      "type": "aws_sagemaker_pipeline",
      "name": "mlops_pipeline",
      "provider": "provider[\"registry.terraform.io/hashicorp/aws\"]",
      "instances": [
        {
          "schema_version": 0,
          "attributes": {
            "arn": "arn:aws:sagemaker:us-east-1:482227257362:pipeline/house-price-mlops-pipeline",
            "id": "house-price-mlops-pipeline",
            "parallelism_configuration": [],
            "pipeline_definition": "{\"Metadata\":{},\"Parameters\":[{\"DefaultValue\":\"s3://house-price-mlops-dev-itzi2hgi/data/raw/house_data.csv\",\"Name\":\"InputData\",\"Type\":\"String\"},{\"DefaultValue\":\"ml.t3.medium\",\"Name\":\"ProcessingInstanceType\",\"Type\":\"String\"},{\"DefaultValue\":\"ml.m5.large\",\"Name\":\"TrainingInstanceType\",\"Type\":\"String\"}],\"Steps\":[{\"Arguments\":{\"AppSpecification\":{\"ContainerEntrypoint\":[\"python3\",\"/opt/ml/processing/input/code/run_processing.py\"],\"ImageUri\":\"683313688378.dkr.ecr.us-east-1.amazonaws.com/sagemaker-scikit-learn:1.0-1-cpu-py3\"},\"ProcessingInputs\":[{\"AppManaged\":false,\"InputName\":\"input-data\",\"S3Input\":{\"LocalPath\":\"/opt/ml/processing/input\",\"S3DataDistributionType\":\"FullyReplicated\",\"S3DataType\":\"S3Prefix\",\"S3InputMode\":\"File\",\"S3Uri\":{\"Get\":\"Parameters.InputData\"}}},{\"AppManaged\":false,\"InputName\":\"code\",\"S3Input\":{\"LocalPath\":\"/opt/ml/processing/input/code\",\"S3DataDistributionType\":\"FullyReplicated\",\"S3DataType\":\"S3Prefix\",\"S3InputMode\":\"File\",\"S3Uri\":\"s3://house-price-mlops-dev-itzi2hgi/scripts/run_processing.py\"}}],\"ProcessingOutputConfig\":{\"Outputs\":[{\"AppManaged\":false,\"OutputName\":\"processed-data\",\"S3Output\":{\"LocalPath\":\"/opt/ml/processing/output\",\"S3UploadMode\":\"EndOfJob\",\"S3Uri\":\"s3://house-price-mlops-dev-itzi2hgi/data/processed\"}}]},\"ProcessingResources\":{\"ClusterConfig\":{\"InstanceCount\":1,\"InstanceType\":{\"Get\":\"Parameters.ProcessingInstanceType\"},\"VolumeSizeInGB\":30}},\"RoleArn\":\"arn:aws:iam::482227257362:role/house-price-sagemaker-execution-role\"},\"Name\":\"DataProcessing\",\"Type\":\"Processing\"},{\"Arguments\":{\"AppSpecification\":{\"ContainerEntrypoint\":[\"python3\",\"/opt/ml/processing/input/code/engineer.py\"],\"ImageUri\":\"683313688378.dkr.ecr.us-east-1.amazonaws.com/sagemaker-scikit-learn:1.0-1-cpu-py3\"},\"ProcessingInputs\":[{\"AppManaged\":false,\"InputName\":\"processed-data\",\"S3Input\":{\"LocalPath\":\"/opt/ml/processing/input\",\"S3DataDistributionType\":\"FullyReplicated\",\"S3DataType\":\"S3Prefix\",\"S3InputMode\":\"File\",\"S3Uri\":{\"Get\":\"Steps.DataProcessing.ProcessingOutputConfig.Outputs['processed-data'].S3Output.S3Uri\"}}},{\"AppManaged\":false,\"InputName\":\"code\",\"S3Input\":{\"LocalPath\":\"/opt/ml/processing/input/code\",\"S3DataDistributionType\":\"FullyReplicated\",\"S3DataType\":\"S3Prefix\",\"S3InputMode\":\"File\",\"S3Uri\":\"s3://house-price-mlops-dev-itzi2hgi/scripts/engineer.py\"}}],\"ProcessingOutputConfig\":{\"Outputs\":[{\"AppManaged\":false,\"OutputName\":\"featured-data\",\"S3Output\":{\"LocalPath\":\"/opt/ml/processing/output\",\"S3UploadMode\":\"EndOfJob\",\"S3Uri\":\"s3://house-price-mlops-dev-itzi2hgi/data/featured\"}}]},\"ProcessingResources\":{\"ClusterConfig\":{\"InstanceCount\":1,\"InstanceType\":{\"Get\":\"Parameters.ProcessingInstanceType\"},\"VolumeSizeInGB\":30}},\"RoleArn\":\"arn:aws:iam::482227257362:role/house-price-sagemaker-execution-role\"},\"DependsOn\":[\"DataProcessing\"],\"Name\":\"FeatureEngineering\",\"Type\":\"Processing\"},{\"Arguments\":{\"AlgorithmSpecification\":{\"TrainingImage\":\"683313688378.dkr.ecr.us-east-1.amazonaws.com/sagemaker-xgboost:1.5-1\",\"TrainingInputMode\":\"File\"},\"Environment\":{\"S3_BUCKET\":\"house-price-mlops-dev-itzi2hgi\"},\"HyperParameters\":{\"num_round\":\"100\",\"objective\":\"reg:squarederror\"},\"InputDataConfig\":[{\"ChannelName\":\"train\",\"ContentType\":\"text/csv\",\"DataSource\":{\"S3DataSource\":{\"S3DataDistributionType\":\"FullyReplicated\",\"S3DataType\":\"S3Prefix\",\"S3Uri\":{\"Get\":\"Steps.DataProcessing.ProcessingOutputConfig.Outputs['processed-data'].S3Output.S3Uri\"}}},\"InputMode\":\"File\"}],\"OutputDataConfig\":{\"S3OutputPath\":\"s3://house-price-mlops-dev-itzi2hgi/models/trained\"},\"ResourceConfig\":{\"InstanceCount\":1,\"InstanceType\":{\"Get\":\"Parameters.TrainingInstanceType\"},\"VolumeSizeInGB\":30},\"RoleArn\":\"arn:aws:iam::482227257362:role/house-price-sagemaker-execution-role\",\"StoppingCondition\":{\"MaxRuntimeInSeconds\":3600}},\"DependsOn\":[\"FeatureEngineering\"],\"Name\":\"ModelTraining\",\"Type\":\"Training\"},{\"Arguments\":{\"AppSpecification\":{\"ContainerEntrypoint\":[\"python3\",\"/opt/ml/processing/input/code/evaluate.py\"],\"ImageUri\":\"683313688378.dkr.ecr.us-east-1.amazonaws.com/sagemaker-xgboost:1.5-1\"},\"ProcessingInputs\":[{\"AppManaged\":false,\"InputName\":\"model\",\"S3Input\":{\"LocalPath\":\"/opt/ml/processing/input/model\",\"S3DataDistributionType\":\"FullyReplicated\",\"S3DataType\":\"S3Prefix\",\"S3InputMode\":\"File\",\"S3Uri\":{\"Get\":\"Steps.ModelTraining.ModelArtifacts.S3ModelArtifacts\"}}},{\"AppManaged\":false,\"InputName\":\"test-data\",\"S3Input\":{\"LocalPath\":\"/opt/ml/processing/input/data\",\"S3DataDistributionType\":\"FullyReplicated\",\"S3DataType\":\"S3Prefix\",\"S3InputMode\":\"File\",\"S3Uri\":\"s3://house-price-mlops-dev-itzi2hgi/data/test/test.csv\"}},{\"AppManaged\":false,\"InputName\":\"code\",\"S3Input\":{\"LocalPath\":\"/opt/ml/processing/input/code\",\"S3DataDistributionType\":\"FullyReplicated\",\"S3DataType\":\"S3Prefix\",\"S3InputMode\":\"File\",\"S3Uri\":\"s3://house-price-mlops-dev-itzi2hgi/scripts/evaluate.py\"}}],\"ProcessingOutputConfig\":{\"Outputs\":[{\"AppManaged\":false,\"OutputName\":\"evaluation-report\",\"S3Output\":{\"LocalPath\":\"/opt/ml/processing/output\",\"S3UploadMode\":\"EndOfJob\",\"S3Uri\":\"s3://house-price-mlops-dev-itzi2hgi/evaluation/reports\"}}]},\"ProcessingResources\":{\"ClusterConfig\":{\"InstanceCount\":1,\"InstanceType\":{\"Get\":\"Parameters.ProcessingInstanceType\"},\"VolumeSizeInGB\":30}},\"RoleArn\":\"arn:aws:iam::482227257362:role/house-price-sagemaker-execution-role\"},\"DependsOn\":[\"ModelTraining\"],\"Name\":\"ModelEvaluation\",\"Type\":\"Processing\"},{\"Arguments\":{\"AppSpecification\":{\"ContainerEntrypoint\":[\"python3\",\"/opt/ml/processing/input/code/register_model.py\"],\"ImageUri\":\"683313688378.dkr.ecr.us-east-1.amazonaws.com/sagemaker-scikit-learn:1.0-1-cpu-py3\"},\"Environment\":{\"AWS_DEFAULT_REGION\":\"us-east-1\"},\"ProcessingInputs\":[{\"AppManaged\":false,\"InputName\":\"evaluation-report\",\"S3Input\":{\"LocalPath\":\"/opt/ml/processing/input/evaluation\",\"S3DataDistributionType\":\"FullyReplicated\",\"S3DataType\":\"S3Prefix\",\"S3InputMode\":\"File\",\"S3Uri\":{\"Get\":\"Steps.ModelEvaluation.ProcessingOutputConfig.Outputs['evaluation-report'].S3Output.S3Uri\"}}},{\"AppManaged\":false,\"InputName\":\"code\",\"S3Input\":{\"LocalPath\":\"/opt/ml/processing/input/code\",\"S3DataDistributionType\":\"FullyReplicated\",\"S3DataType\":\"S3Prefix\",\"S3InputMode\":\"File\",\"S3Uri\":\"s3://house-price-mlops-dev-itzi2hgi/scripts/register_model.py\"}}],\"ProcessingOutputConfig\":{\"Outputs\":[{\"AppManaged\":false,\"OutputName\":\"registration-metadata\",\"S3Output\":{\"LocalPath\":\"/opt/ml/processing/output\",\"S3UploadMode\":\"EndOfJob\",\"S3Uri\":\"s3://house-price-mlops-dev-itzi2hgi/models/registry\"}}]},\"ProcessingResources\":{\"ClusterConfig\":{\"InstanceCount\":1,\"InstanceType\":{\"Get\":\"Parameters.ProcessingInstanceType\"},\"VolumeSizeInGB\":30}},\"RoleArn\":\"arn:aws:iam::482227257362:role/house-price-sagemaker-execution-role\"},\"DependsOn\":[\"ModelEvaluation\"],\"Name\":\"ModelRegistration\",\"Type\":\"Processing\"}],\"Version\":\"2020-12-01\"}",
            "pipeline_definition_s3_location": [],
            "pipeline_description": "",
            "pipeline_display_name": "House-Price-MLOps-Pipeline",
            "pipeline_name": "house-price-mlops-pipeline",
            "role_arn": "arn:aws:iam::482227257362:role/house-price-sagemaker-execution-role",
            "tags": {
              "Environment": "dev",
              "Name": "house-price-mlops-pipeline",
              "Purpose": "MLOps-Pipeline"
            },
            "tags_all": {
              "Environment": "dev",
              "Name": "house-price-mlops-pipeline",
              "Purpose": "MLOps-Pipeline"
            }
          },
          "sensitive_attributes": [],
          "private": "bnVsbA==",
          "dependencies": [
            "module.s3.aws_s3_bucket.mlops_bucket",
            "module.s3.random_string.bucket_suffix",
            "module.sagemaker.aws_iam_role.sagemaker_execution_role"
          ]
        }
      ]
    }
  ],
  "check_results": null
}
