{
  "version": 4,
  "terraform_version": "1.11.3",
  "serial": 855,
  "lineage": "72d7e31b-8ddf-0c6c-1f81-c58fb1f70b8f",
  "outputs": {
    "airflow_server_ip": {
      "value": "44.195.50.213",
      "type": "string"
    },
    "airflow_server_url": {
      "value": "http://44.195.50.213:8080",
      "type": "string"
    },
    "bamboo_instance_id": {
      "value": "i-0d5a17e1f97270f1e",
      "type": "string"
    },
    "bamboo_server_url": {
      "value": "http://3.95.170.192:8085",
      "type": "string"
    },
    "deployment_codebuild_arn": {
      "value": "arn:aws:codebuild:us-east-1:482227257362:project/house-price-deploy-model",
      "type": "string"
    },
    "deployment_pipeline_arn": {
      "value": "arn:aws:codepipeline:us-east-1:482227257362:house-price-deployment-pipeline",
      "type": "string"
    },
    "eks_cluster_endpoint": {
      "value": "https://09D29E4579D41A9DE1F665224371A33F.sk1.us-east-1.eks.amazonaws.com",
      "type": "string"
    },
    "eks_cluster_name": {
      "value": "MLOps-eks-cluster",
      "type": "string"
    },
    "eks_oidc_provider_arn": {
      "value": "arn:aws:iam::482227257362:oidc-provider/oidc.eks.us-east-1.amazonaws.com/id/09D29E4579D41A9DE1F665224371A33F",
      "type": "string"
    },
    "github_actions_role_arn": {
      "value": "arn:aws:iam::482227257362:role/MLOps-github-actions-role",
      "type": "string"
    },
    "mlflow_server_ip": {
      "value": "23.21.206.232",
      "type": "string"
    },
    "mlflow_server_url": {
      "value": "http://23.21.206.232:5000",
      "type": "string"
    },
    "s3_bucket_arn": {
      "value": "arn:aws:s3:::house-price-mlops-dev-itzi2hgi",
      "type": "string"
    },
    "s3_bucket_name": {
      "value": "house-price-mlops-dev-itzi2hgi",
      "type": "string"
    },
    "sagemaker_domain_id": {
      "value": "d-rr0shep9nrmf",
      "type": "string"
    },
    "sagemaker_execution_role_arn": {
      "value": "arn:aws:iam::482227257362:role/MLOps-sagemaker-execution-role",
      "type": "string"
    },
    "sagemaker_pipeline_arn": {
      "value": "arn:aws:sagemaker:us-east-1:482227257362:pipeline/house-price-mlops-pipeline",
      "type": "string"
    },
    "sagemaker_pipeline_name": {
      "value": "house-price-mlops-pipeline",
      "type": "string"
    },
    "sagemaker_user_profile_arn": {
      "value": "arn:aws:sagemaker:us-east-1:482227257362:user-profile/d-rr0shep9nrmf/data-scientist",
      "type": "string"
    }
  },
  "resources": [
    {
      "mode": "data",
      "type": "aws_caller_identity",
      "name": "current",
      "provider": "provider[\"registry.terraform.io/hashicorp/aws\"]",
      "instances": [
        {
          "schema_version": 0,
          "attributes": {
            "account_id": "482227257362",
            "arn": "arn:aws:iam::482227257362:user/venkat_admin",
            "id": "482227257362",
            "user_id": "AIDAXARX4AAJMQMYSP65A"
          },
          "sensitive_attributes": []
        }
      ]
    },
    {
      "module": "module.airflow_server",
      "mode": "managed",
      "type": "aws_eip",
      "name": "airflow_eip",
      "provider": "provider[\"registry.terraform.io/hashicorp/aws\"]",
      "instances": [
        {
          "schema_version": 0,
          "attributes": {
            "address": null,
            "allocation_id": "eipalloc-04a9400c2ad65f5f8",
            "arn": "arn:aws:ec2:us-east-1:482227257362:elastic-ip/eipalloc-04a9400c2ad65f5f8",
            "associate_with_private_ip": null,
            "association_id": "eipassoc-0222186e316ce6610",
            "carrier_ip": "",
            "customer_owned_ip": "",
            "customer_owned_ipv4_pool": "",
            "domain": "vpc",
            "id": "eipalloc-04a9400c2ad65f5f8",
            "instance": "i-0d6b6fc157f85bce8",
            "ipam_pool_id": null,
            "network_border_group": "us-east-1",
            "network_interface": "eni-0a3f44f50abf71b85",
            "private_dns": "ip-172-31-71-100.ec2.internal",
            "private_ip": "172.31.71.100",
            "ptr_record": "",
            "public_dns": "ec2-44-195-50-213.compute-1.amazonaws.com",
            "public_ip": "44.195.50.213",
            "public_ipv4_pool": "amazon",
            "tags": {
              "Name": "house-price-airflow-eip"
            },
            "tags_all": {
              "Name": "house-price-airflow-eip"
            },
            "timeouts": null,
            "vpc": true
          },
          "sensitive_attributes": [],
          "private": "eyJlMmJmYjczMC1lY2FhLTExZTYtOGY4OC0zNDM2M2JjN2M0YzAiOnsiZGVsZXRlIjoxODAwMDAwMDAwMDAsInJlYWQiOjkwMDAwMDAwMDAwMCwidXBkYXRlIjozMDAwMDAwMDAwMDB9fQ=="
        }
      ]
    },
    {
      "module": "module.airflow_server",
      "mode": "managed",
      "type": "aws_eip_association",
      "name": "airflow_eip_assoc",
      "provider": "provider[\"registry.terraform.io/hashicorp/aws\"]",
      "instances": [
        {
          "schema_version": 0,
          "attributes": {
            "allocation_id": "eipalloc-04a9400c2ad65f5f8",
            "allow_reassociation": null,
            "id": "eipassoc-0222186e316ce6610",
            "instance_id": "i-0d6b6fc157f85bce8",
            "network_interface_id": "eni-0a3f44f50abf71b85",
            "private_ip_address": "172.31.71.100",
            "public_ip": "44.195.50.213"
          },
          "sensitive_attributes": [],
          "private": "bnVsbA==",
          "dependencies": [
            "module.airflow_server.aws_eip.airflow_eip",
            "module.airflow_server.aws_iam_instance_profile.airflow_profile",
            "module.airflow_server.aws_iam_role.airflow_role",
            "module.airflow_server.aws_instance.airflow_server",
            "module.airflow_server.aws_security_group.airflow_sg",
            "module.rds.aws_db_instance.airflow_db",
            "module.rds.aws_db_subnet_group.airflow_db_subnet_group",
            "module.rds.aws_security_group.airflow_db_sg",
            "module.rds.data.aws_subnets.default",
            "module.rds.data.aws_vpc.default"
          ]
        }
      ]
    },
    {
      "module": "module.airflow_server",
      "mode": "managed",
      "type": "aws_iam_instance_profile",
      "name": "airflow_profile",
      "provider": "provider[\"registry.terraform.io/hashicorp/aws\"]",
      "instances": [
        {
          "schema_version": 0,
          "attributes": {
            "arn": "arn:aws:iam::482227257362:instance-profile/house-price-airflow-profile",
            "create_date": "2025-11-19T00:28:06Z",
            "id": "house-price-airflow-profile",
            "name": "house-price-airflow-profile",
            "name_prefix": "",
            "path": "/",
            "role": "house-price-airflow-role",
            "tags": {},
            "tags_all": {},
            "unique_id": "AIPAXARX4AAJDQSZNCNXY"
          },
          "sensitive_attributes": [],
          "private": "bnVsbA==",
          "dependencies": [
            "module.airflow_server.aws_iam_role.airflow_role"
          ]
        }
      ]
    },
    {
      "module": "module.airflow_server",
      "mode": "managed",
      "type": "aws_iam_role",
      "name": "airflow_role",
      "provider": "provider[\"registry.terraform.io/hashicorp/aws\"]",
      "instances": [
        {
          "schema_version": 0,
          "attributes": {
            "arn": "arn:aws:iam::482227257362:role/house-price-airflow-role",
            "assume_role_policy": "{\"Statement\":[{\"Action\":\"sts:AssumeRole\",\"Effect\":\"Allow\",\"Principal\":{\"Service\":\"ec2.amazonaws.com\"}}],\"Version\":\"2012-10-17\"}",
            "create_date": "2025-11-19T00:28:06Z",
            "description": "",
            "force_detach_policies": false,
            "id": "house-price-airflow-role",
            "inline_policy": [
              {
                "name": "house-price-airflow-policy",
                "policy": "{\"Version\":\"2012-10-17\",\"Statement\":[{\"Action\":[\"sagemaker:*\",\"s3:*\",\"ssm:*\",\"ssmmessages:*\",\"ec2messages:*\"],\"Effect\":\"Allow\",\"Resource\":\"*\"}]}"
              },
              {
                "name": "house-price-airflow-s3-access",
                "policy": "{\"Version\":\"2012-10-17\",\"Statement\":[{\"Action\":[\"s3:GetObject\",\"s3:ListBucket\"],\"Effect\":\"Allow\",\"Resource\":[\"arn:aws:s3:::house-price-mlops-dev-itzi2hgi\",\"arn:aws:s3:::house-price-mlops-dev-itzi2hgi/*\"]}]}"
              }
            ],
            "managed_policy_arns": [],
            "max_session_duration": 3600,
            "name": "house-price-airflow-role",
            "name_prefix": "",
            "path": "/",
            "permissions_boundary": "",
            "tags": {},
            "tags_all": {},
            "unique_id": "AROAXARX4AAJO5HKYS4KU"
          },
          "sensitive_attributes": [],
          "private": "bnVsbA=="
        }
      ]
    },
    {
      "module": "module.airflow_server",
      "mode": "managed",
      "type": "aws_iam_role_policy",
      "name": "airflow_policy",
      "provider": "provider[\"registry.terraform.io/hashicorp/aws\"]",
      "instances": [
        {
          "schema_version": 0,
          "attributes": {
            "id": "house-price-airflow-role:house-price-airflow-policy",
            "name": "house-price-airflow-policy",
            "name_prefix": "",
            "policy": "{\"Version\":\"2012-10-17\",\"Statement\":[{\"Action\":[\"sagemaker:*\",\"s3:*\",\"ssm:*\",\"ssmmessages:*\",\"ec2messages:*\"],\"Effect\":\"Allow\",\"Resource\":\"*\"}]}",
            "role": "house-price-airflow-role"
          },
          "sensitive_attributes": [],
          "private": "bnVsbA==",
          "dependencies": [
            "module.airflow_server.aws_iam_role.airflow_role"
          ]
        }
      ]
    },
    {
      "module": "module.airflow_server",
      "mode": "managed",
      "type": "aws_instance",
      "name": "airflow_server",
      "provider": "provider[\"registry.terraform.io/hashicorp/aws\"]",
      "instances": [
        {
          "schema_version": 1,
          "attributes": {
            "ami": "ami-0fc5d935ebf8bc3bc",
            "arn": "arn:aws:ec2:us-east-1:482227257362:instance/i-0d6b6fc157f85bce8",
            "associate_public_ip_address": true,
            "availability_zone": "us-east-1f",
            "capacity_reservation_specification": [
              {
                "capacity_reservation_preference": "open",
                "capacity_reservation_target": []
              }
            ],
            "cpu_core_count": 1,
            "cpu_options": [
              {
                "amd_sev_snp": "",
                "core_count": 1,
                "threads_per_core": 2
              }
            ],
            "cpu_threads_per_core": 2,
            "credit_specification": [
              {
                "cpu_credits": "unlimited"
              }
            ],
            "disable_api_stop": false,
            "disable_api_termination": false,
            "ebs_block_device": [],
            "ebs_optimized": false,
            "enable_primary_ipv6": null,
            "enclave_options": [
              {
                "enabled": false
              }
            ],
            "ephemeral_block_device": [],
            "get_password_data": false,
            "hibernation": false,
            "host_id": "",
            "host_resource_group_arn": null,
            "iam_instance_profile": "house-price-airflow-profile",
            "id": "i-0d6b6fc157f85bce8",
            "instance_initiated_shutdown_behavior": "stop",
            "instance_lifecycle": "",
            "instance_market_options": [],
            "instance_state": "stopped",
            "instance_type": "t3.small",
            "ipv6_address_count": 0,
            "ipv6_addresses": [],
            "key_name": "",
            "launch_template": [],
            "maintenance_options": [
              {
                "auto_recovery": "default"
              }
            ],
            "metadata_options": [
              {
                "http_endpoint": "enabled",
                "http_protocol_ipv6": "disabled",
                "http_put_response_hop_limit": 1,
                "http_tokens": "optional",
                "instance_metadata_tags": "disabled"
              }
            ],
            "monitoring": false,
            "network_interface": [],
            "outpost_arn": "",
            "password_data": "",
            "placement_group": "",
            "placement_partition_number": 0,
            "primary_network_interface_id": "eni-0a3f44f50abf71b85",
            "private_dns": "ip-172-31-71-100.ec2.internal",
            "private_dns_name_options": [
              {
                "enable_resource_name_dns_a_record": false,
                "enable_resource_name_dns_aaaa_record": false,
                "hostname_type": "ip-name"
              }
            ],
            "private_ip": "172.31.71.100",
            "public_dns": "ec2-44-195-50-213.compute-1.amazonaws.com",
            "public_ip": "44.195.50.213",
            "root_block_device": [
              {
                "delete_on_termination": true,
                "device_name": "/dev/sda1",
                "encrypted": false,
                "iops": 100,
                "kms_key_id": "",
                "tags": {},
                "tags_all": {},
                "throughput": 0,
                "volume_id": "vol-0836da160a42d4a9c",
                "volume_size": 8,
                "volume_type": "gp2"
              }
            ],
            "secondary_private_ips": [],
            "security_groups": [
              "house-price-airflow-sg20251119002806319900000001"
            ],
            "source_dest_check": true,
            "spot_instance_request_id": "",
            "subnet_id": "subnet-00d543840efec8c87",
            "tags": {
              "Name": "house-price-airflow-server"
            },
            "tags_all": {
              "Name": "house-price-airflow-server"
            },
            "tenancy": "default",
            "timeouts": null,
            "user_data": "80787253b482d948613541c1a6ff2fd2b1f0b491",
            "user_data_base64": null,
            "user_data_replace_on_change": false,
            "volume_tags": null,
            "vpc_security_group_ids": [
              "sg-06499afc15d4c59c1"
            ]
          },
          "sensitive_attributes": [
            [
              {
                "type": "get_attr",
                "value": "user_data"
              }
            ]
          ],
          "private": "eyJlMmJmYjczMC1lY2FhLTExZTYtOGY4OC0zNDM2M2JjN2M0YzAiOnsiY3JlYXRlIjo2MDAwMDAwMDAwMDAsImRlbGV0ZSI6MTIwMDAwMDAwMDAwMCwicmVhZCI6OTAwMDAwMDAwMDAwLCJ1cGRhdGUiOjYwMDAwMDAwMDAwMH0sInNjaGVtYV92ZXJzaW9uIjoiMSJ9",
          "dependencies": [
            "module.airflow_server.aws_iam_instance_profile.airflow_profile",
            "module.airflow_server.aws_iam_role.airflow_role",
            "module.airflow_server.aws_security_group.airflow_sg",
            "module.rds.aws_db_instance.airflow_db",
            "module.rds.aws_db_subnet_group.airflow_db_subnet_group",
            "module.rds.aws_security_group.airflow_db_sg",
            "module.rds.data.aws_subnets.default",
            "module.rds.data.aws_vpc.default"
          ]
        }
      ]
    },
    {
      "module": "module.airflow_server",
      "mode": "managed",
      "type": "aws_security_group",
      "name": "airflow_sg",
      "provider": "provider[\"registry.terraform.io/hashicorp/aws\"]",
      "instances": [
        {
          "schema_version": 1,
          "attributes": {
            "arn": "arn:aws:ec2:us-east-1:482227257362:security-group/sg-06499afc15d4c59c1",
            "description": "Managed by Terraform",
            "egress": [
              {
                "cidr_blocks": [
                  "0.0.0.0/0"
                ],
                "description": "",
                "from_port": 0,
                "ipv6_cidr_blocks": [],
                "prefix_list_ids": [],
                "protocol": "-1",
                "security_groups": [],
                "self": false,
                "to_port": 0
              }
            ],
            "id": "sg-06499afc15d4c59c1",
            "ingress": [
              {
                "cidr_blocks": [
                  "0.0.0.0/0"
                ],
                "description": "",
                "from_port": 22,
                "ipv6_cidr_blocks": [],
                "prefix_list_ids": [],
                "protocol": "tcp",
                "security_groups": [],
                "self": false,
                "to_port": 22
              },
              {
                "cidr_blocks": [
                  "0.0.0.0/0"
                ],
                "description": "",
                "from_port": 8080,
                "ipv6_cidr_blocks": [],
                "prefix_list_ids": [],
                "protocol": "tcp",
                "security_groups": [],
                "self": false,
                "to_port": 8080
              }
            ],
            "name": "house-price-airflow-sg20251119002806319900000001",
            "name_prefix": "house-price-airflow-sg",
            "owner_id": "482227257362",
            "revoke_rules_on_delete": false,
            "tags": {},
            "tags_all": {},
            "timeouts": null,
            "vpc_id": "vpc-0ec06d2e45d4c6de8"
          },
          "sensitive_attributes": [],
          "private": "eyJlMmJmYjczMC1lY2FhLTExZTYtOGY4OC0zNDM2M2JjN2M0YzAiOnsiY3JlYXRlIjo2MDAwMDAwMDAwMDAsImRlbGV0ZSI6OTAwMDAwMDAwMDAwfSwic2NoZW1hX3ZlcnNpb24iOiIxIn0="
        }
      ]
    },
    {
      "module": "module.bamboo_server",
      "mode": "data",
      "type": "aws_ssm_parameter",
      "name": "al2023_ami",
      "provider": "provider[\"registry.terraform.io/hashicorp/aws\"]",
      "instances": [
        {
          "schema_version": 0,
          "attributes": {
            "arn": "arn:aws:ssm:us-east-1::parameter/aws/service/ami-amazon-linux-latest/al2023-ami-kernel-6.1-x86_64",
            "id": "/aws/service/ami-amazon-linux-latest/al2023-ami-kernel-6.1-x86_64",
            "insecure_value": "ami-0532be01f26a3de55",
            "name": "/aws/service/ami-amazon-linux-latest/al2023-ami-kernel-6.1-x86_64",
            "type": "String",
            "value": "ami-0532be01f26a3de55",
            "version": 145,
            "with_decryption": true
          },
          "sensitive_attributes": [
            [
              {
                "type": "get_attr",
                "value": "value"
              }
            ]
          ]
        }
      ]
    },
    {
      "module": "module.bamboo_server",
      "mode": "managed",
      "type": "aws_iam_instance_profile",
      "name": "bamboo_profile",
      "provider": "provider[\"registry.terraform.io/hashicorp/aws\"]",
      "instances": [
        {
          "schema_version": 0,
          "attributes": {
            "arn": "arn:aws:iam::482227257362:instance-profile/house-price-bamboo-profile",
            "create_date": "2026-01-30T15:37:02Z",
            "id": "house-price-bamboo-profile",
            "name": "house-price-bamboo-profile",
            "name_prefix": "",
            "path": "/",
            "role": "house-price-bamboo-role",
            "tags": {},
            "tags_all": {},
            "unique_id": "AIPAXARX4AAJGS3ZP5AYZ"
          },
          "sensitive_attributes": [],
          "private": "bnVsbA==",
          "dependencies": [
            "module.bamboo_server.aws_iam_role.bamboo_role"
          ],
          "create_before_destroy": true
        }
      ]
    },
    {
      "module": "module.bamboo_server",
      "mode": "managed",
      "type": "aws_iam_role",
      "name": "bamboo_role",
      "provider": "provider[\"registry.terraform.io/hashicorp/aws\"]",
      "instances": [
        {
          "schema_version": 0,
          "attributes": {
            "arn": "arn:aws:iam::482227257362:role/house-price-bamboo-role",
            "assume_role_policy": "{\"Statement\":[{\"Action\":\"sts:AssumeRole\",\"Effect\":\"Allow\",\"Principal\":{\"Service\":\"ec2.amazonaws.com\"}}],\"Version\":\"2012-10-17\"}",
            "create_date": "2026-01-30T15:37:02Z",
            "description": "",
            "force_detach_policies": false,
            "id": "house-price-bamboo-role",
            "inline_policy": [],
            "managed_policy_arns": [
              "arn:aws:iam::aws:policy/AmazonSSMManagedInstanceCore"
            ],
            "max_session_duration": 3600,
            "name": "house-price-bamboo-role",
            "name_prefix": "",
            "path": "/",
            "permissions_boundary": "",
            "tags": {},
            "tags_all": {},
            "unique_id": "AROAXARX4AAJDL3AH5P4X"
          },
          "sensitive_attributes": [],
          "private": "bnVsbA==",
          "create_before_destroy": true
        }
      ]
    },
    {
      "module": "module.bamboo_server",
      "mode": "managed",
      "type": "aws_iam_role_policy_attachment",
      "name": "ssm_policy",
      "provider": "provider[\"registry.terraform.io/hashicorp/aws\"]",
      "instances": [
        {
          "schema_version": 0,
          "attributes": {
            "id": "house-price-bamboo-role-20260130153702744500000001",
            "policy_arn": "arn:aws:iam::aws:policy/AmazonSSMManagedInstanceCore",
            "role": "house-price-bamboo-role"
          },
          "sensitive_attributes": [],
          "private": "bnVsbA==",
          "dependencies": [
            "module.bamboo_server.aws_iam_role.bamboo_role"
          ]
        }
      ]
    },
    {
      "module": "module.bamboo_server",
      "mode": "managed",
      "type": "aws_security_group",
      "name": "bamboo_sg",
      "provider": "provider[\"registry.terraform.io/hashicorp/aws\"]",
      "instances": [
        {
          "schema_version": 1,
          "attributes": {
            "arn": "arn:aws:ec2:us-east-1:482227257362:security-group/sg-03048dac5d8b09824",
            "description": "Security group for Bamboo server",
            "egress": [
              {
                "cidr_blocks": [
                  "0.0.0.0/0"
                ],
                "description": "",
                "from_port": 0,
                "ipv6_cidr_blocks": [],
                "prefix_list_ids": [],
                "protocol": "-1",
                "security_groups": [],
                "self": false,
                "to_port": 0
              }
            ],
            "id": "sg-03048dac5d8b09824",
            "ingress": [
              {
                "cidr_blocks": [
                  "0.0.0.0/0"
                ],
                "description": "",
                "from_port": 22,
                "ipv6_cidr_blocks": [],
                "prefix_list_ids": [],
                "protocol": "tcp",
                "security_groups": [],
                "self": false,
                "to_port": 22
              },
              {
                "cidr_blocks": [
                  "0.0.0.0/0"
                ],
                "description": "",
                "from_port": 8085,
                "ipv6_cidr_blocks": [],
                "prefix_list_ids": [],
                "protocol": "tcp",
                "security_groups": [],
                "self": false,
                "to_port": 8085
              }
            ],
            "name": "house-price-bamboo-sg",
            "name_prefix": "",
            "owner_id": "482227257362",
            "revoke_rules_on_delete": false,
            "tags": {
              "Name": "house-price-bamboo-sg"
            },
            "tags_all": {
              "Name": "house-price-bamboo-sg"
            },
            "timeouts": null,
            "vpc_id": "vpc-0ec06d2e45d4c6de8"
          },
          "sensitive_attributes": [],
          "private": "eyJlMmJmYjczMC1lY2FhLTExZTYtOGY4OC0zNDM2M2JjN2M0YzAiOnsiY3JlYXRlIjo2MDAwMDAwMDAwMDAsImRlbGV0ZSI6OTAwMDAwMDAwMDAwfSwic2NoZW1hX3ZlcnNpb24iOiIxIn0=",
          "create_before_destroy": true
        }
      ]
    },
    {
      "module": "module.deployment_pipeline",
      "mode": "managed",
      "type": "aws_cloudwatch_event_rule",
      "name": "model_approval",
      "provider": "provider[\"registry.terraform.io/hashicorp/aws\"]",
      "instances": [
        {
          "schema_version": 1,
          "attributes": {
            "arn": "arn:aws:events:us-east-1:482227257362:rule/house-price-model-approval-trigger",
            "description": "Trigger deployment pipeline when model is approved",
            "event_bus_name": "default",
            "event_pattern": "{\"detail\":{\"ModelPackageStatus\":[\"Approved\"]},\"detail-type\":[\"SageMaker Model Package State Change\"],\"source\":[\"aws.sagemaker\"]}",
            "force_destroy": false,
            "id": "house-price-model-approval-trigger",
            "is_enabled": true,
            "name": "house-price-model-approval-trigger",
            "name_prefix": "",
            "role_arn": "",
            "schedule_expression": "",
            "state": "ENABLED",
            "tags": {},
            "tags_all": {}
          },
          "sensitive_attributes": [],
          "private": "eyJzY2hlbWFfdmVyc2lvbiI6IjEifQ=="
        }
      ]
    },
    {
      "module": "module.deployment_pipeline",
      "mode": "managed",
      "type": "aws_cloudwatch_event_target",
      "name": "codepipeline_target",
      "provider": "provider[\"registry.terraform.io/hashicorp/aws\"]",
      "instances": [
        {
          "schema_version": 1,
          "attributes": {
            "appsync_target": [],
            "arn": "arn:aws:codepipeline:us-east-1:482227257362:house-price-deployment-pipeline",
            "batch_target": [],
            "dead_letter_config": [],
            "ecs_target": [],
            "event_bus_name": "default",
            "force_destroy": false,
            "http_target": [],
            "id": "house-price-model-approval-trigger-CodePipelineTarget",
            "input": "",
            "input_path": "",
            "input_transformer": [],
            "kinesis_target": [],
            "redshift_target": [],
            "retry_policy": [],
            "role_arn": "arn:aws:iam::482227257362:role/house-price-eventbridge-role",
            "rule": "house-price-model-approval-trigger",
            "run_command_targets": [],
            "sagemaker_pipeline_target": [],
            "sqs_target": [],
            "target_id": "CodePipelineTarget"
          },
          "sensitive_attributes": [],
          "private": "eyJzY2hlbWFfdmVyc2lvbiI6IjEifQ==",
          "dependencies": [
            "module.deployment_pipeline.aws_cloudwatch_event_rule.model_approval",
            "module.deployment_pipeline.aws_codebuild_project.deploy_model",
            "module.deployment_pipeline.aws_codepipeline.deployment_pipeline",
            "module.deployment_pipeline.aws_iam_role.codebuild_role",
            "module.deployment_pipeline.aws_iam_role.codepipeline_role",
            "module.deployment_pipeline.aws_iam_role.eventbridge_role",
            "module.deployment_pipeline.aws_s3_bucket.codepipeline_artifacts",
            "module.deployment_pipeline.random_string.suffix",
            "module.s3.aws_s3_bucket.mlops_bucket",
            "module.s3.random_string.bucket_suffix"
          ]
        }
      ]
    },
    {
      "module": "module.deployment_pipeline",
      "mode": "managed",
      "type": "aws_codebuild_project",
      "name": "deploy_model",
      "provider": "provider[\"registry.terraform.io/hashicorp/aws\"]",
      "instances": [
        {
          "schema_version": 0,
          "attributes": {
            "arn": "arn:aws:codebuild:us-east-1:482227257362:project/house-price-deploy-model",
            "artifacts": [
              {
                "artifact_identifier": "",
                "bucket_owner_access": "",
                "encryption_disabled": false,
                "location": "",
                "name": "house-price-deploy-model",
                "namespace_type": "",
                "override_artifact_name": false,
                "packaging": "NONE",
                "path": "",
                "type": "CODEPIPELINE"
              }
            ],
            "badge_enabled": false,
            "badge_url": "",
            "build_batch_config": [],
            "build_timeout": 60,
            "cache": [
              {
                "location": "",
                "modes": [],
                "type": "NO_CACHE"
              }
            ],
            "concurrent_build_limit": 0,
            "description": "",
            "encryption_key": "arn:aws:kms:us-east-1:482227257362:alias/aws/s3",
            "environment": [
              {
                "certificate": "",
                "compute_type": "BUILD_GENERAL1_SMALL",
                "environment_variable": [
                  {
                    "name": "S3_BUCKET",
                    "type": "PLAINTEXT",
                    "value": "house-price-mlops-dev-itzi2hgi"
                  }
                ],
                "fleet": [],
                "image": "aws/codebuild/amazonlinux2-x86_64-standard:3.0",
                "image_pull_credentials_type": "CODEBUILD",
                "privileged_mode": false,
                "registry_credential": [],
                "type": "LINUX_CONTAINER"
              }
            ],
            "file_system_locations": [],
            "id": "arn:aws:codebuild:us-east-1:482227257362:project/house-price-deploy-model",
            "logs_config": [
              {
                "cloudwatch_logs": [
                  {
                    "group_name": "",
                    "status": "ENABLED",
                    "stream_name": ""
                  }
                ],
                "s3_logs": [
                  {
                    "bucket_owner_access": "",
                    "encryption_disabled": false,
                    "location": "",
                    "status": "DISABLED"
                  }
                ]
              }
            ],
            "name": "house-price-deploy-model",
            "project_visibility": "PRIVATE",
            "public_project_alias": "",
            "queued_timeout": 480,
            "resource_access_role": "",
            "secondary_artifacts": [],
            "secondary_source_version": [],
            "secondary_sources": [],
            "service_role": "arn:aws:iam::482227257362:role/house-price-codebuild-role",
            "source": [
              {
                "auth": [],
                "build_status_config": [],
                "buildspec": "version: 0.2\n\nphases:\n  install:\n    runtime-versions:\n      python: 3.9\n    commands:\n      - pip install boto3 sagemaker\n\n  build:\n    commands:\n      - echo \"Deploying SageMaker endpoint...\"\n      - |\n        python3 \u003c\u003c 'EOF'\n        import boto3\n        import json\n        import os\n        \n        sagemaker = boto3.client('sagemaker')\n        \n        # Get latest approved model\n        response = sagemaker.list_model_packages(\n            ModelPackageGroupName='house-price-model-group',\n            ModelApprovalStatus='Approved',\n            SortBy='CreationTime',\n            SortOrder='Descending',\n            MaxResults=1\n        )\n        \n        if response['ModelPackageSummaryList']:\n            model_package_arn = response['ModelPackageSummaryList'][0]['ModelPackageArn']\n            print(f\"Deploying model: {model_package_arn}\")\n            \n            # Create endpoint config\n            endpoint_config_name = f\"house-price-endpoint-config-{int(__import__('time').time())}\"\n            sagemaker.create_endpoint_config(\n                EndpointConfigName=endpoint_config_name,\n                ProductionVariants=[{\n                    'VariantName': 'primary',\n                    'ModelName': model_package_arn.split('/')[-1],\n                    'InitialInstanceCount': 1,\n                    'InstanceType': 'ml.t2.medium',\n                    'InitialVariantWeight': 1.0\n                }]\n            )\n            \n            # Create/update endpoint\n            endpoint_name = 'house-price-endpoint'\n            try:\n                sagemaker.update_endpoint(\n                    EndpointName=endpoint_name,\n                    EndpointConfigName=endpoint_config_name\n                )\n                print(f\"Updated endpoint: {endpoint_name}\")\n            except:\n                sagemaker.create_endpoint(\n                    EndpointName=endpoint_name,\n                    EndpointConfigName=endpoint_config_name\n                )\n                print(f\"Created endpoint: {endpoint_name}\")\n        else:\n            print(\"No approved models found\")\n        EOF\n\n  post_build:\n    commands:\n      - echo \"Deployment completed\"",
                "git_clone_depth": 0,
                "git_submodules_config": [],
                "insecure_ssl": false,
                "location": "",
                "report_build_status": false,
                "type": "CODEPIPELINE"
              }
            ],
            "source_version": "",
            "tags": {},
            "tags_all": {},
            "vpc_config": []
          },
          "sensitive_attributes": [],
          "private": "bnVsbA==",
          "dependencies": [
            "module.deployment_pipeline.aws_iam_role.codebuild_role",
            "module.s3.aws_s3_bucket.mlops_bucket",
            "module.s3.random_string.bucket_suffix"
          ]
        }
      ]
    },
    {
      "module": "module.deployment_pipeline",
      "mode": "managed",
      "type": "aws_codepipeline",
      "name": "deployment_pipeline",
      "provider": "provider[\"registry.terraform.io/hashicorp/aws\"]",
      "instances": [
        {
          "schema_version": 0,
          "attributes": {
            "arn": "arn:aws:codepipeline:us-east-1:482227257362:house-price-deployment-pipeline",
            "artifact_store": [
              {
                "encryption_key": [],
                "location": "house-price-codepipeline-artifacts-jv8fwgaa",
                "region": "",
                "type": "S3"
              }
            ],
            "execution_mode": "SUPERSEDED",
            "id": "house-price-deployment-pipeline",
            "name": "house-price-deployment-pipeline",
            "pipeline_type": "V1",
            "role_arn": "arn:aws:iam::482227257362:role/house-price-codepipeline-role",
            "stage": [
              {
                "action": [
                  {
                    "category": "Source",
                    "configuration": {
                      "S3Bucket": "house-price-mlops-dev-itzi2hgi",
                      "S3ObjectKey": "deployment/source.zip"
                    },
                    "input_artifacts": [],
                    "name": "Source",
                    "namespace": "",
                    "output_artifacts": [
                      "source_output"
                    ],
                    "owner": "AWS",
                    "provider": "S3",
                    "region": "",
                    "role_arn": "",
                    "run_order": 1,
                    "timeout_in_minutes": 0,
                    "version": "1"
                  }
                ],
                "before_entry": [],
                "name": "Source",
                "on_failure": [],
                "on_success": []
              },
              {
                "action": [
                  {
                    "category": "Build",
                    "configuration": {
                      "ProjectName": "house-price-deploy-model"
                    },
                    "input_artifacts": [
                      "source_output"
                    ],
                    "name": "Deploy",
                    "namespace": "",
                    "output_artifacts": [],
                    "owner": "AWS",
                    "provider": "CodeBuild",
                    "region": "",
                    "role_arn": "",
                    "run_order": 1,
                    "timeout_in_minutes": 0,
                    "version": "1"
                  }
                ],
                "before_entry": [],
                "name": "Deploy",
                "on_failure": [],
                "on_success": []
              }
            ],
            "tags": {},
            "tags_all": {},
            "trigger": [],
            "trigger_all": [],
            "variable": []
          },
          "sensitive_attributes": [],
          "private": "bnVsbA==",
          "dependencies": [
            "module.deployment_pipeline.aws_codebuild_project.deploy_model",
            "module.deployment_pipeline.aws_iam_role.codebuild_role",
            "module.deployment_pipeline.aws_iam_role.codepipeline_role",
            "module.deployment_pipeline.aws_s3_bucket.codepipeline_artifacts",
            "module.deployment_pipeline.random_string.suffix",
            "module.s3.aws_s3_bucket.mlops_bucket",
            "module.s3.random_string.bucket_suffix"
          ]
        }
      ]
    },
    {
      "module": "module.deployment_pipeline",
      "mode": "managed",
      "type": "aws_iam_role",
      "name": "codebuild_role",
      "provider": "provider[\"registry.terraform.io/hashicorp/aws\"]",
      "instances": [
        {
          "schema_version": 0,
          "attributes": {
            "arn": "arn:aws:iam::482227257362:role/house-price-codebuild-role",
            "assume_role_policy": "{\"Statement\":[{\"Action\":\"sts:AssumeRole\",\"Effect\":\"Allow\",\"Principal\":{\"Service\":\"codebuild.amazonaws.com\"}}],\"Version\":\"2012-10-17\"}",
            "create_date": "2025-11-01T17:34:48Z",
            "description": "",
            "force_detach_policies": false,
            "id": "house-price-codebuild-role",
            "inline_policy": [
              {
                "name": "house-price-codebuild-policy",
                "policy": "{\"Version\":\"2012-10-17\",\"Statement\":[{\"Action\":[\"logs:CreateLogGroup\",\"logs:CreateLogStream\",\"logs:PutLogEvents\"],\"Effect\":\"Allow\",\"Resource\":\"arn:aws:logs:*:*:*\"},{\"Action\":[\"s3:GetObject\",\"s3:PutObject\"],\"Effect\":\"Allow\",\"Resource\":[\"arn:aws:s3:::house-price-codepipeline-artifacts-jv8fwgaa/*\",\"arn:aws:s3:::house-price-mlops-dev-itzi2hgi/*\"]},{\"Action\":[\"sagemaker:ListModelPackages\",\"sagemaker:DescribeModelPackage\",\"sagemaker:CreateEndpointConfig\",\"sagemaker:CreateEndpoint\",\"sagemaker:UpdateEndpoint\",\"sagemaker:DescribeEndpoint\",\"sagemaker:DescribeModel\",\"sagemaker:CreateModel\"],\"Effect\":\"Allow\",\"Resource\":\"*\"},{\"Action\":[\"iam:PassRole\"],\"Effect\":\"Allow\",\"Resource\":\"arn:aws:iam::482227257362:role/house-price-sagemaker-execution-role\"}]}"
              }
            ],
            "managed_policy_arns": [],
            "max_session_duration": 3600,
            "name": "house-price-codebuild-role",
            "name_prefix": "",
            "path": "/",
            "permissions_boundary": "",
            "tags": {},
            "tags_all": {},
            "unique_id": "AROAXARX4AAJBBURIBGGT"
          },
          "sensitive_attributes": [],
          "private": "bnVsbA=="
        }
      ]
    },
    {
      "module": "module.deployment_pipeline",
      "mode": "managed",
      "type": "aws_iam_role",
      "name": "codepipeline_role",
      "provider": "provider[\"registry.terraform.io/hashicorp/aws\"]",
      "instances": [
        {
          "schema_version": 0,
          "attributes": {
            "arn": "arn:aws:iam::482227257362:role/house-price-codepipeline-role",
            "assume_role_policy": "{\"Statement\":[{\"Action\":\"sts:AssumeRole\",\"Effect\":\"Allow\",\"Principal\":{\"Service\":\"codepipeline.amazonaws.com\"}}],\"Version\":\"2012-10-17\"}",
            "create_date": "2025-11-01T17:34:48Z",
            "description": "",
            "force_detach_policies": false,
            "id": "house-price-codepipeline-role",
            "inline_policy": [
              {
                "name": "house-price-codepipeline-policy",
                "policy": "{\"Version\":\"2012-10-17\",\"Statement\":[{\"Action\":[\"s3:GetBucketVersioning\",\"s3:GetObject\",\"s3:GetObjectVersion\",\"s3:PutObject\"],\"Effect\":\"Allow\",\"Resource\":[\"arn:aws:s3:::house-price-codepipeline-artifacts-jv8fwgaa\",\"arn:aws:s3:::house-price-codepipeline-artifacts-jv8fwgaa/*\",\"arn:aws:s3:::house-price-mlops-dev-itzi2hgi\",\"arn:aws:s3:::house-price-mlops-dev-itzi2hgi/*\"]},{\"Action\":[\"codebuild:BatchGetBuilds\",\"codebuild:StartBuild\"],\"Effect\":\"Allow\",\"Resource\":\"arn:aws:codebuild:us-east-1:482227257362:project/house-price-deploy-model\"}]}"
              }
            ],
            "managed_policy_arns": [],
            "max_session_duration": 3600,
            "name": "house-price-codepipeline-role",
            "name_prefix": "",
            "path": "/",
            "permissions_boundary": "",
            "tags": {},
            "tags_all": {},
            "unique_id": "AROAXARX4AAJFN7APWW4O"
          },
          "sensitive_attributes": [],
          "private": "bnVsbA=="
        }
      ]
    },
    {
      "module": "module.deployment_pipeline",
      "mode": "managed",
      "type": "aws_iam_role",
      "name": "eventbridge_role",
      "provider": "provider[\"registry.terraform.io/hashicorp/aws\"]",
      "instances": [
        {
          "schema_version": 0,
          "attributes": {
            "arn": "arn:aws:iam::482227257362:role/house-price-eventbridge-role",
            "assume_role_policy": "{\"Statement\":[{\"Action\":\"sts:AssumeRole\",\"Effect\":\"Allow\",\"Principal\":{\"Service\":\"events.amazonaws.com\"}}],\"Version\":\"2012-10-17\"}",
            "create_date": "2025-11-01T17:34:48Z",
            "description": "",
            "force_detach_policies": false,
            "id": "house-price-eventbridge-role",
            "inline_policy": [
              {
                "name": "house-price-eventbridge-policy",
                "policy": "{\"Version\":\"2012-10-17\",\"Statement\":[{\"Action\":[\"codepipeline:StartPipelineExecution\"],\"Effect\":\"Allow\",\"Resource\":\"arn:aws:codepipeline:us-east-1:482227257362:house-price-deployment-pipeline\"}]}"
              }
            ],
            "managed_policy_arns": [],
            "max_session_duration": 3600,
            "name": "house-price-eventbridge-role",
            "name_prefix": "",
            "path": "/",
            "permissions_boundary": "",
            "tags": {},
            "tags_all": {},
            "unique_id": "AROAXARX4AAJNPELGDTVN"
          },
          "sensitive_attributes": [],
          "private": "bnVsbA=="
        }
      ]
    },
    {
      "module": "module.deployment_pipeline",
      "mode": "managed",
      "type": "aws_iam_role_policy",
      "name": "codebuild_policy",
      "provider": "provider[\"registry.terraform.io/hashicorp/aws\"]",
      "instances": [
        {
          "schema_version": 0,
          "attributes": {
            "id": "house-price-codebuild-role:house-price-codebuild-policy",
            "name": "house-price-codebuild-policy",
            "name_prefix": "",
            "policy": "{\"Version\":\"2012-10-17\",\"Statement\":[{\"Action\":[\"logs:CreateLogGroup\",\"logs:CreateLogStream\",\"logs:PutLogEvents\"],\"Effect\":\"Allow\",\"Resource\":\"arn:aws:logs:*:*:*\"},{\"Action\":[\"s3:GetObject\",\"s3:PutObject\"],\"Effect\":\"Allow\",\"Resource\":[\"arn:aws:s3:::house-price-codepipeline-artifacts-jv8fwgaa/*\",\"arn:aws:s3:::house-price-mlops-dev-itzi2hgi/*\"]},{\"Action\":[\"sagemaker:ListModelPackages\",\"sagemaker:DescribeModelPackage\",\"sagemaker:CreateEndpointConfig\",\"sagemaker:CreateEndpoint\",\"sagemaker:UpdateEndpoint\",\"sagemaker:DescribeEndpoint\",\"sagemaker:DescribeModel\",\"sagemaker:CreateModel\"],\"Effect\":\"Allow\",\"Resource\":\"*\"},{\"Action\":[\"iam:PassRole\"],\"Effect\":\"Allow\",\"Resource\":\"arn:aws:iam::482227257362:role/house-price-sagemaker-execution-role\"}]}",
            "role": "house-price-codebuild-role"
          },
          "sensitive_attributes": [],
          "private": "bnVsbA==",
          "dependencies": [
            "module.deployment_pipeline.aws_iam_role.codebuild_role",
            "module.deployment_pipeline.aws_s3_bucket.codepipeline_artifacts",
            "module.deployment_pipeline.random_string.suffix",
            "module.s3.aws_s3_bucket.mlops_bucket",
            "module.s3.random_string.bucket_suffix",
            "module.sagemaker.aws_iam_role.sagemaker_execution_role"
          ]
        }
      ]
    },
    {
      "module": "module.deployment_pipeline",
      "mode": "managed",
      "type": "aws_iam_role_policy",
      "name": "codepipeline_policy",
      "provider": "provider[\"registry.terraform.io/hashicorp/aws\"]",
      "instances": [
        {
          "schema_version": 0,
          "attributes": {
            "id": "house-price-codepipeline-role:house-price-codepipeline-policy",
            "name": "house-price-codepipeline-policy",
            "name_prefix": "",
            "policy": "{\"Version\":\"2012-10-17\",\"Statement\":[{\"Action\":[\"s3:GetBucketVersioning\",\"s3:GetObject\",\"s3:GetObjectVersion\",\"s3:PutObject\"],\"Effect\":\"Allow\",\"Resource\":[\"arn:aws:s3:::house-price-codepipeline-artifacts-jv8fwgaa\",\"arn:aws:s3:::house-price-codepipeline-artifacts-jv8fwgaa/*\",\"arn:aws:s3:::house-price-mlops-dev-itzi2hgi\",\"arn:aws:s3:::house-price-mlops-dev-itzi2hgi/*\"]},{\"Action\":[\"codebuild:BatchGetBuilds\",\"codebuild:StartBuild\"],\"Effect\":\"Allow\",\"Resource\":\"arn:aws:codebuild:us-east-1:482227257362:project/house-price-deploy-model\"}]}",
            "role": "house-price-codepipeline-role"
          },
          "sensitive_attributes": [],
          "private": "bnVsbA==",
          "dependencies": [
            "module.deployment_pipeline.aws_codebuild_project.deploy_model",
            "module.deployment_pipeline.aws_iam_role.codebuild_role",
            "module.deployment_pipeline.aws_iam_role.codepipeline_role",
            "module.deployment_pipeline.aws_s3_bucket.codepipeline_artifacts",
            "module.deployment_pipeline.random_string.suffix",
            "module.s3.aws_s3_bucket.mlops_bucket",
            "module.s3.random_string.bucket_suffix"
          ]
        }
      ]
    },
    {
      "module": "module.deployment_pipeline",
      "mode": "managed",
      "type": "aws_iam_role_policy",
      "name": "eventbridge_policy",
      "provider": "provider[\"registry.terraform.io/hashicorp/aws\"]",
      "instances": [
        {
          "schema_version": 0,
          "attributes": {
            "id": "house-price-eventbridge-role:house-price-eventbridge-policy",
            "name": "house-price-eventbridge-policy",
            "name_prefix": "",
            "policy": "{\"Version\":\"2012-10-17\",\"Statement\":[{\"Action\":[\"codepipeline:StartPipelineExecution\"],\"Effect\":\"Allow\",\"Resource\":\"arn:aws:codepipeline:us-east-1:482227257362:house-price-deployment-pipeline\"}]}",
            "role": "house-price-eventbridge-role"
          },
          "sensitive_attributes": [],
          "private": "bnVsbA==",
          "dependencies": [
            "module.deployment_pipeline.aws_codebuild_project.deploy_model",
            "module.deployment_pipeline.aws_codepipeline.deployment_pipeline",
            "module.deployment_pipeline.aws_iam_role.codebuild_role",
            "module.deployment_pipeline.aws_iam_role.codepipeline_role",
            "module.deployment_pipeline.aws_iam_role.eventbridge_role",
            "module.deployment_pipeline.aws_s3_bucket.codepipeline_artifacts",
            "module.deployment_pipeline.random_string.suffix",
            "module.s3.aws_s3_bucket.mlops_bucket",
            "module.s3.random_string.bucket_suffix"
          ]
        }
      ]
    },
    {
      "module": "module.deployment_pipeline",
      "mode": "managed",
      "type": "aws_s3_bucket",
      "name": "codepipeline_artifacts",
      "provider": "provider[\"registry.terraform.io/hashicorp/aws\"]",
      "instances": [
        {
          "schema_version": 0,
          "attributes": {
            "acceleration_status": "",
            "acl": null,
            "arn": "arn:aws:s3:::house-price-codepipeline-artifacts-jv8fwgaa",
            "bucket": "house-price-codepipeline-artifacts-jv8fwgaa",
            "bucket_domain_name": "house-price-codepipeline-artifacts-jv8fwgaa.s3.amazonaws.com",
            "bucket_prefix": "",
            "bucket_regional_domain_name": "house-price-codepipeline-artifacts-jv8fwgaa.s3.us-east-1.amazonaws.com",
            "cors_rule": [],
            "force_destroy": false,
            "grant": [
              {
                "id": "ef87ba17deed0f812283592f1d2ece4bb8e3f721c5f04931abd116d5bf1e671b",
                "permissions": [
                  "FULL_CONTROL"
                ],
                "type": "CanonicalUser",
                "uri": ""
              }
            ],
            "hosted_zone_id": "Z3AQBSTGFYJSTF",
            "id": "house-price-codepipeline-artifacts-jv8fwgaa",
            "lifecycle_rule": [],
            "logging": [],
            "object_lock_configuration": [],
            "object_lock_enabled": false,
            "policy": "",
            "region": "us-east-1",
            "replication_configuration": [],
            "request_payer": "BucketOwner",
            "server_side_encryption_configuration": [
              {
                "rule": [
                  {
                    "apply_server_side_encryption_by_default": [
                      {
                        "kms_master_key_id": "",
                        "sse_algorithm": "AES256"
                      }
                    ],
                    "bucket_key_enabled": false
                  }
                ]
              }
            ],
            "tags": {},
            "tags_all": {},
            "timeouts": null,
            "versioning": [
              {
                "enabled": false,
                "mfa_delete": false
              }
            ],
            "website": [],
            "website_domain": null,
            "website_endpoint": null
          },
          "sensitive_attributes": [],
          "private": "eyJlMmJmYjczMC1lY2FhLTExZTYtOGY4OC0zNDM2M2JjN2M0YzAiOnsiY3JlYXRlIjoxMjAwMDAwMDAwMDAwLCJkZWxldGUiOjM2MDAwMDAwMDAwMDAsInJlYWQiOjEyMDAwMDAwMDAwMDAsInVwZGF0ZSI6MTIwMDAwMDAwMDAwMH19",
          "dependencies": [
            "module.deployment_pipeline.random_string.suffix"
          ]
        }
      ]
    },
    {
      "module": "module.deployment_pipeline",
      "mode": "managed",
      "type": "aws_s3_bucket_server_side_encryption_configuration",
      "name": "codepipeline_encryption",
      "provider": "provider[\"registry.terraform.io/hashicorp/aws\"]",
      "instances": [
        {
          "schema_version": 0,
          "attributes": {
            "bucket": "house-price-codepipeline-artifacts-jv8fwgaa",
            "expected_bucket_owner": "",
            "id": "house-price-codepipeline-artifacts-jv8fwgaa",
            "rule": [
              {
                "apply_server_side_encryption_by_default": [
                  {
                    "kms_master_key_id": "",
                    "sse_algorithm": "AES256"
                  }
                ],
                "bucket_key_enabled": false
              }
            ]
          },
          "sensitive_attributes": [],
          "private": "bnVsbA==",
          "dependencies": [
            "module.deployment_pipeline.aws_s3_bucket.codepipeline_artifacts",
            "module.deployment_pipeline.random_string.suffix"
          ]
        }
      ]
    },
    {
      "module": "module.deployment_pipeline",
      "mode": "managed",
      "type": "random_string",
      "name": "suffix",
      "provider": "provider[\"registry.terraform.io/hashicorp/random\"]",
      "instances": [
        {
          "schema_version": 2,
          "attributes": {
            "id": "jv8fwgaa",
            "keepers": null,
            "length": 8,
            "lower": true,
            "min_lower": 0,
            "min_numeric": 0,
            "min_special": 0,
            "min_upper": 0,
            "number": true,
            "numeric": true,
            "override_special": null,
            "result": "jv8fwgaa",
            "special": false,
            "upper": false
          },
          "sensitive_attributes": []
        }
      ]
    },
    {
      "module": "module.ecr",
      "mode": "managed",
      "type": "aws_ecr_lifecycle_policy",
      "name": "data_processing_policy",
      "provider": "provider[\"registry.terraform.io/hashicorp/aws\"]",
      "instances": [
        {
          "schema_version": 0,
          "attributes": {
            "id": "data-processing",
            "policy": "{\"rules\":[{\"action\":{\"type\":\"expire\"},\"description\":\"Keep last 5 images\",\"rulePriority\":1,\"selection\":{\"countNumber\":5,\"countType\":\"imageCountMoreThan\",\"tagPrefixList\":[\"latest\"],\"tagStatus\":\"tagged\"}}]}",
            "registry_id": "482227257362",
            "repository": "data-processing"
          },
          "sensitive_attributes": [],
          "private": "bnVsbA==",
          "dependencies": [
            "module.ecr.aws_ecr_repository.data_processing"
          ]
        }
      ]
    },
    {
      "module": "module.ecr",
      "mode": "managed",
      "type": "aws_ecr_lifecycle_policy",
      "name": "evaluation_policy",
      "provider": "provider[\"registry.terraform.io/hashicorp/aws\"]",
      "instances": [
        {
          "schema_version": 0,
          "attributes": {
            "id": "evaluation",
            "policy": "{\"rules\":[{\"action\":{\"type\":\"expire\"},\"description\":\"Keep last 5 images\",\"rulePriority\":1,\"selection\":{\"countNumber\":5,\"countType\":\"imageCountMoreThan\",\"tagPrefixList\":[\"latest\"],\"tagStatus\":\"tagged\"}}]}",
            "registry_id": "482227257362",
            "repository": "evaluation"
          },
          "sensitive_attributes": [],
          "private": "bnVsbA==",
          "dependencies": [
            "module.ecr.aws_ecr_repository.evaluation"
          ]
        }
      ]
    },
    {
      "module": "module.ecr",
      "mode": "managed",
      "type": "aws_ecr_lifecycle_policy",
      "name": "feature_engineering_policy",
      "provider": "provider[\"registry.terraform.io/hashicorp/aws\"]",
      "instances": [
        {
          "schema_version": 0,
          "attributes": {
            "id": "feature-engineering",
            "policy": "{\"rules\":[{\"action\":{\"type\":\"expire\"},\"description\":\"Keep last 5 images\",\"rulePriority\":1,\"selection\":{\"countNumber\":5,\"countType\":\"imageCountMoreThan\",\"tagPrefixList\":[\"latest\"],\"tagStatus\":\"tagged\"}}]}",
            "registry_id": "482227257362",
            "repository": "feature-engineering"
          },
          "sensitive_attributes": [],
          "private": "bnVsbA==",
          "dependencies": [
            "module.ecr.aws_ecr_repository.feature_engineering"
          ]
        }
      ]
    },
    {
      "module": "module.ecr",
      "mode": "managed",
      "type": "aws_ecr_lifecycle_policy",
      "name": "mlops_streamlit_ui_policy",
      "provider": "provider[\"registry.terraform.io/hashicorp/aws\"]",
      "instances": [
        {
          "schema_version": 0,
          "attributes": {
            "id": "mlops-streamlit-ui",
            "policy": "{\"rules\":[{\"action\":{\"type\":\"expire\"},\"description\":\"Keep last 10 images\",\"rulePriority\":1,\"selection\":{\"countNumber\":10,\"countType\":\"imageCountMoreThan\",\"tagPrefixList\":[\"latest\"],\"tagStatus\":\"tagged\"}}]}",
            "registry_id": "482227257362",
            "repository": "mlops-streamlit-ui"
          },
          "sensitive_attributes": [],
          "private": "bnVsbA==",
          "dependencies": [
            "module.ecr.aws_ecr_repository.mlops_streamlit_ui"
          ]
        }
      ]
    },
    {
      "module": "module.ecr",
      "mode": "managed",
      "type": "aws_ecr_lifecycle_policy",
      "name": "model_registration_policy",
      "provider": "provider[\"registry.terraform.io/hashicorp/aws\"]",
      "instances": [
        {
          "schema_version": 0,
          "attributes": {
            "id": "model-registration",
            "policy": "{\"rules\":[{\"action\":{\"type\":\"expire\"},\"description\":\"Keep last 10 images\",\"rulePriority\":1,\"selection\":{\"countNumber\":10,\"countType\":\"imageCountMoreThan\",\"tagPrefixList\":[\"latest\"],\"tagStatus\":\"tagged\"}}]}",
            "registry_id": "482227257362",
            "repository": "model-registration"
          },
          "sensitive_attributes": [],
          "private": "bnVsbA==",
          "dependencies": [
            "module.ecr.aws_ecr_repository.model_registration"
          ]
        }
      ]
    },
    {
      "module": "module.ecr",
      "mode": "managed",
      "type": "aws_ecr_lifecycle_policy",
      "name": "training_policy",
      "provider": "provider[\"registry.terraform.io/hashicorp/aws\"]",
      "instances": [
        {
          "schema_version": 0,
          "attributes": {
            "id": "training",
            "policy": "{\"rules\":[{\"action\":{\"type\":\"expire\"},\"description\":\"Keep last 5 images\",\"rulePriority\":1,\"selection\":{\"countNumber\":5,\"countType\":\"imageCountMoreThan\",\"tagPrefixList\":[\"latest\"],\"tagStatus\":\"tagged\"}}]}",
            "registry_id": "482227257362",
            "repository": "training"
          },
          "sensitive_attributes": [],
          "private": "bnVsbA==",
          "dependencies": [
            "module.ecr.aws_ecr_repository.training"
          ]
        }
      ]
    },
    {
      "module": "module.ecr",
      "mode": "managed",
      "type": "aws_ecr_repository",
      "name": "data_processing",
      "provider": "provider[\"registry.terraform.io/hashicorp/aws\"]",
      "instances": [
        {
          "schema_version": 0,
          "attributes": {
            "arn": "arn:aws:ecr:us-east-1:482227257362:repository/data-processing",
            "encryption_configuration": [
              {
                "encryption_type": "AES256",
                "kms_key": ""
              }
            ],
            "force_delete": null,
            "id": "data-processing",
            "image_scanning_configuration": [
              {
                "scan_on_push": true
              }
            ],
            "image_tag_mutability": "MUTABLE",
            "name": "data-processing",
            "registry_id": "482227257362",
            "repository_url": "482227257362.dkr.ecr.us-east-1.amazonaws.com/data-processing",
            "tags": {
              "Environment": "dev",
              "Name": "MLOps-data-processing",
              "Purpose": "MLOps-Data-Processing"
            },
            "tags_all": {
              "Environment": "dev",
              "Name": "MLOps-data-processing",
              "Purpose": "MLOps-Data-Processing"
            },
            "timeouts": null
          },
          "sensitive_attributes": [],
          "private": "eyJlMmJmYjczMC1lY2FhLTExZTYtOGY4OC0zNDM2M2JjN2M0YzAiOnsiZGVsZXRlIjoxMjAwMDAwMDAwMDAwfX0="
        }
      ]
    },
    {
      "module": "module.ecr",
      "mode": "managed",
      "type": "aws_ecr_repository",
      "name": "evaluation",
      "provider": "provider[\"registry.terraform.io/hashicorp/aws\"]",
      "instances": [
        {
          "schema_version": 0,
          "attributes": {
            "arn": "arn:aws:ecr:us-east-1:482227257362:repository/evaluation",
            "encryption_configuration": [
              {
                "encryption_type": "AES256",
                "kms_key": ""
              }
            ],
            "force_delete": null,
            "id": "evaluation",
            "image_scanning_configuration": [
              {
                "scan_on_push": true
              }
            ],
            "image_tag_mutability": "MUTABLE",
            "name": "evaluation",
            "registry_id": "482227257362",
            "repository_url": "482227257362.dkr.ecr.us-east-1.amazonaws.com/evaluation",
            "tags": {
              "Environment": "dev",
              "Name": "MLOps-evaluation",
              "Purpose": "MLOps-Evaluation"
            },
            "tags_all": {
              "Environment": "dev",
              "Name": "MLOps-evaluation",
              "Purpose": "MLOps-Evaluation"
            },
            "timeouts": null
          },
          "sensitive_attributes": [],
          "private": "eyJlMmJmYjczMC1lY2FhLTExZTYtOGY4OC0zNDM2M2JjN2M0YzAiOnsiZGVsZXRlIjoxMjAwMDAwMDAwMDAwfX0="
        }
      ]
    },
    {
      "module": "module.ecr",
      "mode": "managed",
      "type": "aws_ecr_repository",
      "name": "feature_engineering",
      "provider": "provider[\"registry.terraform.io/hashicorp/aws\"]",
      "instances": [
        {
          "schema_version": 0,
          "attributes": {
            "arn": "arn:aws:ecr:us-east-1:482227257362:repository/feature-engineering",
            "encryption_configuration": [
              {
                "encryption_type": "AES256",
                "kms_key": ""
              }
            ],
            "force_delete": null,
            "id": "feature-engineering",
            "image_scanning_configuration": [
              {
                "scan_on_push": true
              }
            ],
            "image_tag_mutability": "MUTABLE",
            "name": "feature-engineering",
            "registry_id": "482227257362",
            "repository_url": "482227257362.dkr.ecr.us-east-1.amazonaws.com/feature-engineering",
            "tags": {
              "Environment": "dev",
              "Name": "MLOps-feature-engineering",
              "Purpose": "MLOps-Feature-Engineering"
            },
            "tags_all": {
              "Environment": "dev",
              "Name": "MLOps-feature-engineering",
              "Purpose": "MLOps-Feature-Engineering"
            },
            "timeouts": null
          },
          "sensitive_attributes": [],
          "private": "eyJlMmJmYjczMC1lY2FhLTExZTYtOGY4OC0zNDM2M2JjN2M0YzAiOnsiZGVsZXRlIjoxMjAwMDAwMDAwMDAwfX0="
        }
      ]
    },
    {
      "module": "module.ecr",
      "mode": "managed",
      "type": "aws_ecr_repository",
      "name": "mlops_streamlit_ui",
      "provider": "provider[\"registry.terraform.io/hashicorp/aws\"]",
      "instances": [
        {
          "schema_version": 0,
          "attributes": {
            "arn": "arn:aws:ecr:us-east-1:482227257362:repository/mlops-streamlit-ui",
            "encryption_configuration": [
              {
                "encryption_type": "AES256",
                "kms_key": ""
              }
            ],
            "force_delete": null,
            "id": "mlops-streamlit-ui",
            "image_scanning_configuration": [
              {
                "scan_on_push": true
              }
            ],
            "image_tag_mutability": "MUTABLE",
            "name": "mlops-streamlit-ui",
            "registry_id": "482227257362",
            "repository_url": "482227257362.dkr.ecr.us-east-1.amazonaws.com/mlops-streamlit-ui",
            "tags": {
              "Environment": "dev",
              "Name": "MLOps-mlops-streamlit-ui",
              "Purpose": "MLOps-Streamlit-UI"
            },
            "tags_all": {
              "Environment": "dev",
              "Name": "MLOps-mlops-streamlit-ui",
              "Purpose": "MLOps-Streamlit-UI"
            },
            "timeouts": null
          },
          "sensitive_attributes": [],
          "private": "eyJlMmJmYjczMC1lY2FhLTExZTYtOGY4OC0zNDM2M2JjN2M0YzAiOnsiZGVsZXRlIjoxMjAwMDAwMDAwMDAwfX0="
        }
      ]
    },
    {
      "module": "module.ecr",
      "mode": "managed",
      "type": "aws_ecr_repository",
      "name": "model_registration",
      "provider": "provider[\"registry.terraform.io/hashicorp/aws\"]",
      "instances": [
        {
          "schema_version": 0,
          "attributes": {
            "arn": "arn:aws:ecr:us-east-1:482227257362:repository/model-registration",
            "encryption_configuration": [
              {
                "encryption_type": "AES256",
                "kms_key": ""
              }
            ],
            "force_delete": null,
            "id": "model-registration",
            "image_scanning_configuration": [
              {
                "scan_on_push": true
              }
            ],
            "image_tag_mutability": "MUTABLE",
            "name": "model-registration",
            "registry_id": "482227257362",
            "repository_url": "482227257362.dkr.ecr.us-east-1.amazonaws.com/model-registration",
            "tags": {
              "Environment": "dev",
              "Name": "MLOps-model-registration",
              "Purpose": "MLOps-Model-Registration"
            },
            "tags_all": {
              "Environment": "dev",
              "Name": "MLOps-model-registration",
              "Purpose": "MLOps-Model-Registration"
            },
            "timeouts": null
          },
          "sensitive_attributes": [],
          "private": "eyJlMmJmYjczMC1lY2FhLTExZTYtOGY4OC0zNDM2M2JjN2M0YzAiOnsiZGVsZXRlIjoxMjAwMDAwMDAwMDAwfX0="
        }
      ]
    },
    {
      "module": "module.ecr",
      "mode": "managed",
      "type": "aws_ecr_repository",
      "name": "training",
      "provider": "provider[\"registry.terraform.io/hashicorp/aws\"]",
      "instances": [
        {
          "schema_version": 0,
          "attributes": {
            "arn": "arn:aws:ecr:us-east-1:482227257362:repository/training",
            "encryption_configuration": [
              {
                "encryption_type": "AES256",
                "kms_key": ""
              }
            ],
            "force_delete": null,
            "id": "training",
            "image_scanning_configuration": [
              {
                "scan_on_push": true
              }
            ],
            "image_tag_mutability": "MUTABLE",
            "name": "training",
            "registry_id": "482227257362",
            "repository_url": "482227257362.dkr.ecr.us-east-1.amazonaws.com/training",
            "tags": {
              "Environment": "dev",
              "Name": "MLOps-training",
              "Purpose": "MLOps-Training"
            },
            "tags_all": {
              "Environment": "dev",
              "Name": "MLOps-training",
              "Purpose": "MLOps-Training"
            },
            "timeouts": null
          },
          "sensitive_attributes": [],
          "private": "eyJlMmJmYjczMC1lY2FhLTExZTYtOGY4OC0zNDM2M2JjN2M0YzAiOnsiZGVsZXRlIjoxMjAwMDAwMDAwMDAwfX0="
        }
      ]
    },
    {
      "module": "module.github_oidc",
      "mode": "managed",
      "type": "aws_iam_openid_connect_provider",
      "name": "github",
      "provider": "provider[\"registry.terraform.io/hashicorp/aws\"]",
      "instances": [
        {
          "schema_version": 0,
          "attributes": {
            "arn": "arn:aws:iam::482227257362:oidc-provider/token.actions.githubusercontent.com",
            "client_id_list": [
              "sts.amazonaws.com"
            ],
            "id": "arn:aws:iam::482227257362:oidc-provider/token.actions.githubusercontent.com",
            "tags": {},
            "tags_all": {},
            "thumbprint_list": [
              "6938fd4d98bab03faadb97b34396831e3780aea1"
            ],
            "url": "token.actions.githubusercontent.com"
          },
          "sensitive_attributes": [],
          "private": "bnVsbA=="
        }
      ]
    },
    {
      "module": "module.github_oidc",
      "mode": "managed",
      "type": "aws_iam_role",
      "name": "github_actions",
      "provider": "provider[\"registry.terraform.io/hashicorp/aws\"]",
      "instances": [
        {
          "schema_version": 0,
          "attributes": {
            "arn": "arn:aws:iam::482227257362:role/MLOps-github-actions-role",
            "assume_role_policy": "{\"Statement\":[{\"Action\":\"sts:AssumeRoleWithWebIdentity\",\"Condition\":{\"StringEquals\":{\"token.actions.githubusercontent.com:aud\":\"sts.amazonaws.com\"},\"StringLike\":{\"token.actions.githubusercontent.com:sub\":[\"repo:Venkat8538/AWS_RealEstate:ref:refs/heads/*\",\"repo:Venkat8538/AWS_RealEstate:pull_request\",\"repo:Venkat8538/mlops-streamlit-ui:ref:refs/heads/*\",\"repo:Venkat8538/mlops-streamlit-ui:pull_request\"]}},\"Effect\":\"Allow\",\"Principal\":{\"Federated\":\"arn:aws:iam::482227257362:oidc-provider/token.actions.githubusercontent.com\"}}],\"Version\":\"2012-10-17\"}",
            "create_date": "2026-02-03T03:17:43Z",
            "description": "",
            "force_detach_policies": false,
            "id": "MLOps-github-actions-role",
            "inline_policy": [
              {
                "name": "MLOps-github-sagemaker-policy",
                "policy": "{\"Version\":\"2012-10-17\",\"Statement\":[{\"Action\":[\"sagemaker:CreatePipeline\",\"sagemaker:UpdatePipeline\",\"sagemaker:DescribePipeline\",\"sagemaker:ListPipelines\",\"sagemaker:StartPipelineExecution\",\"sagemaker:DescribePipelineExecution\",\"sagemaker:ListPipelineExecutions\"],\"Effect\":\"Allow\",\"Resource\":\"*\"},{\"Action\":[\"s3:GetObject\",\"s3:PutObject\",\"s3:DeleteObject\",\"s3:ListBucket\",\"s3:GetBucketLocation\"],\"Effect\":\"Allow\",\"Resource\":[\"arn:aws:s3:::house-price-mlops-dev-itzi2hgi\",\"arn:aws:s3:::house-price-mlops-dev-itzi2hgi/*\",\"arn:aws:s3:::sagemaker-*\"]},{\"Action\":[\"iam:PassRole\"],\"Effect\":\"Allow\",\"Resource\":\"arn:aws:iam::482227257362:role/MLOps-sagemaker-execution-role\"}]}"
              }
            ],
            "managed_policy_arns": [],
            "max_session_duration": 3600,
            "name": "MLOps-github-actions-role",
            "name_prefix": "",
            "path": "/",
            "permissions_boundary": "",
            "tags": {},
            "tags_all": {},
            "unique_id": "AROAXARX4AAJEB6YBIKIB"
          },
          "sensitive_attributes": [],
          "private": "bnVsbA==",
          "dependencies": [
            "module.github_oidc.aws_iam_openid_connect_provider.github"
          ]
        }
      ]
    },
    {
      "module": "module.github_oidc",
      "mode": "managed",
      "type": "aws_iam_role_policy",
      "name": "github_ecr_policy",
      "provider": "provider[\"registry.terraform.io/hashicorp/aws\"]",
      "instances": [
        {
          "schema_version": 0,
          "attributes": {
            "id": "MLOps-github-actions-role:MLOps-github-ecr-policy",
            "name": "MLOps-github-ecr-policy",
            "name_prefix": "",
            "policy": "{\"Version\":\"2012-10-17\",\"Statement\":[{\"Action\":[\"ecr:GetAuthorizationToken\"],\"Effect\":\"Allow\",\"Resource\":\"*\"},{\"Action\":[\"ecr:BatchCheckLayerAvailability\",\"ecr:GetDownloadUrlForLayer\",\"ecr:BatchGetImage\",\"ecr:PutImage\",\"ecr:InitiateLayerUpload\",\"ecr:UploadLayerPart\",\"ecr:CompleteLayerUpload\"],\"Effect\":\"Allow\",\"Resource\":\"arn:aws:ecr:*:*:repository/*\"}]}",
            "role": "MLOps-github-actions-role"
          },
          "sensitive_attributes": [],
          "private": "bnVsbA==",
          "dependencies": [
            "module.github_oidc.aws_iam_openid_connect_provider.github",
            "module.github_oidc.aws_iam_role.github_actions"
          ]
        }
      ]
    },
    {
      "module": "module.github_oidc",
      "mode": "managed",
      "type": "aws_iam_role_policy",
      "name": "github_sagemaker_policy",
      "provider": "provider[\"registry.terraform.io/hashicorp/aws\"]",
      "instances": [
        {
          "schema_version": 0,
          "attributes": {
            "id": "MLOps-github-actions-role:MLOps-github-sagemaker-policy",
            "name": "MLOps-github-sagemaker-policy",
            "name_prefix": "",
            "policy": "{\"Version\":\"2012-10-17\",\"Statement\":[{\"Action\":[\"sagemaker:CreatePipeline\",\"sagemaker:UpdatePipeline\",\"sagemaker:DescribePipeline\",\"sagemaker:ListPipelines\",\"sagemaker:StartPipelineExecution\",\"sagemaker:DescribePipelineExecution\",\"sagemaker:ListPipelineExecutions\"],\"Effect\":\"Allow\",\"Resource\":\"*\"},{\"Action\":[\"s3:GetObject\",\"s3:PutObject\",\"s3:DeleteObject\",\"s3:ListBucket\",\"s3:GetBucketLocation\"],\"Effect\":\"Allow\",\"Resource\":[\"arn:aws:s3:::house-price-mlops-dev-itzi2hgi\",\"arn:aws:s3:::house-price-mlops-dev-itzi2hgi/*\",\"arn:aws:s3:::sagemaker-*\"]},{\"Action\":[\"iam:PassRole\"],\"Effect\":\"Allow\",\"Resource\":\"arn:aws:iam::482227257362:role/MLOps-sagemaker-execution-role\"}]}",
            "role": "MLOps-github-actions-role"
          },
          "sensitive_attributes": [],
          "private": "bnVsbA==",
          "dependencies": [
            "module.github_oidc.aws_iam_openid_connect_provider.github",
            "module.github_oidc.aws_iam_role.github_actions",
            "module.s3.aws_s3_bucket.mlops_bucket",
            "module.s3.random_string.bucket_suffix",
            "module.sagemaker.aws_iam_role.sagemaker_execution_role"
          ]
        }
      ]
    },
    {
      "module": "module.mlflow_server",
      "mode": "managed",
      "type": "aws_eip",
      "name": "mlflow_eip",
      "provider": "provider[\"registry.terraform.io/hashicorp/aws\"]",
      "instances": [
        {
          "schema_version": 0,
          "attributes": {
            "address": null,
            "allocation_id": "eipalloc-0489d136fcad91919",
            "arn": "arn:aws:ec2:us-east-1:482227257362:elastic-ip/eipalloc-0489d136fcad91919",
            "associate_with_private_ip": null,
            "association_id": "eipassoc-06da2be7b61100d71",
            "carrier_ip": "",
            "customer_owned_ip": "",
            "customer_owned_ipv4_pool": "",
            "domain": "vpc",
            "id": "eipalloc-0489d136fcad91919",
            "instance": "i-0f896e8b112409b9e",
            "ipam_pool_id": null,
            "network_border_group": "us-east-1",
            "network_interface": "eni-073fd04181ca0bec5",
            "private_dns": "ip-172-31-68-112.ec2.internal",
            "private_ip": "172.31.68.112",
            "ptr_record": "",
            "public_dns": "ec2-23-21-206-232.compute-1.amazonaws.com",
            "public_ip": "23.21.206.232",
            "public_ipv4_pool": "amazon",
            "tags": {
              "Name": "house-price-mlflow-eip"
            },
            "tags_all": {
              "Name": "house-price-mlflow-eip"
            },
            "timeouts": null,
            "vpc": true
          },
          "sensitive_attributes": [],
          "private": "eyJlMmJmYjczMC1lY2FhLTExZTYtOGY4OC0zNDM2M2JjN2M0YzAiOnsiZGVsZXRlIjoxODAwMDAwMDAwMDAsInJlYWQiOjkwMDAwMDAwMDAwMCwidXBkYXRlIjozMDAwMDAwMDAwMDB9fQ==",
          "dependencies": [
            "module.mlflow_server.aws_iam_instance_profile.mlflow_profile",
            "module.mlflow_server.aws_iam_role.mlflow_role",
            "module.mlflow_server.aws_instance.mlflow_server",
            "module.mlflow_server.aws_security_group.mlflow_sg",
            "module.s3.aws_s3_bucket.mlops_bucket",
            "module.s3.random_string.bucket_suffix"
          ]
        }
      ]
    },
    {
      "module": "module.mlflow_server",
      "mode": "managed",
      "type": "aws_iam_instance_profile",
      "name": "mlflow_profile",
      "provider": "provider[\"registry.terraform.io/hashicorp/aws\"]",
      "instances": [
        {
          "schema_version": 0,
          "attributes": {
            "arn": "arn:aws:iam::482227257362:instance-profile/house-price-mlflow-profile",
            "create_date": "2025-11-18T19:23:20Z",
            "id": "house-price-mlflow-profile",
            "name": "house-price-mlflow-profile",
            "name_prefix": "",
            "path": "/",
            "role": "house-price-mlflow-role",
            "tags": {},
            "tags_all": {},
            "unique_id": "AIPAXARX4AAJMVAST523B"
          },
          "sensitive_attributes": [],
          "private": "bnVsbA==",
          "dependencies": [
            "module.mlflow_server.aws_iam_role.mlflow_role"
          ]
        }
      ]
    },
    {
      "module": "module.mlflow_server",
      "mode": "managed",
      "type": "aws_iam_role",
      "name": "mlflow_role",
      "provider": "provider[\"registry.terraform.io/hashicorp/aws\"]",
      "instances": [
        {
          "schema_version": 0,
          "attributes": {
            "arn": "arn:aws:iam::482227257362:role/house-price-mlflow-role",
            "assume_role_policy": "{\"Statement\":[{\"Action\":\"sts:AssumeRole\",\"Effect\":\"Allow\",\"Principal\":{\"Service\":\"ec2.amazonaws.com\"}}],\"Version\":\"2012-10-17\"}",
            "create_date": "2025-11-18T19:23:19Z",
            "description": "",
            "force_detach_policies": false,
            "id": "house-price-mlflow-role",
            "inline_policy": [
              {
                "name": "house-price-mlflow-s3-policy",
                "policy": "{\"Version\":\"2012-10-17\",\"Statement\":[{\"Action\":[\"s3:GetObject\",\"s3:PutObject\",\"s3:DeleteObject\",\"s3:ListBucket\"],\"Effect\":\"Allow\",\"Resource\":[\"arn:aws:s3:::house-price-mlops-dev-itzi2hgi\",\"arn:aws:s3:::house-price-mlops-dev-itzi2hgi/*\"]}]}"
              }
            ],
            "managed_policy_arns": [],
            "max_session_duration": 3600,
            "name": "house-price-mlflow-role",
            "name_prefix": "",
            "path": "/",
            "permissions_boundary": "",
            "tags": {},
            "tags_all": {},
            "unique_id": "AROAXARX4AAJHQ5MCUQXV"
          },
          "sensitive_attributes": [],
          "private": "bnVsbA=="
        }
      ]
    },
    {
      "module": "module.mlflow_server",
      "mode": "managed",
      "type": "aws_iam_role_policy",
      "name": "mlflow_s3_policy",
      "provider": "provider[\"registry.terraform.io/hashicorp/aws\"]",
      "instances": [
        {
          "schema_version": 0,
          "attributes": {
            "id": "house-price-mlflow-role:house-price-mlflow-s3-policy",
            "name": "house-price-mlflow-s3-policy",
            "name_prefix": "",
            "policy": "{\"Version\":\"2012-10-17\",\"Statement\":[{\"Action\":[\"s3:GetObject\",\"s3:PutObject\",\"s3:DeleteObject\",\"s3:ListBucket\"],\"Effect\":\"Allow\",\"Resource\":[\"arn:aws:s3:::house-price-mlops-dev-itzi2hgi\",\"arn:aws:s3:::house-price-mlops-dev-itzi2hgi/*\"]}]}",
            "role": "house-price-mlflow-role"
          },
          "sensitive_attributes": [],
          "private": "bnVsbA==",
          "dependencies": [
            "module.mlflow_server.aws_iam_role.mlflow_role",
            "module.s3.aws_s3_bucket.mlops_bucket",
            "module.s3.random_string.bucket_suffix"
          ]
        }
      ]
    },
    {
      "module": "module.mlflow_server",
      "mode": "managed",
      "type": "aws_instance",
      "name": "mlflow_server",
      "provider": "provider[\"registry.terraform.io/hashicorp/aws\"]",
      "instances": [
        {
          "schema_version": 1,
          "attributes": {
            "ami": "ami-0fc5d935ebf8bc3bc",
            "arn": "arn:aws:ec2:us-east-1:482227257362:instance/i-0f896e8b112409b9e",
            "associate_public_ip_address": true,
            "availability_zone": "us-east-1f",
            "capacity_reservation_specification": [
              {
                "capacity_reservation_preference": "open",
                "capacity_reservation_target": []
              }
            ],
            "cpu_core_count": 1,
            "cpu_options": [
              {
                "amd_sev_snp": "",
                "core_count": 1,
                "threads_per_core": 2
              }
            ],
            "cpu_threads_per_core": 2,
            "credit_specification": [
              {
                "cpu_credits": "unlimited"
              }
            ],
            "disable_api_stop": false,
            "disable_api_termination": false,
            "ebs_block_device": [],
            "ebs_optimized": false,
            "enable_primary_ipv6": null,
            "enclave_options": [
              {
                "enabled": false
              }
            ],
            "ephemeral_block_device": [],
            "get_password_data": false,
            "hibernation": false,
            "host_id": "",
            "host_resource_group_arn": null,
            "iam_instance_profile": "house-price-mlflow-profile",
            "id": "i-0f896e8b112409b9e",
            "instance_initiated_shutdown_behavior": "stop",
            "instance_lifecycle": "",
            "instance_market_options": [],
            "instance_state": "stopped",
            "instance_type": "t3.micro",
            "ipv6_address_count": 0,
            "ipv6_addresses": [],
            "key_name": "",
            "launch_template": [],
            "maintenance_options": [
              {
                "auto_recovery": "default"
              }
            ],
            "metadata_options": [
              {
                "http_endpoint": "enabled",
                "http_protocol_ipv6": "disabled",
                "http_put_response_hop_limit": 1,
                "http_tokens": "optional",
                "instance_metadata_tags": "disabled"
              }
            ],
            "monitoring": false,
            "network_interface": [],
            "outpost_arn": "",
            "password_data": "",
            "placement_group": "",
            "placement_partition_number": 0,
            "primary_network_interface_id": "eni-073fd04181ca0bec5",
            "private_dns": "ip-172-31-68-112.ec2.internal",
            "private_dns_name_options": [
              {
                "enable_resource_name_dns_a_record": false,
                "enable_resource_name_dns_aaaa_record": false,
                "hostname_type": "ip-name"
              }
            ],
            "private_ip": "172.31.68.112",
            "public_dns": "ec2-23-21-206-232.compute-1.amazonaws.com",
            "public_ip": "23.21.206.232",
            "root_block_device": [
              {
                "delete_on_termination": true,
                "device_name": "/dev/sda1",
                "encrypted": false,
                "iops": 100,
                "kms_key_id": "",
                "tags": {},
                "tags_all": {},
                "throughput": 0,
                "volume_id": "vol-0575c69c44d6b7556",
                "volume_size": 8,
                "volume_type": "gp2"
              }
            ],
            "secondary_private_ips": [],
            "security_groups": [
              "house-price-mlflow-sg"
            ],
            "source_dest_check": true,
            "spot_instance_request_id": "",
            "subnet_id": "subnet-00d543840efec8c87",
            "tags": {
              "Name": "house-price-mlflow-server"
            },
            "tags_all": {
              "Name": "house-price-mlflow-server"
            },
            "tenancy": "default",
            "timeouts": null,
            "user_data": "0f666460d0e8c48a597207fa971c147be4de01ba",
            "user_data_base64": null,
            "user_data_replace_on_change": false,
            "volume_tags": null,
            "vpc_security_group_ids": [
              "sg-0e54ff286cddf3f6f"
            ]
          },
          "sensitive_attributes": [],
          "private": "eyJlMmJmYjczMC1lY2FhLTExZTYtOGY4OC0zNDM2M2JjN2M0YzAiOnsiY3JlYXRlIjo2MDAwMDAwMDAwMDAsImRlbGV0ZSI6MTIwMDAwMDAwMDAwMCwicmVhZCI6OTAwMDAwMDAwMDAwLCJ1cGRhdGUiOjYwMDAwMDAwMDAwMH0sInNjaGVtYV92ZXJzaW9uIjoiMSJ9",
          "dependencies": [
            "module.mlflow_server.aws_iam_instance_profile.mlflow_profile",
            "module.mlflow_server.aws_iam_role.mlflow_role",
            "module.mlflow_server.aws_security_group.mlflow_sg",
            "module.s3.aws_s3_bucket.mlops_bucket",
            "module.s3.random_string.bucket_suffix"
          ]
        }
      ]
    },
    {
      "module": "module.mlflow_server",
      "mode": "managed",
      "type": "aws_security_group",
      "name": "mlflow_sg",
      "provider": "provider[\"registry.terraform.io/hashicorp/aws\"]",
      "instances": [
        {
          "schema_version": 1,
          "attributes": {
            "arn": "arn:aws:ec2:us-east-1:482227257362:security-group/sg-0e54ff286cddf3f6f",
            "description": "Managed by Terraform",
            "egress": [
              {
                "cidr_blocks": [
                  "0.0.0.0/0"
                ],
                "description": "",
                "from_port": 0,
                "ipv6_cidr_blocks": [],
                "prefix_list_ids": [],
                "protocol": "-1",
                "security_groups": [],
                "self": false,
                "to_port": 0
              }
            ],
            "id": "sg-0e54ff286cddf3f6f",
            "ingress": [
              {
                "cidr_blocks": [
                  "0.0.0.0/0"
                ],
                "description": "",
                "from_port": 22,
                "ipv6_cidr_blocks": [],
                "prefix_list_ids": [],
                "protocol": "tcp",
                "security_groups": [],
                "self": false,
                "to_port": 22
              },
              {
                "cidr_blocks": [
                  "0.0.0.0/0"
                ],
                "description": "",
                "from_port": 5000,
                "ipv6_cidr_blocks": [],
                "prefix_list_ids": [],
                "protocol": "tcp",
                "security_groups": [],
                "self": false,
                "to_port": 5000
              }
            ],
            "name": "house-price-mlflow-sg",
            "name_prefix": "",
            "owner_id": "482227257362",
            "revoke_rules_on_delete": false,
            "tags": {},
            "tags_all": {},
            "timeouts": null,
            "vpc_id": "vpc-0ec06d2e45d4c6de8"
          },
          "sensitive_attributes": [],
          "private": "eyJlMmJmYjczMC1lY2FhLTExZTYtOGY4OC0zNDM2M2JjN2M0YzAiOnsiY3JlYXRlIjo2MDAwMDAwMDAwMDAsImRlbGV0ZSI6OTAwMDAwMDAwMDAwfSwic2NoZW1hX3ZlcnNpb24iOiIxIn0="
        }
      ]
    },
    {
      "module": "module.rds",
      "mode": "data",
      "type": "aws_subnets",
      "name": "default",
      "provider": "provider[\"registry.terraform.io/hashicorp/aws\"]",
      "instances": [
        {
          "schema_version": 0,
          "attributes": {
            "filter": [
              {
                "name": "vpc-id",
                "values": [
                  "vpc-0ec06d2e45d4c6de8"
                ]
              }
            ],
            "id": "us-east-1",
            "ids": [
              "subnet-0c092dfafe0a2b4b2",
              "subnet-08ae0c2b4723f5d9d",
              "subnet-0549136184302920c",
              "subnet-0d2477ce3c2ca92b9",
              "subnet-00d543840efec8c87",
              "subnet-02f04ba7c1bbbf72f"
            ],
            "tags": null,
            "timeouts": null
          },
          "sensitive_attributes": []
        }
      ]
    },
    {
      "module": "module.rds",
      "mode": "data",
      "type": "aws_vpc",
      "name": "default",
      "provider": "provider[\"registry.terraform.io/hashicorp/aws\"]",
      "instances": [
        {
          "schema_version": 0,
          "attributes": {
            "arn": "arn:aws:ec2:us-east-1:482227257362:vpc/vpc-0ec06d2e45d4c6de8",
            "cidr_block": "172.31.0.0/16",
            "cidr_block_associations": [
              {
                "association_id": "vpc-cidr-assoc-0239f84360d217e8d",
                "cidr_block": "172.31.0.0/16",
                "state": "associated"
              }
            ],
            "default": true,
            "dhcp_options_id": "dopt-0223893eb575b76f3",
            "enable_dns_hostnames": true,
            "enable_dns_support": true,
            "enable_network_address_usage_metrics": false,
            "filter": null,
            "id": "vpc-0ec06d2e45d4c6de8",
            "instance_tenancy": "default",
            "ipv6_association_id": "",
            "ipv6_cidr_block": "",
            "main_route_table_id": "rtb-0c458bb92ee07757a",
            "owner_id": "482227257362",
            "state": null,
            "tags": {},
            "timeouts": null
          },
          "sensitive_attributes": []
        }
      ]
    },
    {
      "module": "module.rds",
      "mode": "managed",
      "type": "aws_db_instance",
      "name": "airflow_db",
      "provider": "provider[\"registry.terraform.io/hashicorp/aws\"]",
      "instances": [
        {
          "schema_version": 2,
          "attributes": {
            "address": "house-price-airflow-db.c69g640qih7q.us-east-1.rds.amazonaws.com",
            "allocated_storage": 20,
            "allow_major_version_upgrade": null,
            "apply_immediately": false,
            "arn": "arn:aws:rds:us-east-1:482227257362:db:house-price-airflow-db",
            "auto_minor_version_upgrade": true,
            "availability_zone": "us-east-1a",
            "backup_retention_period": 0,
            "backup_target": "region",
            "backup_window": "03:00-04:00",
            "blue_green_update": [],
            "ca_cert_identifier": "rds-ca-rsa2048-g1",
            "character_set_name": "",
            "copy_tags_to_snapshot": false,
            "custom_iam_instance_profile": "",
            "customer_owned_ip_enabled": false,
            "database_insights_mode": "standard",
            "db_name": "airflow",
            "db_subnet_group_name": "house-price-airflow-db-subnet-group",
            "dedicated_log_volume": false,
            "delete_automated_backups": true,
            "deletion_protection": false,
            "domain": "",
            "domain_auth_secret_arn": "",
            "domain_dns_ips": [],
            "domain_fqdn": "",
            "domain_iam_role_name": "",
            "domain_ou": "",
            "enabled_cloudwatch_logs_exports": [],
            "endpoint": "house-price-airflow-db.c69g640qih7q.us-east-1.rds.amazonaws.com:5432",
            "engine": "postgres",
            "engine_lifecycle_support": "open-source-rds-extended-support",
            "engine_version": "15.7",
            "engine_version_actual": "15.7",
            "final_snapshot_identifier": null,
            "hosted_zone_id": "Z2R2ITUGPM61AM",
            "iam_database_authentication_enabled": false,
            "id": "db-QF6LGEN4MSYBCUPB3BMWH3A6YI",
            "identifier": "house-price-airflow-db",
            "identifier_prefix": "",
            "instance_class": "db.t3.micro",
            "iops": 0,
            "kms_key_id": "arn:aws:kms:us-east-1:482227257362:key/b9d3ec49-8e25-4af5-b155-7285d29dfc6f",
            "latest_restorable_time": "",
            "license_model": "postgresql-license",
            "listener_endpoint": [],
            "maintenance_window": "sun:04:00-sun:05:00",
            "manage_master_user_password": null,
            "master_user_secret": [],
            "master_user_secret_kms_key_id": null,
            "max_allocated_storage": 100,
            "monitoring_interval": 0,
            "monitoring_role_arn": "",
            "multi_az": false,
            "nchar_character_set_name": "",
            "network_type": "IPV4",
            "option_group_name": "default:postgres-15",
            "parameter_group_name": "default.postgres15",
            "password": "airflow123!",
            "password_wo": null,
            "password_wo_version": null,
            "performance_insights_enabled": false,
            "performance_insights_kms_key_id": "",
            "performance_insights_retention_period": 0,
            "port": 5432,
            "publicly_accessible": false,
            "replica_mode": "",
            "replicas": [],
            "replicate_source_db": "",
            "resource_id": "db-QF6LGEN4MSYBCUPB3BMWH3A6YI",
            "restore_to_point_in_time": [],
            "s3_import": [],
            "skip_final_snapshot": true,
            "snapshot_identifier": null,
            "status": "stopped",
            "storage_encrypted": true,
            "storage_throughput": 0,
            "storage_type": "gp2",
            "tags": {
              "Name": "house-price-airflow-db"
            },
            "tags_all": {
              "Name": "house-price-airflow-db"
            },
            "timeouts": null,
            "timezone": "",
            "upgrade_storage_config": null,
            "username": "airflow",
            "vpc_security_group_ids": [
              "sg-08a137c599c426761"
            ]
          },
          "sensitive_attributes": [
            [
              {
                "type": "get_attr",
                "value": "password_wo"
              }
            ],
            [
              {
                "type": "get_attr",
                "value": "password"
              }
            ]
          ],
          "private": "eyJlMmJmYjczMC1lY2FhLTExZTYtOGY4OC0zNDM2M2JjN2M0YzAiOnsiY3JlYXRlIjozMDAwMDAwMDAwMDAwLCJkZWxldGUiOjM2MDAwMDAwMDAwMDAsInVwZGF0ZSI6NDgwMDAwMDAwMDAwMH0sInNjaGVtYV92ZXJzaW9uIjoiMiJ9",
          "dependencies": [
            "module.rds.aws_db_subnet_group.airflow_db_subnet_group",
            "module.rds.aws_security_group.airflow_db_sg",
            "module.rds.data.aws_subnets.default",
            "module.rds.data.aws_vpc.default"
          ]
        }
      ]
    },
    {
      "module": "module.rds",
      "mode": "managed",
      "type": "aws_db_subnet_group",
      "name": "airflow_db_subnet_group",
      "provider": "provider[\"registry.terraform.io/hashicorp/aws\"]",
      "instances": [
        {
          "schema_version": 0,
          "attributes": {
            "arn": "arn:aws:rds:us-east-1:482227257362:subgrp:house-price-airflow-db-subnet-group",
            "description": "Managed by Terraform",
            "id": "house-price-airflow-db-subnet-group",
            "name": "house-price-airflow-db-subnet-group",
            "name_prefix": "",
            "subnet_ids": [
              "subnet-00d543840efec8c87",
              "subnet-02f04ba7c1bbbf72f",
              "subnet-0549136184302920c",
              "subnet-08ae0c2b4723f5d9d",
              "subnet-0c092dfafe0a2b4b2",
              "subnet-0d2477ce3c2ca92b9"
            ],
            "supported_network_types": [
              "IPV4"
            ],
            "tags": {
              "Name": "house-price-airflow-db-subnet-group"
            },
            "tags_all": {
              "Name": "house-price-airflow-db-subnet-group"
            },
            "vpc_id": "vpc-0ec06d2e45d4c6de8"
          },
          "sensitive_attributes": [],
          "private": "bnVsbA==",
          "dependencies": [
            "module.rds.data.aws_subnets.default",
            "module.rds.data.aws_vpc.default"
          ]
        }
      ]
    },
    {
      "module": "module.rds",
      "mode": "managed",
      "type": "aws_security_group",
      "name": "airflow_db_sg",
      "provider": "provider[\"registry.terraform.io/hashicorp/aws\"]",
      "instances": [
        {
          "schema_version": 1,
          "attributes": {
            "arn": "arn:aws:ec2:us-east-1:482227257362:security-group/sg-08a137c599c426761",
            "description": "Managed by Terraform",
            "egress": [
              {
                "cidr_blocks": [
                  "0.0.0.0/0"
                ],
                "description": "",
                "from_port": 0,
                "ipv6_cidr_blocks": [],
                "prefix_list_ids": [],
                "protocol": "-1",
                "security_groups": [],
                "self": false,
                "to_port": 0
              }
            ],
            "id": "sg-08a137c599c426761",
            "ingress": [
              {
                "cidr_blocks": [
                  "172.31.0.0/16"
                ],
                "description": "",
                "from_port": 5432,
                "ipv6_cidr_blocks": [],
                "prefix_list_ids": [],
                "protocol": "tcp",
                "security_groups": [],
                "self": false,
                "to_port": 5432
              }
            ],
            "name": "house-price-airflow-db-20251121003029693700000001",
            "name_prefix": "house-price-airflow-db-",
            "owner_id": "482227257362",
            "revoke_rules_on_delete": false,
            "tags": {
              "Name": "house-price-airflow-db-sg"
            },
            "tags_all": {
              "Name": "house-price-airflow-db-sg"
            },
            "timeouts": null,
            "vpc_id": "vpc-0ec06d2e45d4c6de8"
          },
          "sensitive_attributes": [],
          "private": "eyJlMmJmYjczMC1lY2FhLTExZTYtOGY4OC0zNDM2M2JjN2M0YzAiOnsiY3JlYXRlIjo2MDAwMDAwMDAwMDAsImRlbGV0ZSI6OTAwMDAwMDAwMDAwfSwic2NoZW1hX3ZlcnNpb24iOiIxIn0=",
          "dependencies": [
            "module.rds.data.aws_vpc.default"
          ]
        }
      ]
    },
    {
      "module": "module.s3",
      "mode": "managed",
      "type": "aws_s3_bucket",
      "name": "mlops_bucket",
      "provider": "provider[\"registry.terraform.io/hashicorp/aws\"]",
      "instances": [
        {
          "schema_version": 0,
          "attributes": {
            "acceleration_status": "",
            "acl": null,
            "arn": "arn:aws:s3:::house-price-mlops-dev-itzi2hgi",
            "bucket": "house-price-mlops-dev-itzi2hgi",
            "bucket_domain_name": "house-price-mlops-dev-itzi2hgi.s3.amazonaws.com",
            "bucket_prefix": "",
            "bucket_regional_domain_name": "house-price-mlops-dev-itzi2hgi.s3.us-east-1.amazonaws.com",
            "cors_rule": [],
            "force_destroy": false,
            "grant": [
              {
                "id": "ef87ba17deed0f812283592f1d2ece4bb8e3f721c5f04931abd116d5bf1e671b",
                "permissions": [
                  "FULL_CONTROL"
                ],
                "type": "CanonicalUser",
                "uri": ""
              }
            ],
            "hosted_zone_id": "Z3AQBSTGFYJSTF",
            "id": "house-price-mlops-dev-itzi2hgi",
            "lifecycle_rule": [
              {
                "abort_incomplete_multipart_upload_days": 0,
                "enabled": true,
                "expiration": [
                  {
                    "date": "",
                    "days": 365,
                    "expired_object_delete_marker": false
                  }
                ],
                "id": "cost_optimization",
                "noncurrent_version_expiration": [],
                "noncurrent_version_transition": [],
                "prefix": "",
                "tags": {},
                "transition": [
                  {
                    "date": "",
                    "days": 30,
                    "storage_class": "STANDARD_IA"
                  },
                  {
                    "date": "",
                    "days": 90,
                    "storage_class": "GLACIER"
                  }
                ]
              }
            ],
            "logging": [],
            "object_lock_configuration": [],
            "object_lock_enabled": false,
            "policy": "",
            "region": "us-east-1",
            "replication_configuration": [],
            "request_payer": "BucketOwner",
            "server_side_encryption_configuration": [
              {
                "rule": [
                  {
                    "apply_server_side_encryption_by_default": [
                      {
                        "kms_master_key_id": "",
                        "sse_algorithm": "AES256"
                      }
                    ],
                    "bucket_key_enabled": false
                  }
                ]
              }
            ],
            "tags": {
              "Environment": "dev",
              "Name": "MLOps-mlops-bucket",
              "Project": "MLOps",
              "Purpose": "MLOps-SingleAccount"
            },
            "tags_all": {
              "Environment": "dev",
              "Name": "MLOps-mlops-bucket",
              "Project": "MLOps",
              "Purpose": "MLOps-SingleAccount"
            },
            "timeouts": null,
            "versioning": [
              {
                "enabled": true,
                "mfa_delete": false
              }
            ],
            "website": [],
            "website_domain": null,
            "website_endpoint": null
          },
          "sensitive_attributes": [],
          "private": "eyJlMmJmYjczMC1lY2FhLTExZTYtOGY4OC0zNDM2M2JjN2M0YzAiOnsiY3JlYXRlIjoxMjAwMDAwMDAwMDAwLCJkZWxldGUiOjM2MDAwMDAwMDAwMDAsInJlYWQiOjEyMDAwMDAwMDAwMDAsInVwZGF0ZSI6MTIwMDAwMDAwMDAwMH19",
          "dependencies": [
            "module.s3.random_string.bucket_suffix"
          ]
        }
      ]
    },
    {
      "module": "module.s3",
      "mode": "managed",
      "type": "aws_s3_bucket_lifecycle_configuration",
      "name": "mlops_lifecycle",
      "provider": "provider[\"registry.terraform.io/hashicorp/aws\"]",
      "instances": [
        {
          "schema_version": 1,
          "attributes": {
            "bucket": "house-price-mlops-dev-itzi2hgi",
            "expected_bucket_owner": "",
            "id": "house-price-mlops-dev-itzi2hgi",
            "rule": [
              {
                "abort_incomplete_multipart_upload": [],
                "expiration": [
                  {
                    "date": null,
                    "days": 365,
                    "expired_object_delete_marker": false
                  }
                ],
                "filter": [
                  {
                    "and": [],
                    "object_size_greater_than": null,
                    "object_size_less_than": null,
                    "prefix": "",
                    "tag": []
                  }
                ],
                "id": "cost_optimization",
                "noncurrent_version_expiration": [],
                "noncurrent_version_transition": [],
                "prefix": "",
                "status": "Enabled",
                "transition": [
                  {
                    "date": null,
                    "days": 30,
                    "storage_class": "STANDARD_IA"
                  },
                  {
                    "date": null,
                    "days": 90,
                    "storage_class": "GLACIER"
                  }
                ]
              }
            ],
            "timeouts": null,
            "transition_default_minimum_object_size": "all_storage_classes_128K"
          },
          "sensitive_attributes": [],
          "dependencies": [
            "module.s3.aws_s3_bucket.mlops_bucket",
            "module.s3.random_string.bucket_suffix"
          ]
        }
      ]
    },
    {
      "module": "module.s3",
      "mode": "managed",
      "type": "aws_s3_bucket_public_access_block",
      "name": "mlops_pab",
      "provider": "provider[\"registry.terraform.io/hashicorp/aws\"]",
      "instances": [
        {
          "schema_version": 0,
          "attributes": {
            "block_public_acls": true,
            "block_public_policy": true,
            "bucket": "house-price-mlops-dev-itzi2hgi",
            "id": "house-price-mlops-dev-itzi2hgi",
            "ignore_public_acls": true,
            "restrict_public_buckets": true
          },
          "sensitive_attributes": [],
          "private": "bnVsbA==",
          "dependencies": [
            "module.s3.aws_s3_bucket.mlops_bucket",
            "module.s3.random_string.bucket_suffix"
          ]
        }
      ]
    },
    {
      "module": "module.s3",
      "mode": "managed",
      "type": "aws_s3_bucket_server_side_encryption_configuration",
      "name": "mlops_encryption",
      "provider": "provider[\"registry.terraform.io/hashicorp/aws\"]",
      "instances": [
        {
          "schema_version": 0,
          "attributes": {
            "bucket": "house-price-mlops-dev-itzi2hgi",
            "expected_bucket_owner": "",
            "id": "house-price-mlops-dev-itzi2hgi",
            "rule": [
              {
                "apply_server_side_encryption_by_default": [
                  {
                    "kms_master_key_id": "",
                    "sse_algorithm": "AES256"
                  }
                ],
                "bucket_key_enabled": false
              }
            ]
          },
          "sensitive_attributes": [],
          "private": "bnVsbA==",
          "dependencies": [
            "module.s3.aws_s3_bucket.mlops_bucket",
            "module.s3.random_string.bucket_suffix"
          ]
        }
      ]
    },
    {
      "module": "module.s3",
      "mode": "managed",
      "type": "aws_s3_bucket_versioning",
      "name": "mlops_versioning",
      "provider": "provider[\"registry.terraform.io/hashicorp/aws\"]",
      "instances": [
        {
          "schema_version": 0,
          "attributes": {
            "bucket": "house-price-mlops-dev-itzi2hgi",
            "expected_bucket_owner": "",
            "id": "house-price-mlops-dev-itzi2hgi",
            "mfa": null,
            "versioning_configuration": [
              {
                "mfa_delete": "",
                "status": "Enabled"
              }
            ]
          },
          "sensitive_attributes": [],
          "private": "bnVsbA==",
          "dependencies": [
            "module.s3.aws_s3_bucket.mlops_bucket",
            "module.s3.random_string.bucket_suffix"
          ]
        }
      ]
    },
    {
      "module": "module.s3",
      "mode": "managed",
      "type": "aws_s3_object",
      "name": "folders",
      "provider": "provider[\"registry.terraform.io/hashicorp/aws\"]",
      "instances": [
        {
          "index_key": "configs/",
          "schema_version": 0,
          "attributes": {
            "acl": null,
            "arn": "arn:aws:s3:::house-price-mlops-dev-itzi2hgi/configs/",
            "bucket": "house-price-mlops-dev-itzi2hgi",
            "bucket_key_enabled": false,
            "cache_control": "",
            "checksum_algorithm": null,
            "checksum_crc32": "",
            "checksum_crc32c": "",
            "checksum_crc64nvme": "",
            "checksum_sha1": "",
            "checksum_sha256": "",
            "content": null,
            "content_base64": null,
            "content_disposition": "",
            "content_encoding": "",
            "content_language": "",
            "content_type": "application/x-directory",
            "etag": "d41d8cd98f00b204e9800998ecf8427e",
            "force_destroy": false,
            "id": "configs/",
            "key": "configs/",
            "kms_key_id": null,
            "metadata": {},
            "object_lock_legal_hold_status": "",
            "object_lock_mode": "",
            "object_lock_retain_until_date": "",
            "override_provider": [],
            "server_side_encryption": "AES256",
            "source": null,
            "source_hash": null,
            "storage_class": "STANDARD",
            "tags": {},
            "tags_all": {},
            "version_id": "oLUKLu3s5xpvZL4.GTf.WMVjcrFupWIW",
            "website_redirect": ""
          },
          "sensitive_attributes": [],
          "private": "bnVsbA==",
          "dependencies": [
            "module.s3.aws_s3_bucket.mlops_bucket",
            "module.s3.random_string.bucket_suffix"
          ]
        },
        {
          "index_key": "data/featured/",
          "schema_version": 0,
          "attributes": {
            "acl": null,
            "arn": "arn:aws:s3:::house-price-mlops-dev-itzi2hgi/data/featured/",
            "bucket": "house-price-mlops-dev-itzi2hgi",
            "bucket_key_enabled": false,
            "cache_control": "",
            "checksum_algorithm": null,
            "checksum_crc32": "",
            "checksum_crc32c": "",
            "checksum_crc64nvme": "",
            "checksum_sha1": "",
            "checksum_sha256": "",
            "content": null,
            "content_base64": null,
            "content_disposition": "",
            "content_encoding": "",
            "content_language": "",
            "content_type": "application/x-directory",
            "etag": "d41d8cd98f00b204e9800998ecf8427e",
            "force_destroy": false,
            "id": "data/featured/",
            "key": "data/featured/",
            "kms_key_id": null,
            "metadata": {},
            "object_lock_legal_hold_status": "",
            "object_lock_mode": "",
            "object_lock_retain_until_date": "",
            "override_provider": [],
            "server_side_encryption": "AES256",
            "source": null,
            "source_hash": null,
            "storage_class": "STANDARD",
            "tags": {},
            "tags_all": {},
            "version_id": "null",
            "website_redirect": ""
          },
          "sensitive_attributes": [],
          "private": "bnVsbA==",
          "dependencies": [
            "module.s3.aws_s3_bucket.mlops_bucket",
            "module.s3.random_string.bucket_suffix"
          ]
        },
        {
          "index_key": "data/processed/",
          "schema_version": 0,
          "attributes": {
            "acl": null,
            "arn": "arn:aws:s3:::house-price-mlops-dev-itzi2hgi/data/processed/",
            "bucket": "house-price-mlops-dev-itzi2hgi",
            "bucket_key_enabled": false,
            "cache_control": "",
            "checksum_algorithm": null,
            "checksum_crc32": "",
            "checksum_crc32c": "",
            "checksum_crc64nvme": "",
            "checksum_sha1": "",
            "checksum_sha256": "",
            "content": null,
            "content_base64": null,
            "content_disposition": "",
            "content_encoding": "",
            "content_language": "",
            "content_type": "application/x-directory",
            "etag": "d41d8cd98f00b204e9800998ecf8427e",
            "force_destroy": false,
            "id": "data/processed/",
            "key": "data/processed/",
            "kms_key_id": null,
            "metadata": {},
            "object_lock_legal_hold_status": "",
            "object_lock_mode": "",
            "object_lock_retain_until_date": "",
            "override_provider": [],
            "server_side_encryption": "AES256",
            "source": null,
            "source_hash": null,
            "storage_class": "STANDARD",
            "tags": {},
            "tags_all": {},
            "version_id": "null",
            "website_redirect": ""
          },
          "sensitive_attributes": [],
          "private": "bnVsbA==",
          "dependencies": [
            "module.s3.aws_s3_bucket.mlops_bucket",
            "module.s3.random_string.bucket_suffix"
          ]
        },
        {
          "index_key": "data/raw/",
          "schema_version": 0,
          "attributes": {
            "acl": null,
            "arn": "arn:aws:s3:::house-price-mlops-dev-itzi2hgi/data/raw/",
            "bucket": "house-price-mlops-dev-itzi2hgi",
            "bucket_key_enabled": false,
            "cache_control": "",
            "checksum_algorithm": null,
            "checksum_crc32": "",
            "checksum_crc32c": "",
            "checksum_crc64nvme": "",
            "checksum_sha1": "",
            "checksum_sha256": "",
            "content": null,
            "content_base64": null,
            "content_disposition": "",
            "content_encoding": "",
            "content_language": "",
            "content_type": "application/x-directory",
            "etag": "d41d8cd98f00b204e9800998ecf8427e",
            "force_destroy": false,
            "id": "data/raw/",
            "key": "data/raw/",
            "kms_key_id": null,
            "metadata": {},
            "object_lock_legal_hold_status": "",
            "object_lock_mode": "",
            "object_lock_retain_until_date": "",
            "override_provider": [],
            "server_side_encryption": "AES256",
            "source": null,
            "source_hash": null,
            "storage_class": "STANDARD",
            "tags": {},
            "tags_all": {},
            "version_id": "null",
            "website_redirect": ""
          },
          "sensitive_attributes": [],
          "private": "bnVsbA==",
          "dependencies": [
            "module.s3.aws_s3_bucket.mlops_bucket",
            "module.s3.random_string.bucket_suffix"
          ]
        },
        {
          "index_key": "data/test/",
          "schema_version": 0,
          "attributes": {
            "acl": null,
            "arn": "arn:aws:s3:::house-price-mlops-dev-itzi2hgi/data/test/",
            "bucket": "house-price-mlops-dev-itzi2hgi",
            "bucket_key_enabled": false,
            "cache_control": "",
            "checksum_algorithm": null,
            "checksum_crc32": "",
            "checksum_crc32c": "",
            "checksum_crc64nvme": "",
            "checksum_sha1": "",
            "checksum_sha256": "",
            "content": null,
            "content_base64": null,
            "content_disposition": "",
            "content_encoding": "",
            "content_language": "",
            "content_type": "application/x-directory",
            "etag": "d41d8cd98f00b204e9800998ecf8427e",
            "force_destroy": false,
            "id": "data/test/",
            "key": "data/test/",
            "kms_key_id": null,
            "metadata": {},
            "object_lock_legal_hold_status": "",
            "object_lock_mode": "",
            "object_lock_retain_until_date": "",
            "override_provider": [],
            "server_side_encryption": "AES256",
            "source": null,
            "source_hash": null,
            "storage_class": "STANDARD",
            "tags": {},
            "tags_all": {},
            "version_id": "null",
            "website_redirect": ""
          },
          "sensitive_attributes": [],
          "private": "bnVsbA==",
          "dependencies": [
            "module.s3.aws_s3_bucket.mlops_bucket",
            "module.s3.random_string.bucket_suffix"
          ]
        },
        {
          "index_key": "logs/",
          "schema_version": 0,
          "attributes": {
            "acl": null,
            "arn": "arn:aws:s3:::house-price-mlops-dev-itzi2hgi/logs/",
            "bucket": "house-price-mlops-dev-itzi2hgi",
            "bucket_key_enabled": false,
            "cache_control": "",
            "checksum_algorithm": null,
            "checksum_crc32": "",
            "checksum_crc32c": "",
            "checksum_crc64nvme": "",
            "checksum_sha1": "",
            "checksum_sha256": "",
            "content": null,
            "content_base64": null,
            "content_disposition": "",
            "content_encoding": "",
            "content_language": "",
            "content_type": "application/x-directory",
            "etag": "d41d8cd98f00b204e9800998ecf8427e",
            "force_destroy": false,
            "id": "logs/",
            "key": "logs/",
            "kms_key_id": null,
            "metadata": {},
            "object_lock_legal_hold_status": "",
            "object_lock_mode": "",
            "object_lock_retain_until_date": "",
            "override_provider": [],
            "server_side_encryption": "AES256",
            "source": null,
            "source_hash": null,
            "storage_class": "STANDARD",
            "tags": {},
            "tags_all": {},
            "version_id": "94FmKEOcmfkj0rWvMF_0D0.UqQ0ONcYV",
            "website_redirect": ""
          },
          "sensitive_attributes": [],
          "private": "bnVsbA==",
          "dependencies": [
            "module.s3.aws_s3_bucket.mlops_bucket",
            "module.s3.random_string.bucket_suffix"
          ]
        },
        {
          "index_key": "models/registry/",
          "schema_version": 0,
          "attributes": {
            "acl": null,
            "arn": "arn:aws:s3:::house-price-mlops-dev-itzi2hgi/models/registry/",
            "bucket": "house-price-mlops-dev-itzi2hgi",
            "bucket_key_enabled": false,
            "cache_control": "",
            "checksum_algorithm": null,
            "checksum_crc32": "",
            "checksum_crc32c": "",
            "checksum_crc64nvme": "",
            "checksum_sha1": "",
            "checksum_sha256": "",
            "content": null,
            "content_base64": null,
            "content_disposition": "",
            "content_encoding": "",
            "content_language": "",
            "content_type": "application/x-directory",
            "etag": "d41d8cd98f00b204e9800998ecf8427e",
            "force_destroy": false,
            "id": "models/registry/",
            "key": "models/registry/",
            "kms_key_id": null,
            "metadata": {},
            "object_lock_legal_hold_status": "",
            "object_lock_mode": "",
            "object_lock_retain_until_date": "",
            "override_provider": [],
            "server_side_encryption": "AES256",
            "source": null,
            "source_hash": null,
            "storage_class": "STANDARD",
            "tags": {},
            "tags_all": {},
            "version_id": "jW.umsr5EDh6ypLdx2dvd9N3rsBD_0we",
            "website_redirect": ""
          },
          "sensitive_attributes": [],
          "private": "bnVsbA==",
          "dependencies": [
            "module.s3.aws_s3_bucket.mlops_bucket",
            "module.s3.random_string.bucket_suffix"
          ]
        },
        {
          "index_key": "models/trained/",
          "schema_version": 0,
          "attributes": {
            "acl": null,
            "arn": "arn:aws:s3:::house-price-mlops-dev-itzi2hgi/models/trained/",
            "bucket": "house-price-mlops-dev-itzi2hgi",
            "bucket_key_enabled": false,
            "cache_control": "",
            "checksum_algorithm": null,
            "checksum_crc32": "",
            "checksum_crc32c": "",
            "checksum_crc64nvme": "",
            "checksum_sha1": "",
            "checksum_sha256": "",
            "content": null,
            "content_base64": null,
            "content_disposition": "",
            "content_encoding": "",
            "content_language": "",
            "content_type": "application/x-directory",
            "etag": "d41d8cd98f00b204e9800998ecf8427e",
            "force_destroy": false,
            "id": "models/trained/",
            "key": "models/trained/",
            "kms_key_id": null,
            "metadata": {},
            "object_lock_legal_hold_status": "",
            "object_lock_mode": "",
            "object_lock_retain_until_date": "",
            "override_provider": [],
            "server_side_encryption": "AES256",
            "source": null,
            "source_hash": null,
            "storage_class": "STANDARD",
            "tags": {},
            "tags_all": {},
            "version_id": "null",
            "website_redirect": ""
          },
          "sensitive_attributes": [],
          "private": "bnVsbA==",
          "dependencies": [
            "module.s3.aws_s3_bucket.mlops_bucket",
            "module.s3.random_string.bucket_suffix"
          ]
        },
        {
          "index_key": "pipelines/",
          "schema_version": 0,
          "attributes": {
            "acl": null,
            "arn": "arn:aws:s3:::house-price-mlops-dev-itzi2hgi/pipelines/",
            "bucket": "house-price-mlops-dev-itzi2hgi",
            "bucket_key_enabled": false,
            "cache_control": "",
            "checksum_algorithm": null,
            "checksum_crc32": "",
            "checksum_crc32c": "",
            "checksum_crc64nvme": "",
            "checksum_sha1": "",
            "checksum_sha256": "",
            "content": null,
            "content_base64": null,
            "content_disposition": "",
            "content_encoding": "",
            "content_language": "",
            "content_type": "application/x-directory",
            "etag": "d41d8cd98f00b204e9800998ecf8427e",
            "force_destroy": false,
            "id": "pipelines/",
            "key": "pipelines/",
            "kms_key_id": null,
            "metadata": {},
            "object_lock_legal_hold_status": "",
            "object_lock_mode": "",
            "object_lock_retain_until_date": "",
            "override_provider": [],
            "server_side_encryption": "AES256",
            "source": null,
            "source_hash": null,
            "storage_class": "STANDARD",
            "tags": {},
            "tags_all": {},
            "version_id": "UjQr8gAkb7tQqM_5LJil_AjsUehYUggG",
            "website_redirect": ""
          },
          "sensitive_attributes": [],
          "private": "bnVsbA==",
          "dependencies": [
            "module.s3.aws_s3_bucket.mlops_bucket",
            "module.s3.random_string.bucket_suffix"
          ]
        }
      ]
    },
    {
      "module": "module.s3",
      "mode": "managed",
      "type": "random_string",
      "name": "bucket_suffix",
      "provider": "provider[\"registry.terraform.io/hashicorp/random\"]",
      "instances": [
        {
          "schema_version": 2,
          "attributes": {
            "id": "itzi2hgi",
            "keepers": null,
            "length": 8,
            "lower": true,
            "min_lower": 0,
            "min_numeric": 0,
            "min_special": 0,
            "min_upper": 0,
            "number": true,
            "numeric": true,
            "override_special": null,
            "result": "itzi2hgi",
            "special": false,
            "upper": false
          },
          "sensitive_attributes": []
        }
      ]
    },
    {
      "module": "module.sagemaker",
      "mode": "data",
      "type": "aws_subnets",
      "name": "default",
      "provider": "provider[\"registry.terraform.io/hashicorp/aws\"]",
      "instances": [
        {
          "schema_version": 0,
          "attributes": {
            "filter": [
              {
                "name": "vpc-id",
                "values": [
                  "vpc-0ec06d2e45d4c6de8"
                ]
              }
            ],
            "id": "us-east-1",
            "ids": [
              "subnet-0c092dfafe0a2b4b2",
              "subnet-08ae0c2b4723f5d9d",
              "subnet-0549136184302920c",
              "subnet-0d2477ce3c2ca92b9",
              "subnet-00d543840efec8c87",
              "subnet-02f04ba7c1bbbf72f"
            ],
            "tags": null,
            "timeouts": null
          },
          "sensitive_attributes": []
        }
      ]
    },
    {
      "module": "module.sagemaker",
      "mode": "data",
      "type": "aws_vpc",
      "name": "default",
      "provider": "provider[\"registry.terraform.io/hashicorp/aws\"]",
      "instances": [
        {
          "schema_version": 0,
          "attributes": {
            "arn": "arn:aws:ec2:us-east-1:482227257362:vpc/vpc-0ec06d2e45d4c6de8",
            "cidr_block": "172.31.0.0/16",
            "cidr_block_associations": [
              {
                "association_id": "vpc-cidr-assoc-0239f84360d217e8d",
                "cidr_block": "172.31.0.0/16",
                "state": "associated"
              }
            ],
            "default": true,
            "dhcp_options_id": "dopt-0223893eb575b76f3",
            "enable_dns_hostnames": true,
            "enable_dns_support": true,
            "enable_network_address_usage_metrics": false,
            "filter": null,
            "id": "vpc-0ec06d2e45d4c6de8",
            "instance_tenancy": "default",
            "ipv6_association_id": "",
            "ipv6_cidr_block": "",
            "main_route_table_id": "rtb-0c458bb92ee07757a",
            "owner_id": "482227257362",
            "state": null,
            "tags": {},
            "timeouts": null
          },
          "sensitive_attributes": []
        }
      ]
    },
    {
      "module": "module.sagemaker",
      "mode": "managed",
      "type": "aws_iam_role",
      "name": "sagemaker_execution_role",
      "provider": "provider[\"registry.terraform.io/hashicorp/aws\"]",
      "instances": [
        {
          "schema_version": 0,
          "attributes": {
            "arn": "arn:aws:iam::482227257362:role/MLOps-sagemaker-execution-role",
            "assume_role_policy": "{\"Statement\":[{\"Action\":\"sts:AssumeRole\",\"Effect\":\"Allow\",\"Principal\":{\"Service\":\"sagemaker.amazonaws.com\"}}],\"Version\":\"2012-10-17\"}",
            "create_date": "2026-02-03T03:17:43Z",
            "description": "",
            "force_detach_policies": false,
            "id": "MLOps-sagemaker-execution-role",
            "inline_policy": [],
            "managed_policy_arns": [],
            "max_session_duration": 3600,
            "name": "MLOps-sagemaker-execution-role",
            "name_prefix": "",
            "path": "/",
            "permissions_boundary": "",
            "tags": {},
            "tags_all": {},
            "unique_id": "AROAXARX4AAJGCCQC7AE4"
          },
          "sensitive_attributes": [],
          "private": "bnVsbA=="
        }
      ]
    },
    {
      "module": "module.sagemaker",
      "mode": "managed",
      "type": "aws_iam_role_policy",
      "name": "s3_mlops_access",
      "provider": "provider[\"registry.terraform.io/hashicorp/aws\"]",
      "instances": [
        {
          "schema_version": 0,
          "attributes": {
            "id": "house-price-sagemaker-execution-role:house-price-s3-mlops-access",
            "name": "house-price-s3-mlops-access",
            "name_prefix": "",
            "policy": "{\"Version\":\"2012-10-17\",\"Statement\":[{\"Action\":[\"s3:GetObject\",\"s3:PutObject\",\"s3:DeleteObject\",\"s3:ListBucket\"],\"Effect\":\"Allow\",\"Resource\":[\"arn:aws:s3:::house-price-mlops-dev-itzi2hgi\",\"arn:aws:s3:::house-price-mlops-dev-itzi2hgi/*\"]}]}",
            "role": "house-price-sagemaker-execution-role"
          },
          "sensitive_attributes": [],
          "private": "bnVsbA==",
          "dependencies": [
            "module.s3.aws_s3_bucket.mlops_bucket",
            "module.s3.random_string.bucket_suffix",
            "module.sagemaker.aws_iam_role.sagemaker_execution_role"
          ]
        }
      ]
    },
    {
      "module": "module.sagemaker",
      "mode": "managed",
      "type": "aws_iam_role_policy",
      "name": "sagemaker_studio_permissions",
      "provider": "provider[\"registry.terraform.io/hashicorp/aws\"]",
      "instances": [
        {
          "schema_version": 0,
          "attributes": {
            "id": "house-price-sagemaker-execution-role:house-price-sagemaker-studio-permissions",
            "name": "house-price-sagemaker-studio-permissions",
            "name_prefix": "",
            "policy": "{\"Version\":\"2012-10-17\",\"Statement\":[{\"Action\":[\"sagemaker:CreatePresignedDomainUrl\",\"sagemaker:DescribeDomain\",\"sagemaker:ListDomains\",\"sagemaker:CreateApp\",\"sagemaker:DeleteApp\",\"sagemaker:DescribeApp\",\"sagemaker:ListApps\"],\"Effect\":\"Allow\",\"Resource\":\"*\"}]}",
            "role": "house-price-sagemaker-execution-role"
          },
          "sensitive_attributes": [],
          "private": "bnVsbA==",
          "dependencies": [
            "module.sagemaker.aws_iam_role.sagemaker_execution_role"
          ]
        }
      ]
    },
    {
      "module": "module.sagemaker",
      "mode": "managed",
      "type": "aws_iam_role_policy_attachment",
      "name": "ecr_policy",
      "provider": "provider[\"registry.terraform.io/hashicorp/aws\"]",
      "instances": [
        {
          "schema_version": 0,
          "attributes": {
            "id": "house-price-sagemaker-execution-role-20251117175456311200000001",
            "policy_arn": "arn:aws:iam::aws:policy/AmazonEC2ContainerRegistryFullAccess",
            "role": "house-price-sagemaker-execution-role"
          },
          "sensitive_attributes": [],
          "private": "bnVsbA==",
          "dependencies": [
            "module.sagemaker.aws_iam_role.sagemaker_execution_role"
          ]
        }
      ]
    },
    {
      "module": "module.sagemaker",
      "mode": "managed",
      "type": "aws_iam_role_policy_attachment",
      "name": "sagemaker_execution_policy",
      "provider": "provider[\"registry.terraform.io/hashicorp/aws\"]",
      "instances": [
        {
          "schema_version": 0,
          "attributes": {
            "id": "house-price-sagemaker-execution-role-20251027165504698700000001",
            "policy_arn": "arn:aws:iam::aws:policy/AmazonSageMakerFullAccess",
            "role": "house-price-sagemaker-execution-role"
          },
          "sensitive_attributes": [],
          "private": "bnVsbA==",
          "dependencies": [
            "module.sagemaker.aws_iam_role.sagemaker_execution_role"
          ]
        }
      ]
    },
    {
      "module": "module.sagemaker",
      "mode": "managed",
      "type": "aws_iam_role_policy_attachment",
      "name": "sagemaker_studio_policy",
      "provider": "provider[\"registry.terraform.io/hashicorp/aws\"]",
      "instances": [
        {
          "schema_version": 0,
          "attributes": {
            "id": "house-price-sagemaker-execution-role-20251027171054367700000001",
            "policy_arn": "arn:aws:iam::aws:policy/AmazonSageMakerCanvasFullAccess",
            "role": "house-price-sagemaker-execution-role"
          },
          "sensitive_attributes": [],
          "private": "bnVsbA==",
          "dependencies": [
            "module.sagemaker.aws_iam_role.sagemaker_execution_role"
          ]
        }
      ]
    },
    {
      "module": "module.sagemaker",
      "mode": "managed",
      "type": "aws_sagemaker_domain",
      "name": "mlops_domain",
      "provider": "provider[\"registry.terraform.io/hashicorp/aws\"]",
      "instances": [
        {
          "schema_version": 0,
          "attributes": {
            "app_network_access_type": "PublicInternetOnly",
            "app_security_group_management": "",
            "arn": "arn:aws:sagemaker:us-east-1:482227257362:domain/d-rr0shep9nrmf",
            "auth_mode": "IAM",
            "default_space_settings": [],
            "default_user_settings": [
              {
                "auto_mount_home_efs": "Enabled",
                "canvas_app_settings": [],
                "code_editor_app_settings": [],
                "custom_file_system_config": [],
                "custom_posix_user_config": [],
                "default_landing_uri": "studio::",
                "execution_role": "arn:aws:iam::482227257362:role/house-price-sagemaker-execution-role",
                "jupyter_lab_app_settings": [],
                "jupyter_server_app_settings": [],
                "kernel_gateway_app_settings": [],
                "r_session_app_settings": [],
                "r_studio_server_pro_app_settings": [],
                "security_groups": [],
                "sharing_settings": [],
                "space_storage_settings": [],
                "studio_web_portal": "ENABLED",
                "studio_web_portal_settings": [],
                "tensor_board_app_settings": []
              }
            ],
            "domain_name": "house-price-mlops-domain",
            "domain_settings": [],
            "home_efs_file_system_id": "fs-0c6a130d608b22676",
            "id": "d-rr0shep9nrmf",
            "kms_key_id": "",
            "retention_policy": [],
            "security_group_id_for_domain_boundary": "",
            "single_sign_on_application_arn": "",
            "single_sign_on_managed_application_instance_id": "",
            "subnet_ids": [
              "subnet-00d543840efec8c87",
              "subnet-02f04ba7c1bbbf72f",
              "subnet-0549136184302920c",
              "subnet-08ae0c2b4723f5d9d",
              "subnet-0c092dfafe0a2b4b2",
              "subnet-0d2477ce3c2ca92b9"
            ],
            "tag_propagation": "DISABLED",
            "tags": {
              "Environment": "dev",
              "Name": "house-price-mlops-domain"
            },
            "tags_all": {
              "Environment": "dev",
              "Name": "house-price-mlops-domain"
            },
            "url": "https://d-rr0shep9nrmf.studio.us-east-1.sagemaker.aws",
            "vpc_id": "vpc-0ec06d2e45d4c6de8"
          },
          "sensitive_attributes": [],
          "private": "bnVsbA==",
          "dependencies": [
            "module.sagemaker.aws_iam_role.sagemaker_execution_role",
            "module.sagemaker.data.aws_subnets.default",
            "module.sagemaker.data.aws_vpc.default"
          ]
        }
      ]
    },
    {
      "module": "module.sagemaker",
      "mode": "managed",
      "type": "aws_sagemaker_endpoint",
      "name": "house_price_endpoint",
      "provider": "provider[\"registry.terraform.io/hashicorp/aws\"]",
      "instances": [
        {
          "schema_version": 0,
          "attributes": {
            "arn": "arn:aws:sagemaker:us-east-1:482227257362:endpoint/house-price-prod",
            "deployment_config": [],
            "endpoint_config_name": "house-price-prod-config-20260127-155037",
            "id": "house-price-prod",
            "name": "house-price-prod",
            "tags": {
              "Environment": "dev",
              "Project": "house-price"
            },
            "tags_all": {
              "Environment": "dev",
              "Project": "house-price"
            }
          },
          "sensitive_attributes": [],
          "private": "bnVsbA==",
          "dependencies": [
            "module.s3.aws_s3_bucket.mlops_bucket",
            "module.s3.random_string.bucket_suffix",
            "module.sagemaker.aws_iam_role.sagemaker_execution_role",
            "module.sagemaker.aws_sagemaker_endpoint_configuration.house_price_serverless_config",
            "module.sagemaker.aws_sagemaker_model.house_price_model"
          ]
        }
      ]
    },
    {
      "module": "module.sagemaker",
      "mode": "managed",
      "type": "aws_sagemaker_endpoint_configuration",
      "name": "house_price_config",
      "provider": "provider[\"registry.terraform.io/hashicorp/aws\"]",
      "instances": [
        {
          "schema_version": 0,
          "attributes": {
            "arn": "arn:aws:sagemaker:us-east-1:482227257362:endpoint-config/house-price-config",
            "async_inference_config": [],
            "data_capture_config": [],
            "id": "house-price-config",
            "kms_key_arn": "",
            "name": "house-price-config",
            "name_prefix": "",
            "production_variants": [
              {
                "accelerator_type": "",
                "container_startup_health_check_timeout_in_seconds": 0,
                "core_dump_config": [],
                "enable_ssm_access": false,
                "inference_ami_version": "",
                "initial_instance_count": 1,
                "initial_variant_weight": 1,
                "instance_type": "ml.t2.medium",
                "managed_instance_scaling": [],
                "model_data_download_timeout_in_seconds": 0,
                "model_name": "house-price-model-v2",
                "routing_config": [],
                "serverless_config": [],
                "variant_name": "AllTraffic",
                "volume_size_in_gb": 0
              }
            ],
            "shadow_production_variants": [],
            "tags": {
              "Environment": "dev",
              "Project": "house-price"
            },
            "tags_all": {
              "Environment": "dev",
              "Project": "house-price"
            }
          },
          "sensitive_attributes": [],
          "private": "bnVsbA==",
          "dependencies": [
            "module.s3.aws_s3_bucket.mlops_bucket",
            "module.s3.random_string.bucket_suffix",
            "module.sagemaker.aws_iam_role.sagemaker_execution_role",
            "module.sagemaker.aws_sagemaker_model.house_price_model"
          ]
        }
      ]
    },
    {
      "module": "module.sagemaker",
      "mode": "managed",
      "type": "aws_sagemaker_endpoint_configuration",
      "name": "house_price_serverless_config",
      "provider": "provider[\"registry.terraform.io/hashicorp/aws\"]",
      "instances": [
        {
          "schema_version": 0,
          "attributes": {
            "arn": "arn:aws:sagemaker:us-east-1:482227257362:endpoint-config/house-price-serverless-config-v2",
            "async_inference_config": [],
            "data_capture_config": [],
            "id": "house-price-serverless-config-v2",
            "kms_key_arn": "",
            "name": "house-price-serverless-config-v2",
            "name_prefix": "",
            "production_variants": [
              {
                "accelerator_type": "",
                "container_startup_health_check_timeout_in_seconds": 0,
                "core_dump_config": [],
                "enable_ssm_access": false,
                "inference_ami_version": "",
                "initial_instance_count": 0,
                "initial_variant_weight": 1,
                "instance_type": "",
                "managed_instance_scaling": [],
                "model_data_download_timeout_in_seconds": 0,
                "model_name": "house-price-model-v2",
                "routing_config": [],
                "serverless_config": [
                  {
                    "max_concurrency": 5,
                    "memory_size_in_mb": 2048,
                    "provisioned_concurrency": 0
                  }
                ],
                "variant_name": "AllTraffic",
                "volume_size_in_gb": 5
              }
            ],
            "shadow_production_variants": [],
            "tags": {
              "Environment": "dev",
              "Project": "house-price"
            },
            "tags_all": {
              "Environment": "dev",
              "Project": "house-price"
            }
          },
          "sensitive_attributes": [],
          "private": "bnVsbA==",
          "dependencies": [
            "module.s3.aws_s3_bucket.mlops_bucket",
            "module.s3.random_string.bucket_suffix",
            "module.sagemaker.aws_iam_role.sagemaker_execution_role",
            "module.sagemaker.aws_sagemaker_model.house_price_model"
          ]
        }
      ]
    },
    {
      "module": "module.sagemaker",
      "mode": "managed",
      "type": "aws_sagemaker_model",
      "name": "house_price_model",
      "provider": "provider[\"registry.terraform.io/hashicorp/aws\"]",
      "instances": [
        {
          "schema_version": 0,
          "attributes": {
            "arn": "arn:aws:sagemaker:us-east-1:482227257362:model/house-price-model-v2",
            "container": [],
            "enable_network_isolation": false,
            "execution_role_arn": "arn:aws:iam::482227257362:role/house-price-sagemaker-execution-role",
            "id": "house-price-model-v2",
            "inference_execution_config": [],
            "name": "house-price-model-v2",
            "primary_container": [
              {
                "container_hostname": "",
                "environment": {},
                "image": "683313688378.dkr.ecr.us-east-1.amazonaws.com/sagemaker-xgboost:3.0-5-cpu-py3",
                "image_config": [],
                "inference_specification_name": "",
                "mode": "SingleModel",
                "model_data_source": [
                  {
                    "s3_data_source": [
                      {
                        "compression_type": "Gzip",
                        "model_access_config": [],
                        "s3_data_type": "S3Object",
                        "s3_uri": "s3://house-price-mlops-dev-itzi2hgi/models/trained/model.tar.gz"
                      }
                    ]
                  }
                ],
                "model_data_url": "s3://house-price-mlops-dev-itzi2hgi/models/trained/model.tar.gz",
                "model_package_name": "",
                "multi_model_config": []
              }
            ],
            "tags": {
              "Environment": "dev",
              "Project": "house-price"
            },
            "tags_all": {
              "Environment": "dev",
              "Project": "house-price"
            },
            "vpc_config": []
          },
          "sensitive_attributes": [],
          "private": "bnVsbA==",
          "dependencies": [
            "module.s3.aws_s3_bucket.mlops_bucket",
            "module.s3.random_string.bucket_suffix",
            "module.sagemaker.aws_iam_role.sagemaker_execution_role"
          ]
        }
      ]
    },
    {
      "module": "module.sagemaker",
      "mode": "managed",
      "type": "aws_sagemaker_user_profile",
      "name": "data_scientist",
      "provider": "provider[\"registry.terraform.io/hashicorp/aws\"]",
      "instances": [
        {
          "schema_version": 0,
          "attributes": {
            "arn": "arn:aws:sagemaker:us-east-1:482227257362:user-profile/d-rr0shep9nrmf/data-scientist",
            "domain_id": "d-rr0shep9nrmf",
            "home_efs_file_system_uid": "200005",
            "id": "arn:aws:sagemaker:us-east-1:482227257362:user-profile/d-rr0shep9nrmf/data-scientist",
            "single_sign_on_user_identifier": "",
            "single_sign_on_user_value": "",
            "tags": {
              "Environment": "dev",
              "Name": "house-price-data-scientist-profile"
            },
            "tags_all": {
              "Environment": "dev",
              "Name": "house-price-data-scientist-profile"
            },
            "user_profile_name": "data-scientist",
            "user_settings": [
              {
                "auto_mount_home_efs": "DefaultAsDomain",
                "canvas_app_settings": [],
                "code_editor_app_settings": [],
                "custom_file_system_config": [],
                "custom_posix_user_config": [],
                "default_landing_uri": "",
                "execution_role": "arn:aws:iam::482227257362:role/house-price-sagemaker-execution-role",
                "jupyter_lab_app_settings": [],
                "jupyter_server_app_settings": [],
                "kernel_gateway_app_settings": [],
                "r_session_app_settings": [],
                "r_studio_server_pro_app_settings": [],
                "security_groups": [],
                "sharing_settings": [],
                "space_storage_settings": [],
                "studio_web_portal": "",
                "studio_web_portal_settings": [],
                "tensor_board_app_settings": []
              }
            ]
          },
          "sensitive_attributes": [],
          "private": "bnVsbA==",
          "dependencies": [
            "module.sagemaker.aws_iam_role.sagemaker_execution_role",
            "module.sagemaker.aws_sagemaker_domain.mlops_domain",
            "module.sagemaker.data.aws_subnets.default",
            "module.sagemaker.data.aws_vpc.default"
          ]
        }
      ]
    },
    {
      "module": "module.sagemaker_pipeline",
      "mode": "managed",
      "type": "aws_sagemaker_pipeline",
      "name": "mlops_pipeline",
      "provider": "provider[\"registry.terraform.io/hashicorp/aws\"]",
      "instances": [
        {
          "schema_version": 0,
          "attributes": {
            "arn": "arn:aws:sagemaker:us-east-1:482227257362:pipeline/house-price-mlops-pipeline",
            "id": "house-price-mlops-pipeline",
            "parallelism_configuration": [],
            "pipeline_definition": "{\"Metadata\":{},\"Parameters\":[{\"DefaultValue\":\"s3://house-price-mlops-dev-itzi2hgi/data/raw/house_data.csv\",\"Name\":\"InputData\",\"Type\":\"String\"},{\"DefaultValue\":\"ml.t3.medium\",\"Name\":\"ProcessingInstanceType\",\"Type\":\"String\"},{\"DefaultValue\":\"ml.m5.large\",\"Name\":\"TrainingInstanceType\",\"Type\":\"String\"},{\"DefaultValue\":-9999,\"Name\":\"ModelApprovalThresholdR2\",\"Type\":\"Float\"},{\"DefaultValue\":999999999,\"Name\":\"ModelApprovalThresholdRMSE\",\"Type\":\"Float\"}],\"Steps\":[{\"Arguments\":{\"AppSpecification\":{\"ContainerEntrypoint\":[\"python3\",\"/opt/ml/processing/input/code/run_processing.py\"],\"ImageUri\":\"482227257362.dkr.ecr.us-east-1.amazonaws.com/data-processing:latest\"},\"Environment\":{\"MLFLOW_TRACKING_URI\":\"http://23.21.206.232:5000\"},\"ProcessingInputs\":[{\"AppManaged\":false,\"InputName\":\"input-data\",\"S3Input\":{\"LocalPath\":\"/opt/ml/processing/input\",\"S3DataDistributionType\":\"FullyReplicated\",\"S3DataType\":\"S3Prefix\",\"S3InputMode\":\"File\",\"S3Uri\":{\"Get\":\"Parameters.InputData\"}}},{\"AppManaged\":false,\"InputName\":\"code\",\"S3Input\":{\"LocalPath\":\"/opt/ml/processing/input/code\",\"S3DataDistributionType\":\"FullyReplicated\",\"S3DataType\":\"S3Prefix\",\"S3InputMode\":\"File\",\"S3Uri\":\"s3://house-price-mlops-dev-itzi2hgi/scripts/run_processing.py\"}}],\"ProcessingOutputConfig\":{\"Outputs\":[{\"AppManaged\":false,\"OutputName\":\"processed-data\",\"S3Output\":{\"LocalPath\":\"/opt/ml/processing/output\",\"S3UploadMode\":\"EndOfJob\",\"S3Uri\":\"s3://house-price-mlops-dev-itzi2hgi/data/processed\"}}]},\"ProcessingResources\":{\"ClusterConfig\":{\"InstanceCount\":1,\"InstanceType\":{\"Get\":\"Parameters.ProcessingInstanceType\"},\"VolumeSizeInGB\":30}},\"RoleArn\":\"arn:aws:iam::482227257362:role/house-price-sagemaker-execution-role\"},\"Name\":\"DataProcessing\",\"Type\":\"Processing\"},{\"Arguments\":{\"AppSpecification\":{\"ContainerEntrypoint\":[\"python3\",\"/opt/ml/processing/input/code/engineer.py\"],\"ImageUri\":\"482227257362.dkr.ecr.us-east-1.amazonaws.com/feature-engineering:latest\"},\"Environment\":{\"MLFLOW_TRACKING_URI\":\"http://23.21.206.232:5000\"},\"ProcessingInputs\":[{\"AppManaged\":false,\"InputName\":\"processed-data\",\"S3Input\":{\"LocalPath\":\"/opt/ml/processing/input\",\"S3DataDistributionType\":\"FullyReplicated\",\"S3DataType\":\"S3Prefix\",\"S3InputMode\":\"File\",\"S3Uri\":{\"Get\":\"Steps.DataProcessing.ProcessingOutputConfig.Outputs['processed-data'].S3Output.S3Uri\"}}},{\"AppManaged\":false,\"InputName\":\"code\",\"S3Input\":{\"LocalPath\":\"/opt/ml/processing/input/code\",\"S3DataDistributionType\":\"FullyReplicated\",\"S3DataType\":\"S3Prefix\",\"S3InputMode\":\"File\",\"S3Uri\":\"s3://house-price-mlops-dev-itzi2hgi/scripts/engineer.py\"}}],\"ProcessingOutputConfig\":{\"Outputs\":[{\"AppManaged\":false,\"OutputName\":\"featured-data\",\"S3Output\":{\"LocalPath\":\"/opt/ml/processing/output\",\"S3UploadMode\":\"EndOfJob\",\"S3Uri\":\"s3://house-price-mlops-dev-itzi2hgi/data/featured\"}}]},\"ProcessingResources\":{\"ClusterConfig\":{\"InstanceCount\":1,\"InstanceType\":{\"Get\":\"Parameters.ProcessingInstanceType\"},\"VolumeSizeInGB\":30}},\"RoleArn\":\"arn:aws:iam::482227257362:role/house-price-sagemaker-execution-role\"},\"DependsOn\":[\"DataProcessing\"],\"Name\":\"FeatureEngineering\",\"Type\":\"Processing\"},{\"Arguments\":{\"AlgorithmSpecification\":{\"TrainingImage\":\"683313688378.dkr.ecr.us-east-1.amazonaws.com/sagemaker-xgboost:1.7-1\",\"TrainingInputMode\":\"File\"},\"Environment\":{\"MLFLOW_TRACKING_URI\":\"http://23.21.206.232:5000\",\"S3_BUCKET\":\"house-price-mlops-dev-itzi2hgi\"},\"HyperParameters\":{\"num_round\":\"100\",\"objective\":\"reg:squarederror\",\"sagemaker_program\":\"train_model.py\",\"sagemaker_submit_directory\":\"s3://house-price-mlops-dev-itzi2hgi/scripts/scripts.tar.gz\"},\"InputDataConfig\":[{\"ChannelName\":\"train\",\"ContentType\":\"text/csv\",\"DataSource\":{\"S3DataSource\":{\"S3DataDistributionType\":\"FullyReplicated\",\"S3DataType\":\"S3Prefix\",\"S3Uri\":{\"Get\":\"Steps.DataProcessing.ProcessingOutputConfig.Outputs['processed-data'].S3Output.S3Uri\"}}},\"InputMode\":\"File\"}],\"OutputDataConfig\":{\"S3OutputPath\":\"s3://house-price-mlops-dev-itzi2hgi/models/trained\"},\"ResourceConfig\":{\"InstanceCount\":1,\"InstanceType\":{\"Get\":\"Parameters.TrainingInstanceType\"},\"VolumeSizeInGB\":30},\"RoleArn\":\"arn:aws:iam::482227257362:role/house-price-sagemaker-execution-role\",\"StoppingCondition\":{\"MaxRuntimeInSeconds\":3600}},\"DependsOn\":[\"FeatureEngineering\"],\"Name\":\"ModelTraining\",\"Type\":\"Training\"},{\"Arguments\":{\"AppSpecification\":{\"ContainerEntrypoint\":[\"python3\",\"/opt/ml/processing/input/code/evaluate.py\"],\"ImageUri\":\"482227257362.dkr.ecr.us-east-1.amazonaws.com/evaluation:latest\"},\"Environment\":{\"MLFLOW_TRACKING_URI\":\"http://23.21.206.232:5000\"},\"ProcessingInputs\":[{\"AppManaged\":false,\"InputName\":\"model\",\"S3Input\":{\"LocalPath\":\"/opt/ml/processing/input/model\",\"S3DataDistributionType\":\"FullyReplicated\",\"S3DataType\":\"S3Prefix\",\"S3InputMode\":\"File\",\"S3Uri\":{\"Get\":\"Steps.ModelTraining.ModelArtifacts.S3ModelArtifacts\"}}},{\"AppManaged\":false,\"InputName\":\"test-data\",\"S3Input\":{\"LocalPath\":\"/opt/ml/processing/input/data\",\"S3DataDistributionType\":\"FullyReplicated\",\"S3DataType\":\"S3Prefix\",\"S3InputMode\":\"File\",\"S3Uri\":\"s3://house-price-mlops-dev-itzi2hgi/data/test/test.csv\"}},{\"AppManaged\":false,\"InputName\":\"code\",\"S3Input\":{\"LocalPath\":\"/opt/ml/processing/input/code\",\"S3DataDistributionType\":\"FullyReplicated\",\"S3DataType\":\"S3Prefix\",\"S3InputMode\":\"File\",\"S3Uri\":\"s3://house-price-mlops-dev-itzi2hgi/scripts/evaluate.py\"}}],\"ProcessingOutputConfig\":{\"Outputs\":[{\"AppManaged\":false,\"OutputName\":\"evaluation-report\",\"S3Output\":{\"LocalPath\":\"/opt/ml/processing/output\",\"S3UploadMode\":\"EndOfJob\",\"S3Uri\":\"s3://house-price-mlops-dev-itzi2hgi/evaluation/reports\"}}]},\"ProcessingResources\":{\"ClusterConfig\":{\"InstanceCount\":1,\"InstanceType\":{\"Get\":\"Parameters.ProcessingInstanceType\"},\"VolumeSizeInGB\":30}},\"RoleArn\":\"arn:aws:iam::482227257362:role/house-price-sagemaker-execution-role\"},\"DependsOn\":[\"ModelTraining\"],\"Name\":\"ModelEvaluation\",\"PropertyFiles\":[{\"FilePath\":\"evaluation_report.json\",\"OutputName\":\"evaluation-report\",\"PropertyFileName\":\"evaluation_report\"}],\"Type\":\"Processing\"},{\"Arguments\":{\"Conditions\":[{\"LeftValue\":{\"Std:JsonGet\":{\"Path\":\"evaluation_metrics.r2_score\",\"PropertyFile\":{\"Get\":\"Steps.ModelEvaluation.PropertyFiles.evaluation_report\"}}},\"RightValue\":{\"Get\":\"Parameters.ModelApprovalThresholdR2\"},\"Type\":\"GreaterThanOrEqualTo\"},{\"LeftValue\":{\"Std:JsonGet\":{\"Path\":\"evaluation_metrics.rmse\",\"PropertyFile\":{\"Get\":\"Steps.ModelEvaluation.PropertyFiles.evaluation_report\"}}},\"RightValue\":{\"Get\":\"Parameters.ModelApprovalThresholdRMSE\"},\"Type\":\"LessThanOrEqualTo\"}],\"ElseSteps\":[],\"IfSteps\":[{\"Arguments\":{\"AppSpecification\":{\"ContainerEntrypoint\":[\"python3\",\"/opt/ml/processing/input/code/register_model.py\"],\"ImageUri\":\"482227257362.dkr.ecr.us-east-1.amazonaws.com/model-registration:latest\"},\"Environment\":{\"AWS_DEFAULT_REGION\":\"us-east-1\",\"MLFLOW_TRACKING_URI\":\"http://23.21.206.232:5000\"},\"ProcessingInputs\":[{\"AppManaged\":false,\"InputName\":\"evaluation-report\",\"S3Input\":{\"LocalPath\":\"/opt/ml/processing/input/evaluation\",\"S3DataDistributionType\":\"FullyReplicated\",\"S3DataType\":\"S3Prefix\",\"S3InputMode\":\"File\",\"S3Uri\":{\"Get\":\"Steps.ModelEvaluation.ProcessingOutputConfig.Outputs['evaluation-report'].S3Output.S3Uri\"}}},{\"AppManaged\":false,\"InputName\":\"code\",\"S3Input\":{\"LocalPath\":\"/opt/ml/processing/input/code\",\"S3DataDistributionType\":\"FullyReplicated\",\"S3DataType\":\"S3Prefix\",\"S3InputMode\":\"File\",\"S3Uri\":\"s3://house-price-mlops-dev-itzi2hgi/scripts/register_model.py\"}}],\"ProcessingOutputConfig\":{\"Outputs\":[{\"AppManaged\":false,\"OutputName\":\"registration-metadata\",\"S3Output\":{\"LocalPath\":\"/opt/ml/processing/output\",\"S3UploadMode\":\"EndOfJob\",\"S3Uri\":\"s3://house-price-mlops-dev-itzi2hgi/models/registry/\"}}]},\"ProcessingResources\":{\"ClusterConfig\":{\"InstanceCount\":1,\"InstanceType\":{\"Get\":\"Parameters.ProcessingInstanceType\"},\"VolumeSizeInGB\":30}},\"RoleArn\":\"arn:aws:iam::482227257362:role/house-price-sagemaker-execution-role\"},\"Name\":\"ModelRegistration\",\"Type\":\"Processing\"},{\"Arguments\":{\"AppSpecification\":{\"ContainerEntrypoint\":[\"python3\",\"/opt/ml/processing/input/code/deploy_model.py\"],\"ImageUri\":\"482227257362.dkr.ecr.us-east-1.amazonaws.com/model-registration:latest\"},\"Environment\":{\"AWS_DEFAULT_REGION\":\"us-east-1\",\"ENDPOINT_NAME\":\"house-price-prod\",\"MODEL_DATA_URL\":{\"Get\":\"Steps.ModelTraining.ModelArtifacts.S3ModelArtifacts\"},\"MODEL_NAME\":\"house-price-model\",\"S3_BUCKET\":\"house-price-mlops-dev-itzi2hgi\",\"SAGEMAKER_ROLE_ARN\":\"arn:aws:iam::482227257362:role/house-price-sagemaker-execution-role\"},\"ProcessingInputs\":[{\"AppManaged\":false,\"InputName\":\"registration-metadata\",\"S3Input\":{\"LocalPath\":\"/opt/ml/processing/input/registration\",\"S3DataDistributionType\":\"FullyReplicated\",\"S3DataType\":\"S3Prefix\",\"S3InputMode\":\"File\",\"S3Uri\":{\"Get\":\"Steps.ModelRegistration.ProcessingOutputConfig.Outputs['registration-metadata'].S3Output.S3Uri\"}}},{\"AppManaged\":false,\"InputName\":\"model-artifacts\",\"S3Input\":{\"LocalPath\":\"/opt/ml/processing/input/model\",\"S3DataDistributionType\":\"FullyReplicated\",\"S3DataType\":\"S3Prefix\",\"S3InputMode\":\"File\",\"S3Uri\":{\"Get\":\"Steps.ModelTraining.ModelArtifacts.S3ModelArtifacts\"}}},{\"AppManaged\":false,\"InputName\":\"code\",\"S3Input\":{\"LocalPath\":\"/opt/ml/processing/input/code\",\"S3DataDistributionType\":\"FullyReplicated\",\"S3DataType\":\"S3Prefix\",\"S3InputMode\":\"File\",\"S3Uri\":\"s3://house-price-mlops-dev-itzi2hgi/scripts/deploy_model.py\"}}],\"ProcessingOutputConfig\":{\"Outputs\":[{\"AppManaged\":false,\"OutputName\":\"deployment-metadata\",\"S3Output\":{\"LocalPath\":\"/opt/ml/processing/output\",\"S3UploadMode\":\"EndOfJob\",\"S3Uri\":\"s3://house-price-mlops-dev-itzi2hgi/deployment/\"}}]},\"ProcessingResources\":{\"ClusterConfig\":{\"InstanceCount\":1,\"InstanceType\":{\"Get\":\"Parameters.ProcessingInstanceType\"},\"VolumeSizeInGB\":30}},\"RoleArn\":\"arn:aws:iam::482227257362:role/house-price-sagemaker-execution-role\"},\"DependsOn\":[\"ModelRegistration\"],\"Name\":\"ModelDeployment\",\"Type\":\"Processing\"}]},\"DependsOn\":[\"ModelEvaluation\"],\"Name\":\"ModelApprovalGate\",\"Type\":\"Condition\"}],\"Version\":\"2020-12-01\"}",
            "pipeline_definition_s3_location": [],
            "pipeline_description": "",
            "pipeline_display_name": "House-Price-MLOps-Pipeline",
            "pipeline_name": "house-price-mlops-pipeline",
            "role_arn": "arn:aws:iam::482227257362:role/house-price-sagemaker-execution-role",
            "tags": {
              "Environment": "dev",
              "Name": "house-price-mlops-pipeline",
              "Purpose": "MLOps-Pipeline"
            },
            "tags_all": {
              "Environment": "dev",
              "Name": "house-price-mlops-pipeline",
              "Purpose": "MLOps-Pipeline"
            }
          },
          "sensitive_attributes": [],
          "private": "bnVsbA==",
          "dependencies": [
            "data.aws_caller_identity.current",
            "module.mlflow_server.aws_eip.mlflow_eip",
            "module.mlflow_server.aws_iam_instance_profile.mlflow_profile",
            "module.mlflow_server.aws_iam_role.mlflow_role",
            "module.mlflow_server.aws_instance.mlflow_server",
            "module.mlflow_server.aws_security_group.mlflow_sg",
            "module.s3.aws_s3_bucket.mlops_bucket",
            "module.s3.random_string.bucket_suffix",
            "module.sagemaker.aws_iam_role.sagemaker_execution_role"
          ]
        }
      ]
    }
  ],
  "check_results": null
}
